=== RUN   TestMySqlPrivateModule
TestMySqlPrivateModule 2023-08-01T06:14:14Z retry.go:91: terraform [init -upgrade=false -no-color]
TestMySqlPrivateModule 2023-08-01T06:14:14Z logger.go:66: Running command terraform with args [init -upgrade=false -no-color]
TestMySqlPrivateModule 2023-08-01T06:14:14Z logger.go:66: 
TestMySqlPrivateModule 2023-08-01T06:14:14Z logger.go:66: Initializing the backend...
TestMySqlPrivateModule 2023-08-01T06:14:15Z logger.go:66: Initializing modules...
TestMySqlPrivateModule 2023-08-01T06:14:15Z logger.go:66: 
TestMySqlPrivateModule 2023-08-01T06:14:15Z logger.go:66: Initializing provider plugins...
TestMySqlPrivateModule 2023-08-01T06:14:15Z logger.go:66: - Reusing previous version of hashicorp/google from the dependency lock file
TestMySqlPrivateModule 2023-08-01T06:14:15Z logger.go:66: - Reusing previous version of hashicorp/google-beta from the dependency lock file
TestMySqlPrivateModule 2023-08-01T06:14:15Z logger.go:66: - Reusing previous version of hashicorp/random from the dependency lock file
TestMySqlPrivateModule 2023-08-01T06:14:15Z logger.go:66: - Reusing previous version of hashicorp/null from the dependency lock file
TestMySqlPrivateModule 2023-08-01T06:14:15Z logger.go:66: - Reusing previous version of hashicorp/template from the dependency lock file
TestMySqlPrivateModule 2023-08-01T06:14:15Z logger.go:66: - Using previously-installed hashicorp/google v3.90.1
TestMySqlPrivateModule 2023-08-01T06:14:15Z logger.go:66: - Using previously-installed hashicorp/google-beta v3.90.1
TestMySqlPrivateModule 2023-08-01T06:14:15Z logger.go:66: - Using previously-installed hashicorp/random v3.1.3
TestMySqlPrivateModule 2023-08-01T06:14:16Z logger.go:66: - Using previously-installed hashicorp/null v3.1.1
TestMySqlPrivateModule 2023-08-01T06:14:16Z logger.go:66: - Using previously-installed hashicorp/template v2.2.0
TestMySqlPrivateModule 2023-08-01T06:14:16Z logger.go:66: 
TestMySqlPrivateModule 2023-08-01T06:14:16Z logger.go:66: Terraform has been successfully initialized!
TestMySqlPrivateModule 2023-08-01T06:14:16Z logger.go:66: 
TestMySqlPrivateModule 2023-08-01T06:14:16Z logger.go:66: You may now begin working with Terraform. Try running "terraform plan" to see
TestMySqlPrivateModule 2023-08-01T06:14:16Z logger.go:66: any changes that are required for your infrastructure. All Terraform commands
TestMySqlPrivateModule 2023-08-01T06:14:16Z logger.go:66: should now work.
TestMySqlPrivateModule 2023-08-01T06:14:16Z logger.go:66: 
TestMySqlPrivateModule 2023-08-01T06:14:16Z logger.go:66: If you ever set or change modules or backend configuration for Terraform,
TestMySqlPrivateModule 2023-08-01T06:14:16Z logger.go:66: rerun this command to reinitialize your working directory. If you forget, other
TestMySqlPrivateModule 2023-08-01T06:14:16Z logger.go:66: commands will detect it and remind you to do so if necessary.
TestMySqlPrivateModule 2023-08-01T06:14:16Z retry.go:91: terraform [apply -input=false -auto-approve -var-file dev.tfvars -var create_network=true -var cloudsql_instance_name=cn-sqlinstance10-test -var test_dbname=test_db -var host_project_id=pm-singleproject-20 -var subnetwork_name=cloudsql-easy-subnet -var database_version= -var create_subnetwork=true -var network_name=cloudsql-easy -var subnetwork_ip_cidr=10.2.0.0/16 -var service_project_id=pm-test-10-e90f -var region=us-central1 -no-color -lock=false]
TestMySqlPrivateModule 2023-08-01T06:14:16Z logger.go:66: Running command terraform with args [apply -input=false -auto-approve -var-file dev.tfvars -var create_network=true -var cloudsql_instance_name=cn-sqlinstance10-test -var test_dbname=test_db -var host_project_id=pm-singleproject-20 -var subnetwork_name=cloudsql-easy-subnet -var database_version= -var create_subnetwork=true -var network_name=cloudsql-easy -var subnetwork_ip_cidr=10.2.0.0/16 -var service_project_id=pm-test-10-e90f -var region=us-central1 -no-color -lock=false]
TestMySqlPrivateModule 2023-08-01T06:14:19Z logger.go:66: 
TestMySqlPrivateModule 2023-08-01T06:14:19Z logger.go:66: Terraform used the selected providers to generate the following execution
TestMySqlPrivateModule 2023-08-01T06:14:19Z logger.go:66: plan. Resource actions are indicated with the following symbols:
TestMySqlPrivateModule 2023-08-01T06:14:19Z logger.go:66:   + create
TestMySqlPrivateModule 2023-08-01T06:14:19Z logger.go:66:  <= read (data resources)
TestMySqlPrivateModule 2023-08-01T06:14:19Z logger.go:66: 
TestMySqlPrivateModule 2023-08-01T06:14:19Z logger.go:66: Terraform will perform the following actions:
TestMySqlPrivateModule 2023-08-01T06:14:19Z logger.go:66: 
TestMySqlPrivateModule 2023-08-01T06:14:19Z logger.go:66:   # data.template_file.mysql_installer will be read during apply
TestMySqlPrivateModule 2023-08-01T06:14:19Z logger.go:66:   # (config refers to values not yet known)
TestMySqlPrivateModule 2023-08-01T06:14:19Z logger.go:66:  <= data "template_file" "mysql_installer" {
TestMySqlPrivateModule 2023-08-01T06:14:19Z logger.go:66:       + id       = (known after apply)
TestMySqlPrivateModule 2023-08-01T06:14:19Z logger.go:66:       + rendered = (known after apply)
TestMySqlPrivateModule 2023-08-01T06:14:19Z logger.go:66:       + template = <<-EOT
TestMySqlPrivateModule 2023-08-01T06:14:19Z logger.go:66:             #!/bin/sh
TestMySqlPrivateModule 2023-08-01T06:14:19Z logger.go:66:             echo " ====== setting up the my sql cient ===== "
TestMySqlPrivateModule 2023-08-01T06:14:19Z logger.go:66:             sudo apt-get -y update
TestMySqlPrivateModule 2023-08-01T06:14:19Z logger.go:66:             sudo apt-get -y install mariadb-client-10.6
TestMySqlPrivateModule 2023-08-01T06:14:19Z logger.go:66:             
TestMySqlPrivateModule 2023-08-01T06:14:19Z logger.go:66:             mysql --version
TestMySqlPrivateModule 2023-08-01T06:14:19Z logger.go:66:             
TestMySqlPrivateModule 2023-08-01T06:14:19Z logger.go:66:             echo " ====== setting up the cloud sql proxy ===== "
TestMySqlPrivateModule 2023-08-01T06:14:19Z logger.go:66:             curl -o cloud-sql-proxy https://storage.googleapis.com/cloud-sql-connectors/cloud-sql-proxy/v2.4.0/cloud-sql-proxy.linux.amd64
TestMySqlPrivateModule 2023-08-01T06:14:19Z logger.go:66:             chmod +x cloud-sql-proxy
TestMySqlPrivateModule 2023-08-01T06:14:19Z logger.go:66:             
TestMySqlPrivateModule 2023-08-01T06:14:19Z logger.go:66:             ./cloud-sql-proxy --version
TestMySqlPrivateModule 2023-08-01T06:14:19Z logger.go:66:             
TestMySqlPrivateModule 2023-08-01T06:14:19Z logger.go:66:             echo " ====== Startup Script Execution Complete ===== "
TestMySqlPrivateModule 2023-08-01T06:14:19Z logger.go:66:             
TestMySqlPrivateModule 2023-08-01T06:14:19Z logger.go:66:             #Creating database inside mysql instance using the private IP
TestMySqlPrivateModule 2023-08-01T06:14:19Z logger.go:66:             mysql --host=${host_ip} --user=${default_username} --password=${default_password} -e "create database ${database_name};"
TestMySqlPrivateModule 2023-08-01T06:14:19Z logger.go:66:         EOT
TestMySqlPrivateModule 2023-08-01T06:14:19Z logger.go:66:       + vars     = {
TestMySqlPrivateModule 2023-08-01T06:14:19Z logger.go:66:           + "database_name"    = "test_db"
TestMySqlPrivateModule 2023-08-01T06:14:19Z logger.go:66:           + "default_password" = (sensitive value)
TestMySqlPrivateModule 2023-08-01T06:14:19Z logger.go:66:           + "default_username" = "default"
TestMySqlPrivateModule 2023-08-01T06:14:19Z logger.go:66:           + "host_ip"          = (known after apply)
TestMySqlPrivateModule 2023-08-01T06:14:19Z logger.go:66:         }
TestMySqlPrivateModule 2023-08-01T06:14:19Z logger.go:66:     }
TestMySqlPrivateModule 2023-08-01T06:14:19Z logger.go:66: 
TestMySqlPrivateModule 2023-08-01T06:14:19Z logger.go:66:   # module.gce_sa.google_project_iam_member.project-roles["pm-singleproject-20-roles/compute.networkUser"] will be created
TestMySqlPrivateModule 2023-08-01T06:14:19Z logger.go:66:   + resource "google_project_iam_member" "project-roles" {
TestMySqlPrivateModule 2023-08-01T06:14:19Z logger.go:66:       + etag    = (known after apply)
TestMySqlPrivateModule 2023-08-01T06:14:19Z logger.go:66:       + id      = (known after apply)
TestMySqlPrivateModule 2023-08-01T06:14:19Z logger.go:66:       + member  = (known after apply)
TestMySqlPrivateModule 2023-08-01T06:14:19Z logger.go:66:       + project = "pm-singleproject-20"
TestMySqlPrivateModule 2023-08-01T06:14:19Z logger.go:66:       + role    = "roles/compute.networkUser"
TestMySqlPrivateModule 2023-08-01T06:14:19Z logger.go:66:     }
TestMySqlPrivateModule 2023-08-01T06:14:19Z logger.go:66: 
TestMySqlPrivateModule 2023-08-01T06:14:19Z logger.go:66:   # module.gce_sa.google_project_iam_member.project-roles["pm-test-10-e90f-roles/cloudsql.client"] will be created
TestMySqlPrivateModule 2023-08-01T06:14:19Z logger.go:66:   + resource "google_project_iam_member" "project-roles" {
TestMySqlPrivateModule 2023-08-01T06:14:19Z logger.go:66:       + etag    = (known after apply)
TestMySqlPrivateModule 2023-08-01T06:14:19Z logger.go:66:       + id      = (known after apply)
TestMySqlPrivateModule 2023-08-01T06:14:19Z logger.go:66:       + member  = (known after apply)
TestMySqlPrivateModule 2023-08-01T06:14:19Z logger.go:66:       + project = "pm-test-10-e90f"
TestMySqlPrivateModule 2023-08-01T06:14:19Z logger.go:66:       + role    = "roles/cloudsql.client"
TestMySqlPrivateModule 2023-08-01T06:14:19Z logger.go:66:     }
TestMySqlPrivateModule 2023-08-01T06:14:19Z logger.go:66: 
TestMySqlPrivateModule 2023-08-01T06:14:19Z logger.go:66:   # module.gce_sa.google_project_iam_member.project-roles["pm-test-10-e90f-roles/iam.serviceAccountUser"] will be created
TestMySqlPrivateModule 2023-08-01T06:14:19Z logger.go:66:   + resource "google_project_iam_member" "project-roles" {
TestMySqlPrivateModule 2023-08-01T06:14:19Z logger.go:66:       + etag    = (known after apply)
TestMySqlPrivateModule 2023-08-01T06:14:19Z logger.go:66:       + id      = (known after apply)
TestMySqlPrivateModule 2023-08-01T06:14:19Z logger.go:66:       + member  = (known after apply)
TestMySqlPrivateModule 2023-08-01T06:14:19Z logger.go:66:       + project = "pm-test-10-e90f"
TestMySqlPrivateModule 2023-08-01T06:14:19Z logger.go:66:       + role    = "roles/iam.serviceAccountUser"
TestMySqlPrivateModule 2023-08-01T06:14:19Z logger.go:66:     }
TestMySqlPrivateModule 2023-08-01T06:14:19Z logger.go:66: 
TestMySqlPrivateModule 2023-08-01T06:14:19Z logger.go:66:   # module.gce_sa.google_service_account.service_account[0] will be created
TestMySqlPrivateModule 2023-08-01T06:14:19Z logger.go:66:   + resource "google_service_account" "service_account" {
TestMySqlPrivateModule 2023-08-01T06:14:19Z logger.go:66:       + account_id   = "gce-sa"
TestMySqlPrivateModule 2023-08-01T06:14:19Z logger.go:66:       + disabled     = false
TestMySqlPrivateModule 2023-08-01T06:14:19Z logger.go:66:       + display_name = "Terraform-managed."
TestMySqlPrivateModule 2023-08-01T06:14:19Z logger.go:66:       + email        = (known after apply)
TestMySqlPrivateModule 2023-08-01T06:14:19Z logger.go:66:       + id           = (known after apply)
TestMySqlPrivateModule 2023-08-01T06:14:19Z logger.go:66:       + name         = (known after apply)
TestMySqlPrivateModule 2023-08-01T06:14:19Z logger.go:66:       + project      = "pm-test-10-e90f"
TestMySqlPrivateModule 2023-08-01T06:14:19Z logger.go:66:       + unique_id    = (known after apply)
TestMySqlPrivateModule 2023-08-01T06:14:19Z logger.go:66:     }
TestMySqlPrivateModule 2023-08-01T06:14:19Z logger.go:66: 
TestMySqlPrivateModule 2023-08-01T06:14:19Z logger.go:66:   # module.host-vpc.data.google_compute_global_address.my_address["privateip-range"] will be read during apply
TestMySqlPrivateModule 2023-08-01T06:14:19Z logger.go:66:   # (depends on a resource or a module with changes pending)
TestMySqlPrivateModule 2023-08-01T06:14:19Z logger.go:66:  <= data "google_compute_global_address" "my_address" {
TestMySqlPrivateModule 2023-08-01T06:14:19Z logger.go:66:       + address   = (known after apply)
TestMySqlPrivateModule 2023-08-01T06:14:19Z logger.go:66:       + id        = (known after apply)
TestMySqlPrivateModule 2023-08-01T06:14:19Z logger.go:66:       + name      = "privateip-range"
TestMySqlPrivateModule 2023-08-01T06:14:19Z logger.go:66:       + project   = "pm-singleproject-20"
TestMySqlPrivateModule 2023-08-01T06:14:19Z logger.go:66:       + self_link = (known after apply)
TestMySqlPrivateModule 2023-08-01T06:14:19Z logger.go:66:       + status    = (known after apply)
TestMySqlPrivateModule 2023-08-01T06:14:19Z logger.go:66:     }
TestMySqlPrivateModule 2023-08-01T06:14:19Z logger.go:66: 
TestMySqlPrivateModule 2023-08-01T06:14:19Z logger.go:66:   # module.host-vpc.google_compute_global_address.psa_ranges["privateip-range"] will be created
TestMySqlPrivateModule 2023-08-01T06:14:19Z logger.go:66:   + resource "google_compute_global_address" "psa_ranges" {
TestMySqlPrivateModule 2023-08-01T06:14:19Z logger.go:66:       + address            = (known after apply)
TestMySqlPrivateModule 2023-08-01T06:14:19Z logger.go:66:       + address_type       = "INTERNAL"
TestMySqlPrivateModule 2023-08-01T06:14:19Z logger.go:66:       + creation_timestamp = (known after apply)
TestMySqlPrivateModule 2023-08-01T06:14:19Z logger.go:66:       + id                 = (known after apply)
TestMySqlPrivateModule 2023-08-01T06:14:19Z logger.go:66:       + name               = "privateip-range"
TestMySqlPrivateModule 2023-08-01T06:14:19Z logger.go:66:       + network            = (known after apply)
TestMySqlPrivateModule 2023-08-01T06:14:19Z logger.go:66:       + prefix_length      = 20
TestMySqlPrivateModule 2023-08-01T06:14:19Z logger.go:66:       + project            = "pm-singleproject-20"
TestMySqlPrivateModule 2023-08-01T06:14:19Z logger.go:66:       + purpose            = "VPC_PEERING"
TestMySqlPrivateModule 2023-08-01T06:14:19Z logger.go:66:       + self_link          = (known after apply)
TestMySqlPrivateModule 2023-08-01T06:14:19Z logger.go:66:     }
TestMySqlPrivateModule 2023-08-01T06:14:19Z logger.go:66: 
TestMySqlPrivateModule 2023-08-01T06:14:19Z logger.go:66:   # module.host-vpc.google_compute_network.network[0] will be created
TestMySqlPrivateModule 2023-08-01T06:14:19Z logger.go:66:   + resource "google_compute_network" "network" {
TestMySqlPrivateModule 2023-08-01T06:14:19Z logger.go:66:       + auto_create_subnetworks         = false
TestMySqlPrivateModule 2023-08-01T06:14:19Z logger.go:66:       + delete_default_routes_on_create = false
TestMySqlPrivateModule 2023-08-01T06:14:19Z logger.go:66:       + description                     = "Terraform-managed."
TestMySqlPrivateModule 2023-08-01T06:14:19Z logger.go:66:       + gateway_ipv4                    = (known after apply)
TestMySqlPrivateModule 2023-08-01T06:14:19Z logger.go:66:       + id                              = (known after apply)
TestMySqlPrivateModule 2023-08-01T06:14:19Z logger.go:66:       + mtu                             = (known after apply)
TestMySqlPrivateModule 2023-08-01T06:14:19Z logger.go:66:       + name                            = "cloudsql-easy"
TestMySqlPrivateModule 2023-08-01T06:14:19Z logger.go:66:       + project                         = "pm-singleproject-20"
TestMySqlPrivateModule 2023-08-01T06:14:19Z logger.go:66:       + routing_mode                    = "GLOBAL"
TestMySqlPrivateModule 2023-08-01T06:14:19Z logger.go:66:       + self_link                       = (known after apply)
TestMySqlPrivateModule 2023-08-01T06:14:19Z logger.go:66:     }
TestMySqlPrivateModule 2023-08-01T06:14:19Z logger.go:66: 
TestMySqlPrivateModule 2023-08-01T06:14:19Z logger.go:66:   # module.host-vpc.google_compute_network_peering_routes_config.psa_routes["1"] will be created
TestMySqlPrivateModule 2023-08-01T06:14:19Z logger.go:66:   + resource "google_compute_network_peering_routes_config" "psa_routes" {
TestMySqlPrivateModule 2023-08-01T06:14:19Z logger.go:66:       + export_custom_routes = true
TestMySqlPrivateModule 2023-08-01T06:14:19Z logger.go:66:       + id                   = (known after apply)
TestMySqlPrivateModule 2023-08-01T06:14:19Z logger.go:66:       + import_custom_routes = true
TestMySqlPrivateModule 2023-08-01T06:14:19Z logger.go:66:       + network              = (known after apply)
TestMySqlPrivateModule 2023-08-01T06:14:19Z logger.go:66:       + peering              = (known after apply)
TestMySqlPrivateModule 2023-08-01T06:14:19Z logger.go:66:       + project              = "pm-singleproject-20"
TestMySqlPrivateModule 2023-08-01T06:14:19Z logger.go:66:     }
TestMySqlPrivateModule 2023-08-01T06:14:19Z logger.go:66: 
TestMySqlPrivateModule 2023-08-01T06:14:19Z logger.go:66:   # module.host-vpc.google_compute_route.gateway["private-googleapis"] will be created
TestMySqlPrivateModule 2023-08-01T06:14:19Z logger.go:66:   + resource "google_compute_route" "gateway" {
TestMySqlPrivateModule 2023-08-01T06:14:19Z logger.go:66:       + description            = "Terraform-managed."
TestMySqlPrivateModule 2023-08-01T06:14:19Z logger.go:66:       + dest_range             = "199.36.153.8/30"
TestMySqlPrivateModule 2023-08-01T06:14:19Z logger.go:66:       + id                     = (known after apply)
TestMySqlPrivateModule 2023-08-01T06:14:19Z logger.go:66:       + name                   = "cloudsql-easy-private-googleapis"
TestMySqlPrivateModule 2023-08-01T06:14:19Z logger.go:66:       + network                = (known after apply)
TestMySqlPrivateModule 2023-08-01T06:14:19Z logger.go:66:       + next_hop_gateway       = "default-internet-gateway"
TestMySqlPrivateModule 2023-08-01T06:14:19Z logger.go:66:       + next_hop_instance_zone = (known after apply)
TestMySqlPrivateModule 2023-08-01T06:14:19Z logger.go:66:       + next_hop_ip            = (known after apply)
TestMySqlPrivateModule 2023-08-01T06:14:19Z logger.go:66:       + next_hop_network       = (known after apply)
TestMySqlPrivateModule 2023-08-01T06:14:19Z logger.go:66:       + priority               = 1000
TestMySqlPrivateModule 2023-08-01T06:14:19Z logger.go:66:       + project                = "pm-singleproject-20"
TestMySqlPrivateModule 2023-08-01T06:14:19Z logger.go:66:       + self_link              = (known after apply)
TestMySqlPrivateModule 2023-08-01T06:14:19Z logger.go:66:     }
TestMySqlPrivateModule 2023-08-01T06:14:19Z logger.go:66: 
TestMySqlPrivateModule 2023-08-01T06:14:19Z logger.go:66:   # module.host-vpc.google_compute_route.gateway["restricted-googleapis"] will be created
TestMySqlPrivateModule 2023-08-01T06:14:19Z logger.go:66:   + resource "google_compute_route" "gateway" {
TestMySqlPrivateModule 2023-08-01T06:14:19Z logger.go:66:       + description            = "Terraform-managed."
TestMySqlPrivateModule 2023-08-01T06:14:19Z logger.go:66:       + dest_range             = "199.36.153.4/30"
TestMySqlPrivateModule 2023-08-01T06:14:19Z logger.go:66:       + id                     = (known after apply)
TestMySqlPrivateModule 2023-08-01T06:14:19Z logger.go:66:       + name                   = "cloudsql-easy-restricted-googleapis"
TestMySqlPrivateModule 2023-08-01T06:14:19Z logger.go:66:       + network                = (known after apply)
TestMySqlPrivateModule 2023-08-01T06:14:19Z logger.go:66:       + next_hop_gateway       = "default-internet-gateway"
TestMySqlPrivateModule 2023-08-01T06:14:19Z logger.go:66:       + next_hop_instance_zone = (known after apply)
TestMySqlPrivateModule 2023-08-01T06:14:19Z logger.go:66:       + next_hop_ip            = (known after apply)
TestMySqlPrivateModule 2023-08-01T06:14:19Z logger.go:66:       + next_hop_network       = (known after apply)
TestMySqlPrivateModule 2023-08-01T06:14:19Z logger.go:66:       + priority               = 1000
TestMySqlPrivateModule 2023-08-01T06:14:19Z logger.go:66:       + project                = "pm-singleproject-20"
TestMySqlPrivateModule 2023-08-01T06:14:19Z logger.go:66:       + self_link              = (known after apply)
TestMySqlPrivateModule 2023-08-01T06:14:19Z logger.go:66:     }
TestMySqlPrivateModule 2023-08-01T06:14:19Z logger.go:66: 
TestMySqlPrivateModule 2023-08-01T06:14:19Z logger.go:66:   # module.host-vpc.google_compute_shared_vpc_host_project.shared_vpc_host[0] will be created
TestMySqlPrivateModule 2023-08-01T06:14:19Z logger.go:66:   + resource "google_compute_shared_vpc_host_project" "shared_vpc_host" {
TestMySqlPrivateModule 2023-08-01T06:14:19Z logger.go:66:       + id      = (known after apply)
TestMySqlPrivateModule 2023-08-01T06:14:19Z logger.go:66:       + project = "pm-singleproject-20"
TestMySqlPrivateModule 2023-08-01T06:14:19Z logger.go:66:     }
TestMySqlPrivateModule 2023-08-01T06:14:19Z logger.go:66: 
TestMySqlPrivateModule 2023-08-01T06:14:19Z logger.go:66:   # module.host-vpc.google_compute_shared_vpc_service_project.service_projects["pm-test-10-e90f"] will be created
TestMySqlPrivateModule 2023-08-01T06:14:19Z logger.go:66:   + resource "google_compute_shared_vpc_service_project" "service_projects" {
TestMySqlPrivateModule 2023-08-01T06:14:19Z logger.go:66:       + host_project    = "pm-singleproject-20"
TestMySqlPrivateModule 2023-08-01T06:14:19Z logger.go:66:       + id              = (known after apply)
TestMySqlPrivateModule 2023-08-01T06:14:19Z logger.go:66:       + service_project = "pm-test-10-e90f"
TestMySqlPrivateModule 2023-08-01T06:14:19Z logger.go:66:     }
TestMySqlPrivateModule 2023-08-01T06:14:19Z logger.go:66: 
TestMySqlPrivateModule 2023-08-01T06:14:19Z logger.go:66:   # module.host-vpc.google_compute_subnetwork.subnetwork["us-central1/cloudsql-easy-subnet"] will be created
TestMySqlPrivateModule 2023-08-01T06:14:19Z logger.go:66:   + resource "google_compute_subnetwork" "subnetwork" {
TestMySqlPrivateModule 2023-08-01T06:14:19Z logger.go:66:       + creation_timestamp         = (known after apply)
TestMySqlPrivateModule 2023-08-01T06:14:19Z logger.go:66:       + description                = "Terraform-managed."
TestMySqlPrivateModule 2023-08-01T06:14:19Z logger.go:66:       + external_ipv6_prefix       = (known after apply)
TestMySqlPrivateModule 2023-08-01T06:14:19Z logger.go:66:       + fingerprint                = (known after apply)
TestMySqlPrivateModule 2023-08-01T06:14:19Z logger.go:66:       + gateway_address            = (known after apply)
TestMySqlPrivateModule 2023-08-01T06:14:19Z logger.go:66:       + id                         = (known after apply)
TestMySqlPrivateModule 2023-08-01T06:14:19Z logger.go:66:       + ip_cidr_range              = "10.2.0.0/16"
TestMySqlPrivateModule 2023-08-01T06:14:19Z logger.go:66:       + ipv6_cidr_range            = (known after apply)
TestMySqlPrivateModule 2023-08-01T06:14:19Z logger.go:66:       + name                       = "cloudsql-easy-subnet"
TestMySqlPrivateModule 2023-08-01T06:14:19Z logger.go:66:       + network                    = (known after apply)
TestMySqlPrivateModule 2023-08-01T06:14:19Z logger.go:66:       + private_ip_google_access   = true
TestMySqlPrivateModule 2023-08-01T06:14:19Z logger.go:66:       + private_ipv6_google_access = (known after apply)
TestMySqlPrivateModule 2023-08-01T06:14:19Z logger.go:66:       + project                    = "pm-singleproject-20"
TestMySqlPrivateModule 2023-08-01T06:14:19Z logger.go:66:       + purpose                    = (known after apply)
TestMySqlPrivateModule 2023-08-01T06:14:19Z logger.go:66:       + region                     = "us-central1"
TestMySqlPrivateModule 2023-08-01T06:14:19Z logger.go:66:       + secondary_ip_range         = []
TestMySqlPrivateModule 2023-08-01T06:14:19Z logger.go:66:       + self_link                  = (known after apply)
TestMySqlPrivateModule 2023-08-01T06:14:19Z logger.go:66:       + stack_type                 = (known after apply)
TestMySqlPrivateModule 2023-08-01T06:14:19Z logger.go:66: 
TestMySqlPrivateModule 2023-08-01T06:14:19Z logger.go:66:       + log_config {
TestMySqlPrivateModule 2023-08-01T06:14:19Z logger.go:66:           + aggregation_interval = "INTERVAL_10_MIN"
TestMySqlPrivateModule 2023-08-01T06:14:19Z logger.go:66:           + filter_expr          = "true"
TestMySqlPrivateModule 2023-08-01T06:14:19Z logger.go:66:           + flow_sampling        = 0.5
TestMySqlPrivateModule 2023-08-01T06:14:19Z logger.go:66:           + metadata             = "INCLUDE_ALL_METADATA"
TestMySqlPrivateModule 2023-08-01T06:14:19Z logger.go:66:         }
TestMySqlPrivateModule 2023-08-01T06:14:19Z logger.go:66:     }
TestMySqlPrivateModule 2023-08-01T06:14:19Z logger.go:66: 
TestMySqlPrivateModule 2023-08-01T06:14:19Z logger.go:66:   # module.host-vpc.google_service_networking_connection.psa_connection["1"] will be created
TestMySqlPrivateModule 2023-08-01T06:14:19Z logger.go:66:   + resource "google_service_networking_connection" "psa_connection" {
TestMySqlPrivateModule 2023-08-01T06:14:19Z logger.go:66:       + id                      = (known after apply)
TestMySqlPrivateModule 2023-08-01T06:14:19Z logger.go:66:       + network                 = (known after apply)
TestMySqlPrivateModule 2023-08-01T06:14:19Z logger.go:66:       + peering                 = (known after apply)
TestMySqlPrivateModule 2023-08-01T06:14:19Z logger.go:66:       + reserved_peering_ranges = [
TestMySqlPrivateModule 2023-08-01T06:14:19Z logger.go:66:           + "privateip-range",
TestMySqlPrivateModule 2023-08-01T06:14:19Z logger.go:66:         ]
TestMySqlPrivateModule 2023-08-01T06:14:19Z logger.go:66:       + service                 = "servicenetworking.googleapis.com"
TestMySqlPrivateModule 2023-08-01T06:14:19Z logger.go:66:     }
TestMySqlPrivateModule 2023-08-01T06:14:19Z logger.go:66: 
TestMySqlPrivateModule 2023-08-01T06:14:19Z logger.go:66:   # module.sql-db.random_string.mysql_random_suffix[0] will be created
TestMySqlPrivateModule 2023-08-01T06:14:19Z logger.go:66:   + resource "random_string" "mysql_random_suffix" {
TestMySqlPrivateModule 2023-08-01T06:14:19Z logger.go:66:       + id          = (known after apply)
TestMySqlPrivateModule 2023-08-01T06:14:19Z logger.go:66:       + length      = 3
TestMySqlPrivateModule 2023-08-01T06:14:19Z logger.go:66:       + lower       = true
TestMySqlPrivateModule 2023-08-01T06:14:19Z logger.go:66:       + min_lower   = 0
TestMySqlPrivateModule 2023-08-01T06:14:19Z logger.go:66:       + min_numeric = 0
TestMySqlPrivateModule 2023-08-01T06:14:19Z logger.go:66:       + min_special = 0
TestMySqlPrivateModule 2023-08-01T06:14:19Z logger.go:66:       + min_upper   = 0
TestMySqlPrivateModule 2023-08-01T06:14:19Z logger.go:66:       + number      = true
TestMySqlPrivateModule 2023-08-01T06:14:19Z logger.go:66:       + result      = (known after apply)
TestMySqlPrivateModule 2023-08-01T06:14:19Z logger.go:66:       + special     = false
TestMySqlPrivateModule 2023-08-01T06:14:19Z logger.go:66:       + upper       = false
TestMySqlPrivateModule 2023-08-01T06:14:19Z logger.go:66:     }
TestMySqlPrivateModule 2023-08-01T06:14:19Z logger.go:66: 
TestMySqlPrivateModule 2023-08-01T06:14:19Z logger.go:66:   # module.terraform_service_accounts.google_project_iam_member.project-roles["pm-singleproject-20-roles/compute.networkAdmin"] will be created
TestMySqlPrivateModule 2023-08-01T06:14:19Z logger.go:66:   + resource "google_project_iam_member" "project-roles" {
TestMySqlPrivateModule 2023-08-01T06:14:19Z logger.go:66:       + etag    = (known after apply)
TestMySqlPrivateModule 2023-08-01T06:14:19Z logger.go:66:       + id      = (known after apply)
TestMySqlPrivateModule 2023-08-01T06:14:19Z logger.go:66:       + member  = (known after apply)
TestMySqlPrivateModule 2023-08-01T06:14:19Z logger.go:66:       + project = "pm-singleproject-20"
TestMySqlPrivateModule 2023-08-01T06:14:19Z logger.go:66:       + role    = "roles/compute.networkAdmin"
TestMySqlPrivateModule 2023-08-01T06:14:19Z logger.go:66:     }
TestMySqlPrivateModule 2023-08-01T06:14:19Z logger.go:66: 
TestMySqlPrivateModule 2023-08-01T06:14:19Z logger.go:66:   # module.terraform_service_accounts.google_project_iam_member.project-roles["pm-singleproject-20-roles/compute.networkUser"] will be created
TestMySqlPrivateModule 2023-08-01T06:14:19Z logger.go:66:   + resource "google_project_iam_member" "project-roles" {
TestMySqlPrivateModule 2023-08-01T06:14:19Z logger.go:66:       + etag    = (known after apply)
TestMySqlPrivateModule 2023-08-01T06:14:19Z logger.go:66:       + id      = (known after apply)
TestMySqlPrivateModule 2023-08-01T06:14:19Z logger.go:66:       + member  = (known after apply)
TestMySqlPrivateModule 2023-08-01T06:14:19Z logger.go:66:       + project = "pm-singleproject-20"
TestMySqlPrivateModule 2023-08-01T06:14:19Z logger.go:66:       + role    = "roles/compute.networkUser"
TestMySqlPrivateModule 2023-08-01T06:14:19Z logger.go:66:     }
TestMySqlPrivateModule 2023-08-01T06:14:19Z logger.go:66: 
TestMySqlPrivateModule 2023-08-01T06:14:19Z logger.go:66:   # module.terraform_service_accounts.google_project_iam_member.project-roles["pm-singleproject-20-roles/compute.securityAdmin"] will be created
TestMySqlPrivateModule 2023-08-01T06:14:19Z logger.go:66:   + resource "google_project_iam_member" "project-roles" {
TestMySqlPrivateModule 2023-08-01T06:14:19Z logger.go:66:       + etag    = (known after apply)
TestMySqlPrivateModule 2023-08-01T06:14:19Z logger.go:66:       + id      = (known after apply)
TestMySqlPrivateModule 2023-08-01T06:14:19Z logger.go:66:       + member  = (known after apply)
TestMySqlPrivateModule 2023-08-01T06:14:19Z logger.go:66:       + project = "pm-singleproject-20"
TestMySqlPrivateModule 2023-08-01T06:14:19Z logger.go:66:       + role    = "roles/compute.securityAdmin"
TestMySqlPrivateModule 2023-08-01T06:14:19Z logger.go:66:     }
TestMySqlPrivateModule 2023-08-01T06:14:19Z logger.go:66: 
TestMySqlPrivateModule 2023-08-01T06:14:19Z logger.go:66:   # module.terraform_service_accounts.google_project_iam_member.project-roles["pm-singleproject-20-roles/iam.serviceAccountAdmin"] will be created
TestMySqlPrivateModule 2023-08-01T06:14:19Z logger.go:66:   + resource "google_project_iam_member" "project-roles" {
TestMySqlPrivateModule 2023-08-01T06:14:19Z logger.go:66:       + etag    = (known after apply)
TestMySqlPrivateModule 2023-08-01T06:14:19Z logger.go:66:       + id      = (known after apply)
TestMySqlPrivateModule 2023-08-01T06:14:19Z logger.go:66:       + member  = (known after apply)
TestMySqlPrivateModule 2023-08-01T06:14:19Z logger.go:66:       + project = "pm-singleproject-20"
TestMySqlPrivateModule 2023-08-01T06:14:19Z logger.go:66:       + role    = "roles/iam.serviceAccountAdmin"
TestMySqlPrivateModule 2023-08-01T06:14:19Z logger.go:66:     }
TestMySqlPrivateModule 2023-08-01T06:14:19Z logger.go:66: 
TestMySqlPrivateModule 2023-08-01T06:14:19Z logger.go:66:   # module.terraform_service_accounts.google_project_iam_member.project-roles["pm-singleproject-20-roles/resourcemanager.projectIamAdmin"] will be created
TestMySqlPrivateModule 2023-08-01T06:14:19Z logger.go:66:   + resource "google_project_iam_member" "project-roles" {
TestMySqlPrivateModule 2023-08-01T06:14:19Z logger.go:66:       + etag    = (known after apply)
TestMySqlPrivateModule 2023-08-01T06:14:19Z logger.go:66:       + id      = (known after apply)
TestMySqlPrivateModule 2023-08-01T06:14:19Z logger.go:66:       + member  = (known after apply)
TestMySqlPrivateModule 2023-08-01T06:14:19Z logger.go:66:       + project = "pm-singleproject-20"
TestMySqlPrivateModule 2023-08-01T06:14:19Z logger.go:66:       + role    = "roles/resourcemanager.projectIamAdmin"
TestMySqlPrivateModule 2023-08-01T06:14:19Z logger.go:66:     }
TestMySqlPrivateModule 2023-08-01T06:14:19Z logger.go:66: 
TestMySqlPrivateModule 2023-08-01T06:14:19Z logger.go:66:   # module.terraform_service_accounts.google_project_iam_member.project-roles["pm-singleproject-20-roles/serviceusage.serviceUsageAdmin"] will be created
TestMySqlPrivateModule 2023-08-01T06:14:19Z logger.go:66:   + resource "google_project_iam_member" "project-roles" {
TestMySqlPrivateModule 2023-08-01T06:14:19Z logger.go:66:       + etag    = (known after apply)
TestMySqlPrivateModule 2023-08-01T06:14:19Z logger.go:66:       + id      = (known after apply)
TestMySqlPrivateModule 2023-08-01T06:14:19Z logger.go:66:       + member  = (known after apply)
TestMySqlPrivateModule 2023-08-01T06:14:19Z logger.go:66:       + project = "pm-singleproject-20"
TestMySqlPrivateModule 2023-08-01T06:14:19Z logger.go:66:       + role    = "roles/serviceusage.serviceUsageAdmin"
TestMySqlPrivateModule 2023-08-01T06:14:19Z logger.go:66:     }
TestMySqlPrivateModule 2023-08-01T06:14:19Z logger.go:66: 
TestMySqlPrivateModule 2023-08-01T06:14:19Z logger.go:66:   # module.terraform_service_accounts.google_project_iam_member.project-roles["pm-test-10-e90f-roles/cloudsql.admin"] will be created
TestMySqlPrivateModule 2023-08-01T06:14:19Z logger.go:66:   + resource "google_project_iam_member" "project-roles" {
TestMySqlPrivateModule 2023-08-01T06:14:19Z logger.go:66:       + etag    = (known after apply)
TestMySqlPrivateModule 2023-08-01T06:14:19Z logger.go:66:       + id      = (known after apply)
TestMySqlPrivateModule 2023-08-01T06:14:19Z logger.go:66:       + member  = (known after apply)
TestMySqlPrivateModule 2023-08-01T06:14:19Z logger.go:66:       + project = "pm-test-10-e90f"
TestMySqlPrivateModule 2023-08-01T06:14:19Z logger.go:66:       + role    = "roles/cloudsql.admin"
TestMySqlPrivateModule 2023-08-01T06:14:19Z logger.go:66:     }
TestMySqlPrivateModule 2023-08-01T06:14:19Z logger.go:66: 
TestMySqlPrivateModule 2023-08-01T06:14:19Z logger.go:66:   # module.terraform_service_accounts.google_project_iam_member.project-roles["pm-test-10-e90f-roles/compute.instanceAdmin"] will be created
TestMySqlPrivateModule 2023-08-01T06:14:19Z logger.go:66:   + resource "google_project_iam_member" "project-roles" {
TestMySqlPrivateModule 2023-08-01T06:14:19Z logger.go:66:       + etag    = (known after apply)
TestMySqlPrivateModule 2023-08-01T06:14:19Z logger.go:66:       + id      = (known after apply)
TestMySqlPrivateModule 2023-08-01T06:14:19Z logger.go:66:       + member  = (known after apply)
TestMySqlPrivateModule 2023-08-01T06:14:19Z logger.go:66:       + project = "pm-test-10-e90f"
TestMySqlPrivateModule 2023-08-01T06:14:19Z logger.go:66:       + role    = "roles/compute.instanceAdmin"
TestMySqlPrivateModule 2023-08-01T06:14:19Z logger.go:66:     }
TestMySqlPrivateModule 2023-08-01T06:14:19Z logger.go:66: 
TestMySqlPrivateModule 2023-08-01T06:14:19Z logger.go:66:   # module.terraform_service_accounts.google_project_iam_member.project-roles["pm-test-10-e90f-roles/iam.serviceAccountAdmin"] will be created
TestMySqlPrivateModule 2023-08-01T06:14:19Z logger.go:66:   + resource "google_project_iam_member" "project-roles" {
TestMySqlPrivateModule 2023-08-01T06:14:19Z logger.go:66:       + etag    = (known after apply)
TestMySqlPrivateModule 2023-08-01T06:14:19Z logger.go:66:       + id      = (known after apply)
TestMySqlPrivateModule 2023-08-01T06:14:19Z logger.go:66:       + member  = (known after apply)
TestMySqlPrivateModule 2023-08-01T06:14:19Z logger.go:66:       + project = "pm-test-10-e90f"
TestMySqlPrivateModule 2023-08-01T06:14:19Z logger.go:66:       + role    = "roles/iam.serviceAccountAdmin"
TestMySqlPrivateModule 2023-08-01T06:14:19Z logger.go:66:     }
TestMySqlPrivateModule 2023-08-01T06:14:19Z logger.go:66: 
TestMySqlPrivateModule 2023-08-01T06:14:19Z logger.go:66:   # module.terraform_service_accounts.google_project_iam_member.project-roles["pm-test-10-e90f-roles/iam.serviceAccountUser"] will be created
TestMySqlPrivateModule 2023-08-01T06:14:19Z logger.go:66:   + resource "google_project_iam_member" "project-roles" {
TestMySqlPrivateModule 2023-08-01T06:14:19Z logger.go:66:       + etag    = (known after apply)
TestMySqlPrivateModule 2023-08-01T06:14:19Z logger.go:66:       + id      = (known after apply)
TestMySqlPrivateModule 2023-08-01T06:14:19Z logger.go:66:       + member  = (known after apply)
TestMySqlPrivateModule 2023-08-01T06:14:19Z logger.go:66:       + project = "pm-test-10-e90f"
TestMySqlPrivateModule 2023-08-01T06:14:19Z logger.go:66:       + role    = "roles/iam.serviceAccountUser"
TestMySqlPrivateModule 2023-08-01T06:14:19Z logger.go:66:     }
TestMySqlPrivateModule 2023-08-01T06:14:19Z logger.go:66: 
TestMySqlPrivateModule 2023-08-01T06:14:19Z logger.go:66:   # module.terraform_service_accounts.google_project_iam_member.project-roles["pm-test-10-e90f-roles/resourcemanager.projectIamAdmin"] will be created
TestMySqlPrivateModule 2023-08-01T06:14:19Z logger.go:66:   + resource "google_project_iam_member" "project-roles" {
TestMySqlPrivateModule 2023-08-01T06:14:19Z logger.go:66:       + etag    = (known after apply)
TestMySqlPrivateModule 2023-08-01T06:14:19Z logger.go:66:       + id      = (known after apply)
TestMySqlPrivateModule 2023-08-01T06:14:19Z logger.go:66:       + member  = (known after apply)
TestMySqlPrivateModule 2023-08-01T06:14:19Z logger.go:66:       + project = "pm-test-10-e90f"
TestMySqlPrivateModule 2023-08-01T06:14:19Z logger.go:66:       + role    = "roles/resourcemanager.projectIamAdmin"
TestMySqlPrivateModule 2023-08-01T06:14:19Z logger.go:66:     }
TestMySqlPrivateModule 2023-08-01T06:14:19Z logger.go:66: 
TestMySqlPrivateModule 2023-08-01T06:14:19Z logger.go:66:   # module.terraform_service_accounts.google_project_iam_member.project-roles["pm-test-10-e90f-roles/serviceusage.serviceUsageAdmin"] will be created
TestMySqlPrivateModule 2023-08-01T06:14:19Z logger.go:66:   + resource "google_project_iam_member" "project-roles" {
TestMySqlPrivateModule 2023-08-01T06:14:19Z logger.go:66:       + etag    = (known after apply)
TestMySqlPrivateModule 2023-08-01T06:14:19Z logger.go:66:       + id      = (known after apply)
TestMySqlPrivateModule 2023-08-01T06:14:19Z logger.go:66:       + member  = (known after apply)
TestMySqlPrivateModule 2023-08-01T06:14:19Z logger.go:66:       + project = "pm-test-10-e90f"
TestMySqlPrivateModule 2023-08-01T06:14:19Z logger.go:66:       + role    = "roles/serviceusage.serviceUsageAdmin"
TestMySqlPrivateModule 2023-08-01T06:14:19Z logger.go:66:     }
TestMySqlPrivateModule 2023-08-01T06:14:19Z logger.go:66: 
TestMySqlPrivateModule 2023-08-01T06:14:19Z logger.go:66:   # module.terraform_service_accounts.google_service_account.service_account[0] will be created
TestMySqlPrivateModule 2023-08-01T06:14:19Z logger.go:66:   + resource "google_service_account" "service_account" {
TestMySqlPrivateModule 2023-08-01T06:14:19Z logger.go:66:       + account_id   = "terraform-sa"
TestMySqlPrivateModule 2023-08-01T06:14:19Z logger.go:66:       + disabled     = false
TestMySqlPrivateModule 2023-08-01T06:14:19Z logger.go:66:       + display_name = "Terraform-managed."
TestMySqlPrivateModule 2023-08-01T06:14:19Z logger.go:66:       + email        = (known after apply)
TestMySqlPrivateModule 2023-08-01T06:14:19Z logger.go:66:       + id           = (known after apply)
TestMySqlPrivateModule 2023-08-01T06:14:19Z logger.go:66:       + name         = (known after apply)
TestMySqlPrivateModule 2023-08-01T06:14:19Z logger.go:66:       + project      = "pm-singleproject-20"
TestMySqlPrivateModule 2023-08-01T06:14:19Z logger.go:66:       + unique_id    = (known after apply)
TestMySqlPrivateModule 2023-08-01T06:14:19Z logger.go:66:     }
TestMySqlPrivateModule 2023-08-01T06:14:19Z logger.go:66: 
TestMySqlPrivateModule 2023-08-01T06:14:19Z logger.go:66:   # module.firewall_rules.module.firewall_rules.google_compute_firewall.rules["allow-ssh-ingress"] will be created
TestMySqlPrivateModule 2023-08-01T06:14:19Z logger.go:66:   + resource "google_compute_firewall" "rules" {
TestMySqlPrivateModule 2023-08-01T06:14:19Z logger.go:66:       + creation_timestamp = (known after apply)
TestMySqlPrivateModule 2023-08-01T06:14:19Z logger.go:66:       + description        = "Creates firewall rule targeting tagged instances"
TestMySqlPrivateModule 2023-08-01T06:14:19Z logger.go:66:       + destination_ranges = (known after apply)
TestMySqlPrivateModule 2023-08-01T06:14:19Z logger.go:66:       + direction          = "INGRESS"
TestMySqlPrivateModule 2023-08-01T06:14:19Z logger.go:66:       + enable_logging     = (known after apply)
TestMySqlPrivateModule 2023-08-01T06:14:19Z logger.go:66:       + id                 = (known after apply)
TestMySqlPrivateModule 2023-08-01T06:14:19Z logger.go:66:       + name               = "allow-ssh-ingress"
TestMySqlPrivateModule 2023-08-01T06:14:19Z logger.go:66:       + network            = (known after apply)
TestMySqlPrivateModule 2023-08-01T06:14:19Z logger.go:66:       + priority           = 1000
TestMySqlPrivateModule 2023-08-01T06:14:19Z logger.go:66:       + project            = "pm-singleproject-20"
TestMySqlPrivateModule 2023-08-01T06:14:19Z logger.go:66:       + self_link          = (known after apply)
TestMySqlPrivateModule 2023-08-01T06:14:19Z logger.go:66:       + source_ranges      = (known after apply)
TestMySqlPrivateModule 2023-08-01T06:14:19Z logger.go:66:       + target_tags        = [
TestMySqlPrivateModule 2023-08-01T06:14:19Z logger.go:66:           + "cloudsql",
TestMySqlPrivateModule 2023-08-01T06:14:19Z logger.go:66:         ]
TestMySqlPrivateModule 2023-08-01T06:14:19Z logger.go:66: 
TestMySqlPrivateModule 2023-08-01T06:14:19Z logger.go:66:       + allow {
TestMySqlPrivateModule 2023-08-01T06:14:19Z logger.go:66:           + ports    = [
TestMySqlPrivateModule 2023-08-01T06:14:19Z logger.go:66:               + "22",
TestMySqlPrivateModule 2023-08-01T06:14:19Z logger.go:66:             ]
TestMySqlPrivateModule 2023-08-01T06:14:19Z logger.go:66:           + protocol = "tcp"
TestMySqlPrivateModule 2023-08-01T06:14:19Z logger.go:66:         }
TestMySqlPrivateModule 2023-08-01T06:14:19Z logger.go:66: 
TestMySqlPrivateModule 2023-08-01T06:14:19Z logger.go:66:       + log_config {
TestMySqlPrivateModule 2023-08-01T06:14:19Z logger.go:66:           + metadata = "INCLUDE_ALL_METADATA"
TestMySqlPrivateModule 2023-08-01T06:14:19Z logger.go:66:         }
TestMySqlPrivateModule 2023-08-01T06:14:19Z logger.go:66:     }
TestMySqlPrivateModule 2023-08-01T06:14:19Z logger.go:66: 
TestMySqlPrivateModule 2023-08-01T06:14:19Z logger.go:66:   # module.firewall_rules.module.firewall_rules.google_compute_firewall.rules["cloudsql-ingress"] will be created
TestMySqlPrivateModule 2023-08-01T06:14:19Z logger.go:66:   + resource "google_compute_firewall" "rules" {
TestMySqlPrivateModule 2023-08-01T06:14:19Z logger.go:66:       + creation_timestamp      = (known after apply)
TestMySqlPrivateModule 2023-08-01T06:14:19Z logger.go:66:       + description             = "Creates firewall rule targeting tagged instances for cloudsql"
TestMySqlPrivateModule 2023-08-01T06:14:19Z logger.go:66:       + destination_ranges      = (known after apply)
TestMySqlPrivateModule 2023-08-01T06:14:19Z logger.go:66:       + direction               = "INGRESS"
TestMySqlPrivateModule 2023-08-01T06:14:19Z logger.go:66:       + enable_logging          = (known after apply)
TestMySqlPrivateModule 2023-08-01T06:14:19Z logger.go:66:       + id                      = (known after apply)
TestMySqlPrivateModule 2023-08-01T06:14:19Z logger.go:66:       + name                    = "cloudsql-ingress"
TestMySqlPrivateModule 2023-08-01T06:14:19Z logger.go:66:       + network                 = (known after apply)
TestMySqlPrivateModule 2023-08-01T06:14:19Z logger.go:66:       + priority                = 1000
TestMySqlPrivateModule 2023-08-01T06:14:19Z logger.go:66:       + project                 = "pm-singleproject-20"
TestMySqlPrivateModule 2023-08-01T06:14:19Z logger.go:66:       + self_link               = (known after apply)
TestMySqlPrivateModule 2023-08-01T06:14:19Z logger.go:66:       + source_ranges           = (known after apply)
TestMySqlPrivateModule 2023-08-01T06:14:19Z logger.go:66:       + source_service_accounts = [
TestMySqlPrivateModule 2023-08-01T06:14:19Z logger.go:66:           + "gce-sa@pm-test-10-e90f.iam.gserviceaccount.com",
TestMySqlPrivateModule 2023-08-01T06:14:19Z logger.go:66:         ]
TestMySqlPrivateModule 2023-08-01T06:14:19Z logger.go:66: 
TestMySqlPrivateModule 2023-08-01T06:14:19Z logger.go:66:       + allow {
TestMySqlPrivateModule 2023-08-01T06:14:19Z logger.go:66:           + ports    = [
TestMySqlPrivateModule 2023-08-01T06:14:19Z logger.go:66:               + "3306",
TestMySqlPrivateModule 2023-08-01T06:14:19Z logger.go:66:             ]
TestMySqlPrivateModule 2023-08-01T06:14:19Z logger.go:66:           + protocol = "tcp"
TestMySqlPrivateModule 2023-08-01T06:14:19Z logger.go:66:         }
TestMySqlPrivateModule 2023-08-01T06:14:19Z logger.go:66: 
TestMySqlPrivateModule 2023-08-01T06:14:19Z logger.go:66:       + log_config {
TestMySqlPrivateModule 2023-08-01T06:14:19Z logger.go:66:           + metadata = "INCLUDE_ALL_METADATA"
TestMySqlPrivateModule 2023-08-01T06:14:19Z logger.go:66:         }
TestMySqlPrivateModule 2023-08-01T06:14:19Z logger.go:66:     }
TestMySqlPrivateModule 2023-08-01T06:14:19Z logger.go:66: 
TestMySqlPrivateModule 2023-08-01T06:14:19Z logger.go:66:   # module.google_compute_instance.module.compute_instance.data.google_compute_zones.available will be read during apply
TestMySqlPrivateModule 2023-08-01T06:14:19Z logger.go:66:   # (config refers to values not yet known)
TestMySqlPrivateModule 2023-08-01T06:14:19Z logger.go:66:  <= data "google_compute_zones" "available" {
TestMySqlPrivateModule 2023-08-01T06:14:19Z logger.go:66:       + id      = (known after apply)
TestMySqlPrivateModule 2023-08-01T06:14:19Z logger.go:66:       + names   = (known after apply)
TestMySqlPrivateModule 2023-08-01T06:14:19Z logger.go:66:       + project = (known after apply)
TestMySqlPrivateModule 2023-08-01T06:14:19Z logger.go:66:       + region  = "us-central1"
TestMySqlPrivateModule 2023-08-01T06:14:19Z logger.go:66:     }
TestMySqlPrivateModule 2023-08-01T06:14:19Z logger.go:66: 
TestMySqlPrivateModule 2023-08-01T06:14:19Z logger.go:66:   # module.google_compute_instance.module.compute_instance.google_compute_instance_from_template.compute_instance[0] will be created
TestMySqlPrivateModule 2023-08-01T06:14:19Z logger.go:66:   + resource "google_compute_instance_from_template" "compute_instance" {
TestMySqlPrivateModule 2023-08-01T06:14:19Z logger.go:66:       + allow_stopping_for_update = (known after apply)
TestMySqlPrivateModule 2023-08-01T06:14:19Z logger.go:66:       + attached_disk             = (known after apply)
TestMySqlPrivateModule 2023-08-01T06:14:19Z logger.go:66:       + can_ip_forward            = (known after apply)
TestMySqlPrivateModule 2023-08-01T06:14:19Z logger.go:66:       + cpu_platform              = (known after apply)
TestMySqlPrivateModule 2023-08-01T06:14:19Z logger.go:66:       + current_status            = (known after apply)
TestMySqlPrivateModule 2023-08-01T06:14:19Z logger.go:66:       + deletion_protection       = false
TestMySqlPrivateModule 2023-08-01T06:14:19Z logger.go:66:       + description               = (known after apply)
TestMySqlPrivateModule 2023-08-01T06:14:19Z logger.go:66:       + desired_status            = (known after apply)
TestMySqlPrivateModule 2023-08-01T06:14:19Z logger.go:66:       + enable_display            = (known after apply)
TestMySqlPrivateModule 2023-08-01T06:14:19Z logger.go:66:       + guest_accelerator         = (known after apply)
TestMySqlPrivateModule 2023-08-01T06:14:19Z logger.go:66:       + hostname                  = (known after apply)
TestMySqlPrivateModule 2023-08-01T06:14:19Z logger.go:66:       + id                        = (known after apply)
TestMySqlPrivateModule 2023-08-01T06:14:19Z logger.go:66:       + instance_id               = (known after apply)
TestMySqlPrivateModule 2023-08-01T06:14:19Z logger.go:66:       + label_fingerprint         = (known after apply)
TestMySqlPrivateModule 2023-08-01T06:14:19Z logger.go:66:       + labels                    = (known after apply)
TestMySqlPrivateModule 2023-08-01T06:14:19Z logger.go:66:       + machine_type              = (known after apply)
TestMySqlPrivateModule 2023-08-01T06:14:19Z logger.go:66:       + metadata                  = (known after apply)
TestMySqlPrivateModule 2023-08-01T06:14:19Z logger.go:66:       + metadata_fingerprint      = (known after apply)
TestMySqlPrivateModule 2023-08-01T06:14:19Z logger.go:66:       + metadata_startup_script   = (known after apply)
TestMySqlPrivateModule 2023-08-01T06:14:19Z logger.go:66:       + min_cpu_platform          = (known after apply)
TestMySqlPrivateModule 2023-08-01T06:14:19Z logger.go:66:       + name                      = "default-001"
TestMySqlPrivateModule 2023-08-01T06:14:19Z logger.go:66:       + project                   = (known after apply)
TestMySqlPrivateModule 2023-08-01T06:14:19Z logger.go:66:       + resource_policies         = []
TestMySqlPrivateModule 2023-08-01T06:14:19Z logger.go:66:       + scratch_disk              = (known after apply)
TestMySqlPrivateModule 2023-08-01T06:14:19Z logger.go:66:       + self_link                 = (known after apply)
TestMySqlPrivateModule 2023-08-01T06:14:19Z logger.go:66:       + service_account           = (known after apply)
TestMySqlPrivateModule 2023-08-01T06:14:19Z logger.go:66:       + source_instance_template  = (known after apply)
TestMySqlPrivateModule 2023-08-01T06:14:19Z logger.go:66:       + tags                      = (known after apply)
TestMySqlPrivateModule 2023-08-01T06:14:19Z logger.go:66:       + tags_fingerprint          = (known after apply)
TestMySqlPrivateModule 2023-08-01T06:14:19Z logger.go:66:       + zone                      = "us-central1-a"
TestMySqlPrivateModule 2023-08-01T06:14:19Z logger.go:66:     }
TestMySqlPrivateModule 2023-08-01T06:14:19Z logger.go:66: 
TestMySqlPrivateModule 2023-08-01T06:14:19Z logger.go:66:   # module.google_compute_instance.module.instance_template.google_compute_instance_template.tpl will be created
TestMySqlPrivateModule 2023-08-01T06:14:19Z logger.go:66:   + resource "google_compute_instance_template" "tpl" {
TestMySqlPrivateModule 2023-08-01T06:14:19Z logger.go:66:       + can_ip_forward          = false
TestMySqlPrivateModule 2023-08-01T06:14:19Z logger.go:66:       + id                      = (known after apply)
TestMySqlPrivateModule 2023-08-01T06:14:19Z logger.go:66:       + machine_type            = "n1-standard-1"
TestMySqlPrivateModule 2023-08-01T06:14:19Z logger.go:66:       + metadata                = {
TestMySqlPrivateModule 2023-08-01T06:14:19Z logger.go:66:           + "enable-oslogin" = "true"
TestMySqlPrivateModule 2023-08-01T06:14:19Z logger.go:66:         }
TestMySqlPrivateModule 2023-08-01T06:14:19Z logger.go:66:       + metadata_fingerprint    = (known after apply)
TestMySqlPrivateModule 2023-08-01T06:14:19Z logger.go:66:       + metadata_startup_script = (known after apply)
TestMySqlPrivateModule 2023-08-01T06:14:19Z logger.go:66:       + name                    = (known after apply)
TestMySqlPrivateModule 2023-08-01T06:14:19Z logger.go:66:       + name_prefix             = "default-instance-template-"
TestMySqlPrivateModule 2023-08-01T06:14:19Z logger.go:66:       + project                 = "pm-test-10-e90f"
TestMySqlPrivateModule 2023-08-01T06:14:19Z logger.go:66:       + region                  = (known after apply)
TestMySqlPrivateModule 2023-08-01T06:14:19Z logger.go:66:       + self_link               = (known after apply)
TestMySqlPrivateModule 2023-08-01T06:14:19Z logger.go:66:       + tags                    = [
TestMySqlPrivateModule 2023-08-01T06:14:19Z logger.go:66:           + "cloudsql",
TestMySqlPrivateModule 2023-08-01T06:14:19Z logger.go:66:         ]
TestMySqlPrivateModule 2023-08-01T06:14:19Z logger.go:66:       + tags_fingerprint        = (known after apply)
TestMySqlPrivateModule 2023-08-01T06:14:19Z logger.go:66: 
TestMySqlPrivateModule 2023-08-01T06:14:19Z logger.go:66:       + advanced_machine_features {
TestMySqlPrivateModule 2023-08-01T06:14:19Z logger.go:66:           + enable_nested_virtualization = false
TestMySqlPrivateModule 2023-08-01T06:14:19Z logger.go:66:         }
TestMySqlPrivateModule 2023-08-01T06:14:19Z logger.go:66: 
TestMySqlPrivateModule 2023-08-01T06:14:19Z logger.go:66:       + confidential_instance_config {
TestMySqlPrivateModule 2023-08-01T06:14:19Z logger.go:66:           + enable_confidential_compute = false
TestMySqlPrivateModule 2023-08-01T06:14:19Z logger.go:66:         }
TestMySqlPrivateModule 2023-08-01T06:14:19Z logger.go:66: 
TestMySqlPrivateModule 2023-08-01T06:14:19Z logger.go:66:       + disk {
TestMySqlPrivateModule 2023-08-01T06:14:19Z logger.go:66:           + auto_delete  = true
TestMySqlPrivateModule 2023-08-01T06:14:19Z logger.go:66:           + boot         = true
TestMySqlPrivateModule 2023-08-01T06:14:19Z logger.go:66:           + device_name  = (known after apply)
TestMySqlPrivateModule 2023-08-01T06:14:19Z logger.go:66:           + disk_size_gb = 100
TestMySqlPrivateModule 2023-08-01T06:14:19Z logger.go:66:           + disk_type    = "pd-standard"
TestMySqlPrivateModule 2023-08-01T06:14:19Z logger.go:66:           + interface    = (known after apply)
TestMySqlPrivateModule 2023-08-01T06:14:19Z logger.go:66:           + mode         = (known after apply)
TestMySqlPrivateModule 2023-08-01T06:14:19Z logger.go:66:           + source_image = "ubuntu-os-cloud/ubuntu-2204-lts"
TestMySqlPrivateModule 2023-08-01T06:14:19Z logger.go:66:           + type         = "PERSISTENT"
TestMySqlPrivateModule 2023-08-01T06:14:19Z logger.go:66:         }
TestMySqlPrivateModule 2023-08-01T06:14:19Z logger.go:66: 
TestMySqlPrivateModule 2023-08-01T06:14:19Z logger.go:66:       + network_interface {
TestMySqlPrivateModule 2023-08-01T06:14:19Z logger.go:66:           + ipv6_access_type   = (known after apply)
TestMySqlPrivateModule 2023-08-01T06:14:19Z logger.go:66:           + name               = (known after apply)
TestMySqlPrivateModule 2023-08-01T06:14:19Z logger.go:66:           + stack_type         = (known after apply)
TestMySqlPrivateModule 2023-08-01T06:14:19Z logger.go:66:           + subnetwork         = (known after apply)
TestMySqlPrivateModule 2023-08-01T06:14:19Z logger.go:66:           + subnetwork_project = "pm-test-10-e90f"
TestMySqlPrivateModule 2023-08-01T06:14:19Z logger.go:66: 
TestMySqlPrivateModule 2023-08-01T06:14:19Z logger.go:66:           + access_config {
TestMySqlPrivateModule 2023-08-01T06:14:19Z logger.go:66:               + nat_ip                 = (known after apply)
TestMySqlPrivateModule 2023-08-01T06:14:19Z logger.go:66:               + network_tier           = "PREMIUM"
TestMySqlPrivateModule 2023-08-01T06:14:19Z logger.go:66:               + public_ptr_domain_name = (known after apply)
TestMySqlPrivateModule 2023-08-01T06:14:19Z logger.go:66:             }
TestMySqlPrivateModule 2023-08-01T06:14:19Z logger.go:66:         }
TestMySqlPrivateModule 2023-08-01T06:14:19Z logger.go:66: 
TestMySqlPrivateModule 2023-08-01T06:14:19Z logger.go:66:       + scheduling {
TestMySqlPrivateModule 2023-08-01T06:14:19Z logger.go:66:           + automatic_restart   = true
TestMySqlPrivateModule 2023-08-01T06:14:19Z logger.go:66:           + on_host_maintenance = "MIGRATE"
TestMySqlPrivateModule 2023-08-01T06:14:19Z logger.go:66:           + preemptible         = false
TestMySqlPrivateModule 2023-08-01T06:14:19Z logger.go:66:         }
TestMySqlPrivateModule 2023-08-01T06:14:19Z logger.go:66: 
TestMySqlPrivateModule 2023-08-01T06:14:19Z logger.go:66:       + service_account {
TestMySqlPrivateModule 2023-08-01T06:14:19Z logger.go:66:           + email  = "gce-sa@pm-test-10-e90f.iam.gserviceaccount.com"
TestMySqlPrivateModule 2023-08-01T06:14:19Z logger.go:66:           + scopes = [
TestMySqlPrivateModule 2023-08-01T06:14:19Z logger.go:66:               + "https://www.googleapis.com/auth/cloud-platform",
TestMySqlPrivateModule 2023-08-01T06:14:19Z logger.go:66:             ]
TestMySqlPrivateModule 2023-08-01T06:14:19Z logger.go:66:         }
TestMySqlPrivateModule 2023-08-01T06:14:19Z logger.go:66:     }
TestMySqlPrivateModule 2023-08-01T06:14:19Z logger.go:66: 
TestMySqlPrivateModule 2023-08-01T06:14:19Z logger.go:66:   # module.host_project.module.project_services.google_project_service.project_services["cloudresourcemanager.googleapis.com"] will be created
TestMySqlPrivateModule 2023-08-01T06:14:19Z logger.go:66:   + resource "google_project_service" "project_services" {
TestMySqlPrivateModule 2023-08-01T06:14:19Z logger.go:66:       + disable_dependent_services = true
TestMySqlPrivateModule 2023-08-01T06:14:19Z logger.go:66:       + disable_on_destroy         = false
TestMySqlPrivateModule 2023-08-01T06:14:19Z logger.go:66:       + id                         = (known after apply)
TestMySqlPrivateModule 2023-08-01T06:14:19Z logger.go:66:       + project                    = "pm-singleproject-20"
TestMySqlPrivateModule 2023-08-01T06:14:19Z logger.go:66:       + service                    = "cloudresourcemanager.googleapis.com"
TestMySqlPrivateModule 2023-08-01T06:14:19Z logger.go:66:     }
TestMySqlPrivateModule 2023-08-01T06:14:19Z logger.go:66: 
TestMySqlPrivateModule 2023-08-01T06:14:19Z logger.go:66:   # module.host_project.module.project_services.google_project_service.project_services["compute.googleapis.com"] will be created
TestMySqlPrivateModule 2023-08-01T06:14:19Z logger.go:66:   + resource "google_project_service" "project_services" {
TestMySqlPrivateModule 2023-08-01T06:14:19Z logger.go:66:       + disable_dependent_services = true
TestMySqlPrivateModule 2023-08-01T06:14:19Z logger.go:66:       + disable_on_destroy         = false
TestMySqlPrivateModule 2023-08-01T06:14:19Z logger.go:66:       + id                         = (known after apply)
TestMySqlPrivateModule 2023-08-01T06:14:19Z logger.go:66:       + project                    = "pm-singleproject-20"
TestMySqlPrivateModule 2023-08-01T06:14:19Z logger.go:66:       + service                    = "compute.googleapis.com"
TestMySqlPrivateModule 2023-08-01T06:14:19Z logger.go:66:     }
TestMySqlPrivateModule 2023-08-01T06:14:19Z logger.go:66: 
TestMySqlPrivateModule 2023-08-01T06:14:19Z logger.go:66:   # module.host_project.module.project_services.google_project_service.project_services["iam.googleapis.com"] will be created
TestMySqlPrivateModule 2023-08-01T06:14:19Z logger.go:66:   + resource "google_project_service" "project_services" {
TestMySqlPrivateModule 2023-08-01T06:14:19Z logger.go:66:       + disable_dependent_services = true
TestMySqlPrivateModule 2023-08-01T06:14:19Z logger.go:66:       + disable_on_destroy         = false
TestMySqlPrivateModule 2023-08-01T06:14:19Z logger.go:66:       + id                         = (known after apply)
TestMySqlPrivateModule 2023-08-01T06:14:19Z logger.go:66:       + project                    = "pm-singleproject-20"
TestMySqlPrivateModule 2023-08-01T06:14:19Z logger.go:66:       + service                    = "iam.googleapis.com"
TestMySqlPrivateModule 2023-08-01T06:14:19Z logger.go:66:     }
TestMySqlPrivateModule 2023-08-01T06:14:19Z logger.go:66: 
TestMySqlPrivateModule 2023-08-01T06:14:19Z logger.go:66:   # module.host_project.module.project_services.google_project_service.project_services["logging.googleapis.com"] will be created
TestMySqlPrivateModule 2023-08-01T06:14:19Z logger.go:66:   + resource "google_project_service" "project_services" {
TestMySqlPrivateModule 2023-08-01T06:14:19Z logger.go:66:       + disable_dependent_services = true
TestMySqlPrivateModule 2023-08-01T06:14:19Z logger.go:66:       + disable_on_destroy         = false
TestMySqlPrivateModule 2023-08-01T06:14:19Z logger.go:66:       + id                         = (known after apply)
TestMySqlPrivateModule 2023-08-01T06:14:19Z logger.go:66:       + project                    = "pm-singleproject-20"
TestMySqlPrivateModule 2023-08-01T06:14:19Z logger.go:66:       + service                    = "logging.googleapis.com"
TestMySqlPrivateModule 2023-08-01T06:14:19Z logger.go:66:     }
TestMySqlPrivateModule 2023-08-01T06:14:19Z logger.go:66: 
TestMySqlPrivateModule 2023-08-01T06:14:19Z logger.go:66:   # module.host_project.module.project_services.google_project_service.project_services["monitoring.googleapis.com"] will be created
TestMySqlPrivateModule 2023-08-01T06:14:19Z logger.go:66:   + resource "google_project_service" "project_services" {
TestMySqlPrivateModule 2023-08-01T06:14:19Z logger.go:66:       + disable_dependent_services = true
TestMySqlPrivateModule 2023-08-01T06:14:19Z logger.go:66:       + disable_on_destroy         = false
TestMySqlPrivateModule 2023-08-01T06:14:19Z logger.go:66:       + id                         = (known after apply)
TestMySqlPrivateModule 2023-08-01T06:14:19Z logger.go:66:       + project                    = "pm-singleproject-20"
TestMySqlPrivateModule 2023-08-01T06:14:19Z logger.go:66:       + service                    = "monitoring.googleapis.com"
TestMySqlPrivateModule 2023-08-01T06:14:19Z logger.go:66:     }
TestMySqlPrivateModule 2023-08-01T06:14:19Z logger.go:66: 
TestMySqlPrivateModule 2023-08-01T06:14:19Z logger.go:66:   # module.host_project.module.project_services.google_project_service.project_services["servicenetworking.googleapis.com"] will be created
TestMySqlPrivateModule 2023-08-01T06:14:19Z logger.go:66:   + resource "google_project_service" "project_services" {
TestMySqlPrivateModule 2023-08-01T06:14:19Z logger.go:66:       + disable_dependent_services = true
TestMySqlPrivateModule 2023-08-01T06:14:19Z logger.go:66:       + disable_on_destroy         = false
TestMySqlPrivateModule 2023-08-01T06:14:19Z logger.go:66:       + id                         = (known after apply)
TestMySqlPrivateModule 2023-08-01T06:14:19Z logger.go:66:       + project                    = "pm-singleproject-20"
TestMySqlPrivateModule 2023-08-01T06:14:19Z logger.go:66:       + service                    = "servicenetworking.googleapis.com"
TestMySqlPrivateModule 2023-08-01T06:14:19Z logger.go:66:     }
TestMySqlPrivateModule 2023-08-01T06:14:19Z logger.go:66: 
TestMySqlPrivateModule 2023-08-01T06:14:19Z logger.go:66:   # module.host_project.module.project_services.google_project_service.project_services["sqladmin.googleapis.com"] will be created
TestMySqlPrivateModule 2023-08-01T06:14:19Z logger.go:66:   + resource "google_project_service" "project_services" {
TestMySqlPrivateModule 2023-08-01T06:14:19Z logger.go:66:       + disable_dependent_services = true
TestMySqlPrivateModule 2023-08-01T06:14:19Z logger.go:66:       + disable_on_destroy         = false
TestMySqlPrivateModule 2023-08-01T06:14:19Z logger.go:66:       + id                         = (known after apply)
TestMySqlPrivateModule 2023-08-01T06:14:19Z logger.go:66:       + project                    = "pm-singleproject-20"
TestMySqlPrivateModule 2023-08-01T06:14:19Z logger.go:66:       + service                    = "sqladmin.googleapis.com"
TestMySqlPrivateModule 2023-08-01T06:14:19Z logger.go:66:     }
TestMySqlPrivateModule 2023-08-01T06:14:19Z logger.go:66: 
TestMySqlPrivateModule 2023-08-01T06:14:19Z logger.go:66:   # module.project_services.module.project_services.google_project_service.project_services["cloudresourcemanager.googleapis.com"] will be created
TestMySqlPrivateModule 2023-08-01T06:14:19Z logger.go:66:   + resource "google_project_service" "project_services" {
TestMySqlPrivateModule 2023-08-01T06:14:19Z logger.go:66:       + disable_dependent_services = true
TestMySqlPrivateModule 2023-08-01T06:14:19Z logger.go:66:       + disable_on_destroy         = false
TestMySqlPrivateModule 2023-08-01T06:14:19Z logger.go:66:       + id                         = (known after apply)
TestMySqlPrivateModule 2023-08-01T06:14:19Z logger.go:66:       + project                    = "pm-test-10-e90f"
TestMySqlPrivateModule 2023-08-01T06:14:19Z logger.go:66:       + service                    = "cloudresourcemanager.googleapis.com"
TestMySqlPrivateModule 2023-08-01T06:14:19Z logger.go:66:     }
TestMySqlPrivateModule 2023-08-01T06:14:19Z logger.go:66: 
TestMySqlPrivateModule 2023-08-01T06:14:19Z logger.go:66:   # module.project_services.module.project_services.google_project_service.project_services["compute.googleapis.com"] will be created
TestMySqlPrivateModule 2023-08-01T06:14:19Z logger.go:66:   + resource "google_project_service" "project_services" {
TestMySqlPrivateModule 2023-08-01T06:14:19Z logger.go:66:       + disable_dependent_services = true
TestMySqlPrivateModule 2023-08-01T06:14:19Z logger.go:66:       + disable_on_destroy         = false
TestMySqlPrivateModule 2023-08-01T06:14:19Z logger.go:66:       + id                         = (known after apply)
TestMySqlPrivateModule 2023-08-01T06:14:19Z logger.go:66:       + project                    = "pm-test-10-e90f"
TestMySqlPrivateModule 2023-08-01T06:14:19Z logger.go:66:       + service                    = "compute.googleapis.com"
TestMySqlPrivateModule 2023-08-01T06:14:19Z logger.go:66:     }
TestMySqlPrivateModule 2023-08-01T06:14:19Z logger.go:66: 
TestMySqlPrivateModule 2023-08-01T06:14:19Z logger.go:66:   # module.project_services.module.project_services.google_project_service.project_services["iam.googleapis.com"] will be created
TestMySqlPrivateModule 2023-08-01T06:14:19Z logger.go:66:   + resource "google_project_service" "project_services" {
TestMySqlPrivateModule 2023-08-01T06:14:19Z logger.go:66:       + disable_dependent_services = true
TestMySqlPrivateModule 2023-08-01T06:14:19Z logger.go:66:       + disable_on_destroy         = false
TestMySqlPrivateModule 2023-08-01T06:14:19Z logger.go:66:       + id                         = (known after apply)
TestMySqlPrivateModule 2023-08-01T06:14:19Z logger.go:66:       + project                    = "pm-test-10-e90f"
TestMySqlPrivateModule 2023-08-01T06:14:19Z logger.go:66:       + service                    = "iam.googleapis.com"
TestMySqlPrivateModule 2023-08-01T06:14:19Z logger.go:66:     }
TestMySqlPrivateModule 2023-08-01T06:14:19Z logger.go:66: 
TestMySqlPrivateModule 2023-08-01T06:14:19Z logger.go:66:   # module.project_services.module.project_services.google_project_service.project_services["logging.googleapis.com"] will be created
TestMySqlPrivateModule 2023-08-01T06:14:19Z logger.go:66:   + resource "google_project_service" "project_services" {
TestMySqlPrivateModule 2023-08-01T06:14:19Z logger.go:66:       + disable_dependent_services = true
TestMySqlPrivateModule 2023-08-01T06:14:19Z logger.go:66:       + disable_on_destroy         = false
TestMySqlPrivateModule 2023-08-01T06:14:19Z logger.go:66:       + id                         = (known after apply)
TestMySqlPrivateModule 2023-08-01T06:14:19Z logger.go:66:       + project                    = "pm-test-10-e90f"
TestMySqlPrivateModule 2023-08-01T06:14:19Z logger.go:66:       + service                    = "logging.googleapis.com"
TestMySqlPrivateModule 2023-08-01T06:14:19Z logger.go:66:     }
TestMySqlPrivateModule 2023-08-01T06:14:19Z logger.go:66: 
TestMySqlPrivateModule 2023-08-01T06:14:19Z logger.go:66:   # module.project_services.module.project_services.google_project_service.project_services["monitoring.googleapis.com"] will be created
TestMySqlPrivateModule 2023-08-01T06:14:19Z logger.go:66:   + resource "google_project_service" "project_services" {
TestMySqlPrivateModule 2023-08-01T06:14:19Z logger.go:66:       + disable_dependent_services = true
TestMySqlPrivateModule 2023-08-01T06:14:19Z logger.go:66:       + disable_on_destroy         = false
TestMySqlPrivateModule 2023-08-01T06:14:19Z logger.go:66:       + id                         = (known after apply)
TestMySqlPrivateModule 2023-08-01T06:14:19Z logger.go:66:       + project                    = "pm-test-10-e90f"
TestMySqlPrivateModule 2023-08-01T06:14:19Z logger.go:66:       + service                    = "monitoring.googleapis.com"
TestMySqlPrivateModule 2023-08-01T06:14:19Z logger.go:66:     }
TestMySqlPrivateModule 2023-08-01T06:14:19Z logger.go:66: 
TestMySqlPrivateModule 2023-08-01T06:14:19Z logger.go:66:   # module.project_services.module.project_services.google_project_service.project_services["servicenetworking.googleapis.com"] will be created
TestMySqlPrivateModule 2023-08-01T06:14:19Z logger.go:66:   + resource "google_project_service" "project_services" {
TestMySqlPrivateModule 2023-08-01T06:14:19Z logger.go:66:       + disable_dependent_services = true
TestMySqlPrivateModule 2023-08-01T06:14:19Z logger.go:66:       + disable_on_destroy         = false
TestMySqlPrivateModule 2023-08-01T06:14:19Z logger.go:66:       + id                         = (known after apply)
TestMySqlPrivateModule 2023-08-01T06:14:19Z logger.go:66:       + project                    = "pm-test-10-e90f"
TestMySqlPrivateModule 2023-08-01T06:14:19Z logger.go:66:       + service                    = "servicenetworking.googleapis.com"
TestMySqlPrivateModule 2023-08-01T06:14:19Z logger.go:66:     }
TestMySqlPrivateModule 2023-08-01T06:14:19Z logger.go:66: 
TestMySqlPrivateModule 2023-08-01T06:14:19Z logger.go:66:   # module.project_services.module.project_services.google_project_service.project_services["sqladmin.googleapis.com"] will be created
TestMySqlPrivateModule 2023-08-01T06:14:19Z logger.go:66:   + resource "google_project_service" "project_services" {
TestMySqlPrivateModule 2023-08-01T06:14:19Z logger.go:66:       + disable_dependent_services = true
TestMySqlPrivateModule 2023-08-01T06:14:19Z logger.go:66:       + disable_on_destroy         = false
TestMySqlPrivateModule 2023-08-01T06:14:19Z logger.go:66:       + id                         = (known after apply)
TestMySqlPrivateModule 2023-08-01T06:14:19Z logger.go:66:       + project                    = "pm-test-10-e90f"
TestMySqlPrivateModule 2023-08-01T06:14:19Z logger.go:66:       + service                    = "sqladmin.googleapis.com"
TestMySqlPrivateModule 2023-08-01T06:14:19Z logger.go:66:     }
TestMySqlPrivateModule 2023-08-01T06:14:19Z logger.go:66: 
TestMySqlPrivateModule 2023-08-01T06:14:19Z logger.go:66:   # module.sql-db.module.mysql[0].google_sql_database.default[0] will be created
TestMySqlPrivateModule 2023-08-01T06:14:19Z logger.go:66:   + resource "google_sql_database" "default" {
TestMySqlPrivateModule 2023-08-01T06:14:19Z logger.go:66:       + collation = (known after apply)
TestMySqlPrivateModule 2023-08-01T06:14:19Z logger.go:66:       + id        = (known after apply)
TestMySqlPrivateModule 2023-08-01T06:14:19Z logger.go:66:       + instance  = (known after apply)
TestMySqlPrivateModule 2023-08-01T06:14:19Z logger.go:66:       + name      = "default"
TestMySqlPrivateModule 2023-08-01T06:14:19Z logger.go:66:       + project   = "pm-test-10-e90f"
TestMySqlPrivateModule 2023-08-01T06:14:19Z logger.go:66:       + self_link = (known after apply)
TestMySqlPrivateModule 2023-08-01T06:14:19Z logger.go:66:     }
TestMySqlPrivateModule 2023-08-01T06:14:19Z logger.go:66: 
TestMySqlPrivateModule 2023-08-01T06:14:19Z logger.go:66:   # module.sql-db.module.mysql[0].google_sql_database_instance.default will be created
TestMySqlPrivateModule 2023-08-01T06:14:19Z logger.go:66:   + resource "google_sql_database_instance" "default" {
TestMySqlPrivateModule 2023-08-01T06:14:19Z logger.go:66:       + connection_name               = (known after apply)
TestMySqlPrivateModule 2023-08-01T06:14:19Z logger.go:66:       + deletion_protection           = false
TestMySqlPrivateModule 2023-08-01T06:14:19Z logger.go:66:       + encryption_key_name           = (known after apply)
TestMySqlPrivateModule 2023-08-01T06:14:19Z logger.go:66:       + first_ip_address              = (known after apply)
TestMySqlPrivateModule 2023-08-01T06:14:19Z logger.go:66:       + id                            = (known after apply)
TestMySqlPrivateModule 2023-08-01T06:14:19Z logger.go:66:       + ip_address                    = (known after apply)
TestMySqlPrivateModule 2023-08-01T06:14:19Z logger.go:66:       + master_instance_name          = (known after apply)
TestMySqlPrivateModule 2023-08-01T06:14:19Z logger.go:66:       + name                          = (known after apply)
TestMySqlPrivateModule 2023-08-01T06:14:19Z logger.go:66:       + private_ip_address            = (known after apply)
TestMySqlPrivateModule 2023-08-01T06:14:19Z logger.go:66:       + project                       = "pm-test-10-e90f"
TestMySqlPrivateModule 2023-08-01T06:14:19Z logger.go:66:       + public_ip_address             = (known after apply)
TestMySqlPrivateModule 2023-08-01T06:14:19Z logger.go:66:       + region                        = "us-central1"
TestMySqlPrivateModule 2023-08-01T06:14:19Z logger.go:66:       + self_link                     = (known after apply)
TestMySqlPrivateModule 2023-08-01T06:14:19Z logger.go:66:       + server_ca_cert                = (known after apply)
TestMySqlPrivateModule 2023-08-01T06:14:19Z logger.go:66:       + service_account_email_address = (known after apply)
TestMySqlPrivateModule 2023-08-01T06:14:19Z logger.go:66: 
TestMySqlPrivateModule 2023-08-01T06:14:19Z logger.go:66:       + settings {
TestMySqlPrivateModule 2023-08-01T06:14:19Z logger.go:66:           + activation_policy           = "ALWAYS"
TestMySqlPrivateModule 2023-08-01T06:14:19Z logger.go:66:           + authorized_gae_applications = (known after apply)
TestMySqlPrivateModule 2023-08-01T06:14:19Z logger.go:66:           + availability_type           = "REGIONAL"
TestMySqlPrivateModule 2023-08-01T06:14:19Z logger.go:66:           + crash_safe_replication      = (known after apply)
TestMySqlPrivateModule 2023-08-01T06:14:19Z logger.go:66:           + disk_autoresize             = true
TestMySqlPrivateModule 2023-08-01T06:14:19Z logger.go:66:           + disk_autoresize_limit       = 0
TestMySqlPrivateModule 2023-08-01T06:14:19Z logger.go:66:           + disk_size                   = 10
TestMySqlPrivateModule 2023-08-01T06:14:19Z logger.go:66:           + disk_type                   = "PD_SSD"
TestMySqlPrivateModule 2023-08-01T06:14:19Z logger.go:66:           + pricing_plan                = "PER_USE"
TestMySqlPrivateModule 2023-08-01T06:14:19Z logger.go:66:           + replication_type            = (known after apply)
TestMySqlPrivateModule 2023-08-01T06:14:19Z logger.go:66:           + tier                        = "db-n1-standard-1"
TestMySqlPrivateModule 2023-08-01T06:14:19Z logger.go:66:           + user_labels                 = (known after apply)
TestMySqlPrivateModule 2023-08-01T06:14:19Z logger.go:66:           + version                     = (known after apply)
TestMySqlPrivateModule 2023-08-01T06:14:19Z logger.go:66: 
TestMySqlPrivateModule 2023-08-01T06:14:19Z logger.go:66:           + backup_configuration {
TestMySqlPrivateModule 2023-08-01T06:14:19Z logger.go:66:               + binary_log_enabled             = true
TestMySqlPrivateModule 2023-08-01T06:14:19Z logger.go:66:               + enabled                        = true
TestMySqlPrivateModule 2023-08-01T06:14:19Z logger.go:66:               + start_time                     = (known after apply)
TestMySqlPrivateModule 2023-08-01T06:14:19Z logger.go:66:               + transaction_log_retention_days = (known after apply)
TestMySqlPrivateModule 2023-08-01T06:14:19Z logger.go:66:             }
TestMySqlPrivateModule 2023-08-01T06:14:19Z logger.go:66: 
TestMySqlPrivateModule 2023-08-01T06:14:19Z logger.go:66:           + ip_configuration {
TestMySqlPrivateModule 2023-08-01T06:14:19Z logger.go:66:               + ipv4_enabled    = false
TestMySqlPrivateModule 2023-08-01T06:14:19Z logger.go:66:               + private_network = (known after apply)
TestMySqlPrivateModule 2023-08-01T06:14:19Z logger.go:66:             }
TestMySqlPrivateModule 2023-08-01T06:14:19Z logger.go:66: 
TestMySqlPrivateModule 2023-08-01T06:14:19Z logger.go:66:           + location_preference {
TestMySqlPrivateModule 2023-08-01T06:14:19Z logger.go:66:               + zone = "us-central1-a"
TestMySqlPrivateModule 2023-08-01T06:14:19Z logger.go:66:             }
TestMySqlPrivateModule 2023-08-01T06:14:19Z logger.go:66: 
TestMySqlPrivateModule 2023-08-01T06:14:19Z logger.go:66:           + maintenance_window {
TestMySqlPrivateModule 2023-08-01T06:14:19Z logger.go:66:               + day          = 1
TestMySqlPrivateModule 2023-08-01T06:14:19Z logger.go:66:               + hour         = 23
TestMySqlPrivateModule 2023-08-01T06:14:19Z logger.go:66:               + update_track = "canary"
TestMySqlPrivateModule 2023-08-01T06:14:19Z logger.go:66:             }
TestMySqlPrivateModule 2023-08-01T06:14:19Z logger.go:66:         }
TestMySqlPrivateModule 2023-08-01T06:14:19Z logger.go:66: 
TestMySqlPrivateModule 2023-08-01T06:14:19Z logger.go:66:       + timeouts {
TestMySqlPrivateModule 2023-08-01T06:14:19Z logger.go:66:           + create = "10m"
TestMySqlPrivateModule 2023-08-01T06:14:19Z logger.go:66:           + delete = "10m"
TestMySqlPrivateModule 2023-08-01T06:14:19Z logger.go:66:           + update = "10m"
TestMySqlPrivateModule 2023-08-01T06:14:19Z logger.go:66:         }
TestMySqlPrivateModule 2023-08-01T06:14:19Z logger.go:66:     }
TestMySqlPrivateModule 2023-08-01T06:14:19Z logger.go:66: 
TestMySqlPrivateModule 2023-08-01T06:14:19Z logger.go:66:   # module.sql-db.module.mysql[0].google_sql_user.default[0] will be created
TestMySqlPrivateModule 2023-08-01T06:14:19Z logger.go:66:   + resource "google_sql_user" "default" {
TestMySqlPrivateModule 2023-08-01T06:14:19Z logger.go:66:       + host     = "%"
TestMySqlPrivateModule 2023-08-01T06:14:19Z logger.go:66:       + id       = (known after apply)
TestMySqlPrivateModule 2023-08-01T06:14:19Z logger.go:66:       + instance = (known after apply)
TestMySqlPrivateModule 2023-08-01T06:14:19Z logger.go:66:       + name     = "default"
TestMySqlPrivateModule 2023-08-01T06:14:19Z logger.go:66:       + password = (sensitive value)
TestMySqlPrivateModule 2023-08-01T06:14:19Z logger.go:66:       + project  = "pm-test-10-e90f"
TestMySqlPrivateModule 2023-08-01T06:14:19Z logger.go:66:     }
TestMySqlPrivateModule 2023-08-01T06:14:19Z logger.go:66: 
TestMySqlPrivateModule 2023-08-01T06:14:19Z logger.go:66:   # module.sql-db.module.mysql[0].null_resource.module_depends_on will be created
TestMySqlPrivateModule 2023-08-01T06:14:19Z logger.go:66:   + resource "null_resource" "module_depends_on" {
TestMySqlPrivateModule 2023-08-01T06:14:19Z logger.go:66:       + id       = (known after apply)
TestMySqlPrivateModule 2023-08-01T06:14:19Z logger.go:66:       + triggers = {
TestMySqlPrivateModule 2023-08-01T06:14:19Z logger.go:66:           + "value" = "0"
TestMySqlPrivateModule 2023-08-01T06:14:19Z logger.go:66:         }
TestMySqlPrivateModule 2023-08-01T06:14:19Z logger.go:66:     }
TestMySqlPrivateModule 2023-08-01T06:14:19Z logger.go:66: 
TestMySqlPrivateModule 2023-08-01T06:14:19Z logger.go:66:   # module.sql-db.module.mysql[0].random_id.user-password will be created
TestMySqlPrivateModule 2023-08-01T06:14:19Z logger.go:66:   + resource "random_id" "user-password" {
TestMySqlPrivateModule 2023-08-01T06:14:19Z logger.go:66:       + b64_std     = (known after apply)
TestMySqlPrivateModule 2023-08-01T06:14:19Z logger.go:66:       + b64_url     = (known after apply)
TestMySqlPrivateModule 2023-08-01T06:14:19Z logger.go:66:       + byte_length = 8
TestMySqlPrivateModule 2023-08-01T06:14:19Z logger.go:66:       + dec         = (known after apply)
TestMySqlPrivateModule 2023-08-01T06:14:19Z logger.go:66:       + hex         = (known after apply)
TestMySqlPrivateModule 2023-08-01T06:14:19Z logger.go:66:       + id          = (known after apply)
TestMySqlPrivateModule 2023-08-01T06:14:19Z logger.go:66:       + keepers     = (known after apply)
TestMySqlPrivateModule 2023-08-01T06:14:19Z logger.go:66:     }
TestMySqlPrivateModule 2023-08-01T06:14:19Z logger.go:66: 
TestMySqlPrivateModule 2023-08-01T06:14:19Z logger.go:66: Plan: 50 to add, 0 to change, 0 to destroy.
TestMySqlPrivateModule 2023-08-01T06:14:19Z logger.go:66: 
TestMySqlPrivateModule 2023-08-01T06:14:19Z logger.go:66: Changes to Outputs:
TestMySqlPrivateModule 2023-08-01T06:14:19Z logger.go:66:   + cloudsql_instance_name = (known after apply)
TestMySqlPrivateModule 2023-08-01T06:14:19Z logger.go:66:   + host_network_id        = (known after apply)
TestMySqlPrivateModule 2023-08-01T06:14:19Z logger.go:66:   + host_subnetwork_id     = (known after apply)
TestMySqlPrivateModule 2023-08-01T06:14:19Z logger.go:66:   + host_vpc_name          = (known after apply)
TestMySqlPrivateModule 2023-08-01T06:14:20Z logger.go:66: module.host_project.module.project_services.google_project_service.project_services["monitoring.googleapis.com"]: Creating...
TestMySqlPrivateModule 2023-08-01T06:14:20Z logger.go:66: module.project_services.module.project_services.google_project_service.project_services["logging.googleapis.com"]: Creating...
TestMySqlPrivateModule 2023-08-01T06:14:20Z logger.go:66: module.project_services.module.project_services.google_project_service.project_services["cloudresourcemanager.googleapis.com"]: Creating...
TestMySqlPrivateModule 2023-08-01T06:14:20Z logger.go:66: module.host_project.module.project_services.google_project_service.project_services["servicenetworking.googleapis.com"]: Creating...
TestMySqlPrivateModule 2023-08-01T06:14:20Z logger.go:66: module.project_services.module.project_services.google_project_service.project_services["monitoring.googleapis.com"]: Creating...
TestMySqlPrivateModule 2023-08-01T06:14:20Z logger.go:66: module.project_services.module.project_services.google_project_service.project_services["iam.googleapis.com"]: Creating...
TestMySqlPrivateModule 2023-08-01T06:14:20Z logger.go:66: module.project_services.module.project_services.google_project_service.project_services["servicenetworking.googleapis.com"]: Creating...
TestMySqlPrivateModule 2023-08-01T06:14:20Z logger.go:66: module.host_project.module.project_services.google_project_service.project_services["sqladmin.googleapis.com"]: Creating...
TestMySqlPrivateModule 2023-08-01T06:14:20Z logger.go:66: module.project_services.module.project_services.google_project_service.project_services["compute.googleapis.com"]: Creating...
TestMySqlPrivateModule 2023-08-01T06:14:20Z logger.go:66: module.project_services.module.project_services.google_project_service.project_services["sqladmin.googleapis.com"]: Creating...
TestMySqlPrivateModule 2023-08-01T06:14:25Z logger.go:66: module.project_services.module.project_services.google_project_service.project_services["sqladmin.googleapis.com"]: Creation complete after 4s [id=pm-test-10-e90f/sqladmin.googleapis.com]
TestMySqlPrivateModule 2023-08-01T06:14:25Z logger.go:66: module.project_services.module.project_services.google_project_service.project_services["iam.googleapis.com"]: Creation complete after 4s [id=pm-test-10-e90f/iam.googleapis.com]
TestMySqlPrivateModule 2023-08-01T06:14:25Z logger.go:66: module.project_services.module.project_services.google_project_service.project_services["logging.googleapis.com"]: Creation complete after 4s [id=pm-test-10-e90f/logging.googleapis.com]
TestMySqlPrivateModule 2023-08-01T06:14:25Z logger.go:66: module.host_project.module.project_services.google_project_service.project_services["cloudresourcemanager.googleapis.com"]: Creating...
TestMySqlPrivateModule 2023-08-01T06:14:25Z logger.go:66: module.host_project.module.project_services.google_project_service.project_services["logging.googleapis.com"]: Creating...
TestMySqlPrivateModule 2023-08-01T06:14:25Z logger.go:66: module.project_services.module.project_services.google_project_service.project_services["monitoring.googleapis.com"]: Creation complete after 4s [id=pm-test-10-e90f/monitoring.googleapis.com]
TestMySqlPrivateModule 2023-08-01T06:14:25Z logger.go:66: module.project_services.module.project_services.google_project_service.project_services["compute.googleapis.com"]: Creation complete after 4s [id=pm-test-10-e90f/compute.googleapis.com]
TestMySqlPrivateModule 2023-08-01T06:14:25Z logger.go:66: module.host_project.module.project_services.google_project_service.project_services["compute.googleapis.com"]: Creating...
TestMySqlPrivateModule 2023-08-01T06:14:25Z logger.go:66: module.host_project.module.project_services.google_project_service.project_services["iam.googleapis.com"]: Creating...
TestMySqlPrivateModule 2023-08-01T06:14:25Z logger.go:66: module.project_services.module.project_services.google_project_service.project_services["servicenetworking.googleapis.com"]: Creation complete after 4s [id=pm-test-10-e90f/servicenetworking.googleapis.com]
TestMySqlPrivateModule 2023-08-01T06:14:25Z logger.go:66: module.project_services.module.project_services.google_project_service.project_services["cloudresourcemanager.googleapis.com"]: Creation complete after 4s [id=pm-test-10-e90f/cloudresourcemanager.googleapis.com]
TestMySqlPrivateModule 2023-08-01T06:14:25Z logger.go:66: module.host_project.module.project_services.google_project_service.project_services["servicenetworking.googleapis.com"]: Creation complete after 5s [id=pm-singleproject-20/servicenetworking.googleapis.com]
TestMySqlPrivateModule 2023-08-01T06:14:25Z logger.go:66: module.host_project.module.project_services.google_project_service.project_services["sqladmin.googleapis.com"]: Creation complete after 5s [id=pm-singleproject-20/sqladmin.googleapis.com]
TestMySqlPrivateModule 2023-08-01T06:14:25Z logger.go:66: module.host_project.module.project_services.google_project_service.project_services["monitoring.googleapis.com"]: Creation complete after 5s [id=pm-singleproject-20/monitoring.googleapis.com]
TestMySqlPrivateModule 2023-08-01T06:14:30Z logger.go:66: module.host_project.module.project_services.google_project_service.project_services["compute.googleapis.com"]: Creation complete after 5s [id=pm-singleproject-20/compute.googleapis.com]
TestMySqlPrivateModule 2023-08-01T06:14:30Z logger.go:66: module.host_project.module.project_services.google_project_service.project_services["cloudresourcemanager.googleapis.com"]: Creation complete after 5s [id=pm-singleproject-20/cloudresourcemanager.googleapis.com]
TestMySqlPrivateModule 2023-08-01T06:14:30Z logger.go:66: module.host_project.module.project_services.google_project_service.project_services["iam.googleapis.com"]: Creation complete after 5s [id=pm-singleproject-20/iam.googleapis.com]
TestMySqlPrivateModule 2023-08-01T06:14:30Z logger.go:66: module.host_project.module.project_services.google_project_service.project_services["logging.googleapis.com"]: Creation complete after 5s [id=pm-singleproject-20/logging.googleapis.com]
TestMySqlPrivateModule 2023-08-01T06:14:30Z logger.go:66: module.gce_sa.google_service_account.service_account[0]: Creating...
TestMySqlPrivateModule 2023-08-01T06:14:30Z logger.go:66: module.terraform_service_accounts.google_service_account.service_account[0]: Creating...
TestMySqlPrivateModule 2023-08-01T06:14:30Z logger.go:66: module.host-vpc.google_compute_network.network[0]: Creating...
TestMySqlPrivateModule 2023-08-01T06:14:32Z logger.go:66: module.gce_sa.google_service_account.service_account[0]: Creation complete after 3s [id=projects/pm-test-10-e90f/serviceAccounts/gce-sa@pm-test-10-e90f.iam.gserviceaccount.com]
TestMySqlPrivateModule 2023-08-01T06:14:32Z logger.go:66: module.gce_sa.google_project_iam_member.project-roles["pm-singleproject-20-roles/compute.networkUser"]: Creating...
TestMySqlPrivateModule 2023-08-01T06:14:32Z logger.go:66: module.gce_sa.google_project_iam_member.project-roles["pm-test-10-e90f-roles/cloudsql.client"]: Creating...
TestMySqlPrivateModule 2023-08-01T06:14:32Z logger.go:66: module.gce_sa.google_project_iam_member.project-roles["pm-test-10-e90f-roles/iam.serviceAccountUser"]: Creating...
TestMySqlPrivateModule 2023-08-01T06:14:32Z logger.go:66: module.terraform_service_accounts.google_service_account.service_account[0]: Creation complete after 3s [id=projects/pm-singleproject-20/serviceAccounts/terraform-sa@pm-singleproject-20.iam.gserviceaccount.com]
TestMySqlPrivateModule 2023-08-01T06:14:32Z logger.go:66: module.terraform_service_accounts.google_project_iam_member.project-roles["pm-test-10-e90f-roles/cloudsql.admin"]: Creating...
TestMySqlPrivateModule 2023-08-01T06:14:32Z logger.go:66: module.terraform_service_accounts.google_project_iam_member.project-roles["pm-singleproject-20-roles/iam.serviceAccountAdmin"]: Creating...
TestMySqlPrivateModule 2023-08-01T06:14:32Z logger.go:66: module.terraform_service_accounts.google_project_iam_member.project-roles["pm-singleproject-20-roles/resourcemanager.projectIamAdmin"]: Creating...
TestMySqlPrivateModule 2023-08-01T06:14:32Z logger.go:66: module.terraform_service_accounts.google_project_iam_member.project-roles["pm-test-10-e90f-roles/serviceusage.serviceUsageAdmin"]: Creating...
TestMySqlPrivateModule 2023-08-01T06:14:32Z logger.go:66: module.terraform_service_accounts.google_project_iam_member.project-roles["pm-singleproject-20-roles/serviceusage.serviceUsageAdmin"]: Creating...
TestMySqlPrivateModule 2023-08-01T06:14:32Z logger.go:66: module.terraform_service_accounts.google_project_iam_member.project-roles["pm-test-10-e90f-roles/compute.instanceAdmin"]: Creating...
TestMySqlPrivateModule 2023-08-01T06:14:40Z logger.go:66: module.host-vpc.google_compute_network.network[0]: Still creating... [10s elapsed]
TestMySqlPrivateModule 2023-08-01T06:14:42Z logger.go:66: module.gce_sa.google_project_iam_member.project-roles["pm-singleproject-20-roles/compute.networkUser"]: Still creating... [10s elapsed]
TestMySqlPrivateModule 2023-08-01T06:14:42Z logger.go:66: module.gce_sa.google_project_iam_member.project-roles["pm-test-10-e90f-roles/iam.serviceAccountUser"]: Still creating... [10s elapsed]
TestMySqlPrivateModule 2023-08-01T06:14:42Z logger.go:66: module.gce_sa.google_project_iam_member.project-roles["pm-test-10-e90f-roles/cloudsql.client"]: Still creating... [10s elapsed]
TestMySqlPrivateModule 2023-08-01T06:14:42Z logger.go:66: module.terraform_service_accounts.google_project_iam_member.project-roles["pm-test-10-e90f-roles/compute.instanceAdmin"]: Creation complete after 10s [id=pm-test-10-e90f/roles/compute.instanceAdmin/serviceAccount:terraform-sa@pm-singleproject-20.iam.gserviceaccount.com]
TestMySqlPrivateModule 2023-08-01T06:14:42Z logger.go:66: module.terraform_service_accounts.google_project_iam_member.project-roles["pm-singleproject-20-roles/compute.networkUser"]: Creating...
TestMySqlPrivateModule 2023-08-01T06:14:42Z logger.go:66: module.terraform_service_accounts.google_project_iam_member.project-roles["pm-test-10-e90f-roles/cloudsql.admin"]: Still creating... [10s elapsed]
TestMySqlPrivateModule 2023-08-01T06:14:42Z logger.go:66: module.terraform_service_accounts.google_project_iam_member.project-roles["pm-singleproject-20-roles/iam.serviceAccountAdmin"]: Still creating... [10s elapsed]
TestMySqlPrivateModule 2023-08-01T06:14:42Z logger.go:66: module.terraform_service_accounts.google_project_iam_member.project-roles["pm-test-10-e90f-roles/serviceusage.serviceUsageAdmin"]: Still creating... [10s elapsed]
TestMySqlPrivateModule 2023-08-01T06:14:42Z logger.go:66: module.terraform_service_accounts.google_project_iam_member.project-roles["pm-singleproject-20-roles/resourcemanager.projectIamAdmin"]: Still creating... [10s elapsed]
TestMySqlPrivateModule 2023-08-01T06:14:42Z logger.go:66: module.terraform_service_accounts.google_project_iam_member.project-roles["pm-singleproject-20-roles/serviceusage.serviceUsageAdmin"]: Still creating... [10s elapsed]
TestMySqlPrivateModule 2023-08-01T06:14:43Z logger.go:66: module.gce_sa.google_project_iam_member.project-roles["pm-test-10-e90f-roles/cloudsql.client"]: Creation complete after 10s [id=pm-test-10-e90f/roles/cloudsql.client/serviceAccount:gce-sa@pm-test-10-e90f.iam.gserviceaccount.com]
TestMySqlPrivateModule 2023-08-01T06:14:43Z logger.go:66: module.terraform_service_accounts.google_project_iam_member.project-roles["pm-singleproject-20-roles/compute.networkAdmin"]: Creating...
TestMySqlPrivateModule 2023-08-01T06:14:43Z logger.go:66: module.terraform_service_accounts.google_project_iam_member.project-roles["pm-singleproject-20-roles/resourcemanager.projectIamAdmin"]: Creation complete after 11s [id=pm-singleproject-20/roles/resourcemanager.projectIamAdmin/serviceAccount:terraform-sa@pm-singleproject-20.iam.gserviceaccount.com]
TestMySqlPrivateModule 2023-08-01T06:14:43Z logger.go:66: module.terraform_service_accounts.google_project_iam_member.project-roles["pm-singleproject-20-roles/compute.securityAdmin"]: Creating...
TestMySqlPrivateModule 2023-08-01T06:14:44Z logger.go:66: module.terraform_service_accounts.google_project_iam_member.project-roles["pm-test-10-e90f-roles/cloudsql.admin"]: Creation complete after 11s [id=pm-test-10-e90f/roles/cloudsql.admin/serviceAccount:terraform-sa@pm-singleproject-20.iam.gserviceaccount.com]
TestMySqlPrivateModule 2023-08-01T06:14:44Z logger.go:66: module.terraform_service_accounts.google_project_iam_member.project-roles["pm-test-10-e90f-roles/iam.serviceAccountAdmin"]: Creating...
TestMySqlPrivateModule 2023-08-01T06:14:44Z logger.go:66: module.terraform_service_accounts.google_project_iam_member.project-roles["pm-singleproject-20-roles/serviceusage.serviceUsageAdmin"]: Creation complete after 11s [id=pm-singleproject-20/roles/serviceusage.serviceUsageAdmin/serviceAccount:terraform-sa@pm-singleproject-20.iam.gserviceaccount.com]
TestMySqlPrivateModule 2023-08-01T06:14:44Z logger.go:66: module.terraform_service_accounts.google_project_iam_member.project-roles["pm-test-10-e90f-roles/iam.serviceAccountUser"]: Creating...
TestMySqlPrivateModule 2023-08-01T06:14:44Z logger.go:66: module.gce_sa.google_project_iam_member.project-roles["pm-test-10-e90f-roles/iam.serviceAccountUser"]: Creation complete after 12s [id=pm-test-10-e90f/roles/iam.serviceAccountUser/serviceAccount:gce-sa@pm-test-10-e90f.iam.gserviceaccount.com]
TestMySqlPrivateModule 2023-08-01T06:14:44Z logger.go:66: module.terraform_service_accounts.google_project_iam_member.project-roles["pm-test-10-e90f-roles/resourcemanager.projectIamAdmin"]: Creating...
TestMySqlPrivateModule 2023-08-01T06:14:45Z logger.go:66: module.gce_sa.google_project_iam_member.project-roles["pm-singleproject-20-roles/compute.networkUser"]: Creation complete after 12s [id=pm-singleproject-20/roles/compute.networkUser/serviceAccount:gce-sa@pm-test-10-e90f.iam.gserviceaccount.com]
TestMySqlPrivateModule 2023-08-01T06:14:45Z logger.go:66: module.terraform_service_accounts.google_project_iam_member.project-roles["pm-test-10-e90f-roles/serviceusage.serviceUsageAdmin"]: Creation complete after 12s [id=pm-test-10-e90f/roles/serviceusage.serviceUsageAdmin/serviceAccount:terraform-sa@pm-singleproject-20.iam.gserviceaccount.com]
TestMySqlPrivateModule 2023-08-01T06:14:46Z logger.go:66: module.terraform_service_accounts.google_project_iam_member.project-roles["pm-singleproject-20-roles/iam.serviceAccountAdmin"]: Creation complete after 13s [id=pm-singleproject-20/roles/iam.serviceAccountAdmin/serviceAccount:terraform-sa@pm-singleproject-20.iam.gserviceaccount.com]
TestMySqlPrivateModule 2023-08-01T06:14:50Z logger.go:66: module.host-vpc.google_compute_network.network[0]: Still creating... [20s elapsed]
TestMySqlPrivateModule 2023-08-01T06:14:52Z logger.go:66: module.terraform_service_accounts.google_project_iam_member.project-roles["pm-singleproject-20-roles/compute.networkUser"]: Still creating... [10s elapsed]
TestMySqlPrivateModule 2023-08-01T06:14:52Z logger.go:66: module.host-vpc.google_compute_network.network[0]: Creation complete after 23s [id=projects/pm-singleproject-20/global/networks/cloudsql-easy]
TestMySqlPrivateModule 2023-08-01T06:14:52Z logger.go:66: module.host-vpc.google_compute_shared_vpc_host_project.shared_vpc_host[0]: Creating...
TestMySqlPrivateModule 2023-08-01T06:14:52Z logger.go:66: module.host-vpc.google_compute_global_address.psa_ranges["privateip-range"]: Creating...
TestMySqlPrivateModule 2023-08-01T06:14:52Z logger.go:66: module.host-vpc.google_compute_route.gateway["private-googleapis"]: Creating...
TestMySqlPrivateModule 2023-08-01T06:14:52Z logger.go:66: module.host-vpc.google_compute_route.gateway["restricted-googleapis"]: Creating...
TestMySqlPrivateModule 2023-08-01T06:14:52Z logger.go:66: module.terraform_service_accounts.google_project_iam_member.project-roles["pm-singleproject-20-roles/compute.securityAdmin"]: Creation complete after 9s [id=pm-singleproject-20/roles/compute.securityAdmin/serviceAccount:terraform-sa@pm-singleproject-20.iam.gserviceaccount.com]
TestMySqlPrivateModule 2023-08-01T06:14:52Z logger.go:66: module.host-vpc.google_compute_subnetwork.subnetwork["us-central1/cloudsql-easy-subnet"]: Creating...
TestMySqlPrivateModule 2023-08-01T06:14:53Z logger.go:66: module.terraform_service_accounts.google_project_iam_member.project-roles["pm-singleproject-20-roles/compute.networkAdmin"]: Still creating... [10s elapsed]
TestMySqlPrivateModule 2023-08-01T06:14:53Z logger.go:66: module.terraform_service_accounts.google_project_iam_member.project-roles["pm-singleproject-20-roles/compute.networkUser"]: Creation complete after 10s [id=pm-singleproject-20/roles/compute.networkUser/serviceAccount:terraform-sa@pm-singleproject-20.iam.gserviceaccount.com]
TestMySqlPrivateModule 2023-08-01T06:14:54Z logger.go:66: module.terraform_service_accounts.google_project_iam_member.project-roles["pm-test-10-e90f-roles/resourcemanager.projectIamAdmin"]: Creation complete after 9s [id=pm-test-10-e90f/roles/resourcemanager.projectIamAdmin/serviceAccount:terraform-sa@pm-singleproject-20.iam.gserviceaccount.com]
TestMySqlPrivateModule 2023-08-01T06:14:54Z logger.go:66: module.terraform_service_accounts.google_project_iam_member.project-roles["pm-test-10-e90f-roles/iam.serviceAccountAdmin"]: Still creating... [10s elapsed]
TestMySqlPrivateModule 2023-08-01T06:14:54Z logger.go:66: module.terraform_service_accounts.google_project_iam_member.project-roles["pm-singleproject-20-roles/compute.networkAdmin"]: Creation complete after 11s [id=pm-singleproject-20/roles/compute.networkAdmin/serviceAccount:terraform-sa@pm-singleproject-20.iam.gserviceaccount.com]
TestMySqlPrivateModule 2023-08-01T06:14:54Z logger.go:66: module.terraform_service_accounts.google_project_iam_member.project-roles["pm-test-10-e90f-roles/iam.serviceAccountUser"]: Still creating... [10s elapsed]
TestMySqlPrivateModule 2023-08-01T06:14:54Z logger.go:66: module.terraform_service_accounts.google_project_iam_member.project-roles["pm-test-10-e90f-roles/iam.serviceAccountAdmin"]: Creation complete after 11s [id=pm-test-10-e90f/roles/iam.serviceAccountAdmin/serviceAccount:terraform-sa@pm-singleproject-20.iam.gserviceaccount.com]
TestMySqlPrivateModule 2023-08-01T06:14:55Z logger.go:66: module.terraform_service_accounts.google_project_iam_member.project-roles["pm-test-10-e90f-roles/iam.serviceAccountUser"]: Creation complete after 11s [id=pm-test-10-e90f/roles/iam.serviceAccountUser/serviceAccount:terraform-sa@pm-singleproject-20.iam.gserviceaccount.com]
TestMySqlPrivateModule 2023-08-01T06:15:02Z logger.go:66: module.host-vpc.google_compute_shared_vpc_host_project.shared_vpc_host[0]: Still creating... [10s elapsed]
TestMySqlPrivateModule 2023-08-01T06:15:02Z logger.go:66: module.host-vpc.google_compute_route.gateway["private-googleapis"]: Still creating... [10s elapsed]
TestMySqlPrivateModule 2023-08-01T06:15:02Z logger.go:66: module.host-vpc.google_compute_route.gateway["restricted-googleapis"]: Still creating... [10s elapsed]
TestMySqlPrivateModule 2023-08-01T06:15:02Z logger.go:66: module.host-vpc.google_compute_global_address.psa_ranges["privateip-range"]: Still creating... [10s elapsed]
TestMySqlPrivateModule 2023-08-01T06:15:02Z logger.go:66: module.host-vpc.google_compute_subnetwork.subnetwork["us-central1/cloudsql-easy-subnet"]: Still creating... [10s elapsed]
TestMySqlPrivateModule 2023-08-01T06:15:04Z logger.go:66: module.host-vpc.google_compute_shared_vpc_host_project.shared_vpc_host[0]: Creation complete after 12s [id=pm-singleproject-20]
TestMySqlPrivateModule 2023-08-01T06:15:04Z logger.go:66: module.host-vpc.google_compute_shared_vpc_service_project.service_projects["pm-test-10-e90f"]: Creating...
TestMySqlPrivateModule 2023-08-01T06:15:04Z logger.go:66: module.host-vpc.google_compute_global_address.psa_ranges["privateip-range"]: Creation complete after 12s [id=projects/pm-singleproject-20/global/addresses/privateip-range]
TestMySqlPrivateModule 2023-08-01T06:15:04Z logger.go:66: module.host-vpc.data.google_compute_global_address.my_address["privateip-range"]: Reading...
TestMySqlPrivateModule 2023-08-01T06:15:04Z logger.go:66: module.host-vpc.google_service_networking_connection.psa_connection["1"]: Creating...
TestMySqlPrivateModule 2023-08-01T06:15:05Z logger.go:66: module.host-vpc.google_compute_route.gateway["private-googleapis"]: Creation complete after 12s [id=projects/pm-singleproject-20/global/routes/cloudsql-easy-private-googleapis]
TestMySqlPrivateModule 2023-08-01T06:15:05Z logger.go:66: module.host-vpc.data.google_compute_global_address.my_address["privateip-range"]: Read complete after 0s [id=projects/pm-singleproject-20/global/addresses/privateip-range]
TestMySqlPrivateModule 2023-08-01T06:15:08Z logger.go:66: module.host-vpc.google_compute_subnetwork.subnetwork["us-central1/cloudsql-easy-subnet"]: Creation complete after 16s [id=projects/pm-singleproject-20/regions/us-central1/subnetworks/cloudsql-easy-subnet]
TestMySqlPrivateModule 2023-08-01T06:15:12Z logger.go:66: module.host-vpc.google_compute_route.gateway["restricted-googleapis"]: Still creating... [20s elapsed]
TestMySqlPrivateModule 2023-08-01T06:15:14Z logger.go:66: module.host-vpc.google_compute_shared_vpc_service_project.service_projects["pm-test-10-e90f"]: Still creating... [10s elapsed]
TestMySqlPrivateModule 2023-08-01T06:15:14Z logger.go:66: module.host-vpc.google_service_networking_connection.psa_connection["1"]: Still creating... [10s elapsed]
TestMySqlPrivateModule 2023-08-01T06:15:16Z logger.go:66: module.host-vpc.google_compute_shared_vpc_service_project.service_projects["pm-test-10-e90f"]: Creation complete after 12s [id=pm-singleproject-20/pm-test-10-e90f]
TestMySqlPrivateModule 2023-08-01T06:15:17Z logger.go:66: module.host-vpc.google_compute_route.gateway["restricted-googleapis"]: Creation complete after 24s [id=projects/pm-singleproject-20/global/routes/cloudsql-easy-restricted-googleapis]
TestMySqlPrivateModule 2023-08-01T06:15:24Z logger.go:66: module.host-vpc.google_service_networking_connection.psa_connection["1"]: Still creating... [20s elapsed]
TestMySqlPrivateModule 2023-08-01T06:15:34Z logger.go:66: module.host-vpc.google_service_networking_connection.psa_connection["1"]: Still creating... [30s elapsed]
TestMySqlPrivateModule 2023-08-01T06:15:44Z logger.go:66: module.host-vpc.google_service_networking_connection.psa_connection["1"]: Still creating... [40s elapsed]
TestMySqlPrivateModule 2023-08-01T06:15:50Z logger.go:66: module.host-vpc.google_service_networking_connection.psa_connection["1"]: Creation complete after 45s [id=projects%2Fpm-singleproject-20%2Fglobal%2Fnetworks%2Fcloudsql-easy:servicenetworking.googleapis.com]
TestMySqlPrivateModule 2023-08-01T06:15:50Z logger.go:66: module.host-vpc.google_compute_network_peering_routes_config.psa_routes["1"]: Creating...
TestMySqlPrivateModule 2023-08-01T06:15:50Z logger.go:66: module.firewall_rules.module.firewall_rules.google_compute_firewall.rules["cloudsql-ingress"]: Creating...
TestMySqlPrivateModule 2023-08-01T06:15:50Z logger.go:66: module.firewall_rules.module.firewall_rules.google_compute_firewall.rules["allow-ssh-ingress"]: Creating...
TestMySqlPrivateModule 2023-08-01T06:16:00Z logger.go:66: module.host-vpc.google_compute_network_peering_routes_config.psa_routes["1"]: Still creating... [10s elapsed]
TestMySqlPrivateModule 2023-08-01T06:16:00Z logger.go:66: module.firewall_rules.module.firewall_rules.google_compute_firewall.rules["allow-ssh-ingress"]: Still creating... [10s elapsed]
TestMySqlPrivateModule 2023-08-01T06:16:00Z logger.go:66: module.firewall_rules.module.firewall_rules.google_compute_firewall.rules["cloudsql-ingress"]: Still creating... [10s elapsed]
TestMySqlPrivateModule 2023-08-01T06:16:02Z logger.go:66: module.firewall_rules.module.firewall_rules.google_compute_firewall.rules["cloudsql-ingress"]: Creation complete after 12s [id=projects/pm-singleproject-20/global/firewalls/cloudsql-ingress]
TestMySqlPrivateModule 2023-08-01T06:16:02Z logger.go:66: module.firewall_rules.module.firewall_rules.google_compute_firewall.rules["allow-ssh-ingress"]: Creation complete after 12s [id=projects/pm-singleproject-20/global/firewalls/allow-ssh-ingress]
TestMySqlPrivateModule 2023-08-01T06:16:02Z logger.go:66: module.host-vpc.google_compute_network_peering_routes_config.psa_routes["1"]: Creation complete after 12s [id=projects/pm-singleproject-20/global/networks/cloudsql-easy/networkPeerings/servicenetworking-googleapis-com]
TestMySqlPrivateModule 2023-08-01T06:16:02Z logger.go:66: module.sql-db.random_string.mysql_random_suffix[0]: Creating...
TestMySqlPrivateModule 2023-08-01T06:16:02Z logger.go:66: module.sql-db.module.mysql[0].null_resource.module_depends_on: Creating...
TestMySqlPrivateModule 2023-08-01T06:16:02Z logger.go:66: module.sql-db.random_string.mysql_random_suffix[0]: Creation complete after 0s [id=uya]
TestMySqlPrivateModule 2023-08-01T06:16:02Z logger.go:66: module.sql-db.module.mysql[0].null_resource.module_depends_on: Creation complete after 0s [id=4799526082032366795]
TestMySqlPrivateModule 2023-08-01T06:16:02Z logger.go:66: module.sql-db.module.mysql[0].google_sql_database_instance.default: Creating...
TestMySqlPrivateModule 2023-08-01T06:16:12Z logger.go:66: module.sql-db.module.mysql[0].google_sql_database_instance.default: Still creating... [10s elapsed]
TestMySqlPrivateModule 2023-08-01T06:16:22Z logger.go:66: module.sql-db.module.mysql[0].google_sql_database_instance.default: Still creating... [20s elapsed]
TestMySqlPrivateModule 2023-08-01T06:16:32Z logger.go:66: module.sql-db.module.mysql[0].google_sql_database_instance.default: Still creating... [30s elapsed]
TestMySqlPrivateModule 2023-08-01T06:16:42Z logger.go:66: module.sql-db.module.mysql[0].google_sql_database_instance.default: Still creating... [40s elapsed]
TestMySqlPrivateModule 2023-08-01T06:16:52Z logger.go:66: module.sql-db.module.mysql[0].google_sql_database_instance.default: Still creating... [50s elapsed]
TestMySqlPrivateModule 2023-08-01T06:17:02Z logger.go:66: module.sql-db.module.mysql[0].google_sql_database_instance.default: Still creating... [1m0s elapsed]
TestMySqlPrivateModule 2023-08-01T06:17:12Z logger.go:66: module.sql-db.module.mysql[0].google_sql_database_instance.default: Still creating... [1m10s elapsed]
TestMySqlPrivateModule 2023-08-01T06:17:22Z logger.go:66: module.sql-db.module.mysql[0].google_sql_database_instance.default: Still creating... [1m20s elapsed]
TestMySqlPrivateModule 2023-08-01T06:17:32Z logger.go:66: module.sql-db.module.mysql[0].google_sql_database_instance.default: Still creating... [1m30s elapsed]
TestMySqlPrivateModule 2023-08-01T06:17:42Z logger.go:66: module.sql-db.module.mysql[0].google_sql_database_instance.default: Still creating... [1m40s elapsed]
TestMySqlPrivateModule 2023-08-01T06:17:52Z logger.go:66: module.sql-db.module.mysql[0].google_sql_database_instance.default: Still creating... [1m50s elapsed]
TestMySqlPrivateModule 2023-08-01T06:18:02Z logger.go:66: module.sql-db.module.mysql[0].google_sql_database_instance.default: Still creating... [2m1s elapsed]
TestMySqlPrivateModule 2023-08-01T06:18:12Z logger.go:66: module.sql-db.module.mysql[0].google_sql_database_instance.default: Still creating... [2m11s elapsed]
TestMySqlPrivateModule 2023-08-01T06:18:22Z logger.go:66: module.sql-db.module.mysql[0].google_sql_database_instance.default: Still creating... [2m21s elapsed]
TestMySqlPrivateModule 2023-08-01T06:18:32Z logger.go:66: module.sql-db.module.mysql[0].google_sql_database_instance.default: Still creating... [2m31s elapsed]
TestMySqlPrivateModule 2023-08-01T06:18:42Z logger.go:66: module.sql-db.module.mysql[0].google_sql_database_instance.default: Still creating... [2m41s elapsed]
TestMySqlPrivateModule 2023-08-01T06:18:52Z logger.go:66: module.sql-db.module.mysql[0].google_sql_database_instance.default: Still creating... [2m51s elapsed]
TestMySqlPrivateModule 2023-08-01T06:19:02Z logger.go:66: module.sql-db.module.mysql[0].google_sql_database_instance.default: Still creating... [3m1s elapsed]
TestMySqlPrivateModule 2023-08-01T06:19:12Z logger.go:66: module.sql-db.module.mysql[0].google_sql_database_instance.default: Still creating... [3m11s elapsed]
TestMySqlPrivateModule 2023-08-01T06:19:22Z logger.go:66: module.sql-db.module.mysql[0].google_sql_database_instance.default: Still creating... [3m21s elapsed]
TestMySqlPrivateModule 2023-08-01T06:19:32Z logger.go:66: module.sql-db.module.mysql[0].google_sql_database_instance.default: Still creating... [3m31s elapsed]
TestMySqlPrivateModule 2023-08-01T06:19:42Z logger.go:66: module.sql-db.module.mysql[0].google_sql_database_instance.default: Still creating... [3m41s elapsed]
TestMySqlPrivateModule 2023-08-01T06:19:52Z logger.go:66: module.sql-db.module.mysql[0].google_sql_database_instance.default: Still creating... [3m51s elapsed]
TestMySqlPrivateModule 2023-08-01T06:20:02Z logger.go:66: module.sql-db.module.mysql[0].google_sql_database_instance.default: Still creating... [4m1s elapsed]
TestMySqlPrivateModule 2023-08-01T06:20:12Z logger.go:66: module.sql-db.module.mysql[0].google_sql_database_instance.default: Still creating... [4m11s elapsed]
TestMySqlPrivateModule 2023-08-01T06:20:22Z logger.go:66: module.sql-db.module.mysql[0].google_sql_database_instance.default: Still creating... [4m21s elapsed]
TestMySqlPrivateModule 2023-08-01T06:20:32Z logger.go:66: module.sql-db.module.mysql[0].google_sql_database_instance.default: Still creating... [4m31s elapsed]
TestMySqlPrivateModule 2023-08-01T06:20:42Z logger.go:66: module.sql-db.module.mysql[0].google_sql_database_instance.default: Still creating... [4m41s elapsed]
TestMySqlPrivateModule 2023-08-01T06:20:52Z logger.go:66: module.sql-db.module.mysql[0].google_sql_database_instance.default: Still creating... [4m51s elapsed]
TestMySqlPrivateModule 2023-08-01T06:21:02Z logger.go:66: module.sql-db.module.mysql[0].google_sql_database_instance.default: Still creating... [5m1s elapsed]
TestMySqlPrivateModule 2023-08-01T06:21:12Z logger.go:66: module.sql-db.module.mysql[0].google_sql_database_instance.default: Still creating... [5m11s elapsed]
TestMySqlPrivateModule 2023-08-01T06:21:22Z logger.go:66: module.sql-db.module.mysql[0].google_sql_database_instance.default: Still creating... [5m21s elapsed]
TestMySqlPrivateModule 2023-08-01T06:21:32Z logger.go:66: module.sql-db.module.mysql[0].google_sql_database_instance.default: Still creating... [5m31s elapsed]
TestMySqlPrivateModule 2023-08-01T06:21:42Z logger.go:66: module.sql-db.module.mysql[0].google_sql_database_instance.default: Still creating... [5m41s elapsed]
TestMySqlPrivateModule 2023-08-01T06:21:52Z logger.go:66: module.sql-db.module.mysql[0].google_sql_database_instance.default: Still creating... [5m51s elapsed]
TestMySqlPrivateModule 2023-08-01T06:22:02Z logger.go:66: module.sql-db.module.mysql[0].google_sql_database_instance.default: Still creating... [6m1s elapsed]
TestMySqlPrivateModule 2023-08-01T06:22:12Z logger.go:66: module.sql-db.module.mysql[0].google_sql_database_instance.default: Still creating... [6m11s elapsed]
TestMySqlPrivateModule 2023-08-01T06:22:22Z logger.go:66: module.sql-db.module.mysql[0].google_sql_database_instance.default: Still creating... [6m21s elapsed]
TestMySqlPrivateModule 2023-08-01T06:22:32Z logger.go:66: module.sql-db.module.mysql[0].google_sql_database_instance.default: Still creating... [6m31s elapsed]
TestMySqlPrivateModule 2023-08-01T06:22:42Z logger.go:66: module.sql-db.module.mysql[0].google_sql_database_instance.default: Still creating... [6m41s elapsed]
TestMySqlPrivateModule 2023-08-01T06:22:52Z logger.go:66: module.sql-db.module.mysql[0].google_sql_database_instance.default: Still creating... [6m51s elapsed]
TestMySqlPrivateModule 2023-08-01T06:22:52Z logger.go:66: module.sql-db.module.mysql[0].google_sql_database_instance.default: Creation complete after 6m51s [id=cn-sqlinstance10-test-uya]
TestMySqlPrivateModule 2023-08-01T06:22:52Z logger.go:66: module.sql-db.module.mysql[0].random_id.user-password: Creating...
TestMySqlPrivateModule 2023-08-01T06:22:52Z logger.go:66: module.sql-db.module.mysql[0].google_sql_database.default[0]: Creating...
TestMySqlPrivateModule 2023-08-01T06:22:52Z logger.go:66: module.sql-db.module.mysql[0].random_id.user-password: Creation complete after 0s [id=hnalHcZLlL8]
TestMySqlPrivateModule 2023-08-01T06:22:52Z logger.go:66: module.sql-db.module.mysql[0].google_sql_user.default[0]: Creating...
TestMySqlPrivateModule 2023-08-01T06:22:53Z logger.go:66: module.sql-db.module.mysql[0].google_sql_database.default[0]: Creation complete after 1s [id=projects/pm-test-10-e90f/instances/cn-sqlinstance10-test-uya/databases/default]
TestMySqlPrivateModule 2023-08-01T06:22:55Z logger.go:66: module.sql-db.module.mysql[0].google_sql_user.default[0]: Creation complete after 2s [id=default/%/cn-sqlinstance10-test-uya]
TestMySqlPrivateModule 2023-08-01T06:22:55Z logger.go:66: data.template_file.mysql_installer: Reading...
TestMySqlPrivateModule 2023-08-01T06:22:55Z logger.go:66: data.template_file.mysql_installer: Read complete after 0s [id=c4aaf464d6331e8586e0c9e9484083b2850752b2b046fdaf02959e31e52410d0]
TestMySqlPrivateModule 2023-08-01T06:22:55Z logger.go:66: module.google_compute_instance.module.instance_template.google_compute_instance_template.tpl: Creating...
TestMySqlPrivateModule 2023-08-01T06:23:05Z logger.go:66: module.google_compute_instance.module.instance_template.google_compute_instance_template.tpl: Still creating... [10s elapsed]
TestMySqlPrivateModule 2023-08-01T06:23:08Z logger.go:66: module.google_compute_instance.module.instance_template.google_compute_instance_template.tpl: Creation complete after 13s [id=projects/pm-test-10-e90f/global/instanceTemplates/default-instance-template-20230801062255995800000001]
TestMySqlPrivateModule 2023-08-01T06:23:08Z logger.go:66: module.google_compute_instance.module.compute_instance.data.google_compute_zones.available: Reading...
TestMySqlPrivateModule 2023-08-01T06:23:08Z logger.go:66: module.google_compute_instance.module.compute_instance.data.google_compute_zones.available: Read complete after 1s [id=projects/pm-test-10-e90f/regions/us-central1]
TestMySqlPrivateModule 2023-08-01T06:23:08Z logger.go:66: module.google_compute_instance.module.compute_instance.google_compute_instance_from_template.compute_instance[0]: Creating...
TestMySqlPrivateModule 2023-08-01T06:23:18Z logger.go:66: module.google_compute_instance.module.compute_instance.google_compute_instance_from_template.compute_instance[0]: Still creating... [10s elapsed]
TestMySqlPrivateModule 2023-08-01T06:23:27Z logger.go:66: module.google_compute_instance.module.compute_instance.google_compute_instance_from_template.compute_instance[0]: Creation complete after 18s [id=projects/pm-test-10-e90f/zones/us-central1-a/instances/default-001]
TestMySqlPrivateModule 2023-08-01T06:23:27Z logger.go:66: 
TestMySqlPrivateModule 2023-08-01T06:23:27Z logger.go:66: Apply complete! Resources: 50 added, 0 changed, 0 destroyed.
TestMySqlPrivateModule 2023-08-01T06:23:27Z logger.go:66: 
TestMySqlPrivateModule 2023-08-01T06:23:27Z logger.go:66: Outputs:
TestMySqlPrivateModule 2023-08-01T06:23:27Z logger.go:66: 
TestMySqlPrivateModule 2023-08-01T06:23:27Z logger.go:66: cloudsql_instance_name = "cn-sqlinstance10-test-uya"
TestMySqlPrivateModule 2023-08-01T06:23:27Z logger.go:66: host_network_id = "projects/pm-singleproject-20/global/networks/cloudsql-easy"
TestMySqlPrivateModule 2023-08-01T06:23:27Z logger.go:66: host_subnetwork_id = "projects/pm-singleproject-20/regions/us-central1/subnetworks/cloudsql-easy-subnet"
TestMySqlPrivateModule 2023-08-01T06:23:27Z logger.go:66: host_vpc_name = "cloudsql-easy"
TestMySqlPrivateModule 2023-08-01T06:24:27Z retry.go:91: terraform [output -no-color -json host_vpc_name]
TestMySqlPrivateModule 2023-08-01T06:24:27Z logger.go:66: Running command terraform with args [output -no-color -json host_vpc_name]
TestMySqlPrivateModule 2023-08-01T06:24:28Z logger.go:66: "cloudsql-easy"
 ========= Verify Subnet Name ========= 
 ========= Verify Subnetwork Id ========= 
TestMySqlPrivateModule 2023-08-01T06:24:28Z retry.go:91: terraform [output -no-color -json host_subnetwork_id]
TestMySqlPrivateModule 2023-08-01T06:24:28Z logger.go:66: Running command terraform with args [output -no-color -json host_subnetwork_id]
TestMySqlPrivateModule 2023-08-01T06:24:29Z logger.go:66: "projects/pm-singleproject-20/regions/us-central1/subnetworks/cloudsql-easy-subnet"
TestMySqlPrivateModule 2023-08-01T06:24:29Z retry.go:91: terraform [output -no-color -json cloudsql_instance_name]
TestMySqlPrivateModule 2023-08-01T06:24:29Z logger.go:66: Running command terraform with args [output -no-color -json cloudsql_instance_name]
TestMySqlPrivateModule 2023-08-01T06:24:29Z logger.go:66: "cn-sqlinstance10-test-uya"
TestMySqlPrivateModule 2023-08-01T06:24:29Z logger.go:66: Running command gcloud with args [sql instances describe cn-sqlinstance10-test-uya --project=pm-test-10-e90f --format=json]
TestMySqlPrivateModule 2023-08-01T06:24:31Z logger.go:66: {
TestMySqlPrivateModule 2023-08-01T06:24:31Z logger.go:66:   "backendType": "SECOND_GEN",
TestMySqlPrivateModule 2023-08-01T06:24:31Z logger.go:66:   "connectionName": "pm-test-10-e90f:us-central1:cn-sqlinstance10-test-uya",
TestMySqlPrivateModule 2023-08-01T06:24:31Z logger.go:66:   "createTime": "2023-08-01T06:16:07.376Z",
TestMySqlPrivateModule 2023-08-01T06:24:31Z logger.go:66:   "databaseInstalledVersion": "MYSQL_8_0_31",
TestMySqlPrivateModule 2023-08-01T06:24:31Z logger.go:66:   "databaseVersion": "MYSQL_8_0",
TestMySqlPrivateModule 2023-08-01T06:24:31Z logger.go:66:   "etag": "6df0bbc112d4c22ddb34e42443f60bc57c1c359b0936dd699a68be6bf8a20e53",
TestMySqlPrivateModule 2023-08-01T06:24:31Z logger.go:66:   "failoverReplica": {
TestMySqlPrivateModule 2023-08-01T06:24:31Z logger.go:66:     "available": true
TestMySqlPrivateModule 2023-08-01T06:24:31Z logger.go:66:   },
TestMySqlPrivateModule 2023-08-01T06:24:31Z logger.go:66:   "gceZone": "us-central1-a",
TestMySqlPrivateModule 2023-08-01T06:24:31Z logger.go:66:   "instanceType": "CLOUD_SQL_INSTANCE",
TestMySqlPrivateModule 2023-08-01T06:24:31Z logger.go:66:   "ipAddresses": [
TestMySqlPrivateModule 2023-08-01T06:24:31Z logger.go:66:     {
TestMySqlPrivateModule 2023-08-01T06:24:31Z logger.go:66:       "ipAddress": "10.203.160.2",
TestMySqlPrivateModule 2023-08-01T06:24:31Z logger.go:66:       "type": "PRIVATE"
TestMySqlPrivateModule 2023-08-01T06:24:31Z logger.go:66:     }
TestMySqlPrivateModule 2023-08-01T06:24:31Z logger.go:66:   ],
TestMySqlPrivateModule 2023-08-01T06:24:31Z logger.go:66:   "kind": "sql#instance",
TestMySqlPrivateModule 2023-08-01T06:24:31Z logger.go:66:   "maintenanceVersion": "MYSQL_8_0_31.R20230624.00_05",
TestMySqlPrivateModule 2023-08-01T06:24:31Z logger.go:66:   "name": "cn-sqlinstance10-test-uya",
TestMySqlPrivateModule 2023-08-01T06:24:31Z logger.go:66:   "project": "pm-test-10-e90f",
TestMySqlPrivateModule 2023-08-01T06:24:31Z logger.go:66:   "region": "us-central1",
TestMySqlPrivateModule 2023-08-01T06:24:31Z logger.go:66:   "secondaryGceZone": "us-central1-c",
TestMySqlPrivateModule 2023-08-01T06:24:31Z logger.go:66:   "selfLink": "https://sqladmin.googleapis.com/sql/v1beta4/projects/pm-test-10-e90f/instances/cn-sqlinstance10-test-uya",
TestMySqlPrivateModule 2023-08-01T06:24:31Z logger.go:66:   "serverCaCert": {
TestMySqlPrivateModule 2023-08-01T06:24:31Z logger.go:66:     "cert": "-----BEGIN CERTIFICATE-----\nMIIDfzCCAmegAwIBAgIBADANBgkqhkiG9w0BAQsFADB3MS0wKwYDVQQuEyQ0OWM2\nMjE4YS1iNzE0LTQ2MGUtYjQ2ZS1iNDUwMWIwYWFkNDUxIzAhBgNVBAMTGkdvb2ds\nZSBDbG91ZCBTUUwgU2VydmVyIENBMRQwEgYDVQQKEwtHb29nbGUsIEluYzELMAkG\nA1UEBhMCVVMwHhcNMjMwODAxMDYxNzU1WhcNMzMwNzI5MDYxODU1WjB3MS0wKwYD\nVQQuEyQ0OWM2MjE4YS1iNzE0LTQ2MGUtYjQ2ZS1iNDUwMWIwYWFkNDUxIzAhBgNV\nBAMTGkdvb2dsZSBDbG91ZCBTUUwgU2VydmVyIENBMRQwEgYDVQQKEwtHb29nbGUs\nIEluYzELMAkGA1UEBhMCVVMwggEiMA0GCSqGSIb3DQEBAQUAA4IBDwAwggEKAoIB\nAQCVADa1hN5tezvSTWLQ7D6hCh8mE2FsN1XNIXgafHqet9l5a8eRXRHs2BQy/Jd0\nviolM+8NNamsQVsTHPDaAP+6fSGsJlWM/16IVR9Qc10TpeljFbB9XzP9O13X38u8\nHCgayRaXskH6L8HTGYAsOpLi8XkwfM73B/W+AmCBh00X4M3nUlLYczMLGPgIizAL\nvlou66OObumLuI11/5udO31xZ83Bhbe+ouHxtC6ctGwz+O1z1QsH3GFXvHeX+AuU\nLhzOhbyBIyQrXq2denAFaye11q76NGqvyJj5Dg4ooGc8BwZL4S1Qi+x/5N7NP8q8\n9uEu/uK7YPY9kgyuLeyN3yt1AgMBAAGjFjAUMBIGA1UdEwEB/wQIMAYBAf8CAQAw\nDQYJKoZIhvcNAQELBQADggEBAIQ/hG3+12/Lk0Nsgh+dJ+rVxXzACBbCt52Vx/Cx\nIN+zXixET0Hh0YEF/qZMQFWjgc3Nb9hTthOElaZ63D5H7f8kX1KycZyPXY29lTJ2\nCm9oAerYufxPe3bmnNhQWDqE+LSd0ghln6l595LVmEBTAYttGQ+7i4knmHhFl8h1\nS9y0eemrWycL9fzYTn0CkYFcFCKuCjrdXllmykdu9lL1phchmDAPMREXELjQEIWI\nUh6Ug+cNZqNKQeb6z9gJoulx94XLB8UdrodZqKtkoKDxS55z/Xcrv9cDx6jvsHTP\n88Kf8xm0yrLzdaPjQcV+QmTHiVnQF0F8KhNX5kcZdvdE1ys=\n-----END CERTIFICATE-----",
TestMySqlPrivateModule 2023-08-01T06:24:31Z logger.go:66:     "certSerialNumber": "0",
TestMySqlPrivateModule 2023-08-01T06:24:31Z logger.go:66:     "commonName": "C=US,O=Google\\, Inc,CN=Google Cloud SQL Server CA,dnQualifier=49c6218a-b714-460e-b46e-b4501b0aad45",
TestMySqlPrivateModule 2023-08-01T06:24:31Z logger.go:66:     "createTime": "2023-08-01T06:17:55.926Z",
TestMySqlPrivateModule 2023-08-01T06:24:31Z logger.go:66:     "expirationTime": "2033-07-29T06:18:55.926Z",
TestMySqlPrivateModule 2023-08-01T06:24:31Z logger.go:66:     "instance": "cn-sqlinstance10-test-uya",
TestMySqlPrivateModule 2023-08-01T06:24:31Z logger.go:66:     "kind": "sql#sslCert",
TestMySqlPrivateModule 2023-08-01T06:24:31Z logger.go:66:     "sha1Fingerprint": "f0532dc59e49daf4abd97d05d3bf78412d6116ff"
TestMySqlPrivateModule 2023-08-01T06:24:31Z logger.go:66:   },
TestMySqlPrivateModule 2023-08-01T06:24:31Z logger.go:66:   "serviceAccountEmailAddress": "p634729967098-k7d6jw@gcp-sa-cloud-sql.iam.gserviceaccount.com",
TestMySqlPrivateModule 2023-08-01T06:24:31Z logger.go:66:   "settings": {
TestMySqlPrivateModule 2023-08-01T06:24:31Z logger.go:66:     "activationPolicy": "ALWAYS",
TestMySqlPrivateModule 2023-08-01T06:24:31Z logger.go:66:     "availabilityType": "REGIONAL",
TestMySqlPrivateModule 2023-08-01T06:24:31Z logger.go:66:     "backupConfiguration": {
TestMySqlPrivateModule 2023-08-01T06:24:31Z logger.go:66:       "backupRetentionSettings": {
TestMySqlPrivateModule 2023-08-01T06:24:31Z logger.go:66:         "retainedBackups": 7,
TestMySqlPrivateModule 2023-08-01T06:24:31Z logger.go:66:         "retentionUnit": "COUNT"
TestMySqlPrivateModule 2023-08-01T06:24:31Z logger.go:66:       },
TestMySqlPrivateModule 2023-08-01T06:24:31Z logger.go:66:       "binaryLogEnabled": true,
TestMySqlPrivateModule 2023-08-01T06:24:31Z logger.go:66:       "enabled": true,
TestMySqlPrivateModule 2023-08-01T06:24:31Z logger.go:66:       "kind": "sql#backupConfiguration",
TestMySqlPrivateModule 2023-08-01T06:24:31Z logger.go:66:       "startTime": "16:00",
TestMySqlPrivateModule 2023-08-01T06:24:31Z logger.go:66:       "transactionLogRetentionDays": 7
TestMySqlPrivateModule 2023-08-01T06:24:31Z logger.go:66:     },
TestMySqlPrivateModule 2023-08-01T06:24:31Z logger.go:66:     "connectorEnforcement": "NOT_REQUIRED",
TestMySqlPrivateModule 2023-08-01T06:24:31Z logger.go:66:     "dataDiskSizeGb": "10",
TestMySqlPrivateModule 2023-08-01T06:24:31Z logger.go:66:     "dataDiskType": "PD_SSD",
TestMySqlPrivateModule 2023-08-01T06:24:31Z logger.go:66:     "deletionProtectionEnabled": false,
TestMySqlPrivateModule 2023-08-01T06:24:31Z logger.go:66:     "ipConfiguration": {
TestMySqlPrivateModule 2023-08-01T06:24:31Z logger.go:66:       "ipv4Enabled": false,
TestMySqlPrivateModule 2023-08-01T06:24:31Z logger.go:66:       "privateNetwork": "projects/pm-singleproject-20/global/networks/cloudsql-easy",
TestMySqlPrivateModule 2023-08-01T06:24:31Z logger.go:66:       "requireSsl": false
TestMySqlPrivateModule 2023-08-01T06:24:31Z logger.go:66:     },
TestMySqlPrivateModule 2023-08-01T06:24:31Z logger.go:66:     "kind": "sql#settings",
TestMySqlPrivateModule 2023-08-01T06:24:31Z logger.go:66:     "locationPreference": {
TestMySqlPrivateModule 2023-08-01T06:24:31Z logger.go:66:       "kind": "sql#locationPreference",
TestMySqlPrivateModule 2023-08-01T06:24:31Z logger.go:66:       "zone": "us-central1-a"
TestMySqlPrivateModule 2023-08-01T06:24:31Z logger.go:66:     },
TestMySqlPrivateModule 2023-08-01T06:24:31Z logger.go:66:     "maintenanceWindow": {
TestMySqlPrivateModule 2023-08-01T06:24:31Z logger.go:66:       "day": 1,
TestMySqlPrivateModule 2023-08-01T06:24:31Z logger.go:66:       "hour": 23,
TestMySqlPrivateModule 2023-08-01T06:24:31Z logger.go:66:       "kind": "sql#maintenanceWindow",
TestMySqlPrivateModule 2023-08-01T06:24:31Z logger.go:66:       "updateTrack": "canary"
TestMySqlPrivateModule 2023-08-01T06:24:31Z logger.go:66:     },
TestMySqlPrivateModule 2023-08-01T06:24:31Z logger.go:66:     "pricingPlan": "PER_USE",
TestMySqlPrivateModule 2023-08-01T06:24:31Z logger.go:66:     "replicationType": "SYNCHRONOUS",
TestMySqlPrivateModule 2023-08-01T06:24:31Z logger.go:66:     "settingsVersion": "4",
TestMySqlPrivateModule 2023-08-01T06:24:31Z logger.go:66:     "storageAutoResize": true,
TestMySqlPrivateModule 2023-08-01T06:24:31Z logger.go:66:     "storageAutoResizeLimit": "0",
TestMySqlPrivateModule 2023-08-01T06:24:31Z logger.go:66:     "tier": "db-n1-standard-1"
TestMySqlPrivateModule 2023-08-01T06:24:31Z logger.go:66:   },
TestMySqlPrivateModule 2023-08-01T06:24:31Z logger.go:66:   "state": "RUNNABLE"
TestMySqlPrivateModule 2023-08-01T06:24:31Z logger.go:66: }
 ========= Verify if public IP is disabled ========= 
 ========= Verify SQL RUNNING Instance State ========= 
 ====================================================== 
 ========= Verify DB Creation ========= 
TestMySqlPrivateModule 2023-08-01T06:24:31Z logger.go:66: Running command gcloud with args [sql databases describe test_db --instance=cn-sqlinstance10-test-uya --project=pm-test-10-e90f --format=json]
TestMySqlPrivateModule 2023-08-01T06:24:32Z logger.go:66: {
TestMySqlPrivateModule 2023-08-01T06:24:32Z logger.go:66:   "charset": "utf8mb4",
TestMySqlPrivateModule 2023-08-01T06:24:32Z logger.go:66:   "collation": "utf8mb4_0900_ai_ci",
TestMySqlPrivateModule 2023-08-01T06:24:32Z logger.go:66:   "etag": "da9058bde0cfe64fdd33dcae0c37adeb3e23d59dc5a40fd7eb2cb1ffc207e688",
TestMySqlPrivateModule 2023-08-01T06:24:32Z logger.go:66:   "instance": "cn-sqlinstance10-test-uya",
TestMySqlPrivateModule 2023-08-01T06:24:32Z logger.go:66:   "kind": "sql#database",
TestMySqlPrivateModule 2023-08-01T06:24:32Z logger.go:66:   "name": "test_db",
TestMySqlPrivateModule 2023-08-01T06:24:32Z logger.go:66:   "project": "pm-test-10-e90f",
TestMySqlPrivateModule 2023-08-01T06:24:32Z logger.go:66:   "selfLink": "https://sqladmin.googleapis.com/sql/v1beta4/projects/pm-test-10-e90f/instances/cn-sqlinstance10-test-uya/databases/test_db"
TestMySqlPrivateModule 2023-08-01T06:24:32Z logger.go:66: }
TestMySqlPrivateModule 2023-08-01T06:24:32Z retry.go:91: terraform [destroy -auto-approve -input=false -var-file dev.tfvars -var subnetwork_ip_cidr=10.2.0.0/16 -var service_project_id=pm-test-10-e90f -var region=us-central1 -var create_subnetwork=true -var network_name=cloudsql-easy -var test_dbname=test_db -var host_project_id=pm-singleproject-20 -var subnetwork_name=cloudsql-easy-subnet -var database_version= -var create_network=true -var cloudsql_instance_name=cn-sqlinstance10-test -no-color -lock=false]
TestMySqlPrivateModule 2023-08-01T06:24:32Z logger.go:66: Running command terraform with args [destroy -auto-approve -input=false -var-file dev.tfvars -var subnetwork_ip_cidr=10.2.0.0/16 -var service_project_id=pm-test-10-e90f -var region=us-central1 -var create_subnetwork=true -var network_name=cloudsql-easy -var test_dbname=test_db -var host_project_id=pm-singleproject-20 -var subnetwork_name=cloudsql-easy-subnet -var database_version= -var create_network=true -var cloudsql_instance_name=cn-sqlinstance10-test -no-color -lock=false]
TestMySqlPrivateModule 2023-08-01T06:24:36Z logger.go:66: module.host_project.module.project_services.google_project_service.project_services["logging.googleapis.com"]: Refreshing state... [id=pm-singleproject-20/logging.googleapis.com]
TestMySqlPrivateModule 2023-08-01T06:24:36Z logger.go:66: module.host_project.module.project_services.google_project_service.project_services["monitoring.googleapis.com"]: Refreshing state... [id=pm-singleproject-20/monitoring.googleapis.com]
TestMySqlPrivateModule 2023-08-01T06:24:36Z logger.go:66: module.host_project.module.project_services.google_project_service.project_services["compute.googleapis.com"]: Refreshing state... [id=pm-singleproject-20/compute.googleapis.com]
TestMySqlPrivateModule 2023-08-01T06:24:36Z logger.go:66: module.host_project.module.project_services.google_project_service.project_services["sqladmin.googleapis.com"]: Refreshing state... [id=pm-singleproject-20/sqladmin.googleapis.com]
TestMySqlPrivateModule 2023-08-01T06:24:36Z logger.go:66: module.project_services.module.project_services.google_project_service.project_services["compute.googleapis.com"]: Refreshing state... [id=pm-test-10-e90f/compute.googleapis.com]
TestMySqlPrivateModule 2023-08-01T06:24:36Z logger.go:66: module.host_project.module.project_services.google_project_service.project_services["cloudresourcemanager.googleapis.com"]: Refreshing state... [id=pm-singleproject-20/cloudresourcemanager.googleapis.com]
TestMySqlPrivateModule 2023-08-01T06:24:36Z logger.go:66: module.project_services.module.project_services.google_project_service.project_services["sqladmin.googleapis.com"]: Refreshing state... [id=pm-test-10-e90f/sqladmin.googleapis.com]
TestMySqlPrivateModule 2023-08-01T06:24:36Z logger.go:66: module.host_project.module.project_services.google_project_service.project_services["servicenetworking.googleapis.com"]: Refreshing state... [id=pm-singleproject-20/servicenetworking.googleapis.com]
TestMySqlPrivateModule 2023-08-01T06:24:36Z logger.go:66: module.project_services.module.project_services.google_project_service.project_services["monitoring.googleapis.com"]: Refreshing state... [id=pm-test-10-e90f/monitoring.googleapis.com]
TestMySqlPrivateModule 2023-08-01T06:24:36Z logger.go:66: module.host_project.module.project_services.google_project_service.project_services["iam.googleapis.com"]: Refreshing state... [id=pm-singleproject-20/iam.googleapis.com]
TestMySqlPrivateModule 2023-08-01T06:24:41Z logger.go:66: module.project_services.module.project_services.google_project_service.project_services["servicenetworking.googleapis.com"]: Refreshing state... [id=pm-test-10-e90f/servicenetworking.googleapis.com]
TestMySqlPrivateModule 2023-08-01T06:24:41Z logger.go:66: module.project_services.module.project_services.google_project_service.project_services["cloudresourcemanager.googleapis.com"]: Refreshing state... [id=pm-test-10-e90f/cloudresourcemanager.googleapis.com]
TestMySqlPrivateModule 2023-08-01T06:24:41Z logger.go:66: module.project_services.module.project_services.google_project_service.project_services["iam.googleapis.com"]: Refreshing state... [id=pm-test-10-e90f/iam.googleapis.com]
TestMySqlPrivateModule 2023-08-01T06:24:42Z logger.go:66: module.project_services.module.project_services.google_project_service.project_services["logging.googleapis.com"]: Refreshing state... [id=pm-test-10-e90f/logging.googleapis.com]
TestMySqlPrivateModule 2023-08-01T06:24:46Z logger.go:66: module.terraform_service_accounts.google_service_account.service_account[0]: Refreshing state... [id=projects/pm-singleproject-20/serviceAccounts/terraform-sa@pm-singleproject-20.iam.gserviceaccount.com]
TestMySqlPrivateModule 2023-08-01T06:24:46Z logger.go:66: module.gce_sa.google_service_account.service_account[0]: Refreshing state... [id=projects/pm-test-10-e90f/serviceAccounts/gce-sa@pm-test-10-e90f.iam.gserviceaccount.com]
TestMySqlPrivateModule 2023-08-01T06:24:46Z logger.go:66: module.host-vpc.google_compute_network.network[0]: Refreshing state... [id=projects/pm-singleproject-20/global/networks/cloudsql-easy]
TestMySqlPrivateModule 2023-08-01T06:24:46Z logger.go:66: module.host-vpc.google_compute_global_address.psa_ranges["privateip-range"]: Refreshing state... [id=projects/pm-singleproject-20/global/addresses/privateip-range]
TestMySqlPrivateModule 2023-08-01T06:24:46Z logger.go:66: module.host-vpc.google_compute_shared_vpc_host_project.shared_vpc_host[0]: Refreshing state... [id=pm-singleproject-20]
TestMySqlPrivateModule 2023-08-01T06:24:46Z logger.go:66: module.host-vpc.google_compute_subnetwork.subnetwork["us-central1/cloudsql-easy-subnet"]: Refreshing state... [id=projects/pm-singleproject-20/regions/us-central1/subnetworks/cloudsql-easy-subnet]
TestMySqlPrivateModule 2023-08-01T06:24:46Z logger.go:66: module.host-vpc.google_compute_route.gateway["restricted-googleapis"]: Refreshing state... [id=projects/pm-singleproject-20/global/routes/cloudsql-easy-restricted-googleapis]
TestMySqlPrivateModule 2023-08-01T06:24:46Z logger.go:66: module.host-vpc.google_compute_route.gateway["private-googleapis"]: Refreshing state... [id=projects/pm-singleproject-20/global/routes/cloudsql-easy-private-googleapis]
TestMySqlPrivateModule 2023-08-01T06:24:47Z logger.go:66: module.host-vpc.data.google_compute_global_address.my_address["privateip-range"]: Reading...
TestMySqlPrivateModule 2023-08-01T06:24:47Z logger.go:66: module.host-vpc.google_service_networking_connection.psa_connection["1"]: Refreshing state... [id=projects%2Fpm-singleproject-20%2Fglobal%2Fnetworks%2Fcloudsql-easy:servicenetworking.googleapis.com]
TestMySqlPrivateModule 2023-08-01T06:24:47Z logger.go:66: module.host-vpc.google_compute_shared_vpc_service_project.service_projects["pm-test-10-e90f"]: Refreshing state... [id=pm-singleproject-20/pm-test-10-e90f]
TestMySqlPrivateModule 2023-08-01T06:24:47Z logger.go:66: module.terraform_service_accounts.google_project_iam_member.project-roles["pm-test-10-e90f-roles/iam.serviceAccountUser"]: Refreshing state... [id=pm-test-10-e90f/roles/iam.serviceAccountUser/serviceAccount:terraform-sa@pm-singleproject-20.iam.gserviceaccount.com]
TestMySqlPrivateModule 2023-08-01T06:24:47Z logger.go:66: module.terraform_service_accounts.google_project_iam_member.project-roles["pm-singleproject-20-roles/compute.securityAdmin"]: Refreshing state... [id=pm-singleproject-20/roles/compute.securityAdmin/serviceAccount:terraform-sa@pm-singleproject-20.iam.gserviceaccount.com]
TestMySqlPrivateModule 2023-08-01T06:24:47Z logger.go:66: module.terraform_service_accounts.google_project_iam_member.project-roles["pm-test-10-e90f-roles/resourcemanager.projectIamAdmin"]: Refreshing state... [id=pm-test-10-e90f/roles/resourcemanager.projectIamAdmin/serviceAccount:terraform-sa@pm-singleproject-20.iam.gserviceaccount.com]
TestMySqlPrivateModule 2023-08-01T06:24:47Z logger.go:66: module.terraform_service_accounts.google_project_iam_member.project-roles["pm-singleproject-20-roles/iam.serviceAccountAdmin"]: Refreshing state... [id=pm-singleproject-20/roles/iam.serviceAccountAdmin/serviceAccount:terraform-sa@pm-singleproject-20.iam.gserviceaccount.com]
TestMySqlPrivateModule 2023-08-01T06:24:47Z logger.go:66: module.terraform_service_accounts.google_project_iam_member.project-roles["pm-test-10-e90f-roles/compute.instanceAdmin"]: Refreshing state... [id=pm-test-10-e90f/roles/compute.instanceAdmin/serviceAccount:terraform-sa@pm-singleproject-20.iam.gserviceaccount.com]
TestMySqlPrivateModule 2023-08-01T06:24:47Z logger.go:66: module.terraform_service_accounts.google_project_iam_member.project-roles["pm-singleproject-20-roles/compute.networkAdmin"]: Refreshing state... [id=pm-singleproject-20/roles/compute.networkAdmin/serviceAccount:terraform-sa@pm-singleproject-20.iam.gserviceaccount.com]
TestMySqlPrivateModule 2023-08-01T06:24:47Z logger.go:66: module.terraform_service_accounts.google_project_iam_member.project-roles["pm-singleproject-20-roles/serviceusage.serviceUsageAdmin"]: Refreshing state... [id=pm-singleproject-20/roles/serviceusage.serviceUsageAdmin/serviceAccount:terraform-sa@pm-singleproject-20.iam.gserviceaccount.com]
TestMySqlPrivateModule 2023-08-01T06:24:47Z logger.go:66: module.host-vpc.data.google_compute_global_address.my_address["privateip-range"]: Read complete after 1s [id=projects/pm-singleproject-20/global/addresses/privateip-range]
TestMySqlPrivateModule 2023-08-01T06:24:47Z logger.go:66: module.terraform_service_accounts.google_project_iam_member.project-roles["pm-test-10-e90f-roles/serviceusage.serviceUsageAdmin"]: Refreshing state... [id=pm-test-10-e90f/roles/serviceusage.serviceUsageAdmin/serviceAccount:terraform-sa@pm-singleproject-20.iam.gserviceaccount.com]
TestMySqlPrivateModule 2023-08-01T06:24:47Z logger.go:66: module.terraform_service_accounts.google_project_iam_member.project-roles["pm-test-10-e90f-roles/cloudsql.admin"]: Refreshing state... [id=pm-test-10-e90f/roles/cloudsql.admin/serviceAccount:terraform-sa@pm-singleproject-20.iam.gserviceaccount.com]
TestMySqlPrivateModule 2023-08-01T06:24:48Z logger.go:66: module.terraform_service_accounts.google_project_iam_member.project-roles["pm-singleproject-20-roles/compute.networkUser"]: Refreshing state... [id=pm-singleproject-20/roles/compute.networkUser/serviceAccount:terraform-sa@pm-singleproject-20.iam.gserviceaccount.com]
TestMySqlPrivateModule 2023-08-01T06:24:48Z logger.go:66: module.terraform_service_accounts.google_project_iam_member.project-roles["pm-test-10-e90f-roles/iam.serviceAccountAdmin"]: Refreshing state... [id=pm-test-10-e90f/roles/iam.serviceAccountAdmin/serviceAccount:terraform-sa@pm-singleproject-20.iam.gserviceaccount.com]
TestMySqlPrivateModule 2023-08-01T06:24:48Z logger.go:66: module.terraform_service_accounts.google_project_iam_member.project-roles["pm-singleproject-20-roles/resourcemanager.projectIamAdmin"]: Refreshing state... [id=pm-singleproject-20/roles/resourcemanager.projectIamAdmin/serviceAccount:terraform-sa@pm-singleproject-20.iam.gserviceaccount.com]
TestMySqlPrivateModule 2023-08-01T06:24:49Z logger.go:66: module.host-vpc.google_compute_network_peering_routes_config.psa_routes["1"]: Refreshing state... [id=projects/pm-singleproject-20/global/networks/cloudsql-easy/networkPeerings/servicenetworking-googleapis-com]
TestMySqlPrivateModule 2023-08-01T06:24:49Z logger.go:66: module.gce_sa.google_project_iam_member.project-roles["pm-test-10-e90f-roles/cloudsql.client"]: Refreshing state... [id=pm-test-10-e90f/roles/cloudsql.client/serviceAccount:gce-sa@pm-test-10-e90f.iam.gserviceaccount.com]
TestMySqlPrivateModule 2023-08-01T06:24:49Z logger.go:66: module.gce_sa.google_project_iam_member.project-roles["pm-test-10-e90f-roles/iam.serviceAccountUser"]: Refreshing state... [id=pm-test-10-e90f/roles/iam.serviceAccountUser/serviceAccount:gce-sa@pm-test-10-e90f.iam.gserviceaccount.com]
TestMySqlPrivateModule 2023-08-01T06:24:49Z logger.go:66: module.gce_sa.google_project_iam_member.project-roles["pm-singleproject-20-roles/compute.networkUser"]: Refreshing state... [id=pm-singleproject-20/roles/compute.networkUser/serviceAccount:gce-sa@pm-test-10-e90f.iam.gserviceaccount.com]
TestMySqlPrivateModule 2023-08-01T06:24:49Z logger.go:66: module.firewall_rules.module.firewall_rules.google_compute_firewall.rules["allow-ssh-ingress"]: Refreshing state... [id=projects/pm-singleproject-20/global/firewalls/allow-ssh-ingress]
TestMySqlPrivateModule 2023-08-01T06:24:50Z logger.go:66: module.firewall_rules.module.firewall_rules.google_compute_firewall.rules["cloudsql-ingress"]: Refreshing state... [id=projects/pm-singleproject-20/global/firewalls/cloudsql-ingress]
TestMySqlPrivateModule 2023-08-01T06:24:50Z logger.go:66: module.sql-db.random_string.mysql_random_suffix[0]: Refreshing state... [id=uya]
TestMySqlPrivateModule 2023-08-01T06:24:50Z logger.go:66: module.sql-db.module.mysql[0].null_resource.module_depends_on: Refreshing state... [id=4799526082032366795]
TestMySqlPrivateModule 2023-08-01T06:24:50Z logger.go:66: module.sql-db.module.mysql[0].google_sql_database_instance.default: Refreshing state... [id=cn-sqlinstance10-test-uya]
TestMySqlPrivateModule 2023-08-01T06:24:51Z logger.go:66: module.sql-db.module.mysql[0].random_id.user-password: Refreshing state... [id=hnalHcZLlL8]
TestMySqlPrivateModule 2023-08-01T06:24:51Z logger.go:66: module.sql-db.module.mysql[0].google_sql_database.default[0]: Refreshing state... [id=projects/pm-test-10-e90f/instances/cn-sqlinstance10-test-uya/databases/default]
TestMySqlPrivateModule 2023-08-01T06:24:51Z logger.go:66: module.sql-db.module.mysql[0].google_sql_user.default[0]: Refreshing state... [id=default/%/cn-sqlinstance10-test-uya]
TestMySqlPrivateModule 2023-08-01T06:24:51Z logger.go:66: module.google_compute_instance.module.instance_template.google_compute_instance_template.tpl: Refreshing state... [id=projects/pm-test-10-e90f/global/instanceTemplates/default-instance-template-20230801062255995800000001]
TestMySqlPrivateModule 2023-08-01T06:24:53Z logger.go:66: module.google_compute_instance.module.compute_instance.google_compute_instance_from_template.compute_instance[0]: Refreshing state... [id=projects/pm-test-10-e90f/zones/us-central1-a/instances/default-001]
TestMySqlPrivateModule 2023-08-01T06:24:55Z logger.go:66: 
TestMySqlPrivateModule 2023-08-01T06:24:55Z logger.go:66: Terraform used the selected providers to generate the following execution
TestMySqlPrivateModule 2023-08-01T06:24:55Z logger.go:66: plan. Resource actions are indicated with the following symbols:
TestMySqlPrivateModule 2023-08-01T06:24:55Z logger.go:66:   - destroy
TestMySqlPrivateModule 2023-08-01T06:24:55Z logger.go:66: 
TestMySqlPrivateModule 2023-08-01T06:24:55Z logger.go:66: Terraform will perform the following actions:
TestMySqlPrivateModule 2023-08-01T06:24:55Z logger.go:66: 
TestMySqlPrivateModule 2023-08-01T06:24:55Z logger.go:66:   # module.gce_sa.google_project_iam_member.project-roles["pm-singleproject-20-roles/compute.networkUser"] will be destroyed
TestMySqlPrivateModule 2023-08-01T06:24:55Z logger.go:66:   - resource "google_project_iam_member" "project-roles" {
TestMySqlPrivateModule 2023-08-01T06:24:55Z logger.go:66:       - etag    = "BwYB1nbJrbM=" -> null
TestMySqlPrivateModule 2023-08-01T06:24:55Z logger.go:66:       - id      = "pm-singleproject-20/roles/compute.networkUser/serviceAccount:gce-sa@pm-test-10-e90f.iam.gserviceaccount.com" -> null
TestMySqlPrivateModule 2023-08-01T06:24:55Z logger.go:66:       - member  = "serviceAccount:gce-sa@pm-test-10-e90f.iam.gserviceaccount.com" -> null
TestMySqlPrivateModule 2023-08-01T06:24:55Z logger.go:66:       - project = "pm-singleproject-20" -> null
TestMySqlPrivateModule 2023-08-01T06:24:55Z logger.go:66:       - role    = "roles/compute.networkUser" -> null
TestMySqlPrivateModule 2023-08-01T06:24:55Z logger.go:66:     }
TestMySqlPrivateModule 2023-08-01T06:24:55Z logger.go:66: 
TestMySqlPrivateModule 2023-08-01T06:24:55Z logger.go:66:   # module.gce_sa.google_project_iam_member.project-roles["pm-test-10-e90f-roles/cloudsql.client"] will be destroyed
TestMySqlPrivateModule 2023-08-01T06:24:55Z logger.go:66:   - resource "google_project_iam_member" "project-roles" {
TestMySqlPrivateModule 2023-08-01T06:24:55Z logger.go:66:       - etag    = "BwYB1nbU5zs=" -> null
TestMySqlPrivateModule 2023-08-01T06:24:55Z logger.go:66:       - id      = "pm-test-10-e90f/roles/cloudsql.client/serviceAccount:gce-sa@pm-test-10-e90f.iam.gserviceaccount.com" -> null
TestMySqlPrivateModule 2023-08-01T06:24:55Z logger.go:66:       - member  = "serviceAccount:gce-sa@pm-test-10-e90f.iam.gserviceaccount.com" -> null
TestMySqlPrivateModule 2023-08-01T06:24:55Z logger.go:66:       - project = "pm-test-10-e90f" -> null
TestMySqlPrivateModule 2023-08-01T06:24:55Z logger.go:66:       - role    = "roles/cloudsql.client" -> null
TestMySqlPrivateModule 2023-08-01T06:24:55Z logger.go:66:     }
TestMySqlPrivateModule 2023-08-01T06:24:55Z logger.go:66: 
TestMySqlPrivateModule 2023-08-01T06:24:55Z logger.go:66:   # module.gce_sa.google_project_iam_member.project-roles["pm-test-10-e90f-roles/iam.serviceAccountUser"] will be destroyed
TestMySqlPrivateModule 2023-08-01T06:24:55Z logger.go:66:   - resource "google_project_iam_member" "project-roles" {
TestMySqlPrivateModule 2023-08-01T06:24:55Z logger.go:66:       - etag    = "BwYB1nbU5zs=" -> null
TestMySqlPrivateModule 2023-08-01T06:24:55Z logger.go:66:       - id      = "pm-test-10-e90f/roles/iam.serviceAccountUser/serviceAccount:gce-sa@pm-test-10-e90f.iam.gserviceaccount.com" -> null
TestMySqlPrivateModule 2023-08-01T06:24:55Z logger.go:66:       - member  = "serviceAccount:gce-sa@pm-test-10-e90f.iam.gserviceaccount.com" -> null
TestMySqlPrivateModule 2023-08-01T06:24:55Z logger.go:66:       - project = "pm-test-10-e90f" -> null
TestMySqlPrivateModule 2023-08-01T06:24:55Z logger.go:66:       - role    = "roles/iam.serviceAccountUser" -> null
TestMySqlPrivateModule 2023-08-01T06:24:55Z logger.go:66:     }
TestMySqlPrivateModule 2023-08-01T06:24:55Z logger.go:66: 
TestMySqlPrivateModule 2023-08-01T06:24:55Z logger.go:66:   # module.gce_sa.google_service_account.service_account[0] will be destroyed
TestMySqlPrivateModule 2023-08-01T06:24:55Z logger.go:66:   - resource "google_service_account" "service_account" {
TestMySqlPrivateModule 2023-08-01T06:24:55Z logger.go:66:       - account_id   = "gce-sa" -> null
TestMySqlPrivateModule 2023-08-01T06:24:55Z logger.go:66:       - disabled     = false -> null
TestMySqlPrivateModule 2023-08-01T06:24:55Z logger.go:66:       - display_name = "Terraform-managed." -> null
TestMySqlPrivateModule 2023-08-01T06:24:55Z logger.go:66:       - email        = "gce-sa@pm-test-10-e90f.iam.gserviceaccount.com" -> null
TestMySqlPrivateModule 2023-08-01T06:24:55Z logger.go:66:       - id           = "projects/pm-test-10-e90f/serviceAccounts/gce-sa@pm-test-10-e90f.iam.gserviceaccount.com" -> null
TestMySqlPrivateModule 2023-08-01T06:24:55Z logger.go:66:       - name         = "projects/pm-test-10-e90f/serviceAccounts/gce-sa@pm-test-10-e90f.iam.gserviceaccount.com" -> null
TestMySqlPrivateModule 2023-08-01T06:24:55Z logger.go:66:       - project      = "pm-test-10-e90f" -> null
TestMySqlPrivateModule 2023-08-01T06:24:55Z logger.go:66:       - unique_id    = "110987209805544167222" -> null
TestMySqlPrivateModule 2023-08-01T06:24:55Z logger.go:66:     }
TestMySqlPrivateModule 2023-08-01T06:24:55Z logger.go:66: 
TestMySqlPrivateModule 2023-08-01T06:24:55Z logger.go:66:   # module.host-vpc.google_compute_global_address.psa_ranges["privateip-range"] will be destroyed
TestMySqlPrivateModule 2023-08-01T06:24:55Z logger.go:66:   - resource "google_compute_global_address" "psa_ranges" {
TestMySqlPrivateModule 2023-08-01T06:24:55Z logger.go:66:       - address            = "10.203.160.0" -> null
TestMySqlPrivateModule 2023-08-01T06:24:55Z logger.go:66:       - address_type       = "INTERNAL" -> null
TestMySqlPrivateModule 2023-08-01T06:24:55Z logger.go:66:       - creation_timestamp = "2023-07-31T23:14:53.401-07:00" -> null
TestMySqlPrivateModule 2023-08-01T06:24:55Z logger.go:66:       - id                 = "projects/pm-singleproject-20/global/addresses/privateip-range" -> null
TestMySqlPrivateModule 2023-08-01T06:24:55Z logger.go:66:       - name               = "privateip-range" -> null
TestMySqlPrivateModule 2023-08-01T06:24:55Z logger.go:66:       - network            = "https://www.googleapis.com/compute/v1/projects/pm-singleproject-20/global/networks/cloudsql-easy" -> null
TestMySqlPrivateModule 2023-08-01T06:24:55Z logger.go:66:       - prefix_length      = 20 -> null
TestMySqlPrivateModule 2023-08-01T06:24:55Z logger.go:66:       - project            = "pm-singleproject-20" -> null
TestMySqlPrivateModule 2023-08-01T06:24:55Z logger.go:66:       - purpose            = "VPC_PEERING" -> null
TestMySqlPrivateModule 2023-08-01T06:24:55Z logger.go:66:       - self_link          = "https://www.googleapis.com/compute/v1/projects/pm-singleproject-20/global/addresses/privateip-range" -> null
TestMySqlPrivateModule 2023-08-01T06:24:55Z logger.go:66:     }
TestMySqlPrivateModule 2023-08-01T06:24:55Z logger.go:66: 
TestMySqlPrivateModule 2023-08-01T06:24:55Z logger.go:66:   # module.host-vpc.google_compute_network.network[0] will be destroyed
TestMySqlPrivateModule 2023-08-01T06:24:55Z logger.go:66:   - resource "google_compute_network" "network" {
TestMySqlPrivateModule 2023-08-01T06:24:55Z logger.go:66:       - auto_create_subnetworks         = false -> null
TestMySqlPrivateModule 2023-08-01T06:24:55Z logger.go:66:       - delete_default_routes_on_create = false -> null
TestMySqlPrivateModule 2023-08-01T06:24:55Z logger.go:66:       - description                     = "Terraform-managed." -> null
TestMySqlPrivateModule 2023-08-01T06:24:55Z logger.go:66:       - id                              = "projects/pm-singleproject-20/global/networks/cloudsql-easy" -> null
TestMySqlPrivateModule 2023-08-01T06:24:55Z logger.go:66:       - mtu                             = 0 -> null
TestMySqlPrivateModule 2023-08-01T06:24:55Z logger.go:66:       - name                            = "cloudsql-easy" -> null
TestMySqlPrivateModule 2023-08-01T06:24:55Z logger.go:66:       - project                         = "pm-singleproject-20" -> null
TestMySqlPrivateModule 2023-08-01T06:24:55Z logger.go:66:       - routing_mode                    = "GLOBAL" -> null
TestMySqlPrivateModule 2023-08-01T06:24:55Z logger.go:66:       - self_link                       = "https://www.googleapis.com/compute/v1/projects/pm-singleproject-20/global/networks/cloudsql-easy" -> null
TestMySqlPrivateModule 2023-08-01T06:24:55Z logger.go:66:     }
TestMySqlPrivateModule 2023-08-01T06:24:55Z logger.go:66: 
TestMySqlPrivateModule 2023-08-01T06:24:55Z logger.go:66:   # module.host-vpc.google_compute_network_peering_routes_config.psa_routes["1"] will be destroyed
TestMySqlPrivateModule 2023-08-01T06:24:55Z logger.go:66:   - resource "google_compute_network_peering_routes_config" "psa_routes" {
TestMySqlPrivateModule 2023-08-01T06:24:55Z logger.go:66:       - export_custom_routes = true -> null
TestMySqlPrivateModule 2023-08-01T06:24:55Z logger.go:66:       - id                   = "projects/pm-singleproject-20/global/networks/cloudsql-easy/networkPeerings/servicenetworking-googleapis-com" -> null
TestMySqlPrivateModule 2023-08-01T06:24:55Z logger.go:66:       - import_custom_routes = true -> null
TestMySqlPrivateModule 2023-08-01T06:24:55Z logger.go:66:       - network              = "cloudsql-easy" -> null
TestMySqlPrivateModule 2023-08-01T06:24:55Z logger.go:66:       - peering              = "servicenetworking-googleapis-com" -> null
TestMySqlPrivateModule 2023-08-01T06:24:55Z logger.go:66:       - project              = "pm-singleproject-20" -> null
TestMySqlPrivateModule 2023-08-01T06:24:55Z logger.go:66:     }
TestMySqlPrivateModule 2023-08-01T06:24:55Z logger.go:66: 
TestMySqlPrivateModule 2023-08-01T06:24:55Z logger.go:66:   # module.host-vpc.google_compute_route.gateway["private-googleapis"] will be destroyed
TestMySqlPrivateModule 2023-08-01T06:24:55Z logger.go:66:   - resource "google_compute_route" "gateway" {
TestMySqlPrivateModule 2023-08-01T06:24:55Z logger.go:66:       - description      = "Terraform-managed." -> null
TestMySqlPrivateModule 2023-08-01T06:24:55Z logger.go:66:       - dest_range       = "199.36.153.8/30" -> null
TestMySqlPrivateModule 2023-08-01T06:24:55Z logger.go:66:       - id               = "projects/pm-singleproject-20/global/routes/cloudsql-easy-private-googleapis" -> null
TestMySqlPrivateModule 2023-08-01T06:24:55Z logger.go:66:       - name             = "cloudsql-easy-private-googleapis" -> null
TestMySqlPrivateModule 2023-08-01T06:24:55Z logger.go:66:       - network          = "https://www.googleapis.com/compute/v1/projects/pm-singleproject-20/global/networks/cloudsql-easy" -> null
TestMySqlPrivateModule 2023-08-01T06:24:55Z logger.go:66:       - next_hop_gateway = "https://www.googleapis.com/compute/v1/projects/pm-singleproject-20/global/gateways/default-internet-gateway" -> null
TestMySqlPrivateModule 2023-08-01T06:24:55Z logger.go:66:       - priority         = 1000 -> null
TestMySqlPrivateModule 2023-08-01T06:24:55Z logger.go:66:       - project          = "pm-singleproject-20" -> null
TestMySqlPrivateModule 2023-08-01T06:24:55Z logger.go:66:       - self_link        = "https://www.googleapis.com/compute/v1/projects/pm-singleproject-20/global/routes/cloudsql-easy-private-googleapis" -> null
TestMySqlPrivateModule 2023-08-01T06:24:55Z logger.go:66:       - tags             = [] -> null
TestMySqlPrivateModule 2023-08-01T06:24:55Z logger.go:66:     }
TestMySqlPrivateModule 2023-08-01T06:24:55Z logger.go:66: 
TestMySqlPrivateModule 2023-08-01T06:24:55Z logger.go:66:   # module.host-vpc.google_compute_route.gateway["restricted-googleapis"] will be destroyed
TestMySqlPrivateModule 2023-08-01T06:24:55Z logger.go:66:   - resource "google_compute_route" "gateway" {
TestMySqlPrivateModule 2023-08-01T06:24:55Z logger.go:66:       - description      = "Terraform-managed." -> null
TestMySqlPrivateModule 2023-08-01T06:24:55Z logger.go:66:       - dest_range       = "199.36.153.4/30" -> null
TestMySqlPrivateModule 2023-08-01T06:24:55Z logger.go:66:       - id               = "projects/pm-singleproject-20/global/routes/cloudsql-easy-restricted-googleapis" -> null
TestMySqlPrivateModule 2023-08-01T06:24:55Z logger.go:66:       - name             = "cloudsql-easy-restricted-googleapis" -> null
TestMySqlPrivateModule 2023-08-01T06:24:55Z logger.go:66:       - network          = "https://www.googleapis.com/compute/v1/projects/pm-singleproject-20/global/networks/cloudsql-easy" -> null
TestMySqlPrivateModule 2023-08-01T06:24:55Z logger.go:66:       - next_hop_gateway = "https://www.googleapis.com/compute/v1/projects/pm-singleproject-20/global/gateways/default-internet-gateway" -> null
TestMySqlPrivateModule 2023-08-01T06:24:55Z logger.go:66:       - priority         = 1000 -> null
TestMySqlPrivateModule 2023-08-01T06:24:55Z logger.go:66:       - project          = "pm-singleproject-20" -> null
TestMySqlPrivateModule 2023-08-01T06:24:55Z logger.go:66:       - self_link        = "https://www.googleapis.com/compute/v1/projects/pm-singleproject-20/global/routes/cloudsql-easy-restricted-googleapis" -> null
TestMySqlPrivateModule 2023-08-01T06:24:55Z logger.go:66:       - tags             = [] -> null
TestMySqlPrivateModule 2023-08-01T06:24:55Z logger.go:66:     }
TestMySqlPrivateModule 2023-08-01T06:24:55Z logger.go:66: 
TestMySqlPrivateModule 2023-08-01T06:24:55Z logger.go:66:   # module.host-vpc.google_compute_shared_vpc_host_project.shared_vpc_host[0] will be destroyed
TestMySqlPrivateModule 2023-08-01T06:24:55Z logger.go:66:   - resource "google_compute_shared_vpc_host_project" "shared_vpc_host" {
TestMySqlPrivateModule 2023-08-01T06:24:55Z logger.go:66:       - id      = "pm-singleproject-20" -> null
TestMySqlPrivateModule 2023-08-01T06:24:55Z logger.go:66:       - project = "pm-singleproject-20" -> null
TestMySqlPrivateModule 2023-08-01T06:24:55Z logger.go:66:     }
TestMySqlPrivateModule 2023-08-01T06:24:55Z logger.go:66: 
TestMySqlPrivateModule 2023-08-01T06:24:55Z logger.go:66:   # module.host-vpc.google_compute_shared_vpc_service_project.service_projects["pm-test-10-e90f"] will be destroyed
TestMySqlPrivateModule 2023-08-01T06:24:55Z logger.go:66:   - resource "google_compute_shared_vpc_service_project" "service_projects" {
TestMySqlPrivateModule 2023-08-01T06:24:55Z logger.go:66:       - host_project    = "pm-singleproject-20" -> null
TestMySqlPrivateModule 2023-08-01T06:24:55Z logger.go:66:       - id              = "pm-singleproject-20/pm-test-10-e90f" -> null
TestMySqlPrivateModule 2023-08-01T06:24:55Z logger.go:66:       - service_project = "pm-test-10-e90f" -> null
TestMySqlPrivateModule 2023-08-01T06:24:55Z logger.go:66:     }
TestMySqlPrivateModule 2023-08-01T06:24:55Z logger.go:66: 
TestMySqlPrivateModule 2023-08-01T06:24:55Z logger.go:66:   # module.host-vpc.google_compute_subnetwork.subnetwork["us-central1/cloudsql-easy-subnet"] will be destroyed
TestMySqlPrivateModule 2023-08-01T06:24:55Z logger.go:66:   - resource "google_compute_subnetwork" "subnetwork" {
TestMySqlPrivateModule 2023-08-01T06:24:55Z logger.go:66:       - creation_timestamp         = "2023-07-31T23:14:54.657-07:00" -> null
TestMySqlPrivateModule 2023-08-01T06:24:55Z logger.go:66:       - description                = "Terraform-managed." -> null
TestMySqlPrivateModule 2023-08-01T06:24:55Z logger.go:66:       - gateway_address            = "10.2.0.1" -> null
TestMySqlPrivateModule 2023-08-01T06:24:55Z logger.go:66:       - id                         = "projects/pm-singleproject-20/regions/us-central1/subnetworks/cloudsql-easy-subnet" -> null
TestMySqlPrivateModule 2023-08-01T06:24:55Z logger.go:66:       - ip_cidr_range              = "10.2.0.0/16" -> null
TestMySqlPrivateModule 2023-08-01T06:24:55Z logger.go:66:       - name                       = "cloudsql-easy-subnet" -> null
TestMySqlPrivateModule 2023-08-01T06:24:55Z logger.go:66:       - network                    = "https://www.googleapis.com/compute/v1/projects/pm-singleproject-20/global/networks/cloudsql-easy" -> null
TestMySqlPrivateModule 2023-08-01T06:24:55Z logger.go:66:       - private_ip_google_access   = true -> null
TestMySqlPrivateModule 2023-08-01T06:24:55Z logger.go:66:       - private_ipv6_google_access = "DISABLE_GOOGLE_ACCESS" -> null
TestMySqlPrivateModule 2023-08-01T06:24:55Z logger.go:66:       - project                    = "pm-singleproject-20" -> null
TestMySqlPrivateModule 2023-08-01T06:24:55Z logger.go:66:       - purpose                    = "PRIVATE" -> null
TestMySqlPrivateModule 2023-08-01T06:24:55Z logger.go:66:       - region                     = "us-central1" -> null
TestMySqlPrivateModule 2023-08-01T06:24:55Z logger.go:66:       - secondary_ip_range         = [] -> null
TestMySqlPrivateModule 2023-08-01T06:24:55Z logger.go:66:       - self_link                  = "https://www.googleapis.com/compute/v1/projects/pm-singleproject-20/regions/us-central1/subnetworks/cloudsql-easy-subnet" -> null
TestMySqlPrivateModule 2023-08-01T06:24:55Z logger.go:66:       - stack_type                 = "IPV4_ONLY" -> null
TestMySqlPrivateModule 2023-08-01T06:24:55Z logger.go:66: 
TestMySqlPrivateModule 2023-08-01T06:24:55Z logger.go:66:       - log_config {
TestMySqlPrivateModule 2023-08-01T06:24:55Z logger.go:66:           - aggregation_interval = "INTERVAL_10_MIN" -> null
TestMySqlPrivateModule 2023-08-01T06:24:55Z logger.go:66:           - filter_expr          = "true" -> null
TestMySqlPrivateModule 2023-08-01T06:24:55Z logger.go:66:           - flow_sampling        = 0.5 -> null
TestMySqlPrivateModule 2023-08-01T06:24:55Z logger.go:66:           - metadata             = "INCLUDE_ALL_METADATA" -> null
TestMySqlPrivateModule 2023-08-01T06:24:55Z logger.go:66:           - metadata_fields      = [] -> null
TestMySqlPrivateModule 2023-08-01T06:24:55Z logger.go:66:         }
TestMySqlPrivateModule 2023-08-01T06:24:55Z logger.go:66:     }
TestMySqlPrivateModule 2023-08-01T06:24:55Z logger.go:66: 
TestMySqlPrivateModule 2023-08-01T06:24:55Z logger.go:66:   # module.host-vpc.google_service_networking_connection.psa_connection["1"] will be destroyed
TestMySqlPrivateModule 2023-08-01T06:24:55Z logger.go:66:   - resource "google_service_networking_connection" "psa_connection" {
TestMySqlPrivateModule 2023-08-01T06:24:55Z logger.go:66:       - id                      = "projects%2Fpm-singleproject-20%2Fglobal%2Fnetworks%2Fcloudsql-easy:servicenetworking.googleapis.com" -> null
TestMySqlPrivateModule 2023-08-01T06:24:55Z logger.go:66:       - network                 = "projects/pm-singleproject-20/global/networks/cloudsql-easy" -> null
TestMySqlPrivateModule 2023-08-01T06:24:55Z logger.go:66:       - peering                 = "servicenetworking-googleapis-com" -> null
TestMySqlPrivateModule 2023-08-01T06:24:55Z logger.go:66:       - reserved_peering_ranges = [
TestMySqlPrivateModule 2023-08-01T06:24:55Z logger.go:66:           - "privateip-range",
TestMySqlPrivateModule 2023-08-01T06:24:55Z logger.go:66:         ] -> null
TestMySqlPrivateModule 2023-08-01T06:24:55Z logger.go:66:       - service                 = "servicenetworking.googleapis.com" -> null
TestMySqlPrivateModule 2023-08-01T06:24:55Z logger.go:66:     }
TestMySqlPrivateModule 2023-08-01T06:24:55Z logger.go:66: 
TestMySqlPrivateModule 2023-08-01T06:24:55Z logger.go:66:   # module.sql-db.random_string.mysql_random_suffix[0] will be destroyed
TestMySqlPrivateModule 2023-08-01T06:24:55Z logger.go:66:   - resource "random_string" "mysql_random_suffix" {
TestMySqlPrivateModule 2023-08-01T06:24:55Z logger.go:66:       - id          = "uya" -> null
TestMySqlPrivateModule 2023-08-01T06:24:55Z logger.go:66:       - length      = 3 -> null
TestMySqlPrivateModule 2023-08-01T06:24:55Z logger.go:66:       - lower       = true -> null
TestMySqlPrivateModule 2023-08-01T06:24:55Z logger.go:66:       - min_lower   = 0 -> null
TestMySqlPrivateModule 2023-08-01T06:24:55Z logger.go:66:       - min_numeric = 0 -> null
TestMySqlPrivateModule 2023-08-01T06:24:55Z logger.go:66:       - min_special = 0 -> null
TestMySqlPrivateModule 2023-08-01T06:24:55Z logger.go:66:       - min_upper   = 0 -> null
TestMySqlPrivateModule 2023-08-01T06:24:55Z logger.go:66:       - number      = true -> null
TestMySqlPrivateModule 2023-08-01T06:24:55Z logger.go:66:       - result      = "uya" -> null
TestMySqlPrivateModule 2023-08-01T06:24:55Z logger.go:66:       - special     = false -> null
TestMySqlPrivateModule 2023-08-01T06:24:55Z logger.go:66:       - upper       = false -> null
TestMySqlPrivateModule 2023-08-01T06:24:55Z logger.go:66:     }
TestMySqlPrivateModule 2023-08-01T06:24:55Z logger.go:66: 
TestMySqlPrivateModule 2023-08-01T06:24:55Z logger.go:66:   # module.terraform_service_accounts.google_project_iam_member.project-roles["pm-singleproject-20-roles/compute.networkAdmin"] will be destroyed
TestMySqlPrivateModule 2023-08-01T06:24:55Z logger.go:66:   - resource "google_project_iam_member" "project-roles" {
TestMySqlPrivateModule 2023-08-01T06:24:55Z logger.go:66:       - etag    = "BwYB1nbJrbM=" -> null
TestMySqlPrivateModule 2023-08-01T06:24:55Z logger.go:66:       - id      = "pm-singleproject-20/roles/compute.networkAdmin/serviceAccount:terraform-sa@pm-singleproject-20.iam.gserviceaccount.com" -> null
TestMySqlPrivateModule 2023-08-01T06:24:55Z logger.go:66:       - member  = "serviceAccount:terraform-sa@pm-singleproject-20.iam.gserviceaccount.com" -> null
TestMySqlPrivateModule 2023-08-01T06:24:55Z logger.go:66:       - project = "pm-singleproject-20" -> null
TestMySqlPrivateModule 2023-08-01T06:24:55Z logger.go:66:       - role    = "roles/compute.networkAdmin" -> null
TestMySqlPrivateModule 2023-08-01T06:24:55Z logger.go:66:     }
TestMySqlPrivateModule 2023-08-01T06:24:55Z logger.go:66: 
TestMySqlPrivateModule 2023-08-01T06:24:55Z logger.go:66:   # module.terraform_service_accounts.google_project_iam_member.project-roles["pm-singleproject-20-roles/compute.networkUser"] will be destroyed
TestMySqlPrivateModule 2023-08-01T06:24:55Z logger.go:66:   - resource "google_project_iam_member" "project-roles" {
TestMySqlPrivateModule 2023-08-01T06:24:55Z logger.go:66:       - etag    = "BwYB1nbJrbM=" -> null
TestMySqlPrivateModule 2023-08-01T06:24:55Z logger.go:66:       - id      = "pm-singleproject-20/roles/compute.networkUser/serviceAccount:terraform-sa@pm-singleproject-20.iam.gserviceaccount.com" -> null
TestMySqlPrivateModule 2023-08-01T06:24:55Z logger.go:66:       - member  = "serviceAccount:terraform-sa@pm-singleproject-20.iam.gserviceaccount.com" -> null
TestMySqlPrivateModule 2023-08-01T06:24:55Z logger.go:66:       - project = "pm-singleproject-20" -> null
TestMySqlPrivateModule 2023-08-01T06:24:55Z logger.go:66:       - role    = "roles/compute.networkUser" -> null
TestMySqlPrivateModule 2023-08-01T06:24:55Z logger.go:66:     }
TestMySqlPrivateModule 2023-08-01T06:24:55Z logger.go:66: 
TestMySqlPrivateModule 2023-08-01T06:24:55Z logger.go:66:   # module.terraform_service_accounts.google_project_iam_member.project-roles["pm-singleproject-20-roles/compute.securityAdmin"] will be destroyed
TestMySqlPrivateModule 2023-08-01T06:24:55Z logger.go:66:   - resource "google_project_iam_member" "project-roles" {
TestMySqlPrivateModule 2023-08-01T06:24:55Z logger.go:66:       - etag    = "BwYB1nbJrbM=" -> null
TestMySqlPrivateModule 2023-08-01T06:24:55Z logger.go:66:       - id      = "pm-singleproject-20/roles/compute.securityAdmin/serviceAccount:terraform-sa@pm-singleproject-20.iam.gserviceaccount.com" -> null
TestMySqlPrivateModule 2023-08-01T06:24:55Z logger.go:66:       - member  = "serviceAccount:terraform-sa@pm-singleproject-20.iam.gserviceaccount.com" -> null
TestMySqlPrivateModule 2023-08-01T06:24:55Z logger.go:66:       - project = "pm-singleproject-20" -> null
TestMySqlPrivateModule 2023-08-01T06:24:55Z logger.go:66:       - role    = "roles/compute.securityAdmin" -> null
TestMySqlPrivateModule 2023-08-01T06:24:55Z logger.go:66:     }
TestMySqlPrivateModule 2023-08-01T06:24:55Z logger.go:66: 
TestMySqlPrivateModule 2023-08-01T06:24:55Z logger.go:66:   # module.terraform_service_accounts.google_project_iam_member.project-roles["pm-singleproject-20-roles/iam.serviceAccountAdmin"] will be destroyed
TestMySqlPrivateModule 2023-08-01T06:24:55Z logger.go:66:   - resource "google_project_iam_member" "project-roles" {
TestMySqlPrivateModule 2023-08-01T06:24:55Z logger.go:66:       - etag    = "BwYB1nbJrbM=" -> null
TestMySqlPrivateModule 2023-08-01T06:24:55Z logger.go:66:       - id      = "pm-singleproject-20/roles/iam.serviceAccountAdmin/serviceAccount:terraform-sa@pm-singleproject-20.iam.gserviceaccount.com" -> null
TestMySqlPrivateModule 2023-08-01T06:24:55Z logger.go:66:       - member  = "serviceAccount:terraform-sa@pm-singleproject-20.iam.gserviceaccount.com" -> null
TestMySqlPrivateModule 2023-08-01T06:24:55Z logger.go:66:       - project = "pm-singleproject-20" -> null
TestMySqlPrivateModule 2023-08-01T06:24:55Z logger.go:66:       - role    = "roles/iam.serviceAccountAdmin" -> null
TestMySqlPrivateModule 2023-08-01T06:24:55Z logger.go:66:     }
TestMySqlPrivateModule 2023-08-01T06:24:55Z logger.go:66: 
TestMySqlPrivateModule 2023-08-01T06:24:55Z logger.go:66:   # module.terraform_service_accounts.google_project_iam_member.project-roles["pm-singleproject-20-roles/resourcemanager.projectIamAdmin"] will be destroyed
TestMySqlPrivateModule 2023-08-01T06:24:55Z logger.go:66:   - resource "google_project_iam_member" "project-roles" {
TestMySqlPrivateModule 2023-08-01T06:24:55Z logger.go:66:       - etag    = "BwYB1nbJrbM=" -> null
TestMySqlPrivateModule 2023-08-01T06:24:55Z logger.go:66:       - id      = "pm-singleproject-20/roles/resourcemanager.projectIamAdmin/serviceAccount:terraform-sa@pm-singleproject-20.iam.gserviceaccount.com" -> null
TestMySqlPrivateModule 2023-08-01T06:24:55Z logger.go:66:       - member  = "serviceAccount:terraform-sa@pm-singleproject-20.iam.gserviceaccount.com" -> null
TestMySqlPrivateModule 2023-08-01T06:24:55Z logger.go:66:       - project = "pm-singleproject-20" -> null
TestMySqlPrivateModule 2023-08-01T06:24:55Z logger.go:66:       - role    = "roles/resourcemanager.projectIamAdmin" -> null
TestMySqlPrivateModule 2023-08-01T06:24:55Z logger.go:66:     }
TestMySqlPrivateModule 2023-08-01T06:24:55Z logger.go:66: 
TestMySqlPrivateModule 2023-08-01T06:24:55Z logger.go:66:   # module.terraform_service_accounts.google_project_iam_member.project-roles["pm-singleproject-20-roles/serviceusage.serviceUsageAdmin"] will be destroyed
TestMySqlPrivateModule 2023-08-01T06:24:55Z logger.go:66:   - resource "google_project_iam_member" "project-roles" {
TestMySqlPrivateModule 2023-08-01T06:24:55Z logger.go:66:       - etag    = "BwYB1nbJrbM=" -> null
TestMySqlPrivateModule 2023-08-01T06:24:55Z logger.go:66:       - id      = "pm-singleproject-20/roles/serviceusage.serviceUsageAdmin/serviceAccount:terraform-sa@pm-singleproject-20.iam.gserviceaccount.com" -> null
TestMySqlPrivateModule 2023-08-01T06:24:55Z logger.go:66:       - member  = "serviceAccount:terraform-sa@pm-singleproject-20.iam.gserviceaccount.com" -> null
TestMySqlPrivateModule 2023-08-01T06:24:55Z logger.go:66:       - project = "pm-singleproject-20" -> null
TestMySqlPrivateModule 2023-08-01T06:24:55Z logger.go:66:       - role    = "roles/serviceusage.serviceUsageAdmin" -> null
TestMySqlPrivateModule 2023-08-01T06:24:55Z logger.go:66:     }
TestMySqlPrivateModule 2023-08-01T06:24:55Z logger.go:66: 
TestMySqlPrivateModule 2023-08-01T06:24:55Z logger.go:66:   # module.terraform_service_accounts.google_project_iam_member.project-roles["pm-test-10-e90f-roles/cloudsql.admin"] will be destroyed
TestMySqlPrivateModule 2023-08-01T06:24:55Z logger.go:66:   - resource "google_project_iam_member" "project-roles" {
TestMySqlPrivateModule 2023-08-01T06:24:55Z logger.go:66:       - etag    = "BwYB1nbU5zs=" -> null
TestMySqlPrivateModule 2023-08-01T06:24:55Z logger.go:66:       - id      = "pm-test-10-e90f/roles/cloudsql.admin/serviceAccount:terraform-sa@pm-singleproject-20.iam.gserviceaccount.com" -> null
TestMySqlPrivateModule 2023-08-01T06:24:55Z logger.go:66:       - member  = "serviceAccount:terraform-sa@pm-singleproject-20.iam.gserviceaccount.com" -> null
TestMySqlPrivateModule 2023-08-01T06:24:55Z logger.go:66:       - project = "pm-test-10-e90f" -> null
TestMySqlPrivateModule 2023-08-01T06:24:55Z logger.go:66:       - role    = "roles/cloudsql.admin" -> null
TestMySqlPrivateModule 2023-08-01T06:24:55Z logger.go:66:     }
TestMySqlPrivateModule 2023-08-01T06:24:55Z logger.go:66: 
TestMySqlPrivateModule 2023-08-01T06:24:55Z logger.go:66:   # module.terraform_service_accounts.google_project_iam_member.project-roles["pm-test-10-e90f-roles/compute.instanceAdmin"] will be destroyed
TestMySqlPrivateModule 2023-08-01T06:24:55Z logger.go:66:   - resource "google_project_iam_member" "project-roles" {
TestMySqlPrivateModule 2023-08-01T06:24:55Z logger.go:66:       - etag    = "BwYB1nbU5zs=" -> null
TestMySqlPrivateModule 2023-08-01T06:24:55Z logger.go:66:       - id      = "pm-test-10-e90f/roles/compute.instanceAdmin/serviceAccount:terraform-sa@pm-singleproject-20.iam.gserviceaccount.com" -> null
TestMySqlPrivateModule 2023-08-01T06:24:55Z logger.go:66:       - member  = "serviceAccount:terraform-sa@pm-singleproject-20.iam.gserviceaccount.com" -> null
TestMySqlPrivateModule 2023-08-01T06:24:55Z logger.go:66:       - project = "pm-test-10-e90f" -> null
TestMySqlPrivateModule 2023-08-01T06:24:55Z logger.go:66:       - role    = "roles/compute.instanceAdmin" -> null
TestMySqlPrivateModule 2023-08-01T06:24:55Z logger.go:66:     }
TestMySqlPrivateModule 2023-08-01T06:24:55Z logger.go:66: 
TestMySqlPrivateModule 2023-08-01T06:24:55Z logger.go:66:   # module.terraform_service_accounts.google_project_iam_member.project-roles["pm-test-10-e90f-roles/iam.serviceAccountAdmin"] will be destroyed
TestMySqlPrivateModule 2023-08-01T06:24:55Z logger.go:66:   - resource "google_project_iam_member" "project-roles" {
TestMySqlPrivateModule 2023-08-01T06:24:55Z logger.go:66:       - etag    = "BwYB1nbU5zs=" -> null
TestMySqlPrivateModule 2023-08-01T06:24:55Z logger.go:66:       - id      = "pm-test-10-e90f/roles/iam.serviceAccountAdmin/serviceAccount:terraform-sa@pm-singleproject-20.iam.gserviceaccount.com" -> null
TestMySqlPrivateModule 2023-08-01T06:24:55Z logger.go:66:       - member  = "serviceAccount:terraform-sa@pm-singleproject-20.iam.gserviceaccount.com" -> null
TestMySqlPrivateModule 2023-08-01T06:24:55Z logger.go:66:       - project = "pm-test-10-e90f" -> null
TestMySqlPrivateModule 2023-08-01T06:24:55Z logger.go:66:       - role    = "roles/iam.serviceAccountAdmin" -> null
TestMySqlPrivateModule 2023-08-01T06:24:55Z logger.go:66:     }
TestMySqlPrivateModule 2023-08-01T06:24:55Z logger.go:66: 
TestMySqlPrivateModule 2023-08-01T06:24:55Z logger.go:66:   # module.terraform_service_accounts.google_project_iam_member.project-roles["pm-test-10-e90f-roles/iam.serviceAccountUser"] will be destroyed
TestMySqlPrivateModule 2023-08-01T06:24:55Z logger.go:66:   - resource "google_project_iam_member" "project-roles" {
TestMySqlPrivateModule 2023-08-01T06:24:55Z logger.go:66:       - etag    = "BwYB1nbU5zs=" -> null
TestMySqlPrivateModule 2023-08-01T06:24:55Z logger.go:66:       - id      = "pm-test-10-e90f/roles/iam.serviceAccountUser/serviceAccount:terraform-sa@pm-singleproject-20.iam.gserviceaccount.com" -> null
TestMySqlPrivateModule 2023-08-01T06:24:55Z logger.go:66:       - member  = "serviceAccount:terraform-sa@pm-singleproject-20.iam.gserviceaccount.com" -> null
TestMySqlPrivateModule 2023-08-01T06:24:55Z logger.go:66:       - project = "pm-test-10-e90f" -> null
TestMySqlPrivateModule 2023-08-01T06:24:55Z logger.go:66:       - role    = "roles/iam.serviceAccountUser" -> null
TestMySqlPrivateModule 2023-08-01T06:24:55Z logger.go:66:     }
TestMySqlPrivateModule 2023-08-01T06:24:55Z logger.go:66: 
TestMySqlPrivateModule 2023-08-01T06:24:55Z logger.go:66:   # module.terraform_service_accounts.google_project_iam_member.project-roles["pm-test-10-e90f-roles/resourcemanager.projectIamAdmin"] will be destroyed
TestMySqlPrivateModule 2023-08-01T06:24:55Z logger.go:66:   - resource "google_project_iam_member" "project-roles" {
TestMySqlPrivateModule 2023-08-01T06:24:55Z logger.go:66:       - etag    = "BwYB1nbU5zs=" -> null
TestMySqlPrivateModule 2023-08-01T06:24:55Z logger.go:66:       - id      = "pm-test-10-e90f/roles/resourcemanager.projectIamAdmin/serviceAccount:terraform-sa@pm-singleproject-20.iam.gserviceaccount.com" -> null
TestMySqlPrivateModule 2023-08-01T06:24:55Z logger.go:66:       - member  = "serviceAccount:terraform-sa@pm-singleproject-20.iam.gserviceaccount.com" -> null
TestMySqlPrivateModule 2023-08-01T06:24:55Z logger.go:66:       - project = "pm-test-10-e90f" -> null
TestMySqlPrivateModule 2023-08-01T06:24:55Z logger.go:66:       - role    = "roles/resourcemanager.projectIamAdmin" -> null
TestMySqlPrivateModule 2023-08-01T06:24:55Z logger.go:66:     }
TestMySqlPrivateModule 2023-08-01T06:24:55Z logger.go:66: 
TestMySqlPrivateModule 2023-08-01T06:24:55Z logger.go:66:   # module.terraform_service_accounts.google_project_iam_member.project-roles["pm-test-10-e90f-roles/serviceusage.serviceUsageAdmin"] will be destroyed
TestMySqlPrivateModule 2023-08-01T06:24:55Z logger.go:66:   - resource "google_project_iam_member" "project-roles" {
TestMySqlPrivateModule 2023-08-01T06:24:55Z logger.go:66:       - etag    = "BwYB1nbU5zs=" -> null
TestMySqlPrivateModule 2023-08-01T06:24:55Z logger.go:66:       - id      = "pm-test-10-e90f/roles/serviceusage.serviceUsageAdmin/serviceAccount:terraform-sa@pm-singleproject-20.iam.gserviceaccount.com" -> null
TestMySqlPrivateModule 2023-08-01T06:24:55Z logger.go:66:       - member  = "serviceAccount:terraform-sa@pm-singleproject-20.iam.gserviceaccount.com" -> null
TestMySqlPrivateModule 2023-08-01T06:24:55Z logger.go:66:       - project = "pm-test-10-e90f" -> null
TestMySqlPrivateModule 2023-08-01T06:24:55Z logger.go:66:       - role    = "roles/serviceusage.serviceUsageAdmin" -> null
TestMySqlPrivateModule 2023-08-01T06:24:55Z logger.go:66:     }
TestMySqlPrivateModule 2023-08-01T06:24:55Z logger.go:66: 
TestMySqlPrivateModule 2023-08-01T06:24:55Z logger.go:66:   # module.terraform_service_accounts.google_service_account.service_account[0] will be destroyed
TestMySqlPrivateModule 2023-08-01T06:24:55Z logger.go:66:   - resource "google_service_account" "service_account" {
TestMySqlPrivateModule 2023-08-01T06:24:55Z logger.go:66:       - account_id   = "terraform-sa" -> null
TestMySqlPrivateModule 2023-08-01T06:24:55Z logger.go:66:       - disabled     = false -> null
TestMySqlPrivateModule 2023-08-01T06:24:55Z logger.go:66:       - display_name = "Terraform-managed." -> null
TestMySqlPrivateModule 2023-08-01T06:24:55Z logger.go:66:       - email        = "terraform-sa@pm-singleproject-20.iam.gserviceaccount.com" -> null
TestMySqlPrivateModule 2023-08-01T06:24:55Z logger.go:66:       - id           = "projects/pm-singleproject-20/serviceAccounts/terraform-sa@pm-singleproject-20.iam.gserviceaccount.com" -> null
TestMySqlPrivateModule 2023-08-01T06:24:55Z logger.go:66:       - name         = "projects/pm-singleproject-20/serviceAccounts/terraform-sa@pm-singleproject-20.iam.gserviceaccount.com" -> null
TestMySqlPrivateModule 2023-08-01T06:24:55Z logger.go:66:       - project      = "pm-singleproject-20" -> null
TestMySqlPrivateModule 2023-08-01T06:24:55Z logger.go:66:       - unique_id    = "105319548283031958128" -> null
TestMySqlPrivateModule 2023-08-01T06:24:55Z logger.go:66:     }
TestMySqlPrivateModule 2023-08-01T06:24:55Z logger.go:66: 
TestMySqlPrivateModule 2023-08-01T06:24:55Z logger.go:66:   # module.firewall_rules.module.firewall_rules.google_compute_firewall.rules["allow-ssh-ingress"] will be destroyed
TestMySqlPrivateModule 2023-08-01T06:24:55Z logger.go:66:   - resource "google_compute_firewall" "rules" {
TestMySqlPrivateModule 2023-08-01T06:24:55Z logger.go:66:       - creation_timestamp      = "2023-07-31T23:15:50.769-07:00" -> null
TestMySqlPrivateModule 2023-08-01T06:24:55Z logger.go:66:       - description             = "Creates firewall rule targeting tagged instances" -> null
TestMySqlPrivateModule 2023-08-01T06:24:55Z logger.go:66:       - destination_ranges      = [] -> null
TestMySqlPrivateModule 2023-08-01T06:24:55Z logger.go:66:       - direction               = "INGRESS" -> null
TestMySqlPrivateModule 2023-08-01T06:24:55Z logger.go:66:       - disabled                = false -> null
TestMySqlPrivateModule 2023-08-01T06:24:55Z logger.go:66:       - id                      = "projects/pm-singleproject-20/global/firewalls/allow-ssh-ingress" -> null
TestMySqlPrivateModule 2023-08-01T06:24:55Z logger.go:66:       - name                    = "allow-ssh-ingress" -> null
TestMySqlPrivateModule 2023-08-01T06:24:55Z logger.go:66:       - network                 = "https://www.googleapis.com/compute/v1/projects/pm-singleproject-20/global/networks/cloudsql-easy" -> null
TestMySqlPrivateModule 2023-08-01T06:24:55Z logger.go:66:       - priority                = 1000 -> null
TestMySqlPrivateModule 2023-08-01T06:24:55Z logger.go:66:       - project                 = "pm-singleproject-20" -> null
TestMySqlPrivateModule 2023-08-01T06:24:55Z logger.go:66:       - self_link               = "https://www.googleapis.com/compute/v1/projects/pm-singleproject-20/global/firewalls/allow-ssh-ingress" -> null
TestMySqlPrivateModule 2023-08-01T06:24:55Z logger.go:66:       - source_ranges           = [
TestMySqlPrivateModule 2023-08-01T06:24:55Z logger.go:66:           - "0.0.0.0/0",
TestMySqlPrivateModule 2023-08-01T06:24:55Z logger.go:66:         ] -> null
TestMySqlPrivateModule 2023-08-01T06:24:55Z logger.go:66:       - source_service_accounts = [] -> null
TestMySqlPrivateModule 2023-08-01T06:24:55Z logger.go:66:       - source_tags             = [] -> null
TestMySqlPrivateModule 2023-08-01T06:24:55Z logger.go:66:       - target_service_accounts = [] -> null
TestMySqlPrivateModule 2023-08-01T06:24:55Z logger.go:66:       - target_tags             = [
TestMySqlPrivateModule 2023-08-01T06:24:55Z logger.go:66:           - "cloudsql",
TestMySqlPrivateModule 2023-08-01T06:24:55Z logger.go:66:         ] -> null
TestMySqlPrivateModule 2023-08-01T06:24:55Z logger.go:66: 
TestMySqlPrivateModule 2023-08-01T06:24:55Z logger.go:66:       - allow {
TestMySqlPrivateModule 2023-08-01T06:24:55Z logger.go:66:           - ports    = [
TestMySqlPrivateModule 2023-08-01T06:24:55Z logger.go:66:               - "22",
TestMySqlPrivateModule 2023-08-01T06:24:55Z logger.go:66:             ] -> null
TestMySqlPrivateModule 2023-08-01T06:24:55Z logger.go:66:           - protocol = "tcp" -> null
TestMySqlPrivateModule 2023-08-01T06:24:55Z logger.go:66:         }
TestMySqlPrivateModule 2023-08-01T06:24:55Z logger.go:66: 
TestMySqlPrivateModule 2023-08-01T06:24:55Z logger.go:66:       - log_config {
TestMySqlPrivateModule 2023-08-01T06:24:55Z logger.go:66:           - metadata = "INCLUDE_ALL_METADATA" -> null
TestMySqlPrivateModule 2023-08-01T06:24:55Z logger.go:66:         }
TestMySqlPrivateModule 2023-08-01T06:24:55Z logger.go:66:     }
TestMySqlPrivateModule 2023-08-01T06:24:55Z logger.go:66: 
TestMySqlPrivateModule 2023-08-01T06:24:55Z logger.go:66:   # module.firewall_rules.module.firewall_rules.google_compute_firewall.rules["cloudsql-ingress"] will be destroyed
TestMySqlPrivateModule 2023-08-01T06:24:55Z logger.go:66:   - resource "google_compute_firewall" "rules" {
TestMySqlPrivateModule 2023-08-01T06:24:55Z logger.go:66:       - creation_timestamp      = "2023-07-31T23:15:50.747-07:00" -> null
TestMySqlPrivateModule 2023-08-01T06:24:55Z logger.go:66:       - description             = "Creates firewall rule targeting tagged instances for cloudsql" -> null
TestMySqlPrivateModule 2023-08-01T06:24:55Z logger.go:66:       - destination_ranges      = [] -> null
TestMySqlPrivateModule 2023-08-01T06:24:55Z logger.go:66:       - direction               = "INGRESS" -> null
TestMySqlPrivateModule 2023-08-01T06:24:55Z logger.go:66:       - disabled                = false -> null
TestMySqlPrivateModule 2023-08-01T06:24:55Z logger.go:66:       - id                      = "projects/pm-singleproject-20/global/firewalls/cloudsql-ingress" -> null
TestMySqlPrivateModule 2023-08-01T06:24:55Z logger.go:66:       - name                    = "cloudsql-ingress" -> null
TestMySqlPrivateModule 2023-08-01T06:24:55Z logger.go:66:       - network                 = "https://www.googleapis.com/compute/v1/projects/pm-singleproject-20/global/networks/cloudsql-easy" -> null
TestMySqlPrivateModule 2023-08-01T06:24:55Z logger.go:66:       - priority                = 1000 -> null
TestMySqlPrivateModule 2023-08-01T06:24:55Z logger.go:66:       - project                 = "pm-singleproject-20" -> null
TestMySqlPrivateModule 2023-08-01T06:24:55Z logger.go:66:       - self_link               = "https://www.googleapis.com/compute/v1/projects/pm-singleproject-20/global/firewalls/cloudsql-ingress" -> null
TestMySqlPrivateModule 2023-08-01T06:24:55Z logger.go:66:       - source_ranges           = [] -> null
TestMySqlPrivateModule 2023-08-01T06:24:55Z logger.go:66:       - source_service_accounts = [
TestMySqlPrivateModule 2023-08-01T06:24:55Z logger.go:66:           - "gce-sa@pm-test-10-e90f.iam.gserviceaccount.com",
TestMySqlPrivateModule 2023-08-01T06:24:55Z logger.go:66:         ] -> null
TestMySqlPrivateModule 2023-08-01T06:24:55Z logger.go:66:       - source_tags             = [] -> null
TestMySqlPrivateModule 2023-08-01T06:24:55Z logger.go:66:       - target_service_accounts = [] -> null
TestMySqlPrivateModule 2023-08-01T06:24:55Z logger.go:66:       - target_tags             = [] -> null
TestMySqlPrivateModule 2023-08-01T06:24:55Z logger.go:66: 
TestMySqlPrivateModule 2023-08-01T06:24:55Z logger.go:66:       - allow {
TestMySqlPrivateModule 2023-08-01T06:24:55Z logger.go:66:           - ports    = [
TestMySqlPrivateModule 2023-08-01T06:24:55Z logger.go:66:               - "3306",
TestMySqlPrivateModule 2023-08-01T06:24:55Z logger.go:66:             ] -> null
TestMySqlPrivateModule 2023-08-01T06:24:55Z logger.go:66:           - protocol = "tcp" -> null
TestMySqlPrivateModule 2023-08-01T06:24:55Z logger.go:66:         }
TestMySqlPrivateModule 2023-08-01T06:24:55Z logger.go:66: 
TestMySqlPrivateModule 2023-08-01T06:24:55Z logger.go:66:       - log_config {
TestMySqlPrivateModule 2023-08-01T06:24:55Z logger.go:66:           - metadata = "INCLUDE_ALL_METADATA" -> null
TestMySqlPrivateModule 2023-08-01T06:24:55Z logger.go:66:         }
TestMySqlPrivateModule 2023-08-01T06:24:55Z logger.go:66:     }
TestMySqlPrivateModule 2023-08-01T06:24:55Z logger.go:66: 
TestMySqlPrivateModule 2023-08-01T06:24:55Z logger.go:66:   # module.google_compute_instance.module.compute_instance.google_compute_instance_from_template.compute_instance[0] will be destroyed
TestMySqlPrivateModule 2023-08-01T06:24:55Z logger.go:66:   - resource "google_compute_instance_from_template" "compute_instance" {
TestMySqlPrivateModule 2023-08-01T06:24:55Z logger.go:66:       - attached_disk            = [] -> null
TestMySqlPrivateModule 2023-08-01T06:24:55Z logger.go:66:       - can_ip_forward           = false -> null
TestMySqlPrivateModule 2023-08-01T06:24:55Z logger.go:66:       - cpu_platform             = "Intel Haswell" -> null
TestMySqlPrivateModule 2023-08-01T06:24:55Z logger.go:66:       - current_status           = "RUNNING" -> null
TestMySqlPrivateModule 2023-08-01T06:24:55Z logger.go:66:       - deletion_protection      = false -> null
TestMySqlPrivateModule 2023-08-01T06:24:55Z logger.go:66:       - enable_display           = false -> null
TestMySqlPrivateModule 2023-08-01T06:24:55Z logger.go:66:       - guest_accelerator        = [] -> null
TestMySqlPrivateModule 2023-08-01T06:24:55Z logger.go:66:       - id                       = "projects/pm-test-10-e90f/zones/us-central1-a/instances/default-001" -> null
TestMySqlPrivateModule 2023-08-01T06:24:55Z logger.go:66:       - instance_id              = "1121745637212494368" -> null
TestMySqlPrivateModule 2023-08-01T06:24:55Z logger.go:66:       - label_fingerprint        = "42WmSpB8rSM=" -> null
TestMySqlPrivateModule 2023-08-01T06:24:55Z logger.go:66:       - labels                   = {} -> null
TestMySqlPrivateModule 2023-08-01T06:24:55Z logger.go:66:       - machine_type             = "n1-standard-1" -> null
TestMySqlPrivateModule 2023-08-01T06:24:55Z logger.go:66:       - metadata                 = {
TestMySqlPrivateModule 2023-08-01T06:24:55Z logger.go:66:           - "enable-oslogin" = "true"
TestMySqlPrivateModule 2023-08-01T06:24:55Z logger.go:66:         } -> null
TestMySqlPrivateModule 2023-08-01T06:24:55Z logger.go:66:       - metadata_fingerprint     = "dbaDE7oSVw8=" -> null
TestMySqlPrivateModule 2023-08-01T06:24:55Z logger.go:66:       - metadata_startup_script  = <<-EOT
TestMySqlPrivateModule 2023-08-01T06:24:55Z logger.go:66:             #!/bin/sh
TestMySqlPrivateModule 2023-08-01T06:24:55Z logger.go:66:             echo " ====== setting up the my sql cient ===== "
TestMySqlPrivateModule 2023-08-01T06:24:55Z logger.go:66:             sudo apt-get -y update
TestMySqlPrivateModule 2023-08-01T06:24:55Z logger.go:66:             sudo apt-get -y install mariadb-client-10.6
TestMySqlPrivateModule 2023-08-01T06:24:55Z logger.go:66:             
TestMySqlPrivateModule 2023-08-01T06:24:55Z logger.go:66:             mysql --version
TestMySqlPrivateModule 2023-08-01T06:24:55Z logger.go:66:             
TestMySqlPrivateModule 2023-08-01T06:24:55Z logger.go:66:             echo " ====== setting up the cloud sql proxy ===== "
TestMySqlPrivateModule 2023-08-01T06:24:55Z logger.go:66:             curl -o cloud-sql-proxy https://storage.googleapis.com/cloud-sql-connectors/cloud-sql-proxy/v2.4.0/cloud-sql-proxy.linux.amd64
TestMySqlPrivateModule 2023-08-01T06:24:55Z logger.go:66:             chmod +x cloud-sql-proxy
TestMySqlPrivateModule 2023-08-01T06:24:55Z logger.go:66:             
TestMySqlPrivateModule 2023-08-01T06:24:55Z logger.go:66:             ./cloud-sql-proxy --version
TestMySqlPrivateModule 2023-08-01T06:24:55Z logger.go:66:             
TestMySqlPrivateModule 2023-08-01T06:24:55Z logger.go:66:             echo " ====== Startup Script Execution Complete ===== "
TestMySqlPrivateModule 2023-08-01T06:24:55Z logger.go:66:             
TestMySqlPrivateModule 2023-08-01T06:24:55Z logger.go:66:             #Creating database inside mysql instance using the private IP
TestMySqlPrivateModule 2023-08-01T06:24:55Z logger.go:66:             mysql --host=10.203.160.2 --user=default --password=8676a51dc64b94bf -e "create database test_db;"
TestMySqlPrivateModule 2023-08-01T06:24:55Z logger.go:66:         EOT -> null
TestMySqlPrivateModule 2023-08-01T06:24:55Z logger.go:66:       - name                     = "default-001" -> null
TestMySqlPrivateModule 2023-08-01T06:24:55Z logger.go:66:       - project                  = "pm-test-10-e90f" -> null
TestMySqlPrivateModule 2023-08-01T06:24:55Z logger.go:66:       - resource_policies        = [] -> null
TestMySqlPrivateModule 2023-08-01T06:24:55Z logger.go:66:       - scratch_disk             = [] -> null
TestMySqlPrivateModule 2023-08-01T06:24:55Z logger.go:66:       - self_link                = "https://www.googleapis.com/compute/v1/projects/pm-test-10-e90f/zones/us-central1-a/instances/default-001" -> null
TestMySqlPrivateModule 2023-08-01T06:24:55Z logger.go:66:       - service_account          = [
TestMySqlPrivateModule 2023-08-01T06:24:55Z logger.go:66:           - {
TestMySqlPrivateModule 2023-08-01T06:24:55Z logger.go:66:               - email  = "gce-sa@pm-test-10-e90f.iam.gserviceaccount.com"
TestMySqlPrivateModule 2023-08-01T06:24:55Z logger.go:66:               - scopes = [
TestMySqlPrivateModule 2023-08-01T06:24:55Z logger.go:66:                   - "https://www.googleapis.com/auth/cloud-platform",
TestMySqlPrivateModule 2023-08-01T06:24:55Z logger.go:66:                 ]
TestMySqlPrivateModule 2023-08-01T06:24:55Z logger.go:66:             },
TestMySqlPrivateModule 2023-08-01T06:24:55Z logger.go:66:         ] -> null
TestMySqlPrivateModule 2023-08-01T06:24:55Z logger.go:66:       - source_instance_template = "https://www.googleapis.com/compute/beta/projects/pm-test-10-e90f/global/instanceTemplates/default-instance-template-20230801062255995800000001" -> null
TestMySqlPrivateModule 2023-08-01T06:24:55Z logger.go:66:       - tags                     = [
TestMySqlPrivateModule 2023-08-01T06:24:55Z logger.go:66:           - "cloudsql",
TestMySqlPrivateModule 2023-08-01T06:24:55Z logger.go:66:         ] -> null
TestMySqlPrivateModule 2023-08-01T06:24:55Z logger.go:66:       - tags_fingerprint         = "zID9mAa2C3s=" -> null
TestMySqlPrivateModule 2023-08-01T06:24:55Z logger.go:66:       - zone                     = "us-central1-a" -> null
TestMySqlPrivateModule 2023-08-01T06:24:55Z logger.go:66: 
TestMySqlPrivateModule 2023-08-01T06:24:55Z logger.go:66:       - advanced_machine_features {
TestMySqlPrivateModule 2023-08-01T06:24:55Z logger.go:66:           - enable_nested_virtualization = false -> null
TestMySqlPrivateModule 2023-08-01T06:24:55Z logger.go:66:           - threads_per_core             = 0 -> null
TestMySqlPrivateModule 2023-08-01T06:24:55Z logger.go:66:         }
TestMySqlPrivateModule 2023-08-01T06:24:55Z logger.go:66: 
TestMySqlPrivateModule 2023-08-01T06:24:55Z logger.go:66:       - boot_disk {
TestMySqlPrivateModule 2023-08-01T06:24:55Z logger.go:66:           - auto_delete = true -> null
TestMySqlPrivateModule 2023-08-01T06:24:55Z logger.go:66:           - device_name = "persistent-disk-0" -> null
TestMySqlPrivateModule 2023-08-01T06:24:55Z logger.go:66:           - mode        = "READ_WRITE" -> null
TestMySqlPrivateModule 2023-08-01T06:24:55Z logger.go:66:           - source      = "https://www.googleapis.com/compute/v1/projects/pm-test-10-e90f/zones/us-central1-a/disks/default-001" -> null
TestMySqlPrivateModule 2023-08-01T06:24:55Z logger.go:66: 
TestMySqlPrivateModule 2023-08-01T06:24:55Z logger.go:66:           - initialize_params {
TestMySqlPrivateModule 2023-08-01T06:24:55Z logger.go:66:               - image  = "https://www.googleapis.com/compute/v1/projects/ubuntu-os-cloud/global/images/ubuntu-2204-jammy-v20230727" -> null
TestMySqlPrivateModule 2023-08-01T06:24:55Z logger.go:66:               - labels = {} -> null
TestMySqlPrivateModule 2023-08-01T06:24:55Z logger.go:66:               - size   = 100 -> null
TestMySqlPrivateModule 2023-08-01T06:24:55Z logger.go:66:               - type   = "pd-standard" -> null
TestMySqlPrivateModule 2023-08-01T06:24:55Z logger.go:66:             }
TestMySqlPrivateModule 2023-08-01T06:24:55Z logger.go:66:         }
TestMySqlPrivateModule 2023-08-01T06:24:55Z logger.go:66: 
TestMySqlPrivateModule 2023-08-01T06:24:55Z logger.go:66:       - confidential_instance_config {
TestMySqlPrivateModule 2023-08-01T06:24:55Z logger.go:66:           - enable_confidential_compute = false -> null
TestMySqlPrivateModule 2023-08-01T06:24:55Z logger.go:66:         }
TestMySqlPrivateModule 2023-08-01T06:24:55Z logger.go:66: 
TestMySqlPrivateModule 2023-08-01T06:24:55Z logger.go:66:       - network_interface {
TestMySqlPrivateModule 2023-08-01T06:24:55Z logger.go:66:           - access_config      = [
TestMySqlPrivateModule 2023-08-01T06:24:55Z logger.go:66:               - {
TestMySqlPrivateModule 2023-08-01T06:24:55Z logger.go:66:                   - nat_ip                 = "34.71.235.56"
TestMySqlPrivateModule 2023-08-01T06:24:55Z logger.go:66:                   - network_tier           = "PREMIUM"
TestMySqlPrivateModule 2023-08-01T06:24:55Z logger.go:66:                   - public_ptr_domain_name = ""
TestMySqlPrivateModule 2023-08-01T06:24:55Z logger.go:66:                 },
TestMySqlPrivateModule 2023-08-01T06:24:55Z logger.go:66:             ] -> null
TestMySqlPrivateModule 2023-08-01T06:24:55Z logger.go:66:           - alias_ip_range     = [] -> null
TestMySqlPrivateModule 2023-08-01T06:24:55Z logger.go:66:           - name               = "nic0" -> null
TestMySqlPrivateModule 2023-08-01T06:24:55Z logger.go:66:           - network            = "https://www.googleapis.com/compute/v1/projects/pm-singleproject-20/global/networks/cloudsql-easy" -> null
TestMySqlPrivateModule 2023-08-01T06:24:55Z logger.go:66:           - network_ip         = "10.2.0.2" -> null
TestMySqlPrivateModule 2023-08-01T06:24:55Z logger.go:66:           - stack_type         = "IPV4_ONLY" -> null
TestMySqlPrivateModule 2023-08-01T06:24:55Z logger.go:66:           - subnetwork         = "https://www.googleapis.com/compute/v1/projects/pm-singleproject-20/regions/us-central1/subnetworks/cloudsql-easy-subnet" -> null
TestMySqlPrivateModule 2023-08-01T06:24:55Z logger.go:66:           - subnetwork_project = "pm-singleproject-20" -> null
TestMySqlPrivateModule 2023-08-01T06:24:55Z logger.go:66:         }
TestMySqlPrivateModule 2023-08-01T06:24:55Z logger.go:66: 
TestMySqlPrivateModule 2023-08-01T06:24:55Z logger.go:66:       - scheduling {
TestMySqlPrivateModule 2023-08-01T06:24:55Z logger.go:66:           - automatic_restart   = true -> null
TestMySqlPrivateModule 2023-08-01T06:24:55Z logger.go:66:           - min_node_cpus       = 0 -> null
TestMySqlPrivateModule 2023-08-01T06:24:55Z logger.go:66:           - on_host_maintenance = "MIGRATE" -> null
TestMySqlPrivateModule 2023-08-01T06:24:55Z logger.go:66:           - preemptible         = false -> null
TestMySqlPrivateModule 2023-08-01T06:24:55Z logger.go:66:         }
TestMySqlPrivateModule 2023-08-01T06:24:55Z logger.go:66: 
TestMySqlPrivateModule 2023-08-01T06:24:55Z logger.go:66:       - shielded_instance_config {
TestMySqlPrivateModule 2023-08-01T06:24:55Z logger.go:66:           - enable_integrity_monitoring = true -> null
TestMySqlPrivateModule 2023-08-01T06:24:55Z logger.go:66:           - enable_secure_boot          = false -> null
TestMySqlPrivateModule 2023-08-01T06:24:55Z logger.go:66:           - enable_vtpm                 = true -> null
TestMySqlPrivateModule 2023-08-01T06:24:55Z logger.go:66:         }
TestMySqlPrivateModule 2023-08-01T06:24:55Z logger.go:66:     }
TestMySqlPrivateModule 2023-08-01T06:24:55Z logger.go:66: 
TestMySqlPrivateModule 2023-08-01T06:24:55Z logger.go:66:   # module.google_compute_instance.module.instance_template.google_compute_instance_template.tpl will be destroyed
TestMySqlPrivateModule 2023-08-01T06:24:55Z logger.go:66:   - resource "google_compute_instance_template" "tpl" {
TestMySqlPrivateModule 2023-08-01T06:24:55Z logger.go:66:       - can_ip_forward          = false -> null
TestMySqlPrivateModule 2023-08-01T06:24:55Z logger.go:66:       - id                      = "projects/pm-test-10-e90f/global/instanceTemplates/default-instance-template-20230801062255995800000001" -> null
TestMySqlPrivateModule 2023-08-01T06:24:55Z logger.go:66:       - machine_type            = "n1-standard-1" -> null
TestMySqlPrivateModule 2023-08-01T06:24:55Z logger.go:66:       - metadata                = {
TestMySqlPrivateModule 2023-08-01T06:24:55Z logger.go:66:           - "enable-oslogin" = "true"
TestMySqlPrivateModule 2023-08-01T06:24:55Z logger.go:66:         } -> null
TestMySqlPrivateModule 2023-08-01T06:24:55Z logger.go:66:       - metadata_fingerprint    = "dbaDE7oSVw8=" -> null
TestMySqlPrivateModule 2023-08-01T06:24:55Z logger.go:66:       - metadata_startup_script = <<-EOT
TestMySqlPrivateModule 2023-08-01T06:24:55Z logger.go:66:             #!/bin/sh
TestMySqlPrivateModule 2023-08-01T06:24:55Z logger.go:66:             echo " ====== setting up the my sql cient ===== "
TestMySqlPrivateModule 2023-08-01T06:24:55Z logger.go:66:             sudo apt-get -y update
TestMySqlPrivateModule 2023-08-01T06:24:55Z logger.go:66:             sudo apt-get -y install mariadb-client-10.6
TestMySqlPrivateModule 2023-08-01T06:24:55Z logger.go:66:             
TestMySqlPrivateModule 2023-08-01T06:24:55Z logger.go:66:             mysql --version
TestMySqlPrivateModule 2023-08-01T06:24:55Z logger.go:66:             
TestMySqlPrivateModule 2023-08-01T06:24:55Z logger.go:66:             echo " ====== setting up the cloud sql proxy ===== "
TestMySqlPrivateModule 2023-08-01T06:24:55Z logger.go:66:             curl -o cloud-sql-proxy https://storage.googleapis.com/cloud-sql-connectors/cloud-sql-proxy/v2.4.0/cloud-sql-proxy.linux.amd64
TestMySqlPrivateModule 2023-08-01T06:24:55Z logger.go:66:             chmod +x cloud-sql-proxy
TestMySqlPrivateModule 2023-08-01T06:24:55Z logger.go:66:             
TestMySqlPrivateModule 2023-08-01T06:24:55Z logger.go:66:             ./cloud-sql-proxy --version
TestMySqlPrivateModule 2023-08-01T06:24:55Z logger.go:66:             
TestMySqlPrivateModule 2023-08-01T06:24:55Z logger.go:66:             echo " ====== Startup Script Execution Complete ===== "
TestMySqlPrivateModule 2023-08-01T06:24:55Z logger.go:66:             
TestMySqlPrivateModule 2023-08-01T06:24:55Z logger.go:66:             #Creating database inside mysql instance using the private IP
TestMySqlPrivateModule 2023-08-01T06:24:55Z logger.go:66:             mysql --host=10.203.160.2 --user=default --password=8676a51dc64b94bf -e "create database test_db;"
TestMySqlPrivateModule 2023-08-01T06:24:55Z logger.go:66:         EOT -> null
TestMySqlPrivateModule 2023-08-01T06:24:55Z logger.go:66:       - name                    = "default-instance-template-20230801062255995800000001" -> null
TestMySqlPrivateModule 2023-08-01T06:24:55Z logger.go:66:       - name_prefix             = "default-instance-template-" -> null
TestMySqlPrivateModule 2023-08-01T06:24:55Z logger.go:66:       - project                 = "pm-test-10-e90f" -> null
TestMySqlPrivateModule 2023-08-01T06:24:55Z logger.go:66:       - region                  = "us-central1" -> null
TestMySqlPrivateModule 2023-08-01T06:24:55Z logger.go:66:       - self_link               = "https://www.googleapis.com/compute/beta/projects/pm-test-10-e90f/global/instanceTemplates/default-instance-template-20230801062255995800000001" -> null
TestMySqlPrivateModule 2023-08-01T06:24:55Z logger.go:66:       - tags                    = [
TestMySqlPrivateModule 2023-08-01T06:24:55Z logger.go:66:           - "cloudsql",
TestMySqlPrivateModule 2023-08-01T06:24:55Z logger.go:66:         ] -> null
TestMySqlPrivateModule 2023-08-01T06:24:55Z logger.go:66: 
TestMySqlPrivateModule 2023-08-01T06:24:55Z logger.go:66:       - advanced_machine_features {
TestMySqlPrivateModule 2023-08-01T06:24:55Z logger.go:66:           - enable_nested_virtualization = false -> null
TestMySqlPrivateModule 2023-08-01T06:24:55Z logger.go:66:           - threads_per_core             = 0 -> null
TestMySqlPrivateModule 2023-08-01T06:24:55Z logger.go:66:         }
TestMySqlPrivateModule 2023-08-01T06:24:55Z logger.go:66: 
TestMySqlPrivateModule 2023-08-01T06:24:55Z logger.go:66:       - confidential_instance_config {
TestMySqlPrivateModule 2023-08-01T06:24:55Z logger.go:66:           - enable_confidential_compute = false -> null
TestMySqlPrivateModule 2023-08-01T06:24:55Z logger.go:66:         }
TestMySqlPrivateModule 2023-08-01T06:24:55Z logger.go:66: 
TestMySqlPrivateModule 2023-08-01T06:24:55Z logger.go:66:       - disk {
TestMySqlPrivateModule 2023-08-01T06:24:55Z logger.go:66:           - auto_delete       = true -> null
TestMySqlPrivateModule 2023-08-01T06:24:55Z logger.go:66:           - boot              = true -> null
TestMySqlPrivateModule 2023-08-01T06:24:55Z logger.go:66:           - device_name       = "persistent-disk-0" -> null
TestMySqlPrivateModule 2023-08-01T06:24:55Z logger.go:66:           - disk_size_gb      = 100 -> null
TestMySqlPrivateModule 2023-08-01T06:24:55Z logger.go:66:           - disk_type         = "pd-standard" -> null
TestMySqlPrivateModule 2023-08-01T06:24:55Z logger.go:66:           - interface         = "SCSI" -> null
TestMySqlPrivateModule 2023-08-01T06:24:55Z logger.go:66:           - labels            = {} -> null
TestMySqlPrivateModule 2023-08-01T06:24:55Z logger.go:66:           - mode              = "READ_WRITE" -> null
TestMySqlPrivateModule 2023-08-01T06:24:55Z logger.go:66:           - resource_policies = [] -> null
TestMySqlPrivateModule 2023-08-01T06:24:55Z logger.go:66:           - source_image      = "projects/ubuntu-os-cloud/global/images/family/ubuntu-2204-lts" -> null
TestMySqlPrivateModule 2023-08-01T06:24:55Z logger.go:66:           - type              = "PERSISTENT" -> null
TestMySqlPrivateModule 2023-08-01T06:24:55Z logger.go:66:         }
TestMySqlPrivateModule 2023-08-01T06:24:55Z logger.go:66: 
TestMySqlPrivateModule 2023-08-01T06:24:55Z logger.go:66:       - network_interface {
TestMySqlPrivateModule 2023-08-01T06:24:55Z logger.go:66:           - name               = "nic0" -> null
TestMySqlPrivateModule 2023-08-01T06:24:55Z logger.go:66:           - network            = "https://www.googleapis.com/compute/v1/projects/pm-singleproject-20/global/networks/cloudsql-easy" -> null
TestMySqlPrivateModule 2023-08-01T06:24:55Z logger.go:66:           - subnetwork         = "https://www.googleapis.com/compute/v1/projects/pm-singleproject-20/regions/us-central1/subnetworks/cloudsql-easy-subnet" -> null
TestMySqlPrivateModule 2023-08-01T06:24:55Z logger.go:66:           - subnetwork_project = "pm-singleproject-20" -> null
TestMySqlPrivateModule 2023-08-01T06:24:55Z logger.go:66: 
TestMySqlPrivateModule 2023-08-01T06:24:55Z logger.go:66:           - access_config {
TestMySqlPrivateModule 2023-08-01T06:24:55Z logger.go:66:               - network_tier = "PREMIUM" -> null
TestMySqlPrivateModule 2023-08-01T06:24:55Z logger.go:66:             }
TestMySqlPrivateModule 2023-08-01T06:24:55Z logger.go:66:         }
TestMySqlPrivateModule 2023-08-01T06:24:55Z logger.go:66: 
TestMySqlPrivateModule 2023-08-01T06:24:55Z logger.go:66:       - scheduling {
TestMySqlPrivateModule 2023-08-01T06:24:55Z logger.go:66:           - automatic_restart   = true -> null
TestMySqlPrivateModule 2023-08-01T06:24:55Z logger.go:66:           - min_node_cpus       = 0 -> null
TestMySqlPrivateModule 2023-08-01T06:24:55Z logger.go:66:           - on_host_maintenance = "MIGRATE" -> null
TestMySqlPrivateModule 2023-08-01T06:24:55Z logger.go:66:           - preemptible         = false -> null
TestMySqlPrivateModule 2023-08-01T06:24:55Z logger.go:66:         }
TestMySqlPrivateModule 2023-08-01T06:24:55Z logger.go:66: 
TestMySqlPrivateModule 2023-08-01T06:24:55Z logger.go:66:       - service_account {
TestMySqlPrivateModule 2023-08-01T06:24:55Z logger.go:66:           - email  = "gce-sa@pm-test-10-e90f.iam.gserviceaccount.com" -> null
TestMySqlPrivateModule 2023-08-01T06:24:55Z logger.go:66:           - scopes = [
TestMySqlPrivateModule 2023-08-01T06:24:55Z logger.go:66:               - "https://www.googleapis.com/auth/cloud-platform",
TestMySqlPrivateModule 2023-08-01T06:24:55Z logger.go:66:             ] -> null
TestMySqlPrivateModule 2023-08-01T06:24:55Z logger.go:66:         }
TestMySqlPrivateModule 2023-08-01T06:24:55Z logger.go:66:     }
TestMySqlPrivateModule 2023-08-01T06:24:55Z logger.go:66: 
TestMySqlPrivateModule 2023-08-01T06:24:55Z logger.go:66:   # module.host_project.module.project_services.google_project_service.project_services["cloudresourcemanager.googleapis.com"] will be destroyed
TestMySqlPrivateModule 2023-08-01T06:24:55Z logger.go:66:   - resource "google_project_service" "project_services" {
TestMySqlPrivateModule 2023-08-01T06:24:55Z logger.go:66:       - disable_dependent_services = true -> null
TestMySqlPrivateModule 2023-08-01T06:24:55Z logger.go:66:       - disable_on_destroy         = false -> null
TestMySqlPrivateModule 2023-08-01T06:24:55Z logger.go:66:       - id                         = "pm-singleproject-20/cloudresourcemanager.googleapis.com" -> null
TestMySqlPrivateModule 2023-08-01T06:24:55Z logger.go:66:       - project                    = "pm-singleproject-20" -> null
TestMySqlPrivateModule 2023-08-01T06:24:55Z logger.go:66:       - service                    = "cloudresourcemanager.googleapis.com" -> null
TestMySqlPrivateModule 2023-08-01T06:24:55Z logger.go:66:     }
TestMySqlPrivateModule 2023-08-01T06:24:55Z logger.go:66: 
TestMySqlPrivateModule 2023-08-01T06:24:55Z logger.go:66:   # module.host_project.module.project_services.google_project_service.project_services["compute.googleapis.com"] will be destroyed
TestMySqlPrivateModule 2023-08-01T06:24:55Z logger.go:66:   - resource "google_project_service" "project_services" {
TestMySqlPrivateModule 2023-08-01T06:24:55Z logger.go:66:       - disable_dependent_services = true -> null
TestMySqlPrivateModule 2023-08-01T06:24:55Z logger.go:66:       - disable_on_destroy         = false -> null
TestMySqlPrivateModule 2023-08-01T06:24:55Z logger.go:66:       - id                         = "pm-singleproject-20/compute.googleapis.com" -> null
TestMySqlPrivateModule 2023-08-01T06:24:55Z logger.go:66:       - project                    = "pm-singleproject-20" -> null
TestMySqlPrivateModule 2023-08-01T06:24:55Z logger.go:66:       - service                    = "compute.googleapis.com" -> null
TestMySqlPrivateModule 2023-08-01T06:24:55Z logger.go:66:     }
TestMySqlPrivateModule 2023-08-01T06:24:55Z logger.go:66: 
TestMySqlPrivateModule 2023-08-01T06:24:55Z logger.go:66:   # module.host_project.module.project_services.google_project_service.project_services["iam.googleapis.com"] will be destroyed
TestMySqlPrivateModule 2023-08-01T06:24:55Z logger.go:66:   - resource "google_project_service" "project_services" {
TestMySqlPrivateModule 2023-08-01T06:24:55Z logger.go:66:       - disable_dependent_services = true -> null
TestMySqlPrivateModule 2023-08-01T06:24:55Z logger.go:66:       - disable_on_destroy         = false -> null
TestMySqlPrivateModule 2023-08-01T06:24:55Z logger.go:66:       - id                         = "pm-singleproject-20/iam.googleapis.com" -> null
TestMySqlPrivateModule 2023-08-01T06:24:55Z logger.go:66:       - project                    = "pm-singleproject-20" -> null
TestMySqlPrivateModule 2023-08-01T06:24:55Z logger.go:66:       - service                    = "iam.googleapis.com" -> null
TestMySqlPrivateModule 2023-08-01T06:24:55Z logger.go:66:     }
TestMySqlPrivateModule 2023-08-01T06:24:55Z logger.go:66: 
TestMySqlPrivateModule 2023-08-01T06:24:55Z logger.go:66:   # module.host_project.module.project_services.google_project_service.project_services["logging.googleapis.com"] will be destroyed
TestMySqlPrivateModule 2023-08-01T06:24:55Z logger.go:66:   - resource "google_project_service" "project_services" {
TestMySqlPrivateModule 2023-08-01T06:24:55Z logger.go:66:       - disable_dependent_services = true -> null
TestMySqlPrivateModule 2023-08-01T06:24:55Z logger.go:66:       - disable_on_destroy         = false -> null
TestMySqlPrivateModule 2023-08-01T06:24:55Z logger.go:66:       - id                         = "pm-singleproject-20/logging.googleapis.com" -> null
TestMySqlPrivateModule 2023-08-01T06:24:55Z logger.go:66:       - project                    = "pm-singleproject-20" -> null
TestMySqlPrivateModule 2023-08-01T06:24:55Z logger.go:66:       - service                    = "logging.googleapis.com" -> null
TestMySqlPrivateModule 2023-08-01T06:24:55Z logger.go:66:     }
TestMySqlPrivateModule 2023-08-01T06:24:55Z logger.go:66: 
TestMySqlPrivateModule 2023-08-01T06:24:55Z logger.go:66:   # module.host_project.module.project_services.google_project_service.project_services["monitoring.googleapis.com"] will be destroyed
TestMySqlPrivateModule 2023-08-01T06:24:55Z logger.go:66:   - resource "google_project_service" "project_services" {
TestMySqlPrivateModule 2023-08-01T06:24:55Z logger.go:66:       - disable_dependent_services = true -> null
TestMySqlPrivateModule 2023-08-01T06:24:55Z logger.go:66:       - disable_on_destroy         = false -> null
TestMySqlPrivateModule 2023-08-01T06:24:55Z logger.go:66:       - id                         = "pm-singleproject-20/monitoring.googleapis.com" -> null
TestMySqlPrivateModule 2023-08-01T06:24:55Z logger.go:66:       - project                    = "pm-singleproject-20" -> null
TestMySqlPrivateModule 2023-08-01T06:24:55Z logger.go:66:       - service                    = "monitoring.googleapis.com" -> null
TestMySqlPrivateModule 2023-08-01T06:24:55Z logger.go:66:     }
TestMySqlPrivateModule 2023-08-01T06:24:55Z logger.go:66: 
TestMySqlPrivateModule 2023-08-01T06:24:55Z logger.go:66:   # module.host_project.module.project_services.google_project_service.project_services["servicenetworking.googleapis.com"] will be destroyed
TestMySqlPrivateModule 2023-08-01T06:24:55Z logger.go:66:   - resource "google_project_service" "project_services" {
TestMySqlPrivateModule 2023-08-01T06:24:55Z logger.go:66:       - disable_dependent_services = true -> null
TestMySqlPrivateModule 2023-08-01T06:24:55Z logger.go:66:       - disable_on_destroy         = false -> null
TestMySqlPrivateModule 2023-08-01T06:24:55Z logger.go:66:       - id                         = "pm-singleproject-20/servicenetworking.googleapis.com" -> null
TestMySqlPrivateModule 2023-08-01T06:24:55Z logger.go:66:       - project                    = "pm-singleproject-20" -> null
TestMySqlPrivateModule 2023-08-01T06:24:55Z logger.go:66:       - service                    = "servicenetworking.googleapis.com" -> null
TestMySqlPrivateModule 2023-08-01T06:24:55Z logger.go:66:     }
TestMySqlPrivateModule 2023-08-01T06:24:55Z logger.go:66: 
TestMySqlPrivateModule 2023-08-01T06:24:55Z logger.go:66:   # module.host_project.module.project_services.google_project_service.project_services["sqladmin.googleapis.com"] will be destroyed
TestMySqlPrivateModule 2023-08-01T06:24:55Z logger.go:66:   - resource "google_project_service" "project_services" {
TestMySqlPrivateModule 2023-08-01T06:24:55Z logger.go:66:       - disable_dependent_services = true -> null
TestMySqlPrivateModule 2023-08-01T06:24:55Z logger.go:66:       - disable_on_destroy         = false -> null
TestMySqlPrivateModule 2023-08-01T06:24:55Z logger.go:66:       - id                         = "pm-singleproject-20/sqladmin.googleapis.com" -> null
TestMySqlPrivateModule 2023-08-01T06:24:55Z logger.go:66:       - project                    = "pm-singleproject-20" -> null
TestMySqlPrivateModule 2023-08-01T06:24:55Z logger.go:66:       - service                    = "sqladmin.googleapis.com" -> null
TestMySqlPrivateModule 2023-08-01T06:24:55Z logger.go:66:     }
TestMySqlPrivateModule 2023-08-01T06:24:55Z logger.go:66: 
TestMySqlPrivateModule 2023-08-01T06:24:55Z logger.go:66:   # module.project_services.module.project_services.google_project_service.project_services["cloudresourcemanager.googleapis.com"] will be destroyed
TestMySqlPrivateModule 2023-08-01T06:24:55Z logger.go:66:   - resource "google_project_service" "project_services" {
TestMySqlPrivateModule 2023-08-01T06:24:55Z logger.go:66:       - disable_dependent_services = true -> null
TestMySqlPrivateModule 2023-08-01T06:24:55Z logger.go:66:       - disable_on_destroy         = false -> null
TestMySqlPrivateModule 2023-08-01T06:24:55Z logger.go:66:       - id                         = "pm-test-10-e90f/cloudresourcemanager.googleapis.com" -> null
TestMySqlPrivateModule 2023-08-01T06:24:55Z logger.go:66:       - project                    = "pm-test-10-e90f" -> null
TestMySqlPrivateModule 2023-08-01T06:24:55Z logger.go:66:       - service                    = "cloudresourcemanager.googleapis.com" -> null
TestMySqlPrivateModule 2023-08-01T06:24:55Z logger.go:66:     }
TestMySqlPrivateModule 2023-08-01T06:24:55Z logger.go:66: 
TestMySqlPrivateModule 2023-08-01T06:24:55Z logger.go:66:   # module.project_services.module.project_services.google_project_service.project_services["compute.googleapis.com"] will be destroyed
TestMySqlPrivateModule 2023-08-01T06:24:55Z logger.go:66:   - resource "google_project_service" "project_services" {
TestMySqlPrivateModule 2023-08-01T06:24:55Z logger.go:66:       - disable_dependent_services = true -> null
TestMySqlPrivateModule 2023-08-01T06:24:55Z logger.go:66:       - disable_on_destroy         = false -> null
TestMySqlPrivateModule 2023-08-01T06:24:55Z logger.go:66:       - id                         = "pm-test-10-e90f/compute.googleapis.com" -> null
TestMySqlPrivateModule 2023-08-01T06:24:55Z logger.go:66:       - project                    = "pm-test-10-e90f" -> null
TestMySqlPrivateModule 2023-08-01T06:24:55Z logger.go:66:       - service                    = "compute.googleapis.com" -> null
TestMySqlPrivateModule 2023-08-01T06:24:55Z logger.go:66:     }
TestMySqlPrivateModule 2023-08-01T06:24:55Z logger.go:66: 
TestMySqlPrivateModule 2023-08-01T06:24:55Z logger.go:66:   # module.project_services.module.project_services.google_project_service.project_services["iam.googleapis.com"] will be destroyed
TestMySqlPrivateModule 2023-08-01T06:24:55Z logger.go:66:   - resource "google_project_service" "project_services" {
TestMySqlPrivateModule 2023-08-01T06:24:55Z logger.go:66:       - disable_dependent_services = true -> null
TestMySqlPrivateModule 2023-08-01T06:24:55Z logger.go:66:       - disable_on_destroy         = false -> null
TestMySqlPrivateModule 2023-08-01T06:24:55Z logger.go:66:       - id                         = "pm-test-10-e90f/iam.googleapis.com" -> null
TestMySqlPrivateModule 2023-08-01T06:24:55Z logger.go:66:       - project                    = "pm-test-10-e90f" -> null
TestMySqlPrivateModule 2023-08-01T06:24:55Z logger.go:66:       - service                    = "iam.googleapis.com" -> null
TestMySqlPrivateModule 2023-08-01T06:24:55Z logger.go:66:     }
TestMySqlPrivateModule 2023-08-01T06:24:55Z logger.go:66: 
TestMySqlPrivateModule 2023-08-01T06:24:55Z logger.go:66:   # module.project_services.module.project_services.google_project_service.project_services["logging.googleapis.com"] will be destroyed
TestMySqlPrivateModule 2023-08-01T06:24:55Z logger.go:66:   - resource "google_project_service" "project_services" {
TestMySqlPrivateModule 2023-08-01T06:24:55Z logger.go:66:       - disable_dependent_services = true -> null
TestMySqlPrivateModule 2023-08-01T06:24:55Z logger.go:66:       - disable_on_destroy         = false -> null
TestMySqlPrivateModule 2023-08-01T06:24:55Z logger.go:66:       - id                         = "pm-test-10-e90f/logging.googleapis.com" -> null
TestMySqlPrivateModule 2023-08-01T06:24:55Z logger.go:66:       - project                    = "pm-test-10-e90f" -> null
TestMySqlPrivateModule 2023-08-01T06:24:55Z logger.go:66:       - service                    = "logging.googleapis.com" -> null
TestMySqlPrivateModule 2023-08-01T06:24:55Z logger.go:66:     }
TestMySqlPrivateModule 2023-08-01T06:24:55Z logger.go:66: 
TestMySqlPrivateModule 2023-08-01T06:24:55Z logger.go:66:   # module.project_services.module.project_services.google_project_service.project_services["monitoring.googleapis.com"] will be destroyed
TestMySqlPrivateModule 2023-08-01T06:24:55Z logger.go:66:   - resource "google_project_service" "project_services" {
TestMySqlPrivateModule 2023-08-01T06:24:55Z logger.go:66:       - disable_dependent_services = true -> null
TestMySqlPrivateModule 2023-08-01T06:24:55Z logger.go:66:       - disable_on_destroy         = false -> null
TestMySqlPrivateModule 2023-08-01T06:24:55Z logger.go:66:       - id                         = "pm-test-10-e90f/monitoring.googleapis.com" -> null
TestMySqlPrivateModule 2023-08-01T06:24:55Z logger.go:66:       - project                    = "pm-test-10-e90f" -> null
TestMySqlPrivateModule 2023-08-01T06:24:55Z logger.go:66:       - service                    = "monitoring.googleapis.com" -> null
TestMySqlPrivateModule 2023-08-01T06:24:55Z logger.go:66:     }
TestMySqlPrivateModule 2023-08-01T06:24:55Z logger.go:66: 
TestMySqlPrivateModule 2023-08-01T06:24:55Z logger.go:66:   # module.project_services.module.project_services.google_project_service.project_services["servicenetworking.googleapis.com"] will be destroyed
TestMySqlPrivateModule 2023-08-01T06:24:55Z logger.go:66:   - resource "google_project_service" "project_services" {
TestMySqlPrivateModule 2023-08-01T06:24:55Z logger.go:66:       - disable_dependent_services = true -> null
TestMySqlPrivateModule 2023-08-01T06:24:55Z logger.go:66:       - disable_on_destroy         = false -> null
TestMySqlPrivateModule 2023-08-01T06:24:55Z logger.go:66:       - id                         = "pm-test-10-e90f/servicenetworking.googleapis.com" -> null
TestMySqlPrivateModule 2023-08-01T06:24:55Z logger.go:66:       - project                    = "pm-test-10-e90f" -> null
TestMySqlPrivateModule 2023-08-01T06:24:55Z logger.go:66:       - service                    = "servicenetworking.googleapis.com" -> null
TestMySqlPrivateModule 2023-08-01T06:24:55Z logger.go:66:     }
TestMySqlPrivateModule 2023-08-01T06:24:55Z logger.go:66: 
TestMySqlPrivateModule 2023-08-01T06:24:55Z logger.go:66:   # module.project_services.module.project_services.google_project_service.project_services["sqladmin.googleapis.com"] will be destroyed
TestMySqlPrivateModule 2023-08-01T06:24:55Z logger.go:66:   - resource "google_project_service" "project_services" {
TestMySqlPrivateModule 2023-08-01T06:24:55Z logger.go:66:       - disable_dependent_services = true -> null
TestMySqlPrivateModule 2023-08-01T06:24:55Z logger.go:66:       - disable_on_destroy         = false -> null
TestMySqlPrivateModule 2023-08-01T06:24:55Z logger.go:66:       - id                         = "pm-test-10-e90f/sqladmin.googleapis.com" -> null
TestMySqlPrivateModule 2023-08-01T06:24:55Z logger.go:66:       - project                    = "pm-test-10-e90f" -> null
TestMySqlPrivateModule 2023-08-01T06:24:55Z logger.go:66:       - service                    = "sqladmin.googleapis.com" -> null
TestMySqlPrivateModule 2023-08-01T06:24:55Z logger.go:66:     }
TestMySqlPrivateModule 2023-08-01T06:24:55Z logger.go:66: 
TestMySqlPrivateModule 2023-08-01T06:24:55Z logger.go:66:   # module.sql-db.module.mysql[0].google_sql_database.default[0] will be destroyed
TestMySqlPrivateModule 2023-08-01T06:24:55Z logger.go:66:   - resource "google_sql_database" "default" {
TestMySqlPrivateModule 2023-08-01T06:24:55Z logger.go:66:       - charset   = "utf8mb4" -> null
TestMySqlPrivateModule 2023-08-01T06:24:55Z logger.go:66:       - collation = "utf8mb4_0900_ai_ci" -> null
TestMySqlPrivateModule 2023-08-01T06:24:55Z logger.go:66:       - id        = "projects/pm-test-10-e90f/instances/cn-sqlinstance10-test-uya/databases/default" -> null
TestMySqlPrivateModule 2023-08-01T06:24:55Z logger.go:66:       - instance  = "cn-sqlinstance10-test-uya" -> null
TestMySqlPrivateModule 2023-08-01T06:24:55Z logger.go:66:       - name      = "default" -> null
TestMySqlPrivateModule 2023-08-01T06:24:55Z logger.go:66:       - project   = "pm-test-10-e90f" -> null
TestMySqlPrivateModule 2023-08-01T06:24:55Z logger.go:66:       - self_link = "https://sqladmin.googleapis.com/sql/v1beta4/projects/pm-test-10-e90f/instances/cn-sqlinstance10-test-uya/databases/default" -> null
TestMySqlPrivateModule 2023-08-01T06:24:55Z logger.go:66:     }
TestMySqlPrivateModule 2023-08-01T06:24:55Z logger.go:66: 
TestMySqlPrivateModule 2023-08-01T06:24:55Z logger.go:66:   # module.sql-db.module.mysql[0].google_sql_database_instance.default will be destroyed
TestMySqlPrivateModule 2023-08-01T06:24:55Z logger.go:66:   - resource "google_sql_database_instance" "default" {
TestMySqlPrivateModule 2023-08-01T06:24:55Z logger.go:66:       - connection_name               = "pm-test-10-e90f:us-central1:cn-sqlinstance10-test-uya" -> null
TestMySqlPrivateModule 2023-08-01T06:24:55Z logger.go:66:       - database_version              = "MYSQL_8_0" -> null
TestMySqlPrivateModule 2023-08-01T06:24:55Z logger.go:66:       - deletion_protection           = false -> null
TestMySqlPrivateModule 2023-08-01T06:24:55Z logger.go:66:       - first_ip_address              = "10.203.160.2" -> null
TestMySqlPrivateModule 2023-08-01T06:24:55Z logger.go:66:       - id                            = "cn-sqlinstance10-test-uya" -> null
TestMySqlPrivateModule 2023-08-01T06:24:55Z logger.go:66:       - ip_address                    = [
TestMySqlPrivateModule 2023-08-01T06:24:55Z logger.go:66:           - {
TestMySqlPrivateModule 2023-08-01T06:24:55Z logger.go:66:               - ip_address     = "10.203.160.2"
TestMySqlPrivateModule 2023-08-01T06:24:55Z logger.go:66:               - time_to_retire = ""
TestMySqlPrivateModule 2023-08-01T06:24:55Z logger.go:66:               - type           = "PRIVATE"
TestMySqlPrivateModule 2023-08-01T06:24:55Z logger.go:66:             },
TestMySqlPrivateModule 2023-08-01T06:24:55Z logger.go:66:         ] -> null
TestMySqlPrivateModule 2023-08-01T06:24:55Z logger.go:66:       - name                          = "cn-sqlinstance10-test-uya" -> null
TestMySqlPrivateModule 2023-08-01T06:24:55Z logger.go:66:       - private_ip_address            = "10.203.160.2" -> null
TestMySqlPrivateModule 2023-08-01T06:24:55Z logger.go:66:       - project                       = "pm-test-10-e90f" -> null
TestMySqlPrivateModule 2023-08-01T06:24:55Z logger.go:66:       - region                        = "us-central1" -> null
TestMySqlPrivateModule 2023-08-01T06:24:55Z logger.go:66:       - self_link                     = "https://sqladmin.googleapis.com/sql/v1beta4/projects/pm-test-10-e90f/instances/cn-sqlinstance10-test-uya" -> null
TestMySqlPrivateModule 2023-08-01T06:24:55Z logger.go:66:       - server_ca_cert                = [
TestMySqlPrivateModule 2023-08-01T06:24:55Z logger.go:66:           - {
TestMySqlPrivateModule 2023-08-01T06:24:55Z logger.go:66:               - cert             = <<-EOT
TestMySqlPrivateModule 2023-08-01T06:24:55Z logger.go:66:                     -----BEGIN CERTIFICATE-----
TestMySqlPrivateModule 2023-08-01T06:24:55Z logger.go:66:                     MIIDfzCCAmegAwIBAgIBADANBgkqhkiG9w0BAQsFADB3MS0wKwYDVQQuEyQ0OWM2
TestMySqlPrivateModule 2023-08-01T06:24:55Z logger.go:66:                     MjE4YS1iNzE0LTQ2MGUtYjQ2ZS1iNDUwMWIwYWFkNDUxIzAhBgNVBAMTGkdvb2ds
TestMySqlPrivateModule 2023-08-01T06:24:55Z logger.go:66:                     ZSBDbG91ZCBTUUwgU2VydmVyIENBMRQwEgYDVQQKEwtHb29nbGUsIEluYzELMAkG
TestMySqlPrivateModule 2023-08-01T06:24:55Z logger.go:66:                     A1UEBhMCVVMwHhcNMjMwODAxMDYxNzU1WhcNMzMwNzI5MDYxODU1WjB3MS0wKwYD
TestMySqlPrivateModule 2023-08-01T06:24:55Z logger.go:66:                     VQQuEyQ0OWM2MjE4YS1iNzE0LTQ2MGUtYjQ2ZS1iNDUwMWIwYWFkNDUxIzAhBgNV
TestMySqlPrivateModule 2023-08-01T06:24:55Z logger.go:66:                     BAMTGkdvb2dsZSBDbG91ZCBTUUwgU2VydmVyIENBMRQwEgYDVQQKEwtHb29nbGUs
TestMySqlPrivateModule 2023-08-01T06:24:55Z logger.go:66:                     IEluYzELMAkGA1UEBhMCVVMwggEiMA0GCSqGSIb3DQEBAQUAA4IBDwAwggEKAoIB
TestMySqlPrivateModule 2023-08-01T06:24:55Z logger.go:66:                     AQCVADa1hN5tezvSTWLQ7D6hCh8mE2FsN1XNIXgafHqet9l5a8eRXRHs2BQy/Jd0
TestMySqlPrivateModule 2023-08-01T06:24:55Z logger.go:66:                     violM+8NNamsQVsTHPDaAP+6fSGsJlWM/16IVR9Qc10TpeljFbB9XzP9O13X38u8
TestMySqlPrivateModule 2023-08-01T06:24:55Z logger.go:66:                     HCgayRaXskH6L8HTGYAsOpLi8XkwfM73B/W+AmCBh00X4M3nUlLYczMLGPgIizAL
TestMySqlPrivateModule 2023-08-01T06:24:55Z logger.go:66:                     vlou66OObumLuI11/5udO31xZ83Bhbe+ouHxtC6ctGwz+O1z1QsH3GFXvHeX+AuU
TestMySqlPrivateModule 2023-08-01T06:24:55Z logger.go:66:                     LhzOhbyBIyQrXq2denAFaye11q76NGqvyJj5Dg4ooGc8BwZL4S1Qi+x/5N7NP8q8
TestMySqlPrivateModule 2023-08-01T06:24:55Z logger.go:66:                     9uEu/uK7YPY9kgyuLeyN3yt1AgMBAAGjFjAUMBIGA1UdEwEB/wQIMAYBAf8CAQAw
TestMySqlPrivateModule 2023-08-01T06:24:55Z logger.go:66:                     DQYJKoZIhvcNAQELBQADggEBAIQ/hG3+12/Lk0Nsgh+dJ+rVxXzACBbCt52Vx/Cx
TestMySqlPrivateModule 2023-08-01T06:24:55Z logger.go:66:                     IN+zXixET0Hh0YEF/qZMQFWjgc3Nb9hTthOElaZ63D5H7f8kX1KycZyPXY29lTJ2
TestMySqlPrivateModule 2023-08-01T06:24:55Z logger.go:66:                     Cm9oAerYufxPe3bmnNhQWDqE+LSd0ghln6l595LVmEBTAYttGQ+7i4knmHhFl8h1
TestMySqlPrivateModule 2023-08-01T06:24:55Z logger.go:66:                     S9y0eemrWycL9fzYTn0CkYFcFCKuCjrdXllmykdu9lL1phchmDAPMREXELjQEIWI
TestMySqlPrivateModule 2023-08-01T06:24:55Z logger.go:66:                     Uh6Ug+cNZqNKQeb6z9gJoulx94XLB8UdrodZqKtkoKDxS55z/Xcrv9cDx6jvsHTP
TestMySqlPrivateModule 2023-08-01T06:24:55Z logger.go:66:                     88Kf8xm0yrLzdaPjQcV+QmTHiVnQF0F8KhNX5kcZdvdE1ys=
TestMySqlPrivateModule 2023-08-01T06:24:55Z logger.go:66:                     -----END CERTIFICATE-----
TestMySqlPrivateModule 2023-08-01T06:24:55Z logger.go:66:                 EOT
TestMySqlPrivateModule 2023-08-01T06:24:55Z logger.go:66:               - common_name      = "C=US,O=Google\\, Inc,CN=Google Cloud SQL Server CA,dnQualifier=49c6218a-b714-460e-b46e-b4501b0aad45"
TestMySqlPrivateModule 2023-08-01T06:24:55Z logger.go:66:               - create_time      = "2023-08-01T06:17:55.926Z"
TestMySqlPrivateModule 2023-08-01T06:24:55Z logger.go:66:               - expiration_time  = "2033-07-29T06:18:55.926Z"
TestMySqlPrivateModule 2023-08-01T06:24:55Z logger.go:66:               - sha1_fingerprint = "f0532dc59e49daf4abd97d05d3bf78412d6116ff"
TestMySqlPrivateModule 2023-08-01T06:24:55Z logger.go:66:             },
TestMySqlPrivateModule 2023-08-01T06:24:55Z logger.go:66:         ] -> null
TestMySqlPrivateModule 2023-08-01T06:24:55Z logger.go:66:       - service_account_email_address = "p634729967098-k7d6jw@gcp-sa-cloud-sql.iam.gserviceaccount.com" -> null
TestMySqlPrivateModule 2023-08-01T06:24:55Z logger.go:66: 
TestMySqlPrivateModule 2023-08-01T06:24:55Z logger.go:66:       - settings {
TestMySqlPrivateModule 2023-08-01T06:24:55Z logger.go:66:           - activation_policy           = "ALWAYS" -> null
TestMySqlPrivateModule 2023-08-01T06:24:55Z logger.go:66:           - authorized_gae_applications = [] -> null
TestMySqlPrivateModule 2023-08-01T06:24:55Z logger.go:66:           - availability_type           = "REGIONAL" -> null
TestMySqlPrivateModule 2023-08-01T06:24:55Z logger.go:66:           - crash_safe_replication      = false -> null
TestMySqlPrivateModule 2023-08-01T06:24:55Z logger.go:66:           - disk_autoresize             = true -> null
TestMySqlPrivateModule 2023-08-01T06:24:55Z logger.go:66:           - disk_autoresize_limit       = 0 -> null
TestMySqlPrivateModule 2023-08-01T06:24:55Z logger.go:66:           - disk_size                   = 10 -> null
TestMySqlPrivateModule 2023-08-01T06:24:55Z logger.go:66:           - disk_type                   = "PD_SSD" -> null
TestMySqlPrivateModule 2023-08-01T06:24:55Z logger.go:66:           - pricing_plan                = "PER_USE" -> null
TestMySqlPrivateModule 2023-08-01T06:24:55Z logger.go:66:           - replication_type            = "SYNCHRONOUS" -> null
TestMySqlPrivateModule 2023-08-01T06:24:55Z logger.go:66:           - tier                        = "db-n1-standard-1" -> null
TestMySqlPrivateModule 2023-08-01T06:24:55Z logger.go:66:           - user_labels                 = {} -> null
TestMySqlPrivateModule 2023-08-01T06:24:55Z logger.go:66:           - version                     = 4 -> null
TestMySqlPrivateModule 2023-08-01T06:24:55Z logger.go:66: 
TestMySqlPrivateModule 2023-08-01T06:24:55Z logger.go:66:           - backup_configuration {
TestMySqlPrivateModule 2023-08-01T06:24:55Z logger.go:66:               - binary_log_enabled             = true -> null
TestMySqlPrivateModule 2023-08-01T06:24:55Z logger.go:66:               - enabled                        = true -> null
TestMySqlPrivateModule 2023-08-01T06:24:55Z logger.go:66:               - point_in_time_recovery_enabled = false -> null
TestMySqlPrivateModule 2023-08-01T06:24:55Z logger.go:66:               - start_time                     = "16:00" -> null
TestMySqlPrivateModule 2023-08-01T06:24:55Z logger.go:66:               - transaction_log_retention_days = 7 -> null
TestMySqlPrivateModule 2023-08-01T06:24:55Z logger.go:66: 
TestMySqlPrivateModule 2023-08-01T06:24:55Z logger.go:66:               - backup_retention_settings {
TestMySqlPrivateModule 2023-08-01T06:24:55Z logger.go:66:                   - retained_backups = 7 -> null
TestMySqlPrivateModule 2023-08-01T06:24:55Z logger.go:66:                   - retention_unit   = "COUNT" -> null
TestMySqlPrivateModule 2023-08-01T06:24:55Z logger.go:66:                 }
TestMySqlPrivateModule 2023-08-01T06:24:55Z logger.go:66:             }
TestMySqlPrivateModule 2023-08-01T06:24:55Z logger.go:66: 
TestMySqlPrivateModule 2023-08-01T06:24:55Z logger.go:66:           - ip_configuration {
TestMySqlPrivateModule 2023-08-01T06:24:55Z logger.go:66:               - ipv4_enabled    = false -> null
TestMySqlPrivateModule 2023-08-01T06:24:55Z logger.go:66:               - private_network = "projects/pm-singleproject-20/global/networks/cloudsql-easy" -> null
TestMySqlPrivateModule 2023-08-01T06:24:55Z logger.go:66:               - require_ssl     = false -> null
TestMySqlPrivateModule 2023-08-01T06:24:55Z logger.go:66:             }
TestMySqlPrivateModule 2023-08-01T06:24:55Z logger.go:66: 
TestMySqlPrivateModule 2023-08-01T06:24:55Z logger.go:66:           - location_preference {
TestMySqlPrivateModule 2023-08-01T06:24:55Z logger.go:66:               - zone = "us-central1-a" -> null
TestMySqlPrivateModule 2023-08-01T06:24:55Z logger.go:66:             }
TestMySqlPrivateModule 2023-08-01T06:24:55Z logger.go:66: 
TestMySqlPrivateModule 2023-08-01T06:24:55Z logger.go:66:           - maintenance_window {
TestMySqlPrivateModule 2023-08-01T06:24:55Z logger.go:66:               - day          = 1 -> null
TestMySqlPrivateModule 2023-08-01T06:24:55Z logger.go:66:               - hour         = 23 -> null
TestMySqlPrivateModule 2023-08-01T06:24:55Z logger.go:66:               - update_track = "canary" -> null
TestMySqlPrivateModule 2023-08-01T06:24:55Z logger.go:66:             }
TestMySqlPrivateModule 2023-08-01T06:24:55Z logger.go:66:         }
TestMySqlPrivateModule 2023-08-01T06:24:55Z logger.go:66: 
TestMySqlPrivateModule 2023-08-01T06:24:55Z logger.go:66:       - timeouts {
TestMySqlPrivateModule 2023-08-01T06:24:55Z logger.go:66:           - create = "10m" -> null
TestMySqlPrivateModule 2023-08-01T06:24:55Z logger.go:66:           - delete = "10m" -> null
TestMySqlPrivateModule 2023-08-01T06:24:55Z logger.go:66:           - update = "10m" -> null
TestMySqlPrivateModule 2023-08-01T06:24:55Z logger.go:66:         }
TestMySqlPrivateModule 2023-08-01T06:24:55Z logger.go:66:     }
TestMySqlPrivateModule 2023-08-01T06:24:55Z logger.go:66: 
TestMySqlPrivateModule 2023-08-01T06:24:55Z logger.go:66:   # module.sql-db.module.mysql[0].google_sql_user.default[0] will be destroyed
TestMySqlPrivateModule 2023-08-01T06:24:55Z logger.go:66:   - resource "google_sql_user" "default" {
TestMySqlPrivateModule 2023-08-01T06:24:55Z logger.go:66:       - host     = "%" -> null
TestMySqlPrivateModule 2023-08-01T06:24:55Z logger.go:66:       - id       = "default/%/cn-sqlinstance10-test-uya" -> null
TestMySqlPrivateModule 2023-08-01T06:24:55Z logger.go:66:       - instance = "cn-sqlinstance10-test-uya" -> null
TestMySqlPrivateModule 2023-08-01T06:24:55Z logger.go:66:       - name     = "default" -> null
TestMySqlPrivateModule 2023-08-01T06:24:55Z logger.go:66:       - password = (sensitive value) -> null
TestMySqlPrivateModule 2023-08-01T06:24:55Z logger.go:66:       - project  = "pm-test-10-e90f" -> null
TestMySqlPrivateModule 2023-08-01T06:24:55Z logger.go:66:     }
TestMySqlPrivateModule 2023-08-01T06:24:55Z logger.go:66: 
TestMySqlPrivateModule 2023-08-01T06:24:55Z logger.go:66:   # module.sql-db.module.mysql[0].null_resource.module_depends_on will be destroyed
TestMySqlPrivateModule 2023-08-01T06:24:55Z logger.go:66:   - resource "null_resource" "module_depends_on" {
TestMySqlPrivateModule 2023-08-01T06:24:55Z logger.go:66:       - id       = "4799526082032366795" -> null
TestMySqlPrivateModule 2023-08-01T06:24:55Z logger.go:66:       - triggers = {
TestMySqlPrivateModule 2023-08-01T06:24:55Z logger.go:66:           - "value" = "0"
TestMySqlPrivateModule 2023-08-01T06:24:55Z logger.go:66:         } -> null
TestMySqlPrivateModule 2023-08-01T06:24:55Z logger.go:66:     }
TestMySqlPrivateModule 2023-08-01T06:24:55Z logger.go:66: 
TestMySqlPrivateModule 2023-08-01T06:24:55Z logger.go:66:   # module.sql-db.module.mysql[0].random_id.user-password will be destroyed
TestMySqlPrivateModule 2023-08-01T06:24:55Z logger.go:66:   - resource "random_id" "user-password" {
TestMySqlPrivateModule 2023-08-01T06:24:55Z logger.go:66:       - b64_std     = "hnalHcZLlL8=" -> null
TestMySqlPrivateModule 2023-08-01T06:24:55Z logger.go:66:       - b64_url     = "hnalHcZLlL8" -> null
TestMySqlPrivateModule 2023-08-01T06:24:55Z logger.go:66:       - byte_length = 8 -> null
TestMySqlPrivateModule 2023-08-01T06:24:55Z logger.go:66:       - dec         = "9689113195633677503" -> null
TestMySqlPrivateModule 2023-08-01T06:24:55Z logger.go:66:       - hex         = "8676a51dc64b94bf" -> null
TestMySqlPrivateModule 2023-08-01T06:24:55Z logger.go:66:       - id          = "hnalHcZLlL8" -> null
TestMySqlPrivateModule 2023-08-01T06:24:55Z logger.go:66:       - keepers     = {
TestMySqlPrivateModule 2023-08-01T06:24:55Z logger.go:66:           - "name" = "cn-sqlinstance10-test-uya"
TestMySqlPrivateModule 2023-08-01T06:24:55Z logger.go:66:         } -> null
TestMySqlPrivateModule 2023-08-01T06:24:55Z logger.go:66:     }
TestMySqlPrivateModule 2023-08-01T06:24:55Z logger.go:66: 
TestMySqlPrivateModule 2023-08-01T06:24:55Z logger.go:66: Plan: 0 to add, 0 to change, 50 to destroy.
TestMySqlPrivateModule 2023-08-01T06:24:55Z logger.go:66: 
TestMySqlPrivateModule 2023-08-01T06:24:55Z logger.go:66: Changes to Outputs:
TestMySqlPrivateModule 2023-08-01T06:24:55Z logger.go:66:   - cloudsql_instance_name = "cn-sqlinstance10-test-uya" -> null
TestMySqlPrivateModule 2023-08-01T06:24:55Z logger.go:66:   - host_network_id        = "projects/pm-singleproject-20/global/networks/cloudsql-easy" -> null
TestMySqlPrivateModule 2023-08-01T06:24:55Z logger.go:66:   - host_subnetwork_id     = "projects/pm-singleproject-20/regions/us-central1/subnetworks/cloudsql-easy-subnet" -> null
TestMySqlPrivateModule 2023-08-01T06:24:55Z logger.go:66:   - host_vpc_name          = "cloudsql-easy" -> null
TestMySqlPrivateModule 2023-08-01T06:24:56Z logger.go:66: module.terraform_service_accounts.google_project_iam_member.project-roles["pm-test-10-e90f-roles/iam.serviceAccountAdmin"]: Destroying... [id=pm-test-10-e90f/roles/iam.serviceAccountAdmin/serviceAccount:terraform-sa@pm-singleproject-20.iam.gserviceaccount.com]
TestMySqlPrivateModule 2023-08-01T06:24:56Z logger.go:66: module.terraform_service_accounts.google_project_iam_member.project-roles["pm-test-10-e90f-roles/compute.instanceAdmin"]: Destroying... [id=pm-test-10-e90f/roles/compute.instanceAdmin/serviceAccount:terraform-sa@pm-singleproject-20.iam.gserviceaccount.com]
TestMySqlPrivateModule 2023-08-01T06:24:56Z logger.go:66: module.terraform_service_accounts.google_project_iam_member.project-roles["pm-test-10-e90f-roles/iam.serviceAccountUser"]: Destroying... [id=pm-test-10-e90f/roles/iam.serviceAccountUser/serviceAccount:terraform-sa@pm-singleproject-20.iam.gserviceaccount.com]
TestMySqlPrivateModule 2023-08-01T06:24:56Z logger.go:66: module.terraform_service_accounts.google_project_iam_member.project-roles["pm-test-10-e90f-roles/cloudsql.admin"]: Destroying... [id=pm-test-10-e90f/roles/cloudsql.admin/serviceAccount:terraform-sa@pm-singleproject-20.iam.gserviceaccount.com]
TestMySqlPrivateModule 2023-08-01T06:24:56Z logger.go:66: module.gce_sa.google_project_iam_member.project-roles["pm-singleproject-20-roles/compute.networkUser"]: Destroying... [id=pm-singleproject-20/roles/compute.networkUser/serviceAccount:gce-sa@pm-test-10-e90f.iam.gserviceaccount.com]
TestMySqlPrivateModule 2023-08-01T06:24:56Z logger.go:66: module.gce_sa.google_project_iam_member.project-roles["pm-test-10-e90f-roles/cloudsql.client"]: Destroying... [id=pm-test-10-e90f/roles/cloudsql.client/serviceAccount:gce-sa@pm-test-10-e90f.iam.gserviceaccount.com]
TestMySqlPrivateModule 2023-08-01T06:24:56Z logger.go:66: module.terraform_service_accounts.google_project_iam_member.project-roles["pm-singleproject-20-roles/compute.networkAdmin"]: Destroying... [id=pm-singleproject-20/roles/compute.networkAdmin/serviceAccount:terraform-sa@pm-singleproject-20.iam.gserviceaccount.com]
TestMySqlPrivateModule 2023-08-01T06:24:56Z logger.go:66: module.firewall_rules.module.firewall_rules.google_compute_firewall.rules["cloudsql-ingress"]: Destroying... [id=projects/pm-singleproject-20/global/firewalls/cloudsql-ingress]
TestMySqlPrivateModule 2023-08-01T06:24:56Z logger.go:66: module.gce_sa.google_project_iam_member.project-roles["pm-test-10-e90f-roles/iam.serviceAccountUser"]: Destroying... [id=pm-test-10-e90f/roles/iam.serviceAccountUser/serviceAccount:gce-sa@pm-test-10-e90f.iam.gserviceaccount.com]
TestMySqlPrivateModule 2023-08-01T06:24:56Z logger.go:66: module.firewall_rules.module.firewall_rules.google_compute_firewall.rules["allow-ssh-ingress"]: Destroying... [id=projects/pm-singleproject-20/global/firewalls/allow-ssh-ingress]
TestMySqlPrivateModule 2023-08-01T06:25:06Z logger.go:66: module.gce_sa.google_project_iam_member.project-roles["pm-singleproject-20-roles/compute.networkUser"]: Destruction complete after 10s
TestMySqlPrivateModule 2023-08-01T06:25:06Z logger.go:66: module.terraform_service_accounts.google_project_iam_member.project-roles["pm-singleproject-20-roles/compute.securityAdmin"]: Destroying... [id=pm-singleproject-20/roles/compute.securityAdmin/serviceAccount:terraform-sa@pm-singleproject-20.iam.gserviceaccount.com]
TestMySqlPrivateModule 2023-08-01T06:25:06Z logger.go:66: module.terraform_service_accounts.google_project_iam_member.project-roles["pm-test-10-e90f-roles/iam.serviceAccountUser"]: Still destroying... [id=pm-test-10-e90f/roles/iam.serviceAccoun...ngleproject-20.iam.gserviceaccount.com, 10s elapsed]
TestMySqlPrivateModule 2023-08-01T06:25:06Z logger.go:66: module.terraform_service_accounts.google_project_iam_member.project-roles["pm-test-10-e90f-roles/cloudsql.admin"]: Still destroying... [id=pm-test-10-e90f/roles/cloudsql.admin/se...ngleproject-20.iam.gserviceaccount.com, 10s elapsed]
TestMySqlPrivateModule 2023-08-01T06:25:06Z logger.go:66: module.firewall_rules.module.firewall_rules.google_compute_firewall.rules["cloudsql-ingress"]: Still destroying... [id=projects/pm-singleproject-20/global/firewalls/cloudsql-ingress, 10s elapsed]
TestMySqlPrivateModule 2023-08-01T06:25:06Z logger.go:66: module.terraform_service_accounts.google_project_iam_member.project-roles["pm-singleproject-20-roles/compute.networkAdmin"]: Still destroying... [id=pm-singleproject-20/roles/compute.netwo...ngleproject-20.iam.gserviceaccount.com, 10s elapsed]
TestMySqlPrivateModule 2023-08-01T06:25:06Z logger.go:66: module.terraform_service_accounts.google_project_iam_member.project-roles["pm-test-10-e90f-roles/iam.serviceAccountAdmin"]: Still destroying... [id=pm-test-10-e90f/roles/iam.serviceAccoun...ngleproject-20.iam.gserviceaccount.com, 10s elapsed]
TestMySqlPrivateModule 2023-08-01T06:25:06Z logger.go:66: module.terraform_service_accounts.google_project_iam_member.project-roles["pm-test-10-e90f-roles/compute.instanceAdmin"]: Still destroying... [id=pm-test-10-e90f/roles/compute.instanceA...ngleproject-20.iam.gserviceaccount.com, 10s elapsed]
TestMySqlPrivateModule 2023-08-01T06:25:06Z logger.go:66: module.gce_sa.google_project_iam_member.project-roles["pm-test-10-e90f-roles/cloudsql.client"]: Still destroying... [id=pm-test-10-e90f/roles/cloudsql.client/s...m-test-10-e90f.iam.gserviceaccount.com, 10s elapsed]
TestMySqlPrivateModule 2023-08-01T06:25:06Z logger.go:66: module.gce_sa.google_project_iam_member.project-roles["pm-test-10-e90f-roles/iam.serviceAccountUser"]: Still destroying... [id=pm-test-10-e90f/roles/iam.serviceAccoun...m-test-10-e90f.iam.gserviceaccount.com, 10s elapsed]
TestMySqlPrivateModule 2023-08-01T06:25:06Z logger.go:66: module.firewall_rules.module.firewall_rules.google_compute_firewall.rules["allow-ssh-ingress"]: Still destroying... [id=projects/pm-singleproject-20/global/firewalls/allow-ssh-ingress, 10s elapsed]
TestMySqlPrivateModule 2023-08-01T06:25:07Z logger.go:66: module.terraform_service_accounts.google_project_iam_member.project-roles["pm-singleproject-20-roles/compute.networkAdmin"]: Destruction complete after 10s
TestMySqlPrivateModule 2023-08-01T06:25:07Z logger.go:66: module.terraform_service_accounts.google_project_iam_member.project-roles["pm-singleproject-20-roles/compute.networkUser"]: Destroying... [id=pm-singleproject-20/roles/compute.networkUser/serviceAccount:terraform-sa@pm-singleproject-20.iam.gserviceaccount.com]
TestMySqlPrivateModule 2023-08-01T06:25:07Z logger.go:66: module.gce_sa.google_project_iam_member.project-roles["pm-test-10-e90f-roles/iam.serviceAccountUser"]: Destruction complete after 11s
TestMySqlPrivateModule 2023-08-01T06:25:07Z logger.go:66: module.terraform_service_accounts.google_project_iam_member.project-roles["pm-singleproject-20-roles/serviceusage.serviceUsageAdmin"]: Destroying... [id=pm-singleproject-20/roles/serviceusage.serviceUsageAdmin/serviceAccount:terraform-sa@pm-singleproject-20.iam.gserviceaccount.com]
TestMySqlPrivateModule 2023-08-01T06:25:08Z logger.go:66: module.terraform_service_accounts.google_project_iam_member.project-roles["pm-test-10-e90f-roles/iam.serviceAccountAdmin"]: Destruction complete after 11s
TestMySqlPrivateModule 2023-08-01T06:25:08Z logger.go:66: module.terraform_service_accounts.google_project_iam_member.project-roles["pm-singleproject-20-roles/resourcemanager.projectIamAdmin"]: Destroying... [id=pm-singleproject-20/roles/resourcemanager.projectIamAdmin/serviceAccount:terraform-sa@pm-singleproject-20.iam.gserviceaccount.com]
TestMySqlPrivateModule 2023-08-01T06:25:08Z logger.go:66: module.firewall_rules.module.firewall_rules.google_compute_firewall.rules["cloudsql-ingress"]: Destruction complete after 11s
TestMySqlPrivateModule 2023-08-01T06:25:08Z logger.go:66: module.google_compute_instance.module.compute_instance.google_compute_instance_from_template.compute_instance[0]: Destroying... [id=projects/pm-test-10-e90f/zones/us-central1-a/instances/default-001]
TestMySqlPrivateModule 2023-08-01T06:25:08Z logger.go:66: module.firewall_rules.module.firewall_rules.google_compute_firewall.rules["allow-ssh-ingress"]: Destruction complete after 12s
TestMySqlPrivateModule 2023-08-01T06:25:08Z logger.go:66: module.terraform_service_accounts.google_project_iam_member.project-roles["pm-test-10-e90f-roles/resourcemanager.projectIamAdmin"]: Destroying... [id=pm-test-10-e90f/roles/resourcemanager.projectIamAdmin/serviceAccount:terraform-sa@pm-singleproject-20.iam.gserviceaccount.com]
TestMySqlPrivateModule 2023-08-01T06:25:08Z logger.go:66: module.terraform_service_accounts.google_project_iam_member.project-roles["pm-test-10-e90f-roles/iam.serviceAccountUser"]: Destruction complete after 12s
TestMySqlPrivateModule 2023-08-01T06:25:08Z logger.go:66: module.terraform_service_accounts.google_project_iam_member.project-roles["pm-test-10-e90f-roles/serviceusage.serviceUsageAdmin"]: Destroying... [id=pm-test-10-e90f/roles/serviceusage.serviceUsageAdmin/serviceAccount:terraform-sa@pm-singleproject-20.iam.gserviceaccount.com]
TestMySqlPrivateModule 2023-08-01T06:25:09Z logger.go:66: module.terraform_service_accounts.google_project_iam_member.project-roles["pm-test-10-e90f-roles/cloudsql.admin"]: Destruction complete after 12s
TestMySqlPrivateModule 2023-08-01T06:25:09Z logger.go:66: module.terraform_service_accounts.google_project_iam_member.project-roles["pm-singleproject-20-roles/iam.serviceAccountAdmin"]: Destroying... [id=pm-singleproject-20/roles/iam.serviceAccountAdmin/serviceAccount:terraform-sa@pm-singleproject-20.iam.gserviceaccount.com]
TestMySqlPrivateModule 2023-08-01T06:25:09Z logger.go:66: module.gce_sa.google_project_iam_member.project-roles["pm-test-10-e90f-roles/cloudsql.client"]: Destruction complete after 13s
TestMySqlPrivateModule 2023-08-01T06:25:10Z logger.go:66: module.terraform_service_accounts.google_project_iam_member.project-roles["pm-test-10-e90f-roles/compute.instanceAdmin"]: Destruction complete after 14s
TestMySqlPrivateModule 2023-08-01T06:25:16Z logger.go:66: module.terraform_service_accounts.google_project_iam_member.project-roles["pm-singleproject-20-roles/iam.serviceAccountAdmin"]: Destruction complete after 8s
TestMySqlPrivateModule 2023-08-01T06:25:16Z logger.go:66: module.terraform_service_accounts.google_project_iam_member.project-roles["pm-singleproject-20-roles/compute.securityAdmin"]: Still destroying... [id=pm-singleproject-20/roles/compute.secur...ngleproject-20.iam.gserviceaccount.com, 10s elapsed]
TestMySqlPrivateModule 2023-08-01T06:25:17Z logger.go:66: module.terraform_service_accounts.google_project_iam_member.project-roles["pm-singleproject-20-roles/compute.networkUser"]: Destruction complete after 10s
TestMySqlPrivateModule 2023-08-01T06:25:17Z logger.go:66: module.terraform_service_accounts.google_project_iam_member.project-roles["pm-singleproject-20-roles/serviceusage.serviceUsageAdmin"]: Still destroying... [id=pm-singleproject-20/roles/serviceusage....ngleproject-20.iam.gserviceaccount.com, 10s elapsed]
TestMySqlPrivateModule 2023-08-01T06:25:17Z logger.go:66: module.terraform_service_accounts.google_project_iam_member.project-roles["pm-singleproject-20-roles/resourcemanager.projectIamAdmin"]: Destruction complete after 10s
TestMySqlPrivateModule 2023-08-01T06:25:18Z logger.go:66: module.terraform_service_accounts.google_project_iam_member.project-roles["pm-singleproject-20-roles/compute.securityAdmin"]: Destruction complete after 11s
TestMySqlPrivateModule 2023-08-01T06:25:18Z logger.go:66: module.google_compute_instance.module.compute_instance.google_compute_instance_from_template.compute_instance[0]: Still destroying... [id=projects/pm-test-10-e90f/zones/us-central1-a/instances/default-001, 10s elapsed]
TestMySqlPrivateModule 2023-08-01T06:25:18Z logger.go:66: module.terraform_service_accounts.google_project_iam_member.project-roles["pm-test-10-e90f-roles/resourcemanager.projectIamAdmin"]: Still destroying... [id=pm-test-10-e90f/roles/resourcemanager.p...ngleproject-20.iam.gserviceaccount.com, 10s elapsed]
TestMySqlPrivateModule 2023-08-01T06:25:18Z logger.go:66: module.terraform_service_accounts.google_project_iam_member.project-roles["pm-test-10-e90f-roles/serviceusage.serviceUsageAdmin"]: Still destroying... [id=pm-test-10-e90f/roles/serviceusage.serv...ngleproject-20.iam.gserviceaccount.com, 10s elapsed]
TestMySqlPrivateModule 2023-08-01T06:25:18Z logger.go:66: module.terraform_service_accounts.google_project_iam_member.project-roles["pm-singleproject-20-roles/serviceusage.serviceUsageAdmin"]: Destruction complete after 11s
TestMySqlPrivateModule 2023-08-01T06:25:19Z logger.go:66: module.terraform_service_accounts.google_project_iam_member.project-roles["pm-test-10-e90f-roles/serviceusage.serviceUsageAdmin"]: Destruction complete after 11s
TestMySqlPrivateModule 2023-08-01T06:25:19Z logger.go:66: module.terraform_service_accounts.google_project_iam_member.project-roles["pm-test-10-e90f-roles/resourcemanager.projectIamAdmin"]: Destruction complete after 11s
TestMySqlPrivateModule 2023-08-01T06:25:19Z logger.go:66: module.terraform_service_accounts.google_service_account.service_account[0]: Destroying... [id=projects/pm-singleproject-20/serviceAccounts/terraform-sa@pm-singleproject-20.iam.gserviceaccount.com]
TestMySqlPrivateModule 2023-08-01T06:25:20Z logger.go:66: module.terraform_service_accounts.google_service_account.service_account[0]: Destruction complete after 0s
TestMySqlPrivateModule 2023-08-01T06:25:28Z logger.go:66: module.google_compute_instance.module.compute_instance.google_compute_instance_from_template.compute_instance[0]: Still destroying... [id=projects/pm-test-10-e90f/zones/us-central1-a/instances/default-001, 20s elapsed]
TestMySqlPrivateModule 2023-08-01T06:25:38Z logger.go:66: module.google_compute_instance.module.compute_instance.google_compute_instance_from_template.compute_instance[0]: Still destroying... [id=projects/pm-test-10-e90f/zones/us-central1-a/instances/default-001, 30s elapsed]
TestMySqlPrivateModule 2023-08-01T06:25:48Z logger.go:66: module.google_compute_instance.module.compute_instance.google_compute_instance_from_template.compute_instance[0]: Still destroying... [id=projects/pm-test-10-e90f/zones/us-central1-a/instances/default-001, 40s elapsed]
TestMySqlPrivateModule 2023-08-01T06:25:57Z logger.go:66: module.google_compute_instance.module.compute_instance.google_compute_instance_from_template.compute_instance[0]: Destruction complete after 48s
TestMySqlPrivateModule 2023-08-01T06:25:57Z logger.go:66: module.google_compute_instance.module.instance_template.google_compute_instance_template.tpl: Destroying... [id=projects/pm-test-10-e90f/global/instanceTemplates/default-instance-template-20230801062255995800000001]
TestMySqlPrivateModule 2023-08-01T06:26:07Z logger.go:66: module.google_compute_instance.module.instance_template.google_compute_instance_template.tpl: Still destroying... [id=projects/pm-test-10-e90f/global/instanc...ce-template-20230801062255995800000001, 10s elapsed]
TestMySqlPrivateModule 2023-08-01T06:26:08Z logger.go:66: module.google_compute_instance.module.instance_template.google_compute_instance_template.tpl: Destruction complete after 12s
TestMySqlPrivateModule 2023-08-01T06:26:08Z logger.go:66: module.sql-db.module.mysql[0].google_sql_user.default[0]: Destroying... [id=default/%/cn-sqlinstance10-test-uya]
TestMySqlPrivateModule 2023-08-01T06:26:08Z logger.go:66: module.sql-db.module.mysql[0].google_sql_database.default[0]: Destroying... [id=projects/pm-test-10-e90f/instances/cn-sqlinstance10-test-uya/databases/default]
TestMySqlPrivateModule 2023-08-01T06:26:08Z logger.go:66: module.gce_sa.google_service_account.service_account[0]: Destroying... [id=projects/pm-test-10-e90f/serviceAccounts/gce-sa@pm-test-10-e90f.iam.gserviceaccount.com]
TestMySqlPrivateModule 2023-08-01T06:26:09Z logger.go:66: module.gce_sa.google_service_account.service_account[0]: Destruction complete after 0s
TestMySqlPrivateModule 2023-08-01T06:26:09Z logger.go:66: module.sql-db.module.mysql[0].google_sql_user.default[0]: Destruction complete after 1s
TestMySqlPrivateModule 2023-08-01T06:26:09Z logger.go:66: module.sql-db.module.mysql[0].random_id.user-password: Destroying... [id=hnalHcZLlL8]
TestMySqlPrivateModule 2023-08-01T06:26:09Z logger.go:66: module.sql-db.module.mysql[0].random_id.user-password: Destruction complete after 0s
TestMySqlPrivateModule 2023-08-01T06:26:10Z logger.go:66: module.sql-db.module.mysql[0].google_sql_database.default[0]: Destruction complete after 1s
TestMySqlPrivateModule 2023-08-01T06:26:10Z logger.go:66: module.sql-db.module.mysql[0].google_sql_database_instance.default: Destroying... [id=cn-sqlinstance10-test-uya]
TestMySqlPrivateModule 2023-08-01T06:26:20Z logger.go:66: module.sql-db.module.mysql[0].google_sql_database_instance.default: Still destroying... [id=cn-sqlinstance10-test-uya, 10s elapsed]
TestMySqlPrivateModule 2023-08-01T06:26:30Z logger.go:66: module.sql-db.module.mysql[0].google_sql_database_instance.default: Still destroying... [id=cn-sqlinstance10-test-uya, 20s elapsed]
TestMySqlPrivateModule 2023-08-01T06:26:40Z logger.go:66: module.sql-db.module.mysql[0].google_sql_database_instance.default: Still destroying... [id=cn-sqlinstance10-test-uya, 30s elapsed]
TestMySqlPrivateModule 2023-08-01T06:26:50Z logger.go:66: module.sql-db.module.mysql[0].google_sql_database_instance.default: Still destroying... [id=cn-sqlinstance10-test-uya, 40s elapsed]
TestMySqlPrivateModule 2023-08-01T06:27:00Z logger.go:66: module.sql-db.module.mysql[0].google_sql_database_instance.default: Still destroying... [id=cn-sqlinstance10-test-uya, 50s elapsed]
TestMySqlPrivateModule 2023-08-01T06:27:10Z logger.go:66: module.sql-db.module.mysql[0].google_sql_database_instance.default: Still destroying... [id=cn-sqlinstance10-test-uya, 1m0s elapsed]
TestMySqlPrivateModule 2023-08-01T06:27:13Z logger.go:66: module.sql-db.module.mysql[0].google_sql_database_instance.default: Destruction complete after 1m3s
TestMySqlPrivateModule 2023-08-01T06:27:13Z logger.go:66: module.sql-db.module.mysql[0].null_resource.module_depends_on: Destroying... [id=4799526082032366795]
TestMySqlPrivateModule 2023-08-01T06:27:13Z logger.go:66: module.sql-db.random_string.mysql_random_suffix[0]: Destroying... [id=uya]
TestMySqlPrivateModule 2023-08-01T06:27:13Z logger.go:66: module.sql-db.module.mysql[0].null_resource.module_depends_on: Destruction complete after 0s
TestMySqlPrivateModule 2023-08-01T06:27:13Z logger.go:66: module.sql-db.random_string.mysql_random_suffix[0]: Destruction complete after 0s
TestMySqlPrivateModule 2023-08-01T06:27:13Z logger.go:66: module.host-vpc.google_compute_shared_vpc_service_project.service_projects["pm-test-10-e90f"]: Destroying... [id=pm-singleproject-20/pm-test-10-e90f]
TestMySqlPrivateModule 2023-08-01T06:27:13Z logger.go:66: module.host-vpc.google_compute_network_peering_routes_config.psa_routes["1"]: Destroying... [id=projects/pm-singleproject-20/global/networks/cloudsql-easy/networkPeerings/servicenetworking-googleapis-com]
TestMySqlPrivateModule 2023-08-01T06:27:13Z logger.go:66: module.host-vpc.google_compute_route.gateway["restricted-googleapis"]: Destroying... [id=projects/pm-singleproject-20/global/routes/cloudsql-easy-restricted-googleapis]
TestMySqlPrivateModule 2023-08-01T06:27:13Z logger.go:66: module.host-vpc.google_compute_subnetwork.subnetwork["us-central1/cloudsql-easy-subnet"]: Destroying... [id=projects/pm-singleproject-20/regions/us-central1/subnetworks/cloudsql-easy-subnet]
TestMySqlPrivateModule 2023-08-01T06:27:13Z logger.go:66: module.host-vpc.google_compute_route.gateway["private-googleapis"]: Destroying... [id=projects/pm-singleproject-20/global/routes/cloudsql-easy-private-googleapis]
TestMySqlPrivateModule 2023-08-01T06:27:13Z logger.go:66: module.host-vpc.google_compute_network_peering_routes_config.psa_routes["1"]: Destruction complete after 0s
TestMySqlPrivateModule 2023-08-01T06:27:13Z logger.go:66: module.host-vpc.google_service_networking_connection.psa_connection["1"]: Destroying... [id=projects%2Fpm-singleproject-20%2Fglobal%2Fnetworks%2Fcloudsql-easy:servicenetworking.googleapis.com]
TestMySqlPrivateModule 2023-08-01T06:27:23Z logger.go:66: module.host-vpc.google_compute_route.gateway["restricted-googleapis"]: Still destroying... [id=projects/pm-singleproject-20/global/routes/cloudsql-easy-restricted-googleapis, 10s elapsed]
TestMySqlPrivateModule 2023-08-01T06:27:23Z logger.go:66: module.host-vpc.google_compute_shared_vpc_service_project.service_projects["pm-test-10-e90f"]: Still destroying... [id=pm-singleproject-20/pm-test-10-e90f, 10s elapsed]
TestMySqlPrivateModule 2023-08-01T06:27:23Z logger.go:66: module.host-vpc.google_compute_subnetwork.subnetwork["us-central1/cloudsql-easy-subnet"]: Still destroying... [id=projects/pm-singleproject-20/regions/us...tral1/subnetworks/cloudsql-easy-subnet, 10s elapsed]
TestMySqlPrivateModule 2023-08-01T06:27:23Z logger.go:66: module.host-vpc.google_compute_route.gateway["private-googleapis"]: Still destroying... [id=projects/pm-singleproject-20/global/routes/cloudsql-easy-private-googleapis, 10s elapsed]
TestMySqlPrivateModule 2023-08-01T06:27:23Z logger.go:66: module.host-vpc.google_service_networking_connection.psa_connection["1"]: Still destroying... [id=projects%2Fpm-singleproject-20%2Fglobal...-easy:servicenetworking.googleapis.com, 10s elapsed]
TestMySqlPrivateModule 2023-08-01T06:27:25Z logger.go:66: module.host-vpc.google_compute_route.gateway["restricted-googleapis"]: Destruction complete after 11s
TestMySqlPrivateModule 2023-08-01T06:27:28Z logger.go:66: module.host-vpc.google_compute_subnetwork.subnetwork["us-central1/cloudsql-easy-subnet"]: Destruction complete after 14s
TestMySqlPrivateModule 2023-08-01T06:27:33Z logger.go:66: module.host-vpc.google_compute_shared_vpc_service_project.service_projects["pm-test-10-e90f"]: Still destroying... [id=pm-singleproject-20/pm-test-10-e90f, 20s elapsed]
TestMySqlPrivateModule 2023-08-01T06:27:33Z logger.go:66: module.host-vpc.google_compute_route.gateway["private-googleapis"]: Still destroying... [id=projects/pm-singleproject-20/global/routes/cloudsql-easy-private-googleapis, 20s elapsed]
TestMySqlPrivateModule 2023-08-01T06:27:33Z logger.go:66: module.host-vpc.google_service_networking_connection.psa_connection["1"]: Still destroying... [id=projects%2Fpm-singleproject-20%2Fglobal...-easy:servicenetworking.googleapis.com, 20s elapsed]
TestMySqlPrivateModule 2023-08-01T06:27:36Z logger.go:66: module.host-vpc.google_service_networking_connection.psa_connection["1"]: Destruction complete after 23s
TestMySqlPrivateModule 2023-08-01T06:27:36Z logger.go:66: module.host-vpc.google_compute_global_address.psa_ranges["privateip-range"]: Destroying... [id=projects/pm-singleproject-20/global/addresses/privateip-range]
TestMySqlPrivateModule 2023-08-01T06:27:37Z logger.go:66: module.host-vpc.google_compute_route.gateway["private-googleapis"]: Destruction complete after 23s
TestMySqlPrivateModule 2023-08-01T06:27:43Z logger.go:66: module.host-vpc.google_compute_shared_vpc_service_project.service_projects["pm-test-10-e90f"]: Still destroying... [id=pm-singleproject-20/pm-test-10-e90f, 30s elapsed]
TestMySqlPrivateModule 2023-08-01T06:27:46Z logger.go:66: module.host-vpc.google_compute_global_address.psa_ranges["privateip-range"]: Still destroying... [id=projects/pm-singleproject-20/global/addresses/privateip-range, 10s elapsed]
TestMySqlPrivateModule 2023-08-01T06:27:48Z logger.go:66: module.host-vpc.google_compute_global_address.psa_ranges["privateip-range"]: Destruction complete after 12s
TestMySqlPrivateModule 2023-08-01T06:27:53Z logger.go:66: module.host-vpc.google_compute_shared_vpc_service_project.service_projects["pm-test-10-e90f"]: Still destroying... [id=pm-singleproject-20/pm-test-10-e90f, 40s elapsed]
TestMySqlPrivateModule 2023-08-01T06:28:03Z logger.go:66: module.host-vpc.google_compute_shared_vpc_service_project.service_projects["pm-test-10-e90f"]: Still destroying... [id=pm-singleproject-20/pm-test-10-e90f, 50s elapsed]
TestMySqlPrivateModule 2023-08-01T06:28:13Z logger.go:66: module.host-vpc.google_compute_shared_vpc_service_project.service_projects["pm-test-10-e90f"]: Still destroying... [id=pm-singleproject-20/pm-test-10-e90f, 1m0s elapsed]
TestMySqlPrivateModule 2023-08-01T06:28:23Z logger.go:66: module.host-vpc.google_compute_shared_vpc_service_project.service_projects["pm-test-10-e90f"]: Still destroying... [id=pm-singleproject-20/pm-test-10-e90f, 1m10s elapsed]
TestMySqlPrivateModule 2023-08-01T06:28:28Z logger.go:66: module.host-vpc.google_compute_shared_vpc_service_project.service_projects["pm-test-10-e90f"]: Destruction complete after 1m14s
TestMySqlPrivateModule 2023-08-01T06:28:28Z logger.go:66: module.host-vpc.google_compute_shared_vpc_host_project.shared_vpc_host[0]: Destroying... [id=pm-singleproject-20]
TestMySqlPrivateModule 2023-08-01T06:28:38Z logger.go:66: module.host-vpc.google_compute_shared_vpc_host_project.shared_vpc_host[0]: Still destroying... [id=pm-singleproject-20, 10s elapsed]
TestMySqlPrivateModule 2023-08-01T06:28:40Z logger.go:66: module.host-vpc.google_compute_shared_vpc_host_project.shared_vpc_host[0]: Destruction complete after 12s
TestMySqlPrivateModule 2023-08-01T06:28:40Z logger.go:66: module.host-vpc.google_compute_network.network[0]: Destroying... [id=projects/pm-singleproject-20/global/networks/cloudsql-easy]
TestMySqlPrivateModule 2023-08-01T06:28:50Z logger.go:66: module.host-vpc.google_compute_network.network[0]: Still destroying... [id=projects/pm-singleproject-20/global/networks/cloudsql-easy, 10s elapsed]
TestMySqlPrivateModule 2023-08-01T06:29:00Z logger.go:66: module.host-vpc.google_compute_network.network[0]: Still destroying... [id=projects/pm-singleproject-20/global/networks/cloudsql-easy, 20s elapsed]
TestMySqlPrivateModule 2023-08-01T06:29:10Z logger.go:66: module.host-vpc.google_compute_network.network[0]: Still destroying... [id=projects/pm-singleproject-20/global/networks/cloudsql-easy, 30s elapsed]
TestMySqlPrivateModule 2023-08-01T06:29:12Z logger.go:66: module.host-vpc.google_compute_network.network[0]: Destruction complete after 33s
TestMySqlPrivateModule 2023-08-01T06:29:12Z logger.go:66: module.project_services.module.project_services.google_project_service.project_services["sqladmin.googleapis.com"]: Destroying... [id=pm-test-10-e90f/sqladmin.googleapis.com]
TestMySqlPrivateModule 2023-08-01T06:29:12Z logger.go:66: module.host_project.module.project_services.google_project_service.project_services["servicenetworking.googleapis.com"]: Destroying... [id=pm-singleproject-20/servicenetworking.googleapis.com]
TestMySqlPrivateModule 2023-08-01T06:29:12Z logger.go:66: module.project_services.module.project_services.google_project_service.project_services["logging.googleapis.com"]: Destroying... [id=pm-test-10-e90f/logging.googleapis.com]
TestMySqlPrivateModule 2023-08-01T06:29:12Z logger.go:66: module.host_project.module.project_services.google_project_service.project_services["cloudresourcemanager.googleapis.com"]: Destroying... [id=pm-singleproject-20/cloudresourcemanager.googleapis.com]
TestMySqlPrivateModule 2023-08-01T06:29:12Z logger.go:66: module.host_project.module.project_services.google_project_service.project_services["compute.googleapis.com"]: Destroying... [id=pm-singleproject-20/compute.googleapis.com]
TestMySqlPrivateModule 2023-08-01T06:29:12Z logger.go:66: module.project_services.module.project_services.google_project_service.project_services["iam.googleapis.com"]: Destroying... [id=pm-test-10-e90f/iam.googleapis.com]
TestMySqlPrivateModule 2023-08-01T06:29:12Z logger.go:66: module.host_project.module.project_services.google_project_service.project_services["sqladmin.googleapis.com"]: Destroying... [id=pm-singleproject-20/sqladmin.googleapis.com]
TestMySqlPrivateModule 2023-08-01T06:29:12Z logger.go:66: module.project_services.module.project_services.google_project_service.project_services["cloudresourcemanager.googleapis.com"]: Destroying... [id=pm-test-10-e90f/cloudresourcemanager.googleapis.com]
TestMySqlPrivateModule 2023-08-01T06:29:12Z logger.go:66: module.project_services.module.project_services.google_project_service.project_services["servicenetworking.googleapis.com"]: Destroying... [id=pm-test-10-e90f/servicenetworking.googleapis.com]
TestMySqlPrivateModule 2023-08-01T06:29:12Z logger.go:66: module.host_project.module.project_services.google_project_service.project_services["logging.googleapis.com"]: Destroying... [id=pm-singleproject-20/logging.googleapis.com]
TestMySqlPrivateModule 2023-08-01T06:29:12Z logger.go:66: module.host_project.module.project_services.google_project_service.project_services["compute.googleapis.com"]: Destruction complete after 0s
TestMySqlPrivateModule 2023-08-01T06:29:12Z logger.go:66: module.project_services.module.project_services.google_project_service.project_services["iam.googleapis.com"]: Destruction complete after 0s
TestMySqlPrivateModule 2023-08-01T06:29:12Z logger.go:66: module.project_services.module.project_services.google_project_service.project_services["sqladmin.googleapis.com"]: Destruction complete after 0s
TestMySqlPrivateModule 2023-08-01T06:29:12Z logger.go:66: module.project_services.module.project_services.google_project_service.project_services["compute.googleapis.com"]: Destroying... [id=pm-test-10-e90f/compute.googleapis.com]
TestMySqlPrivateModule 2023-08-01T06:29:12Z logger.go:66: module.project_services.module.project_services.google_project_service.project_services["cloudresourcemanager.googleapis.com"]: Destruction complete after 0s
TestMySqlPrivateModule 2023-08-01T06:29:12Z logger.go:66: module.host_project.module.project_services.google_project_service.project_services["cloudresourcemanager.googleapis.com"]: Destruction complete after 0s
TestMySqlPrivateModule 2023-08-01T06:29:12Z logger.go:66: module.host_project.module.project_services.google_project_service.project_services["iam.googleapis.com"]: Destroying... [id=pm-singleproject-20/iam.googleapis.com]
TestMySqlPrivateModule 2023-08-01T06:29:12Z logger.go:66: module.host_project.module.project_services.google_project_service.project_services["monitoring.googleapis.com"]: Destroying... [id=pm-singleproject-20/monitoring.googleapis.com]
TestMySqlPrivateModule 2023-08-01T06:29:12Z logger.go:66: module.project_services.module.project_services.google_project_service.project_services["servicenetworking.googleapis.com"]: Destruction complete after 0s
TestMySqlPrivateModule 2023-08-01T06:29:12Z logger.go:66: module.project_services.module.project_services.google_project_service.project_services["monitoring.googleapis.com"]: Destroying... [id=pm-test-10-e90f/monitoring.googleapis.com]
TestMySqlPrivateModule 2023-08-01T06:29:12Z logger.go:66: module.project_services.module.project_services.google_project_service.project_services["monitoring.googleapis.com"]: Destruction complete after 0s
TestMySqlPrivateModule 2023-08-01T06:29:12Z logger.go:66: module.project_services.module.project_services.google_project_service.project_services["logging.googleapis.com"]: Destruction complete after 0s
TestMySqlPrivateModule 2023-08-01T06:29:12Z logger.go:66: module.host_project.module.project_services.google_project_service.project_services["servicenetworking.googleapis.com"]: Destruction complete after 0s
TestMySqlPrivateModule 2023-08-01T06:29:12Z logger.go:66: module.host_project.module.project_services.google_project_service.project_services["logging.googleapis.com"]: Destruction complete after 0s
TestMySqlPrivateModule 2023-08-01T06:29:12Z logger.go:66: module.host_project.module.project_services.google_project_service.project_services["sqladmin.googleapis.com"]: Destruction complete after 0s
TestMySqlPrivateModule 2023-08-01T06:29:12Z logger.go:66: module.host_project.module.project_services.google_project_service.project_services["iam.googleapis.com"]: Destruction complete after 0s
TestMySqlPrivateModule 2023-08-01T06:29:12Z logger.go:66: module.project_services.module.project_services.google_project_service.project_services["compute.googleapis.com"]: Destruction complete after 0s
TestMySqlPrivateModule 2023-08-01T06:29:12Z logger.go:66: module.host_project.module.project_services.google_project_service.project_services["monitoring.googleapis.com"]: Destruction complete after 0s
TestMySqlPrivateModule 2023-08-01T06:29:12Z logger.go:66: 
TestMySqlPrivateModule 2023-08-01T06:29:12Z logger.go:66: Destroy complete! Resources: 50 destroyed.
--- PASS: TestMySqlPrivateModule (898.38s)
=== RUN   TestUsingExistingNetworkMySqlPrivateModule
TestUsingExistingNetworkMySqlPrivateModule 2023-08-01T06:29:12Z retry.go:91: terraform [init -upgrade=false -no-color]
TestUsingExistingNetworkMySqlPrivateModule 2023-08-01T06:29:12Z logger.go:66: Running command terraform with args [init -upgrade=false -no-color]
TestUsingExistingNetworkMySqlPrivateModule 2023-08-01T06:29:12Z logger.go:66: 
TestUsingExistingNetworkMySqlPrivateModule 2023-08-01T06:29:12Z logger.go:66: Initializing the backend...
TestUsingExistingNetworkMySqlPrivateModule 2023-08-01T06:29:13Z logger.go:66: Initializing modules...
TestUsingExistingNetworkMySqlPrivateModule 2023-08-01T06:29:13Z logger.go:66: 
TestUsingExistingNetworkMySqlPrivateModule 2023-08-01T06:29:13Z logger.go:66: Initializing provider plugins...
TestUsingExistingNetworkMySqlPrivateModule 2023-08-01T06:29:13Z logger.go:66: - Reusing previous version of hashicorp/null from the dependency lock file
TestUsingExistingNetworkMySqlPrivateModule 2023-08-01T06:29:13Z logger.go:66: - Reusing previous version of hashicorp/template from the dependency lock file
TestUsingExistingNetworkMySqlPrivateModule 2023-08-01T06:29:13Z logger.go:66: - Reusing previous version of hashicorp/google from the dependency lock file
TestUsingExistingNetworkMySqlPrivateModule 2023-08-01T06:29:13Z logger.go:66: - Reusing previous version of hashicorp/google-beta from the dependency lock file
TestUsingExistingNetworkMySqlPrivateModule 2023-08-01T06:29:13Z logger.go:66: - Reusing previous version of hashicorp/random from the dependency lock file
TestUsingExistingNetworkMySqlPrivateModule 2023-08-01T06:29:13Z logger.go:66: - Using previously-installed hashicorp/null v3.1.1
TestUsingExistingNetworkMySqlPrivateModule 2023-08-01T06:29:13Z logger.go:66: - Using previously-installed hashicorp/template v2.2.0
TestUsingExistingNetworkMySqlPrivateModule 2023-08-01T06:29:14Z logger.go:66: - Using previously-installed hashicorp/google v3.90.1
TestUsingExistingNetworkMySqlPrivateModule 2023-08-01T06:29:14Z logger.go:66: - Using previously-installed hashicorp/google-beta v3.90.1
TestUsingExistingNetworkMySqlPrivateModule 2023-08-01T06:29:14Z logger.go:66: - Using previously-installed hashicorp/random v3.1.3
TestUsingExistingNetworkMySqlPrivateModule 2023-08-01T06:29:14Z logger.go:66: 
TestUsingExistingNetworkMySqlPrivateModule 2023-08-01T06:29:14Z logger.go:66: Terraform has been successfully initialized!
TestUsingExistingNetworkMySqlPrivateModule 2023-08-01T06:29:14Z logger.go:66: 
TestUsingExistingNetworkMySqlPrivateModule 2023-08-01T06:29:14Z logger.go:66: You may now begin working with Terraform. Try running "terraform plan" to see
TestUsingExistingNetworkMySqlPrivateModule 2023-08-01T06:29:14Z logger.go:66: any changes that are required for your infrastructure. All Terraform commands
TestUsingExistingNetworkMySqlPrivateModule 2023-08-01T06:29:14Z logger.go:66: should now work.
TestUsingExistingNetworkMySqlPrivateModule 2023-08-01T06:29:14Z logger.go:66: 
TestUsingExistingNetworkMySqlPrivateModule 2023-08-01T06:29:14Z logger.go:66: If you ever set or change modules or backend configuration for Terraform,
TestUsingExistingNetworkMySqlPrivateModule 2023-08-01T06:29:14Z logger.go:66: rerun this command to reinitialize your working directory. If you forget, other
TestUsingExistingNetworkMySqlPrivateModule 2023-08-01T06:29:14Z logger.go:66: commands will detect it and remind you to do so if necessary.
TestUsingExistingNetworkMySqlPrivateModule 2023-08-01T06:29:14Z retry.go:91: terraform [apply -input=false -auto-approve -var-file dev.tfvars -var cloudsql_instance_name=cn-sqlinstance10-test -var service_project_id=pm-service1-networking -var region=us-central1 -var network_name=host-cloudsql-easy -var host_project_id=pm-host-networking -var create_network=false -var test_dbname=test_db -var create_subnetwork=false -var subnetwork_name=host-cloudsql-easy-subnet -var database_version= -no-color -lock=false]
TestUsingExistingNetworkMySqlPrivateModule 2023-08-01T06:29:14Z logger.go:66: Running command terraform with args [apply -input=false -auto-approve -var-file dev.tfvars -var cloudsql_instance_name=cn-sqlinstance10-test -var service_project_id=pm-service1-networking -var region=us-central1 -var network_name=host-cloudsql-easy -var host_project_id=pm-host-networking -var create_network=false -var test_dbname=test_db -var create_subnetwork=false -var subnetwork_name=host-cloudsql-easy-subnet -var database_version= -no-color -lock=false]
TestUsingExistingNetworkMySqlPrivateModule 2023-08-01T06:29:17Z logger.go:66: data.google_compute_network.host_vpc[0]: Reading...
TestUsingExistingNetworkMySqlPrivateModule 2023-08-01T06:29:17Z logger.go:66: data.google_compute_subnetwork.host_vpc_subnetwork[0]: Reading...
TestUsingExistingNetworkMySqlPrivateModule 2023-08-01T06:29:18Z logger.go:66: data.google_compute_network.host_vpc[0]: Read complete after 0s [id=projects/pm-host-networking/global/networks/host-cloudsql-easy]
TestUsingExistingNetworkMySqlPrivateModule 2023-08-01T06:29:19Z logger.go:66: data.google_compute_subnetwork.host_vpc_subnetwork[0]: Read complete after 1s [id=projects/pm-host-networking/regions/us-central1/subnetworks/host-cloudsql-easy-subnet]
TestUsingExistingNetworkMySqlPrivateModule 2023-08-01T06:29:19Z logger.go:66: 
TestUsingExistingNetworkMySqlPrivateModule 2023-08-01T06:29:19Z logger.go:66: Terraform used the selected providers to generate the following execution
TestUsingExistingNetworkMySqlPrivateModule 2023-08-01T06:29:19Z logger.go:66: plan. Resource actions are indicated with the following symbols:
TestUsingExistingNetworkMySqlPrivateModule 2023-08-01T06:29:19Z logger.go:66:   + create
TestUsingExistingNetworkMySqlPrivateModule 2023-08-01T06:29:19Z logger.go:66:  <= read (data resources)
TestUsingExistingNetworkMySqlPrivateModule 2023-08-01T06:29:19Z logger.go:66: 
TestUsingExistingNetworkMySqlPrivateModule 2023-08-01T06:29:19Z logger.go:66: Terraform will perform the following actions:
TestUsingExistingNetworkMySqlPrivateModule 2023-08-01T06:29:19Z logger.go:66: 
TestUsingExistingNetworkMySqlPrivateModule 2023-08-01T06:29:19Z logger.go:66:   # data.template_file.mysql_installer will be read during apply
TestUsingExistingNetworkMySqlPrivateModule 2023-08-01T06:29:19Z logger.go:66:   # (config refers to values not yet known)
TestUsingExistingNetworkMySqlPrivateModule 2023-08-01T06:29:19Z logger.go:66:  <= data "template_file" "mysql_installer" {
TestUsingExistingNetworkMySqlPrivateModule 2023-08-01T06:29:19Z logger.go:66:       + id       = (known after apply)
TestUsingExistingNetworkMySqlPrivateModule 2023-08-01T06:29:19Z logger.go:66:       + rendered = (known after apply)
TestUsingExistingNetworkMySqlPrivateModule 2023-08-01T06:29:19Z logger.go:66:       + template = <<-EOT
TestUsingExistingNetworkMySqlPrivateModule 2023-08-01T06:29:19Z logger.go:66:             #!/bin/sh
TestUsingExistingNetworkMySqlPrivateModule 2023-08-01T06:29:19Z logger.go:66:             echo " ====== setting up the my sql cient ===== "
TestUsingExistingNetworkMySqlPrivateModule 2023-08-01T06:29:19Z logger.go:66:             sudo apt-get -y update
TestUsingExistingNetworkMySqlPrivateModule 2023-08-01T06:29:19Z logger.go:66:             sudo apt-get -y install mariadb-client-10.6
TestUsingExistingNetworkMySqlPrivateModule 2023-08-01T06:29:19Z logger.go:66:             
TestUsingExistingNetworkMySqlPrivateModule 2023-08-01T06:29:19Z logger.go:66:             mysql --version
TestUsingExistingNetworkMySqlPrivateModule 2023-08-01T06:29:19Z logger.go:66:             
TestUsingExistingNetworkMySqlPrivateModule 2023-08-01T06:29:19Z logger.go:66:             echo " ====== setting up the cloud sql proxy ===== "
TestUsingExistingNetworkMySqlPrivateModule 2023-08-01T06:29:19Z logger.go:66:             curl -o cloud-sql-proxy https://storage.googleapis.com/cloud-sql-connectors/cloud-sql-proxy/v2.4.0/cloud-sql-proxy.linux.amd64
TestUsingExistingNetworkMySqlPrivateModule 2023-08-01T06:29:19Z logger.go:66:             chmod +x cloud-sql-proxy
TestUsingExistingNetworkMySqlPrivateModule 2023-08-01T06:29:19Z logger.go:66:             
TestUsingExistingNetworkMySqlPrivateModule 2023-08-01T06:29:19Z logger.go:66:             ./cloud-sql-proxy --version
TestUsingExistingNetworkMySqlPrivateModule 2023-08-01T06:29:19Z logger.go:66:             
TestUsingExistingNetworkMySqlPrivateModule 2023-08-01T06:29:19Z logger.go:66:             echo " ====== Startup Script Execution Complete ===== "
TestUsingExistingNetworkMySqlPrivateModule 2023-08-01T06:29:19Z logger.go:66:             
TestUsingExistingNetworkMySqlPrivateModule 2023-08-01T06:29:19Z logger.go:66:             #Creating database inside mysql instance using the private IP
TestUsingExistingNetworkMySqlPrivateModule 2023-08-01T06:29:19Z logger.go:66:             mysql --host=${host_ip} --user=${default_username} --password=${default_password} -e "create database ${database_name};"
TestUsingExistingNetworkMySqlPrivateModule 2023-08-01T06:29:19Z logger.go:66:         EOT
TestUsingExistingNetworkMySqlPrivateModule 2023-08-01T06:29:19Z logger.go:66:       + vars     = {
TestUsingExistingNetworkMySqlPrivateModule 2023-08-01T06:29:19Z logger.go:66:           + "database_name"    = "test_db"
TestUsingExistingNetworkMySqlPrivateModule 2023-08-01T06:29:19Z logger.go:66:           + "default_password" = (sensitive value)
TestUsingExistingNetworkMySqlPrivateModule 2023-08-01T06:29:19Z logger.go:66:           + "default_username" = "default"
TestUsingExistingNetworkMySqlPrivateModule 2023-08-01T06:29:19Z logger.go:66:           + "host_ip"          = (known after apply)
TestUsingExistingNetworkMySqlPrivateModule 2023-08-01T06:29:19Z logger.go:66:         }
TestUsingExistingNetworkMySqlPrivateModule 2023-08-01T06:29:19Z logger.go:66:     }
TestUsingExistingNetworkMySqlPrivateModule 2023-08-01T06:29:19Z logger.go:66: 
TestUsingExistingNetworkMySqlPrivateModule 2023-08-01T06:29:19Z logger.go:66:   # module.gce_sa.google_project_iam_member.project-roles["pm-host-networking-roles/compute.networkUser"] will be created
TestUsingExistingNetworkMySqlPrivateModule 2023-08-01T06:29:19Z logger.go:66:   + resource "google_project_iam_member" "project-roles" {
TestUsingExistingNetworkMySqlPrivateModule 2023-08-01T06:29:19Z logger.go:66:       + etag    = (known after apply)
TestUsingExistingNetworkMySqlPrivateModule 2023-08-01T06:29:19Z logger.go:66:       + id      = (known after apply)
TestUsingExistingNetworkMySqlPrivateModule 2023-08-01T06:29:19Z logger.go:66:       + member  = (known after apply)
TestUsingExistingNetworkMySqlPrivateModule 2023-08-01T06:29:19Z logger.go:66:       + project = "pm-host-networking"
TestUsingExistingNetworkMySqlPrivateModule 2023-08-01T06:29:19Z logger.go:66:       + role    = "roles/compute.networkUser"
TestUsingExistingNetworkMySqlPrivateModule 2023-08-01T06:29:19Z logger.go:66:     }
TestUsingExistingNetworkMySqlPrivateModule 2023-08-01T06:29:19Z logger.go:66: 
TestUsingExistingNetworkMySqlPrivateModule 2023-08-01T06:29:19Z logger.go:66:   # module.gce_sa.google_project_iam_member.project-roles["pm-service1-networking-roles/cloudsql.client"] will be created
TestUsingExistingNetworkMySqlPrivateModule 2023-08-01T06:29:19Z logger.go:66:   + resource "google_project_iam_member" "project-roles" {
TestUsingExistingNetworkMySqlPrivateModule 2023-08-01T06:29:19Z logger.go:66:       + etag    = (known after apply)
TestUsingExistingNetworkMySqlPrivateModule 2023-08-01T06:29:19Z logger.go:66:       + id      = (known after apply)
TestUsingExistingNetworkMySqlPrivateModule 2023-08-01T06:29:19Z logger.go:66:       + member  = (known after apply)
TestUsingExistingNetworkMySqlPrivateModule 2023-08-01T06:29:19Z logger.go:66:       + project = "pm-service1-networking"
TestUsingExistingNetworkMySqlPrivateModule 2023-08-01T06:29:19Z logger.go:66:       + role    = "roles/cloudsql.client"
TestUsingExistingNetworkMySqlPrivateModule 2023-08-01T06:29:19Z logger.go:66:     }
TestUsingExistingNetworkMySqlPrivateModule 2023-08-01T06:29:19Z logger.go:66: 
TestUsingExistingNetworkMySqlPrivateModule 2023-08-01T06:29:19Z logger.go:66:   # module.gce_sa.google_project_iam_member.project-roles["pm-service1-networking-roles/iam.serviceAccountUser"] will be created
TestUsingExistingNetworkMySqlPrivateModule 2023-08-01T06:29:19Z logger.go:66:   + resource "google_project_iam_member" "project-roles" {
TestUsingExistingNetworkMySqlPrivateModule 2023-08-01T06:29:19Z logger.go:66:       + etag    = (known after apply)
TestUsingExistingNetworkMySqlPrivateModule 2023-08-01T06:29:19Z logger.go:66:       + id      = (known after apply)
TestUsingExistingNetworkMySqlPrivateModule 2023-08-01T06:29:19Z logger.go:66:       + member  = (known after apply)
TestUsingExistingNetworkMySqlPrivateModule 2023-08-01T06:29:19Z logger.go:66:       + project = "pm-service1-networking"
TestUsingExistingNetworkMySqlPrivateModule 2023-08-01T06:29:19Z logger.go:66:       + role    = "roles/iam.serviceAccountUser"
TestUsingExistingNetworkMySqlPrivateModule 2023-08-01T06:29:19Z logger.go:66:     }
TestUsingExistingNetworkMySqlPrivateModule 2023-08-01T06:29:19Z logger.go:66: 
TestUsingExistingNetworkMySqlPrivateModule 2023-08-01T06:29:19Z logger.go:66:   # module.gce_sa.google_service_account.service_account[0] will be created
TestUsingExistingNetworkMySqlPrivateModule 2023-08-01T06:29:19Z logger.go:66:   + resource "google_service_account" "service_account" {
TestUsingExistingNetworkMySqlPrivateModule 2023-08-01T06:29:19Z logger.go:66:       + account_id   = "gce-sa"
TestUsingExistingNetworkMySqlPrivateModule 2023-08-01T06:29:19Z logger.go:66:       + disabled     = false
TestUsingExistingNetworkMySqlPrivateModule 2023-08-01T06:29:19Z logger.go:66:       + display_name = "Terraform-managed."
TestUsingExistingNetworkMySqlPrivateModule 2023-08-01T06:29:19Z logger.go:66:       + email        = (known after apply)
TestUsingExistingNetworkMySqlPrivateModule 2023-08-01T06:29:19Z logger.go:66:       + id           = (known after apply)
TestUsingExistingNetworkMySqlPrivateModule 2023-08-01T06:29:19Z logger.go:66:       + name         = (known after apply)
TestUsingExistingNetworkMySqlPrivateModule 2023-08-01T06:29:19Z logger.go:66:       + project      = "pm-service1-networking"
TestUsingExistingNetworkMySqlPrivateModule 2023-08-01T06:29:19Z logger.go:66:       + unique_id    = (known after apply)
TestUsingExistingNetworkMySqlPrivateModule 2023-08-01T06:29:19Z logger.go:66:     }
TestUsingExistingNetworkMySqlPrivateModule 2023-08-01T06:29:19Z logger.go:66: 
TestUsingExistingNetworkMySqlPrivateModule 2023-08-01T06:29:19Z logger.go:66:   # module.host-vpc.data.google_compute_global_address.my_address["privateip-range"] will be read during apply
TestUsingExistingNetworkMySqlPrivateModule 2023-08-01T06:29:19Z logger.go:66:   # (depends on a resource or a module with changes pending)
TestUsingExistingNetworkMySqlPrivateModule 2023-08-01T06:29:19Z logger.go:66:  <= data "google_compute_global_address" "my_address" {
TestUsingExistingNetworkMySqlPrivateModule 2023-08-01T06:29:19Z logger.go:66:       + address   = (known after apply)
TestUsingExistingNetworkMySqlPrivateModule 2023-08-01T06:29:19Z logger.go:66:       + id        = (known after apply)
TestUsingExistingNetworkMySqlPrivateModule 2023-08-01T06:29:19Z logger.go:66:       + name      = "privateip-range"
TestUsingExistingNetworkMySqlPrivateModule 2023-08-01T06:29:19Z logger.go:66:       + project   = "pm-host-networking"
TestUsingExistingNetworkMySqlPrivateModule 2023-08-01T06:29:19Z logger.go:66:       + self_link = (known after apply)
TestUsingExistingNetworkMySqlPrivateModule 2023-08-01T06:29:19Z logger.go:66:       + status    = (known after apply)
TestUsingExistingNetworkMySqlPrivateModule 2023-08-01T06:29:19Z logger.go:66:     }
TestUsingExistingNetworkMySqlPrivateModule 2023-08-01T06:29:19Z logger.go:66: 
TestUsingExistingNetworkMySqlPrivateModule 2023-08-01T06:29:19Z logger.go:66:   # module.host-vpc.data.google_compute_network.network[0] will be read during apply
TestUsingExistingNetworkMySqlPrivateModule 2023-08-01T06:29:19Z logger.go:66:   # (depends on a resource or a module with changes pending)
TestUsingExistingNetworkMySqlPrivateModule 2023-08-01T06:29:19Z logger.go:66:  <= data "google_compute_network" "network" {
TestUsingExistingNetworkMySqlPrivateModule 2023-08-01T06:29:19Z logger.go:66:       + description            = (known after apply)
TestUsingExistingNetworkMySqlPrivateModule 2023-08-01T06:29:19Z logger.go:66:       + gateway_ipv4           = (known after apply)
TestUsingExistingNetworkMySqlPrivateModule 2023-08-01T06:29:19Z logger.go:66:       + id                     = (known after apply)
TestUsingExistingNetworkMySqlPrivateModule 2023-08-01T06:29:19Z logger.go:66:       + name                   = "host-cloudsql-easy"
TestUsingExistingNetworkMySqlPrivateModule 2023-08-01T06:29:19Z logger.go:66:       + project                = "pm-host-networking"
TestUsingExistingNetworkMySqlPrivateModule 2023-08-01T06:29:19Z logger.go:66:       + self_link              = (known after apply)
TestUsingExistingNetworkMySqlPrivateModule 2023-08-01T06:29:19Z logger.go:66:       + subnetworks_self_links = (known after apply)
TestUsingExistingNetworkMySqlPrivateModule 2023-08-01T06:29:19Z logger.go:66:     }
TestUsingExistingNetworkMySqlPrivateModule 2023-08-01T06:29:19Z logger.go:66: 
TestUsingExistingNetworkMySqlPrivateModule 2023-08-01T06:29:19Z logger.go:66:   # module.host-vpc.google_compute_global_address.psa_ranges["privateip-range"] will be created
TestUsingExistingNetworkMySqlPrivateModule 2023-08-01T06:29:19Z logger.go:66:   + resource "google_compute_global_address" "psa_ranges" {
TestUsingExistingNetworkMySqlPrivateModule 2023-08-01T06:29:19Z logger.go:66:       + address            = (known after apply)
TestUsingExistingNetworkMySqlPrivateModule 2023-08-01T06:29:19Z logger.go:66:       + address_type       = "INTERNAL"
TestUsingExistingNetworkMySqlPrivateModule 2023-08-01T06:29:19Z logger.go:66:       + creation_timestamp = (known after apply)
TestUsingExistingNetworkMySqlPrivateModule 2023-08-01T06:29:19Z logger.go:66:       + id                 = (known after apply)
TestUsingExistingNetworkMySqlPrivateModule 2023-08-01T06:29:19Z logger.go:66:       + name               = "privateip-range"
TestUsingExistingNetworkMySqlPrivateModule 2023-08-01T06:29:19Z logger.go:66:       + network            = (known after apply)
TestUsingExistingNetworkMySqlPrivateModule 2023-08-01T06:29:19Z logger.go:66:       + prefix_length      = 20
TestUsingExistingNetworkMySqlPrivateModule 2023-08-01T06:29:19Z logger.go:66:       + project            = "pm-host-networking"
TestUsingExistingNetworkMySqlPrivateModule 2023-08-01T06:29:19Z logger.go:66:       + purpose            = "VPC_PEERING"
TestUsingExistingNetworkMySqlPrivateModule 2023-08-01T06:29:19Z logger.go:66:       + self_link          = (known after apply)
TestUsingExistingNetworkMySqlPrivateModule 2023-08-01T06:29:19Z logger.go:66:     }
TestUsingExistingNetworkMySqlPrivateModule 2023-08-01T06:29:19Z logger.go:66: 
TestUsingExistingNetworkMySqlPrivateModule 2023-08-01T06:29:19Z logger.go:66:   # module.host-vpc.google_compute_network_peering_routes_config.psa_routes["1"] will be created
TestUsingExistingNetworkMySqlPrivateModule 2023-08-01T06:29:19Z logger.go:66:   + resource "google_compute_network_peering_routes_config" "psa_routes" {
TestUsingExistingNetworkMySqlPrivateModule 2023-08-01T06:29:19Z logger.go:66:       + export_custom_routes = true
TestUsingExistingNetworkMySqlPrivateModule 2023-08-01T06:29:19Z logger.go:66:       + id                   = (known after apply)
TestUsingExistingNetworkMySqlPrivateModule 2023-08-01T06:29:19Z logger.go:66:       + import_custom_routes = true
TestUsingExistingNetworkMySqlPrivateModule 2023-08-01T06:29:19Z logger.go:66:       + network              = (known after apply)
TestUsingExistingNetworkMySqlPrivateModule 2023-08-01T06:29:19Z logger.go:66:       + peering              = (known after apply)
TestUsingExistingNetworkMySqlPrivateModule 2023-08-01T06:29:19Z logger.go:66:       + project              = "pm-host-networking"
TestUsingExistingNetworkMySqlPrivateModule 2023-08-01T06:29:19Z logger.go:66:     }
TestUsingExistingNetworkMySqlPrivateModule 2023-08-01T06:29:19Z logger.go:66: 
TestUsingExistingNetworkMySqlPrivateModule 2023-08-01T06:29:19Z logger.go:66:   # module.host-vpc.google_compute_shared_vpc_host_project.shared_vpc_host[0] will be created
TestUsingExistingNetworkMySqlPrivateModule 2023-08-01T06:29:19Z logger.go:66:   + resource "google_compute_shared_vpc_host_project" "shared_vpc_host" {
TestUsingExistingNetworkMySqlPrivateModule 2023-08-01T06:29:19Z logger.go:66:       + id      = (known after apply)
TestUsingExistingNetworkMySqlPrivateModule 2023-08-01T06:29:19Z logger.go:66:       + project = "pm-host-networking"
TestUsingExistingNetworkMySqlPrivateModule 2023-08-01T06:29:19Z logger.go:66:     }
TestUsingExistingNetworkMySqlPrivateModule 2023-08-01T06:29:19Z logger.go:66: 
TestUsingExistingNetworkMySqlPrivateModule 2023-08-01T06:29:19Z logger.go:66:   # module.host-vpc.google_compute_shared_vpc_service_project.service_projects["pm-service1-networking"] will be created
TestUsingExistingNetworkMySqlPrivateModule 2023-08-01T06:29:19Z logger.go:66:   + resource "google_compute_shared_vpc_service_project" "service_projects" {
TestUsingExistingNetworkMySqlPrivateModule 2023-08-01T06:29:19Z logger.go:66:       + host_project    = "pm-host-networking"
TestUsingExistingNetworkMySqlPrivateModule 2023-08-01T06:29:19Z logger.go:66:       + id              = (known after apply)
TestUsingExistingNetworkMySqlPrivateModule 2023-08-01T06:29:19Z logger.go:66:       + service_project = "pm-service1-networking"
TestUsingExistingNetworkMySqlPrivateModule 2023-08-01T06:29:19Z logger.go:66:     }
TestUsingExistingNetworkMySqlPrivateModule 2023-08-01T06:29:19Z logger.go:66: 
TestUsingExistingNetworkMySqlPrivateModule 2023-08-01T06:29:19Z logger.go:66:   # module.host-vpc.google_service_networking_connection.psa_connection["1"] will be created
TestUsingExistingNetworkMySqlPrivateModule 2023-08-01T06:29:19Z logger.go:66:   + resource "google_service_networking_connection" "psa_connection" {
TestUsingExistingNetworkMySqlPrivateModule 2023-08-01T06:29:19Z logger.go:66:       + id                      = (known after apply)
TestUsingExistingNetworkMySqlPrivateModule 2023-08-01T06:29:19Z logger.go:66:       + network                 = (known after apply)
TestUsingExistingNetworkMySqlPrivateModule 2023-08-01T06:29:19Z logger.go:66:       + peering                 = (known after apply)
TestUsingExistingNetworkMySqlPrivateModule 2023-08-01T06:29:19Z logger.go:66:       + reserved_peering_ranges = [
TestUsingExistingNetworkMySqlPrivateModule 2023-08-01T06:29:19Z logger.go:66:           + "privateip-range",
TestUsingExistingNetworkMySqlPrivateModule 2023-08-01T06:29:19Z logger.go:66:         ]
TestUsingExistingNetworkMySqlPrivateModule 2023-08-01T06:29:19Z logger.go:66:       + service                 = "servicenetworking.googleapis.com"
TestUsingExistingNetworkMySqlPrivateModule 2023-08-01T06:29:19Z logger.go:66:     }
TestUsingExistingNetworkMySqlPrivateModule 2023-08-01T06:29:19Z logger.go:66: 
TestUsingExistingNetworkMySqlPrivateModule 2023-08-01T06:29:19Z logger.go:66:   # module.sql-db.random_string.mysql_random_suffix[0] will be created
TestUsingExistingNetworkMySqlPrivateModule 2023-08-01T06:29:19Z logger.go:66:   + resource "random_string" "mysql_random_suffix" {
TestUsingExistingNetworkMySqlPrivateModule 2023-08-01T06:29:19Z logger.go:66:       + id          = (known after apply)
TestUsingExistingNetworkMySqlPrivateModule 2023-08-01T06:29:19Z logger.go:66:       + length      = 3
TestUsingExistingNetworkMySqlPrivateModule 2023-08-01T06:29:19Z logger.go:66:       + lower       = true
TestUsingExistingNetworkMySqlPrivateModule 2023-08-01T06:29:19Z logger.go:66:       + min_lower   = 0
TestUsingExistingNetworkMySqlPrivateModule 2023-08-01T06:29:19Z logger.go:66:       + min_numeric = 0
TestUsingExistingNetworkMySqlPrivateModule 2023-08-01T06:29:19Z logger.go:66:       + min_special = 0
TestUsingExistingNetworkMySqlPrivateModule 2023-08-01T06:29:19Z logger.go:66:       + min_upper   = 0
TestUsingExistingNetworkMySqlPrivateModule 2023-08-01T06:29:19Z logger.go:66:       + number      = true
TestUsingExistingNetworkMySqlPrivateModule 2023-08-01T06:29:19Z logger.go:66:       + result      = (known after apply)
TestUsingExistingNetworkMySqlPrivateModule 2023-08-01T06:29:19Z logger.go:66:       + special     = false
TestUsingExistingNetworkMySqlPrivateModule 2023-08-01T06:29:19Z logger.go:66:       + upper       = false
TestUsingExistingNetworkMySqlPrivateModule 2023-08-01T06:29:19Z logger.go:66:     }
TestUsingExistingNetworkMySqlPrivateModule 2023-08-01T06:29:19Z logger.go:66: 
TestUsingExistingNetworkMySqlPrivateModule 2023-08-01T06:29:19Z logger.go:66:   # module.terraform_service_accounts.google_project_iam_member.project-roles["pm-host-networking-roles/compute.networkAdmin"] will be created
TestUsingExistingNetworkMySqlPrivateModule 2023-08-01T06:29:19Z logger.go:66:   + resource "google_project_iam_member" "project-roles" {
TestUsingExistingNetworkMySqlPrivateModule 2023-08-01T06:29:19Z logger.go:66:       + etag    = (known after apply)
TestUsingExistingNetworkMySqlPrivateModule 2023-08-01T06:29:19Z logger.go:66:       + id      = (known after apply)
TestUsingExistingNetworkMySqlPrivateModule 2023-08-01T06:29:19Z logger.go:66:       + member  = (known after apply)
TestUsingExistingNetworkMySqlPrivateModule 2023-08-01T06:29:19Z logger.go:66:       + project = "pm-host-networking"
TestUsingExistingNetworkMySqlPrivateModule 2023-08-01T06:29:19Z logger.go:66:       + role    = "roles/compute.networkAdmin"
TestUsingExistingNetworkMySqlPrivateModule 2023-08-01T06:29:19Z logger.go:66:     }
TestUsingExistingNetworkMySqlPrivateModule 2023-08-01T06:29:19Z logger.go:66: 
TestUsingExistingNetworkMySqlPrivateModule 2023-08-01T06:29:19Z logger.go:66:   # module.terraform_service_accounts.google_project_iam_member.project-roles["pm-host-networking-roles/compute.networkUser"] will be created
TestUsingExistingNetworkMySqlPrivateModule 2023-08-01T06:29:19Z logger.go:66:   + resource "google_project_iam_member" "project-roles" {
TestUsingExistingNetworkMySqlPrivateModule 2023-08-01T06:29:19Z logger.go:66:       + etag    = (known after apply)
TestUsingExistingNetworkMySqlPrivateModule 2023-08-01T06:29:19Z logger.go:66:       + id      = (known after apply)
TestUsingExistingNetworkMySqlPrivateModule 2023-08-01T06:29:19Z logger.go:66:       + member  = (known after apply)
TestUsingExistingNetworkMySqlPrivateModule 2023-08-01T06:29:19Z logger.go:66:       + project = "pm-host-networking"
TestUsingExistingNetworkMySqlPrivateModule 2023-08-01T06:29:19Z logger.go:66:       + role    = "roles/compute.networkUser"
TestUsingExistingNetworkMySqlPrivateModule 2023-08-01T06:29:19Z logger.go:66:     }
TestUsingExistingNetworkMySqlPrivateModule 2023-08-01T06:29:19Z logger.go:66: 
TestUsingExistingNetworkMySqlPrivateModule 2023-08-01T06:29:19Z logger.go:66:   # module.terraform_service_accounts.google_project_iam_member.project-roles["pm-host-networking-roles/compute.securityAdmin"] will be created
TestUsingExistingNetworkMySqlPrivateModule 2023-08-01T06:29:19Z logger.go:66:   + resource "google_project_iam_member" "project-roles" {
TestUsingExistingNetworkMySqlPrivateModule 2023-08-01T06:29:19Z logger.go:66:       + etag    = (known after apply)
TestUsingExistingNetworkMySqlPrivateModule 2023-08-01T06:29:19Z logger.go:66:       + id      = (known after apply)
TestUsingExistingNetworkMySqlPrivateModule 2023-08-01T06:29:19Z logger.go:66:       + member  = (known after apply)
TestUsingExistingNetworkMySqlPrivateModule 2023-08-01T06:29:19Z logger.go:66:       + project = "pm-host-networking"
TestUsingExistingNetworkMySqlPrivateModule 2023-08-01T06:29:19Z logger.go:66:       + role    = "roles/compute.securityAdmin"
TestUsingExistingNetworkMySqlPrivateModule 2023-08-01T06:29:19Z logger.go:66:     }
TestUsingExistingNetworkMySqlPrivateModule 2023-08-01T06:29:19Z logger.go:66: 
TestUsingExistingNetworkMySqlPrivateModule 2023-08-01T06:29:19Z logger.go:66:   # module.terraform_service_accounts.google_project_iam_member.project-roles["pm-host-networking-roles/iam.serviceAccountAdmin"] will be created
TestUsingExistingNetworkMySqlPrivateModule 2023-08-01T06:29:19Z logger.go:66:   + resource "google_project_iam_member" "project-roles" {
TestUsingExistingNetworkMySqlPrivateModule 2023-08-01T06:29:19Z logger.go:66:       + etag    = (known after apply)
TestUsingExistingNetworkMySqlPrivateModule 2023-08-01T06:29:19Z logger.go:66:       + id      = (known after apply)
TestUsingExistingNetworkMySqlPrivateModule 2023-08-01T06:29:19Z logger.go:66:       + member  = (known after apply)
TestUsingExistingNetworkMySqlPrivateModule 2023-08-01T06:29:19Z logger.go:66:       + project = "pm-host-networking"
TestUsingExistingNetworkMySqlPrivateModule 2023-08-01T06:29:19Z logger.go:66:       + role    = "roles/iam.serviceAccountAdmin"
TestUsingExistingNetworkMySqlPrivateModule 2023-08-01T06:29:19Z logger.go:66:     }
TestUsingExistingNetworkMySqlPrivateModule 2023-08-01T06:29:19Z logger.go:66: 
TestUsingExistingNetworkMySqlPrivateModule 2023-08-01T06:29:19Z logger.go:66:   # module.terraform_service_accounts.google_project_iam_member.project-roles["pm-host-networking-roles/resourcemanager.projectIamAdmin"] will be created
TestUsingExistingNetworkMySqlPrivateModule 2023-08-01T06:29:19Z logger.go:66:   + resource "google_project_iam_member" "project-roles" {
TestUsingExistingNetworkMySqlPrivateModule 2023-08-01T06:29:19Z logger.go:66:       + etag    = (known after apply)
TestUsingExistingNetworkMySqlPrivateModule 2023-08-01T06:29:19Z logger.go:66:       + id      = (known after apply)
TestUsingExistingNetworkMySqlPrivateModule 2023-08-01T06:29:19Z logger.go:66:       + member  = (known after apply)
TestUsingExistingNetworkMySqlPrivateModule 2023-08-01T06:29:19Z logger.go:66:       + project = "pm-host-networking"
TestUsingExistingNetworkMySqlPrivateModule 2023-08-01T06:29:19Z logger.go:66:       + role    = "roles/resourcemanager.projectIamAdmin"
TestUsingExistingNetworkMySqlPrivateModule 2023-08-01T06:29:19Z logger.go:66:     }
TestUsingExistingNetworkMySqlPrivateModule 2023-08-01T06:29:19Z logger.go:66: 
TestUsingExistingNetworkMySqlPrivateModule 2023-08-01T06:29:19Z logger.go:66:   # module.terraform_service_accounts.google_project_iam_member.project-roles["pm-host-networking-roles/serviceusage.serviceUsageAdmin"] will be created
TestUsingExistingNetworkMySqlPrivateModule 2023-08-01T06:29:19Z logger.go:66:   + resource "google_project_iam_member" "project-roles" {
TestUsingExistingNetworkMySqlPrivateModule 2023-08-01T06:29:19Z logger.go:66:       + etag    = (known after apply)
TestUsingExistingNetworkMySqlPrivateModule 2023-08-01T06:29:19Z logger.go:66:       + id      = (known after apply)
TestUsingExistingNetworkMySqlPrivateModule 2023-08-01T06:29:19Z logger.go:66:       + member  = (known after apply)
TestUsingExistingNetworkMySqlPrivateModule 2023-08-01T06:29:19Z logger.go:66:       + project = "pm-host-networking"
TestUsingExistingNetworkMySqlPrivateModule 2023-08-01T06:29:19Z logger.go:66:       + role    = "roles/serviceusage.serviceUsageAdmin"
TestUsingExistingNetworkMySqlPrivateModule 2023-08-01T06:29:19Z logger.go:66:     }
TestUsingExistingNetworkMySqlPrivateModule 2023-08-01T06:29:19Z logger.go:66: 
TestUsingExistingNetworkMySqlPrivateModule 2023-08-01T06:29:19Z logger.go:66:   # module.terraform_service_accounts.google_project_iam_member.project-roles["pm-service1-networking-roles/cloudsql.admin"] will be created
TestUsingExistingNetworkMySqlPrivateModule 2023-08-01T06:29:19Z logger.go:66:   + resource "google_project_iam_member" "project-roles" {
TestUsingExistingNetworkMySqlPrivateModule 2023-08-01T06:29:19Z logger.go:66:       + etag    = (known after apply)
TestUsingExistingNetworkMySqlPrivateModule 2023-08-01T06:29:19Z logger.go:66:       + id      = (known after apply)
TestUsingExistingNetworkMySqlPrivateModule 2023-08-01T06:29:19Z logger.go:66:       + member  = (known after apply)
TestUsingExistingNetworkMySqlPrivateModule 2023-08-01T06:29:19Z logger.go:66:       + project = "pm-service1-networking"
TestUsingExistingNetworkMySqlPrivateModule 2023-08-01T06:29:19Z logger.go:66:       + role    = "roles/cloudsql.admin"
TestUsingExistingNetworkMySqlPrivateModule 2023-08-01T06:29:19Z logger.go:66:     }
TestUsingExistingNetworkMySqlPrivateModule 2023-08-01T06:29:19Z logger.go:66: 
TestUsingExistingNetworkMySqlPrivateModule 2023-08-01T06:29:19Z logger.go:66:   # module.terraform_service_accounts.google_project_iam_member.project-roles["pm-service1-networking-roles/compute.instanceAdmin"] will be created
TestUsingExistingNetworkMySqlPrivateModule 2023-08-01T06:29:19Z logger.go:66:   + resource "google_project_iam_member" "project-roles" {
TestUsingExistingNetworkMySqlPrivateModule 2023-08-01T06:29:19Z logger.go:66:       + etag    = (known after apply)
TestUsingExistingNetworkMySqlPrivateModule 2023-08-01T06:29:19Z logger.go:66:       + id      = (known after apply)
TestUsingExistingNetworkMySqlPrivateModule 2023-08-01T06:29:19Z logger.go:66:       + member  = (known after apply)
TestUsingExistingNetworkMySqlPrivateModule 2023-08-01T06:29:19Z logger.go:66:       + project = "pm-service1-networking"
TestUsingExistingNetworkMySqlPrivateModule 2023-08-01T06:29:19Z logger.go:66:       + role    = "roles/compute.instanceAdmin"
TestUsingExistingNetworkMySqlPrivateModule 2023-08-01T06:29:19Z logger.go:66:     }
TestUsingExistingNetworkMySqlPrivateModule 2023-08-01T06:29:19Z logger.go:66: 
TestUsingExistingNetworkMySqlPrivateModule 2023-08-01T06:29:19Z logger.go:66:   # module.terraform_service_accounts.google_project_iam_member.project-roles["pm-service1-networking-roles/iam.serviceAccountAdmin"] will be created
TestUsingExistingNetworkMySqlPrivateModule 2023-08-01T06:29:19Z logger.go:66:   + resource "google_project_iam_member" "project-roles" {
TestUsingExistingNetworkMySqlPrivateModule 2023-08-01T06:29:19Z logger.go:66:       + etag    = (known after apply)
TestUsingExistingNetworkMySqlPrivateModule 2023-08-01T06:29:19Z logger.go:66:       + id      = (known after apply)
TestUsingExistingNetworkMySqlPrivateModule 2023-08-01T06:29:19Z logger.go:66:       + member  = (known after apply)
TestUsingExistingNetworkMySqlPrivateModule 2023-08-01T06:29:19Z logger.go:66:       + project = "pm-service1-networking"
TestUsingExistingNetworkMySqlPrivateModule 2023-08-01T06:29:19Z logger.go:66:       + role    = "roles/iam.serviceAccountAdmin"
TestUsingExistingNetworkMySqlPrivateModule 2023-08-01T06:29:19Z logger.go:66:     }
TestUsingExistingNetworkMySqlPrivateModule 2023-08-01T06:29:19Z logger.go:66: 
TestUsingExistingNetworkMySqlPrivateModule 2023-08-01T06:29:19Z logger.go:66:   # module.terraform_service_accounts.google_project_iam_member.project-roles["pm-service1-networking-roles/iam.serviceAccountUser"] will be created
TestUsingExistingNetworkMySqlPrivateModule 2023-08-01T06:29:19Z logger.go:66:   + resource "google_project_iam_member" "project-roles" {
TestUsingExistingNetworkMySqlPrivateModule 2023-08-01T06:29:19Z logger.go:66:       + etag    = (known after apply)
TestUsingExistingNetworkMySqlPrivateModule 2023-08-01T06:29:19Z logger.go:66:       + id      = (known after apply)
TestUsingExistingNetworkMySqlPrivateModule 2023-08-01T06:29:19Z logger.go:66:       + member  = (known after apply)
TestUsingExistingNetworkMySqlPrivateModule 2023-08-01T06:29:19Z logger.go:66:       + project = "pm-service1-networking"
TestUsingExistingNetworkMySqlPrivateModule 2023-08-01T06:29:19Z logger.go:66:       + role    = "roles/iam.serviceAccountUser"
TestUsingExistingNetworkMySqlPrivateModule 2023-08-01T06:29:19Z logger.go:66:     }
TestUsingExistingNetworkMySqlPrivateModule 2023-08-01T06:29:19Z logger.go:66: 
TestUsingExistingNetworkMySqlPrivateModule 2023-08-01T06:29:19Z logger.go:66:   # module.terraform_service_accounts.google_project_iam_member.project-roles["pm-service1-networking-roles/resourcemanager.projectIamAdmin"] will be created
TestUsingExistingNetworkMySqlPrivateModule 2023-08-01T06:29:19Z logger.go:66:   + resource "google_project_iam_member" "project-roles" {
TestUsingExistingNetworkMySqlPrivateModule 2023-08-01T06:29:19Z logger.go:66:       + etag    = (known after apply)
TestUsingExistingNetworkMySqlPrivateModule 2023-08-01T06:29:19Z logger.go:66:       + id      = (known after apply)
TestUsingExistingNetworkMySqlPrivateModule 2023-08-01T06:29:19Z logger.go:66:       + member  = (known after apply)
TestUsingExistingNetworkMySqlPrivateModule 2023-08-01T06:29:19Z logger.go:66:       + project = "pm-service1-networking"
TestUsingExistingNetworkMySqlPrivateModule 2023-08-01T06:29:19Z logger.go:66:       + role    = "roles/resourcemanager.projectIamAdmin"
TestUsingExistingNetworkMySqlPrivateModule 2023-08-01T06:29:19Z logger.go:66:     }
TestUsingExistingNetworkMySqlPrivateModule 2023-08-01T06:29:19Z logger.go:66: 
TestUsingExistingNetworkMySqlPrivateModule 2023-08-01T06:29:19Z logger.go:66:   # module.terraform_service_accounts.google_project_iam_member.project-roles["pm-service1-networking-roles/serviceusage.serviceUsageAdmin"] will be created
TestUsingExistingNetworkMySqlPrivateModule 2023-08-01T06:29:19Z logger.go:66:   + resource "google_project_iam_member" "project-roles" {
TestUsingExistingNetworkMySqlPrivateModule 2023-08-01T06:29:19Z logger.go:66:       + etag    = (known after apply)
TestUsingExistingNetworkMySqlPrivateModule 2023-08-01T06:29:19Z logger.go:66:       + id      = (known after apply)
TestUsingExistingNetworkMySqlPrivateModule 2023-08-01T06:29:19Z logger.go:66:       + member  = (known after apply)
TestUsingExistingNetworkMySqlPrivateModule 2023-08-01T06:29:19Z logger.go:66:       + project = "pm-service1-networking"
TestUsingExistingNetworkMySqlPrivateModule 2023-08-01T06:29:19Z logger.go:66:       + role    = "roles/serviceusage.serviceUsageAdmin"
TestUsingExistingNetworkMySqlPrivateModule 2023-08-01T06:29:19Z logger.go:66:     }
TestUsingExistingNetworkMySqlPrivateModule 2023-08-01T06:29:19Z logger.go:66: 
TestUsingExistingNetworkMySqlPrivateModule 2023-08-01T06:29:19Z logger.go:66:   # module.terraform_service_accounts.google_service_account.service_account[0] will be created
TestUsingExistingNetworkMySqlPrivateModule 2023-08-01T06:29:19Z logger.go:66:   + resource "google_service_account" "service_account" {
TestUsingExistingNetworkMySqlPrivateModule 2023-08-01T06:29:19Z logger.go:66:       + account_id   = "terraform-sa"
TestUsingExistingNetworkMySqlPrivateModule 2023-08-01T06:29:19Z logger.go:66:       + disabled     = false
TestUsingExistingNetworkMySqlPrivateModule 2023-08-01T06:29:19Z logger.go:66:       + display_name = "Terraform-managed."
TestUsingExistingNetworkMySqlPrivateModule 2023-08-01T06:29:19Z logger.go:66:       + email        = (known after apply)
TestUsingExistingNetworkMySqlPrivateModule 2023-08-01T06:29:19Z logger.go:66:       + id           = (known after apply)
TestUsingExistingNetworkMySqlPrivateModule 2023-08-01T06:29:19Z logger.go:66:       + name         = (known after apply)
TestUsingExistingNetworkMySqlPrivateModule 2023-08-01T06:29:19Z logger.go:66:       + project      = "pm-host-networking"
TestUsingExistingNetworkMySqlPrivateModule 2023-08-01T06:29:19Z logger.go:66:       + unique_id    = (known after apply)
TestUsingExistingNetworkMySqlPrivateModule 2023-08-01T06:29:19Z logger.go:66:     }
TestUsingExistingNetworkMySqlPrivateModule 2023-08-01T06:29:19Z logger.go:66: 
TestUsingExistingNetworkMySqlPrivateModule 2023-08-01T06:29:19Z logger.go:66:   # module.firewall_rules.module.firewall_rules.google_compute_firewall.rules["allow-ssh-ingress"] will be created
TestUsingExistingNetworkMySqlPrivateModule 2023-08-01T06:29:19Z logger.go:66:   + resource "google_compute_firewall" "rules" {
TestUsingExistingNetworkMySqlPrivateModule 2023-08-01T06:29:19Z logger.go:66:       + creation_timestamp = (known after apply)
TestUsingExistingNetworkMySqlPrivateModule 2023-08-01T06:29:19Z logger.go:66:       + description        = "Creates firewall rule targeting tagged instances"
TestUsingExistingNetworkMySqlPrivateModule 2023-08-01T06:29:19Z logger.go:66:       + destination_ranges = (known after apply)
TestUsingExistingNetworkMySqlPrivateModule 2023-08-01T06:29:19Z logger.go:66:       + direction          = "INGRESS"
TestUsingExistingNetworkMySqlPrivateModule 2023-08-01T06:29:19Z logger.go:66:       + enable_logging     = (known after apply)
TestUsingExistingNetworkMySqlPrivateModule 2023-08-01T06:29:19Z logger.go:66:       + id                 = (known after apply)
TestUsingExistingNetworkMySqlPrivateModule 2023-08-01T06:29:19Z logger.go:66:       + name               = "allow-ssh-ingress"
TestUsingExistingNetworkMySqlPrivateModule 2023-08-01T06:29:19Z logger.go:66:       + network            = "host-cloudsql-easy"
TestUsingExistingNetworkMySqlPrivateModule 2023-08-01T06:29:19Z logger.go:66:       + priority           = 1000
TestUsingExistingNetworkMySqlPrivateModule 2023-08-01T06:29:19Z logger.go:66:       + project            = "pm-host-networking"
TestUsingExistingNetworkMySqlPrivateModule 2023-08-01T06:29:19Z logger.go:66:       + self_link          = (known after apply)
TestUsingExistingNetworkMySqlPrivateModule 2023-08-01T06:29:19Z logger.go:66:       + source_ranges      = (known after apply)
TestUsingExistingNetworkMySqlPrivateModule 2023-08-01T06:29:19Z logger.go:66:       + target_tags        = [
TestUsingExistingNetworkMySqlPrivateModule 2023-08-01T06:29:19Z logger.go:66:           + "cloudsql",
TestUsingExistingNetworkMySqlPrivateModule 2023-08-01T06:29:19Z logger.go:66:         ]
TestUsingExistingNetworkMySqlPrivateModule 2023-08-01T06:29:19Z logger.go:66: 
TestUsingExistingNetworkMySqlPrivateModule 2023-08-01T06:29:19Z logger.go:66:       + allow {
TestUsingExistingNetworkMySqlPrivateModule 2023-08-01T06:29:19Z logger.go:66:           + ports    = [
TestUsingExistingNetworkMySqlPrivateModule 2023-08-01T06:29:19Z logger.go:66:               + "22",
TestUsingExistingNetworkMySqlPrivateModule 2023-08-01T06:29:19Z logger.go:66:             ]
TestUsingExistingNetworkMySqlPrivateModule 2023-08-01T06:29:19Z logger.go:66:           + protocol = "tcp"
TestUsingExistingNetworkMySqlPrivateModule 2023-08-01T06:29:19Z logger.go:66:         }
TestUsingExistingNetworkMySqlPrivateModule 2023-08-01T06:29:19Z logger.go:66: 
TestUsingExistingNetworkMySqlPrivateModule 2023-08-01T06:29:19Z logger.go:66:       + log_config {
TestUsingExistingNetworkMySqlPrivateModule 2023-08-01T06:29:19Z logger.go:66:           + metadata = "INCLUDE_ALL_METADATA"
TestUsingExistingNetworkMySqlPrivateModule 2023-08-01T06:29:19Z logger.go:66:         }
TestUsingExistingNetworkMySqlPrivateModule 2023-08-01T06:29:19Z logger.go:66:     }
TestUsingExistingNetworkMySqlPrivateModule 2023-08-01T06:29:19Z logger.go:66: 
TestUsingExistingNetworkMySqlPrivateModule 2023-08-01T06:29:19Z logger.go:66:   # module.firewall_rules.module.firewall_rules.google_compute_firewall.rules["cloudsql-ingress"] will be created
TestUsingExistingNetworkMySqlPrivateModule 2023-08-01T06:29:19Z logger.go:66:   + resource "google_compute_firewall" "rules" {
TestUsingExistingNetworkMySqlPrivateModule 2023-08-01T06:29:19Z logger.go:66:       + creation_timestamp      = (known after apply)
TestUsingExistingNetworkMySqlPrivateModule 2023-08-01T06:29:19Z logger.go:66:       + description             = "Creates firewall rule targeting tagged instances for cloudsql"
TestUsingExistingNetworkMySqlPrivateModule 2023-08-01T06:29:19Z logger.go:66:       + destination_ranges      = (known after apply)
TestUsingExistingNetworkMySqlPrivateModule 2023-08-01T06:29:19Z logger.go:66:       + direction               = "INGRESS"
TestUsingExistingNetworkMySqlPrivateModule 2023-08-01T06:29:19Z logger.go:66:       + enable_logging          = (known after apply)
TestUsingExistingNetworkMySqlPrivateModule 2023-08-01T06:29:19Z logger.go:66:       + id                      = (known after apply)
TestUsingExistingNetworkMySqlPrivateModule 2023-08-01T06:29:19Z logger.go:66:       + name                    = "cloudsql-ingress"
TestUsingExistingNetworkMySqlPrivateModule 2023-08-01T06:29:19Z logger.go:66:       + network                 = "host-cloudsql-easy"
TestUsingExistingNetworkMySqlPrivateModule 2023-08-01T06:29:19Z logger.go:66:       + priority                = 1000
TestUsingExistingNetworkMySqlPrivateModule 2023-08-01T06:29:19Z logger.go:66:       + project                 = "pm-host-networking"
TestUsingExistingNetworkMySqlPrivateModule 2023-08-01T06:29:19Z logger.go:66:       + self_link               = (known after apply)
TestUsingExistingNetworkMySqlPrivateModule 2023-08-01T06:29:19Z logger.go:66:       + source_ranges           = (known after apply)
TestUsingExistingNetworkMySqlPrivateModule 2023-08-01T06:29:19Z logger.go:66:       + source_service_accounts = [
TestUsingExistingNetworkMySqlPrivateModule 2023-08-01T06:29:19Z logger.go:66:           + "gce-sa@pm-service1-networking.iam.gserviceaccount.com",
TestUsingExistingNetworkMySqlPrivateModule 2023-08-01T06:29:19Z logger.go:66:         ]
TestUsingExistingNetworkMySqlPrivateModule 2023-08-01T06:29:19Z logger.go:66: 
TestUsingExistingNetworkMySqlPrivateModule 2023-08-01T06:29:19Z logger.go:66:       + allow {
TestUsingExistingNetworkMySqlPrivateModule 2023-08-01T06:29:19Z logger.go:66:           + ports    = [
TestUsingExistingNetworkMySqlPrivateModule 2023-08-01T06:29:19Z logger.go:66:               + "3306",
TestUsingExistingNetworkMySqlPrivateModule 2023-08-01T06:29:19Z logger.go:66:             ]
TestUsingExistingNetworkMySqlPrivateModule 2023-08-01T06:29:19Z logger.go:66:           + protocol = "tcp"
TestUsingExistingNetworkMySqlPrivateModule 2023-08-01T06:29:19Z logger.go:66:         }
TestUsingExistingNetworkMySqlPrivateModule 2023-08-01T06:29:19Z logger.go:66: 
TestUsingExistingNetworkMySqlPrivateModule 2023-08-01T06:29:19Z logger.go:66:       + log_config {
TestUsingExistingNetworkMySqlPrivateModule 2023-08-01T06:29:19Z logger.go:66:           + metadata = "INCLUDE_ALL_METADATA"
TestUsingExistingNetworkMySqlPrivateModule 2023-08-01T06:29:19Z logger.go:66:         }
TestUsingExistingNetworkMySqlPrivateModule 2023-08-01T06:29:19Z logger.go:66:     }
TestUsingExistingNetworkMySqlPrivateModule 2023-08-01T06:29:19Z logger.go:66: 
TestUsingExistingNetworkMySqlPrivateModule 2023-08-01T06:29:19Z logger.go:66:   # module.google_compute_instance.module.compute_instance.data.google_compute_zones.available will be read during apply
TestUsingExistingNetworkMySqlPrivateModule 2023-08-01T06:29:19Z logger.go:66:   # (config refers to values not yet known)
TestUsingExistingNetworkMySqlPrivateModule 2023-08-01T06:29:19Z logger.go:66:  <= data "google_compute_zones" "available" {
TestUsingExistingNetworkMySqlPrivateModule 2023-08-01T06:29:19Z logger.go:66:       + id      = (known after apply)
TestUsingExistingNetworkMySqlPrivateModule 2023-08-01T06:29:19Z logger.go:66:       + names   = (known after apply)
TestUsingExistingNetworkMySqlPrivateModule 2023-08-01T06:29:19Z logger.go:66:       + project = (known after apply)
TestUsingExistingNetworkMySqlPrivateModule 2023-08-01T06:29:19Z logger.go:66:       + region  = "us-central1"
TestUsingExistingNetworkMySqlPrivateModule 2023-08-01T06:29:19Z logger.go:66:     }
TestUsingExistingNetworkMySqlPrivateModule 2023-08-01T06:29:19Z logger.go:66: 
TestUsingExistingNetworkMySqlPrivateModule 2023-08-01T06:29:19Z logger.go:66:   # module.google_compute_instance.module.compute_instance.google_compute_instance_from_template.compute_instance[0] will be created
TestUsingExistingNetworkMySqlPrivateModule 2023-08-01T06:29:19Z logger.go:66:   + resource "google_compute_instance_from_template" "compute_instance" {
TestUsingExistingNetworkMySqlPrivateModule 2023-08-01T06:29:19Z logger.go:66:       + allow_stopping_for_update = (known after apply)
TestUsingExistingNetworkMySqlPrivateModule 2023-08-01T06:29:19Z logger.go:66:       + attached_disk             = (known after apply)
TestUsingExistingNetworkMySqlPrivateModule 2023-08-01T06:29:19Z logger.go:66:       + can_ip_forward            = (known after apply)
TestUsingExistingNetworkMySqlPrivateModule 2023-08-01T06:29:19Z logger.go:66:       + cpu_platform              = (known after apply)
TestUsingExistingNetworkMySqlPrivateModule 2023-08-01T06:29:19Z logger.go:66:       + current_status            = (known after apply)
TestUsingExistingNetworkMySqlPrivateModule 2023-08-01T06:29:19Z logger.go:66:       + deletion_protection       = false
TestUsingExistingNetworkMySqlPrivateModule 2023-08-01T06:29:19Z logger.go:66:       + description               = (known after apply)
TestUsingExistingNetworkMySqlPrivateModule 2023-08-01T06:29:19Z logger.go:66:       + desired_status            = (known after apply)
TestUsingExistingNetworkMySqlPrivateModule 2023-08-01T06:29:19Z logger.go:66:       + enable_display            = (known after apply)
TestUsingExistingNetworkMySqlPrivateModule 2023-08-01T06:29:19Z logger.go:66:       + guest_accelerator         = (known after apply)
TestUsingExistingNetworkMySqlPrivateModule 2023-08-01T06:29:19Z logger.go:66:       + hostname                  = (known after apply)
TestUsingExistingNetworkMySqlPrivateModule 2023-08-01T06:29:19Z logger.go:66:       + id                        = (known after apply)
TestUsingExistingNetworkMySqlPrivateModule 2023-08-01T06:29:19Z logger.go:66:       + instance_id               = (known after apply)
TestUsingExistingNetworkMySqlPrivateModule 2023-08-01T06:29:19Z logger.go:66:       + label_fingerprint         = (known after apply)
TestUsingExistingNetworkMySqlPrivateModule 2023-08-01T06:29:19Z logger.go:66:       + labels                    = (known after apply)
TestUsingExistingNetworkMySqlPrivateModule 2023-08-01T06:29:19Z logger.go:66:       + machine_type              = (known after apply)
TestUsingExistingNetworkMySqlPrivateModule 2023-08-01T06:29:19Z logger.go:66:       + metadata                  = (known after apply)
TestUsingExistingNetworkMySqlPrivateModule 2023-08-01T06:29:19Z logger.go:66:       + metadata_fingerprint      = (known after apply)
TestUsingExistingNetworkMySqlPrivateModule 2023-08-01T06:29:19Z logger.go:66:       + metadata_startup_script   = (known after apply)
TestUsingExistingNetworkMySqlPrivateModule 2023-08-01T06:29:19Z logger.go:66:       + min_cpu_platform          = (known after apply)
TestUsingExistingNetworkMySqlPrivateModule 2023-08-01T06:29:19Z logger.go:66:       + name                      = "default-001"
TestUsingExistingNetworkMySqlPrivateModule 2023-08-01T06:29:19Z logger.go:66:       + project                   = (known after apply)
TestUsingExistingNetworkMySqlPrivateModule 2023-08-01T06:29:19Z logger.go:66:       + resource_policies         = []
TestUsingExistingNetworkMySqlPrivateModule 2023-08-01T06:29:19Z logger.go:66:       + scratch_disk              = (known after apply)
TestUsingExistingNetworkMySqlPrivateModule 2023-08-01T06:29:19Z logger.go:66:       + self_link                 = (known after apply)
TestUsingExistingNetworkMySqlPrivateModule 2023-08-01T06:29:19Z logger.go:66:       + service_account           = (known after apply)
TestUsingExistingNetworkMySqlPrivateModule 2023-08-01T06:29:19Z logger.go:66:       + source_instance_template  = (known after apply)
TestUsingExistingNetworkMySqlPrivateModule 2023-08-01T06:29:19Z logger.go:66:       + tags                      = (known after apply)
TestUsingExistingNetworkMySqlPrivateModule 2023-08-01T06:29:19Z logger.go:66:       + tags_fingerprint          = (known after apply)
TestUsingExistingNetworkMySqlPrivateModule 2023-08-01T06:29:19Z logger.go:66:       + zone                      = "us-central1-a"
TestUsingExistingNetworkMySqlPrivateModule 2023-08-01T06:29:19Z logger.go:66:     }
TestUsingExistingNetworkMySqlPrivateModule 2023-08-01T06:29:19Z logger.go:66: 
TestUsingExistingNetworkMySqlPrivateModule 2023-08-01T06:29:19Z logger.go:66:   # module.google_compute_instance.module.instance_template.google_compute_instance_template.tpl will be created
TestUsingExistingNetworkMySqlPrivateModule 2023-08-01T06:29:19Z logger.go:66:   + resource "google_compute_instance_template" "tpl" {
TestUsingExistingNetworkMySqlPrivateModule 2023-08-01T06:29:19Z logger.go:66:       + can_ip_forward          = false
TestUsingExistingNetworkMySqlPrivateModule 2023-08-01T06:29:19Z logger.go:66:       + id                      = (known after apply)
TestUsingExistingNetworkMySqlPrivateModule 2023-08-01T06:29:19Z logger.go:66:       + machine_type            = "n1-standard-1"
TestUsingExistingNetworkMySqlPrivateModule 2023-08-01T06:29:19Z logger.go:66:       + metadata                = {
TestUsingExistingNetworkMySqlPrivateModule 2023-08-01T06:29:19Z logger.go:66:           + "enable-oslogin" = "true"
TestUsingExistingNetworkMySqlPrivateModule 2023-08-01T06:29:19Z logger.go:66:         }
TestUsingExistingNetworkMySqlPrivateModule 2023-08-01T06:29:19Z logger.go:66:       + metadata_fingerprint    = (known after apply)
TestUsingExistingNetworkMySqlPrivateModule 2023-08-01T06:29:19Z logger.go:66:       + metadata_startup_script = (known after apply)
TestUsingExistingNetworkMySqlPrivateModule 2023-08-01T06:29:19Z logger.go:66:       + name                    = (known after apply)
TestUsingExistingNetworkMySqlPrivateModule 2023-08-01T06:29:19Z logger.go:66:       + name_prefix             = "default-instance-template-"
TestUsingExistingNetworkMySqlPrivateModule 2023-08-01T06:29:19Z logger.go:66:       + project                 = "pm-service1-networking"
TestUsingExistingNetworkMySqlPrivateModule 2023-08-01T06:29:19Z logger.go:66:       + region                  = (known after apply)
TestUsingExistingNetworkMySqlPrivateModule 2023-08-01T06:29:19Z logger.go:66:       + self_link               = (known after apply)
TestUsingExistingNetworkMySqlPrivateModule 2023-08-01T06:29:19Z logger.go:66:       + tags                    = [
TestUsingExistingNetworkMySqlPrivateModule 2023-08-01T06:29:19Z logger.go:66:           + "cloudsql",
TestUsingExistingNetworkMySqlPrivateModule 2023-08-01T06:29:19Z logger.go:66:         ]
TestUsingExistingNetworkMySqlPrivateModule 2023-08-01T06:29:19Z logger.go:66:       + tags_fingerprint        = (known after apply)
TestUsingExistingNetworkMySqlPrivateModule 2023-08-01T06:29:19Z logger.go:66: 
TestUsingExistingNetworkMySqlPrivateModule 2023-08-01T06:29:19Z logger.go:66:       + advanced_machine_features {
TestUsingExistingNetworkMySqlPrivateModule 2023-08-01T06:29:19Z logger.go:66:           + enable_nested_virtualization = false
TestUsingExistingNetworkMySqlPrivateModule 2023-08-01T06:29:19Z logger.go:66:         }
TestUsingExistingNetworkMySqlPrivateModule 2023-08-01T06:29:19Z logger.go:66: 
TestUsingExistingNetworkMySqlPrivateModule 2023-08-01T06:29:19Z logger.go:66:       + confidential_instance_config {
TestUsingExistingNetworkMySqlPrivateModule 2023-08-01T06:29:19Z logger.go:66:           + enable_confidential_compute = false
TestUsingExistingNetworkMySqlPrivateModule 2023-08-01T06:29:19Z logger.go:66:         }
TestUsingExistingNetworkMySqlPrivateModule 2023-08-01T06:29:19Z logger.go:66: 
TestUsingExistingNetworkMySqlPrivateModule 2023-08-01T06:29:19Z logger.go:66:       + disk {
TestUsingExistingNetworkMySqlPrivateModule 2023-08-01T06:29:19Z logger.go:66:           + auto_delete  = true
TestUsingExistingNetworkMySqlPrivateModule 2023-08-01T06:29:19Z logger.go:66:           + boot         = true
TestUsingExistingNetworkMySqlPrivateModule 2023-08-01T06:29:19Z logger.go:66:           + device_name  = (known after apply)
TestUsingExistingNetworkMySqlPrivateModule 2023-08-01T06:29:19Z logger.go:66:           + disk_size_gb = 100
TestUsingExistingNetworkMySqlPrivateModule 2023-08-01T06:29:19Z logger.go:66:           + disk_type    = "pd-standard"
TestUsingExistingNetworkMySqlPrivateModule 2023-08-01T06:29:19Z logger.go:66:           + interface    = (known after apply)
TestUsingExistingNetworkMySqlPrivateModule 2023-08-01T06:29:19Z logger.go:66:           + mode         = (known after apply)
TestUsingExistingNetworkMySqlPrivateModule 2023-08-01T06:29:19Z logger.go:66:           + source_image = "ubuntu-os-cloud/ubuntu-2204-lts"
TestUsingExistingNetworkMySqlPrivateModule 2023-08-01T06:29:19Z logger.go:66:           + type         = "PERSISTENT"
TestUsingExistingNetworkMySqlPrivateModule 2023-08-01T06:29:19Z logger.go:66:         }
TestUsingExistingNetworkMySqlPrivateModule 2023-08-01T06:29:19Z logger.go:66: 
TestUsingExistingNetworkMySqlPrivateModule 2023-08-01T06:29:19Z logger.go:66:       + network_interface {
TestUsingExistingNetworkMySqlPrivateModule 2023-08-01T06:29:19Z logger.go:66:           + ipv6_access_type   = (known after apply)
TestUsingExistingNetworkMySqlPrivateModule 2023-08-01T06:29:19Z logger.go:66:           + name               = (known after apply)
TestUsingExistingNetworkMySqlPrivateModule 2023-08-01T06:29:19Z logger.go:66:           + stack_type         = (known after apply)
TestUsingExistingNetworkMySqlPrivateModule 2023-08-01T06:29:19Z logger.go:66:           + subnetwork         = "projects/pm-host-networking/regions/us-central1/subnetworks/host-cloudsql-easy-subnet"
TestUsingExistingNetworkMySqlPrivateModule 2023-08-01T06:29:19Z logger.go:66:           + subnetwork_project = "pm-service1-networking"
TestUsingExistingNetworkMySqlPrivateModule 2023-08-01T06:29:19Z logger.go:66: 
TestUsingExistingNetworkMySqlPrivateModule 2023-08-01T06:29:19Z logger.go:66:           + access_config {
TestUsingExistingNetworkMySqlPrivateModule 2023-08-01T06:29:19Z logger.go:66:               + nat_ip                 = (known after apply)
TestUsingExistingNetworkMySqlPrivateModule 2023-08-01T06:29:19Z logger.go:66:               + network_tier           = "PREMIUM"
TestUsingExistingNetworkMySqlPrivateModule 2023-08-01T06:29:19Z logger.go:66:               + public_ptr_domain_name = (known after apply)
TestUsingExistingNetworkMySqlPrivateModule 2023-08-01T06:29:19Z logger.go:66:             }
TestUsingExistingNetworkMySqlPrivateModule 2023-08-01T06:29:19Z logger.go:66:         }
TestUsingExistingNetworkMySqlPrivateModule 2023-08-01T06:29:19Z logger.go:66: 
TestUsingExistingNetworkMySqlPrivateModule 2023-08-01T06:29:19Z logger.go:66:       + scheduling {
TestUsingExistingNetworkMySqlPrivateModule 2023-08-01T06:29:19Z logger.go:66:           + automatic_restart   = true
TestUsingExistingNetworkMySqlPrivateModule 2023-08-01T06:29:19Z logger.go:66:           + on_host_maintenance = "MIGRATE"
TestUsingExistingNetworkMySqlPrivateModule 2023-08-01T06:29:19Z logger.go:66:           + preemptible         = false
TestUsingExistingNetworkMySqlPrivateModule 2023-08-01T06:29:19Z logger.go:66:         }
TestUsingExistingNetworkMySqlPrivateModule 2023-08-01T06:29:19Z logger.go:66: 
TestUsingExistingNetworkMySqlPrivateModule 2023-08-01T06:29:19Z logger.go:66:       + service_account {
TestUsingExistingNetworkMySqlPrivateModule 2023-08-01T06:29:19Z logger.go:66:           + email  = "gce-sa@pm-service1-networking.iam.gserviceaccount.com"
TestUsingExistingNetworkMySqlPrivateModule 2023-08-01T06:29:19Z logger.go:66:           + scopes = [
TestUsingExistingNetworkMySqlPrivateModule 2023-08-01T06:29:19Z logger.go:66:               + "https://www.googleapis.com/auth/cloud-platform",
TestUsingExistingNetworkMySqlPrivateModule 2023-08-01T06:29:19Z logger.go:66:             ]
TestUsingExistingNetworkMySqlPrivateModule 2023-08-01T06:29:19Z logger.go:66:         }
TestUsingExistingNetworkMySqlPrivateModule 2023-08-01T06:29:19Z logger.go:66:     }
TestUsingExistingNetworkMySqlPrivateModule 2023-08-01T06:29:19Z logger.go:66: 
TestUsingExistingNetworkMySqlPrivateModule 2023-08-01T06:29:19Z logger.go:66:   # module.host_project.module.project_services.google_project_service.project_services["cloudresourcemanager.googleapis.com"] will be created
TestUsingExistingNetworkMySqlPrivateModule 2023-08-01T06:29:19Z logger.go:66:   + resource "google_project_service" "project_services" {
TestUsingExistingNetworkMySqlPrivateModule 2023-08-01T06:29:19Z logger.go:66:       + disable_dependent_services = true
TestUsingExistingNetworkMySqlPrivateModule 2023-08-01T06:29:19Z logger.go:66:       + disable_on_destroy         = false
TestUsingExistingNetworkMySqlPrivateModule 2023-08-01T06:29:19Z logger.go:66:       + id                         = (known after apply)
TestUsingExistingNetworkMySqlPrivateModule 2023-08-01T06:29:19Z logger.go:66:       + project                    = "pm-host-networking"
TestUsingExistingNetworkMySqlPrivateModule 2023-08-01T06:29:19Z logger.go:66:       + service                    = "cloudresourcemanager.googleapis.com"
TestUsingExistingNetworkMySqlPrivateModule 2023-08-01T06:29:19Z logger.go:66:     }
TestUsingExistingNetworkMySqlPrivateModule 2023-08-01T06:29:19Z logger.go:66: 
TestUsingExistingNetworkMySqlPrivateModule 2023-08-01T06:29:19Z logger.go:66:   # module.host_project.module.project_services.google_project_service.project_services["compute.googleapis.com"] will be created
TestUsingExistingNetworkMySqlPrivateModule 2023-08-01T06:29:19Z logger.go:66:   + resource "google_project_service" "project_services" {
TestUsingExistingNetworkMySqlPrivateModule 2023-08-01T06:29:19Z logger.go:66:       + disable_dependent_services = true
TestUsingExistingNetworkMySqlPrivateModule 2023-08-01T06:29:19Z logger.go:66:       + disable_on_destroy         = false
TestUsingExistingNetworkMySqlPrivateModule 2023-08-01T06:29:19Z logger.go:66:       + id                         = (known after apply)
TestUsingExistingNetworkMySqlPrivateModule 2023-08-01T06:29:19Z logger.go:66:       + project                    = "pm-host-networking"
TestUsingExistingNetworkMySqlPrivateModule 2023-08-01T06:29:19Z logger.go:66:       + service                    = "compute.googleapis.com"
TestUsingExistingNetworkMySqlPrivateModule 2023-08-01T06:29:19Z logger.go:66:     }
TestUsingExistingNetworkMySqlPrivateModule 2023-08-01T06:29:19Z logger.go:66: 
TestUsingExistingNetworkMySqlPrivateModule 2023-08-01T06:29:19Z logger.go:66:   # module.host_project.module.project_services.google_project_service.project_services["iam.googleapis.com"] will be created
TestUsingExistingNetworkMySqlPrivateModule 2023-08-01T06:29:19Z logger.go:66:   + resource "google_project_service" "project_services" {
TestUsingExistingNetworkMySqlPrivateModule 2023-08-01T06:29:19Z logger.go:66:       + disable_dependent_services = true
TestUsingExistingNetworkMySqlPrivateModule 2023-08-01T06:29:19Z logger.go:66:       + disable_on_destroy         = false
TestUsingExistingNetworkMySqlPrivateModule 2023-08-01T06:29:19Z logger.go:66:       + id                         = (known after apply)
TestUsingExistingNetworkMySqlPrivateModule 2023-08-01T06:29:19Z logger.go:66:       + project                    = "pm-host-networking"
TestUsingExistingNetworkMySqlPrivateModule 2023-08-01T06:29:19Z logger.go:66:       + service                    = "iam.googleapis.com"
TestUsingExistingNetworkMySqlPrivateModule 2023-08-01T06:29:19Z logger.go:66:     }
TestUsingExistingNetworkMySqlPrivateModule 2023-08-01T06:29:19Z logger.go:66: 
TestUsingExistingNetworkMySqlPrivateModule 2023-08-01T06:29:19Z logger.go:66:   # module.host_project.module.project_services.google_project_service.project_services["logging.googleapis.com"] will be created
TestUsingExistingNetworkMySqlPrivateModule 2023-08-01T06:29:19Z logger.go:66:   + resource "google_project_service" "project_services" {
TestUsingExistingNetworkMySqlPrivateModule 2023-08-01T06:29:19Z logger.go:66:       + disable_dependent_services = true
TestUsingExistingNetworkMySqlPrivateModule 2023-08-01T06:29:19Z logger.go:66:       + disable_on_destroy         = false
TestUsingExistingNetworkMySqlPrivateModule 2023-08-01T06:29:19Z logger.go:66:       + id                         = (known after apply)
TestUsingExistingNetworkMySqlPrivateModule 2023-08-01T06:29:19Z logger.go:66:       + project                    = "pm-host-networking"
TestUsingExistingNetworkMySqlPrivateModule 2023-08-01T06:29:19Z logger.go:66:       + service                    = "logging.googleapis.com"
TestUsingExistingNetworkMySqlPrivateModule 2023-08-01T06:29:19Z logger.go:66:     }
TestUsingExistingNetworkMySqlPrivateModule 2023-08-01T06:29:19Z logger.go:66: 
TestUsingExistingNetworkMySqlPrivateModule 2023-08-01T06:29:19Z logger.go:66:   # module.host_project.module.project_services.google_project_service.project_services["monitoring.googleapis.com"] will be created
TestUsingExistingNetworkMySqlPrivateModule 2023-08-01T06:29:19Z logger.go:66:   + resource "google_project_service" "project_services" {
TestUsingExistingNetworkMySqlPrivateModule 2023-08-01T06:29:19Z logger.go:66:       + disable_dependent_services = true
TestUsingExistingNetworkMySqlPrivateModule 2023-08-01T06:29:19Z logger.go:66:       + disable_on_destroy         = false
TestUsingExistingNetworkMySqlPrivateModule 2023-08-01T06:29:19Z logger.go:66:       + id                         = (known after apply)
TestUsingExistingNetworkMySqlPrivateModule 2023-08-01T06:29:19Z logger.go:66:       + project                    = "pm-host-networking"
TestUsingExistingNetworkMySqlPrivateModule 2023-08-01T06:29:19Z logger.go:66:       + service                    = "monitoring.googleapis.com"
TestUsingExistingNetworkMySqlPrivateModule 2023-08-01T06:29:19Z logger.go:66:     }
TestUsingExistingNetworkMySqlPrivateModule 2023-08-01T06:29:19Z logger.go:66: 
TestUsingExistingNetworkMySqlPrivateModule 2023-08-01T06:29:19Z logger.go:66:   # module.host_project.module.project_services.google_project_service.project_services["servicenetworking.googleapis.com"] will be created
TestUsingExistingNetworkMySqlPrivateModule 2023-08-01T06:29:19Z logger.go:66:   + resource "google_project_service" "project_services" {
TestUsingExistingNetworkMySqlPrivateModule 2023-08-01T06:29:19Z logger.go:66:       + disable_dependent_services = true
TestUsingExistingNetworkMySqlPrivateModule 2023-08-01T06:29:19Z logger.go:66:       + disable_on_destroy         = false
TestUsingExistingNetworkMySqlPrivateModule 2023-08-01T06:29:19Z logger.go:66:       + id                         = (known after apply)
TestUsingExistingNetworkMySqlPrivateModule 2023-08-01T06:29:19Z logger.go:66:       + project                    = "pm-host-networking"
TestUsingExistingNetworkMySqlPrivateModule 2023-08-01T06:29:19Z logger.go:66:       + service                    = "servicenetworking.googleapis.com"
TestUsingExistingNetworkMySqlPrivateModule 2023-08-01T06:29:19Z logger.go:66:     }
TestUsingExistingNetworkMySqlPrivateModule 2023-08-01T06:29:19Z logger.go:66: 
TestUsingExistingNetworkMySqlPrivateModule 2023-08-01T06:29:19Z logger.go:66:   # module.host_project.module.project_services.google_project_service.project_services["sqladmin.googleapis.com"] will be created
TestUsingExistingNetworkMySqlPrivateModule 2023-08-01T06:29:19Z logger.go:66:   + resource "google_project_service" "project_services" {
TestUsingExistingNetworkMySqlPrivateModule 2023-08-01T06:29:19Z logger.go:66:       + disable_dependent_services = true
TestUsingExistingNetworkMySqlPrivateModule 2023-08-01T06:29:19Z logger.go:66:       + disable_on_destroy         = false
TestUsingExistingNetworkMySqlPrivateModule 2023-08-01T06:29:19Z logger.go:66:       + id                         = (known after apply)
TestUsingExistingNetworkMySqlPrivateModule 2023-08-01T06:29:19Z logger.go:66:       + project                    = "pm-host-networking"
TestUsingExistingNetworkMySqlPrivateModule 2023-08-01T06:29:19Z logger.go:66:       + service                    = "sqladmin.googleapis.com"
TestUsingExistingNetworkMySqlPrivateModule 2023-08-01T06:29:19Z logger.go:66:     }
TestUsingExistingNetworkMySqlPrivateModule 2023-08-01T06:29:19Z logger.go:66: 
TestUsingExistingNetworkMySqlPrivateModule 2023-08-01T06:29:19Z logger.go:66:   # module.project_services.module.project_services.google_project_service.project_services["cloudresourcemanager.googleapis.com"] will be created
TestUsingExistingNetworkMySqlPrivateModule 2023-08-01T06:29:19Z logger.go:66:   + resource "google_project_service" "project_services" {
TestUsingExistingNetworkMySqlPrivateModule 2023-08-01T06:29:19Z logger.go:66:       + disable_dependent_services = true
TestUsingExistingNetworkMySqlPrivateModule 2023-08-01T06:29:19Z logger.go:66:       + disable_on_destroy         = false
TestUsingExistingNetworkMySqlPrivateModule 2023-08-01T06:29:19Z logger.go:66:       + id                         = (known after apply)
TestUsingExistingNetworkMySqlPrivateModule 2023-08-01T06:29:19Z logger.go:66:       + project                    = "pm-service1-networking"
TestUsingExistingNetworkMySqlPrivateModule 2023-08-01T06:29:19Z logger.go:66:       + service                    = "cloudresourcemanager.googleapis.com"
TestUsingExistingNetworkMySqlPrivateModule 2023-08-01T06:29:19Z logger.go:66:     }
TestUsingExistingNetworkMySqlPrivateModule 2023-08-01T06:29:19Z logger.go:66: 
TestUsingExistingNetworkMySqlPrivateModule 2023-08-01T06:29:19Z logger.go:66:   # module.project_services.module.project_services.google_project_service.project_services["compute.googleapis.com"] will be created
TestUsingExistingNetworkMySqlPrivateModule 2023-08-01T06:29:19Z logger.go:66:   + resource "google_project_service" "project_services" {
TestUsingExistingNetworkMySqlPrivateModule 2023-08-01T06:29:19Z logger.go:66:       + disable_dependent_services = true
TestUsingExistingNetworkMySqlPrivateModule 2023-08-01T06:29:19Z logger.go:66:       + disable_on_destroy         = false
TestUsingExistingNetworkMySqlPrivateModule 2023-08-01T06:29:19Z logger.go:66:       + id                         = (known after apply)
TestUsingExistingNetworkMySqlPrivateModule 2023-08-01T06:29:19Z logger.go:66:       + project                    = "pm-service1-networking"
TestUsingExistingNetworkMySqlPrivateModule 2023-08-01T06:29:19Z logger.go:66:       + service                    = "compute.googleapis.com"
TestUsingExistingNetworkMySqlPrivateModule 2023-08-01T06:29:19Z logger.go:66:     }
TestUsingExistingNetworkMySqlPrivateModule 2023-08-01T06:29:19Z logger.go:66: 
TestUsingExistingNetworkMySqlPrivateModule 2023-08-01T06:29:19Z logger.go:66:   # module.project_services.module.project_services.google_project_service.project_services["iam.googleapis.com"] will be created
TestUsingExistingNetworkMySqlPrivateModule 2023-08-01T06:29:19Z logger.go:66:   + resource "google_project_service" "project_services" {
TestUsingExistingNetworkMySqlPrivateModule 2023-08-01T06:29:19Z logger.go:66:       + disable_dependent_services = true
TestUsingExistingNetworkMySqlPrivateModule 2023-08-01T06:29:19Z logger.go:66:       + disable_on_destroy         = false
TestUsingExistingNetworkMySqlPrivateModule 2023-08-01T06:29:19Z logger.go:66:       + id                         = (known after apply)
TestUsingExistingNetworkMySqlPrivateModule 2023-08-01T06:29:19Z logger.go:66:       + project                    = "pm-service1-networking"
TestUsingExistingNetworkMySqlPrivateModule 2023-08-01T06:29:19Z logger.go:66:       + service                    = "iam.googleapis.com"
TestUsingExistingNetworkMySqlPrivateModule 2023-08-01T06:29:19Z logger.go:66:     }
TestUsingExistingNetworkMySqlPrivateModule 2023-08-01T06:29:19Z logger.go:66: 
TestUsingExistingNetworkMySqlPrivateModule 2023-08-01T06:29:19Z logger.go:66:   # module.project_services.module.project_services.google_project_service.project_services["logging.googleapis.com"] will be created
TestUsingExistingNetworkMySqlPrivateModule 2023-08-01T06:29:19Z logger.go:66:   + resource "google_project_service" "project_services" {
TestUsingExistingNetworkMySqlPrivateModule 2023-08-01T06:29:19Z logger.go:66:       + disable_dependent_services = true
TestUsingExistingNetworkMySqlPrivateModule 2023-08-01T06:29:19Z logger.go:66:       + disable_on_destroy         = false
TestUsingExistingNetworkMySqlPrivateModule 2023-08-01T06:29:19Z logger.go:66:       + id                         = (known after apply)
TestUsingExistingNetworkMySqlPrivateModule 2023-08-01T06:29:19Z logger.go:66:       + project                    = "pm-service1-networking"
TestUsingExistingNetworkMySqlPrivateModule 2023-08-01T06:29:19Z logger.go:66:       + service                    = "logging.googleapis.com"
TestUsingExistingNetworkMySqlPrivateModule 2023-08-01T06:29:19Z logger.go:66:     }
TestUsingExistingNetworkMySqlPrivateModule 2023-08-01T06:29:19Z logger.go:66: 
TestUsingExistingNetworkMySqlPrivateModule 2023-08-01T06:29:19Z logger.go:66:   # module.project_services.module.project_services.google_project_service.project_services["monitoring.googleapis.com"] will be created
TestUsingExistingNetworkMySqlPrivateModule 2023-08-01T06:29:19Z logger.go:66:   + resource "google_project_service" "project_services" {
TestUsingExistingNetworkMySqlPrivateModule 2023-08-01T06:29:19Z logger.go:66:       + disable_dependent_services = true
TestUsingExistingNetworkMySqlPrivateModule 2023-08-01T06:29:19Z logger.go:66:       + disable_on_destroy         = false
TestUsingExistingNetworkMySqlPrivateModule 2023-08-01T06:29:19Z logger.go:66:       + id                         = (known after apply)
TestUsingExistingNetworkMySqlPrivateModule 2023-08-01T06:29:19Z logger.go:66:       + project                    = "pm-service1-networking"
TestUsingExistingNetworkMySqlPrivateModule 2023-08-01T06:29:19Z logger.go:66:       + service                    = "monitoring.googleapis.com"
TestUsingExistingNetworkMySqlPrivateModule 2023-08-01T06:29:19Z logger.go:66:     }
TestUsingExistingNetworkMySqlPrivateModule 2023-08-01T06:29:19Z logger.go:66: 
TestUsingExistingNetworkMySqlPrivateModule 2023-08-01T06:29:19Z logger.go:66:   # module.project_services.module.project_services.google_project_service.project_services["servicenetworking.googleapis.com"] will be created
TestUsingExistingNetworkMySqlPrivateModule 2023-08-01T06:29:19Z logger.go:66:   + resource "google_project_service" "project_services" {
TestUsingExistingNetworkMySqlPrivateModule 2023-08-01T06:29:19Z logger.go:66:       + disable_dependent_services = true
TestUsingExistingNetworkMySqlPrivateModule 2023-08-01T06:29:19Z logger.go:66:       + disable_on_destroy         = false
TestUsingExistingNetworkMySqlPrivateModule 2023-08-01T06:29:19Z logger.go:66:       + id                         = (known after apply)
TestUsingExistingNetworkMySqlPrivateModule 2023-08-01T06:29:19Z logger.go:66:       + project                    = "pm-service1-networking"
TestUsingExistingNetworkMySqlPrivateModule 2023-08-01T06:29:19Z logger.go:66:       + service                    = "servicenetworking.googleapis.com"
TestUsingExistingNetworkMySqlPrivateModule 2023-08-01T06:29:19Z logger.go:66:     }
TestUsingExistingNetworkMySqlPrivateModule 2023-08-01T06:29:19Z logger.go:66: 
TestUsingExistingNetworkMySqlPrivateModule 2023-08-01T06:29:19Z logger.go:66:   # module.project_services.module.project_services.google_project_service.project_services["sqladmin.googleapis.com"] will be created
TestUsingExistingNetworkMySqlPrivateModule 2023-08-01T06:29:19Z logger.go:66:   + resource "google_project_service" "project_services" {
TestUsingExistingNetworkMySqlPrivateModule 2023-08-01T06:29:19Z logger.go:66:       + disable_dependent_services = true
TestUsingExistingNetworkMySqlPrivateModule 2023-08-01T06:29:19Z logger.go:66:       + disable_on_destroy         = false
TestUsingExistingNetworkMySqlPrivateModule 2023-08-01T06:29:19Z logger.go:66:       + id                         = (known after apply)
TestUsingExistingNetworkMySqlPrivateModule 2023-08-01T06:29:19Z logger.go:66:       + project                    = "pm-service1-networking"
TestUsingExistingNetworkMySqlPrivateModule 2023-08-01T06:29:19Z logger.go:66:       + service                    = "sqladmin.googleapis.com"
TestUsingExistingNetworkMySqlPrivateModule 2023-08-01T06:29:19Z logger.go:66:     }
TestUsingExistingNetworkMySqlPrivateModule 2023-08-01T06:29:19Z logger.go:66: 
TestUsingExistingNetworkMySqlPrivateModule 2023-08-01T06:29:19Z logger.go:66:   # module.sql-db.module.mysql[0].google_sql_database.default[0] will be created
TestUsingExistingNetworkMySqlPrivateModule 2023-08-01T06:29:19Z logger.go:66:   + resource "google_sql_database" "default" {
TestUsingExistingNetworkMySqlPrivateModule 2023-08-01T06:29:19Z logger.go:66:       + collation = (known after apply)
TestUsingExistingNetworkMySqlPrivateModule 2023-08-01T06:29:19Z logger.go:66:       + id        = (known after apply)
TestUsingExistingNetworkMySqlPrivateModule 2023-08-01T06:29:19Z logger.go:66:       + instance  = (known after apply)
TestUsingExistingNetworkMySqlPrivateModule 2023-08-01T06:29:19Z logger.go:66:       + name      = "default"
TestUsingExistingNetworkMySqlPrivateModule 2023-08-01T06:29:19Z logger.go:66:       + project   = "pm-service1-networking"
TestUsingExistingNetworkMySqlPrivateModule 2023-08-01T06:29:19Z logger.go:66:       + self_link = (known after apply)
TestUsingExistingNetworkMySqlPrivateModule 2023-08-01T06:29:19Z logger.go:66:     }
TestUsingExistingNetworkMySqlPrivateModule 2023-08-01T06:29:19Z logger.go:66: 
TestUsingExistingNetworkMySqlPrivateModule 2023-08-01T06:29:19Z logger.go:66:   # module.sql-db.module.mysql[0].google_sql_database_instance.default will be created
TestUsingExistingNetworkMySqlPrivateModule 2023-08-01T06:29:19Z logger.go:66:   + resource "google_sql_database_instance" "default" {
TestUsingExistingNetworkMySqlPrivateModule 2023-08-01T06:29:19Z logger.go:66:       + connection_name               = (known after apply)
TestUsingExistingNetworkMySqlPrivateModule 2023-08-01T06:29:19Z logger.go:66:       + deletion_protection           = false
TestUsingExistingNetworkMySqlPrivateModule 2023-08-01T06:29:19Z logger.go:66:       + encryption_key_name           = (known after apply)
TestUsingExistingNetworkMySqlPrivateModule 2023-08-01T06:29:19Z logger.go:66:       + first_ip_address              = (known after apply)
TestUsingExistingNetworkMySqlPrivateModule 2023-08-01T06:29:19Z logger.go:66:       + id                            = (known after apply)
TestUsingExistingNetworkMySqlPrivateModule 2023-08-01T06:29:19Z logger.go:66:       + ip_address                    = (known after apply)
TestUsingExistingNetworkMySqlPrivateModule 2023-08-01T06:29:19Z logger.go:66:       + master_instance_name          = (known after apply)
TestUsingExistingNetworkMySqlPrivateModule 2023-08-01T06:29:19Z logger.go:66:       + name                          = (known after apply)
TestUsingExistingNetworkMySqlPrivateModule 2023-08-01T06:29:19Z logger.go:66:       + private_ip_address            = (known after apply)
TestUsingExistingNetworkMySqlPrivateModule 2023-08-01T06:29:19Z logger.go:66:       + project                       = "pm-service1-networking"
TestUsingExistingNetworkMySqlPrivateModule 2023-08-01T06:29:19Z logger.go:66:       + public_ip_address             = (known after apply)
TestUsingExistingNetworkMySqlPrivateModule 2023-08-01T06:29:19Z logger.go:66:       + region                        = "us-central1"
TestUsingExistingNetworkMySqlPrivateModule 2023-08-01T06:29:19Z logger.go:66:       + self_link                     = (known after apply)
TestUsingExistingNetworkMySqlPrivateModule 2023-08-01T06:29:19Z logger.go:66:       + server_ca_cert                = (known after apply)
TestUsingExistingNetworkMySqlPrivateModule 2023-08-01T06:29:19Z logger.go:66:       + service_account_email_address = (known after apply)
TestUsingExistingNetworkMySqlPrivateModule 2023-08-01T06:29:19Z logger.go:66: 
TestUsingExistingNetworkMySqlPrivateModule 2023-08-01T06:29:19Z logger.go:66:       + settings {
TestUsingExistingNetworkMySqlPrivateModule 2023-08-01T06:29:19Z logger.go:66:           + activation_policy           = "ALWAYS"
TestUsingExistingNetworkMySqlPrivateModule 2023-08-01T06:29:19Z logger.go:66:           + authorized_gae_applications = (known after apply)
TestUsingExistingNetworkMySqlPrivateModule 2023-08-01T06:29:19Z logger.go:66:           + availability_type           = "REGIONAL"
TestUsingExistingNetworkMySqlPrivateModule 2023-08-01T06:29:19Z logger.go:66:           + crash_safe_replication      = (known after apply)
TestUsingExistingNetworkMySqlPrivateModule 2023-08-01T06:29:19Z logger.go:66:           + disk_autoresize             = true
TestUsingExistingNetworkMySqlPrivateModule 2023-08-01T06:29:19Z logger.go:66:           + disk_autoresize_limit       = 0
TestUsingExistingNetworkMySqlPrivateModule 2023-08-01T06:29:19Z logger.go:66:           + disk_size                   = 10
TestUsingExistingNetworkMySqlPrivateModule 2023-08-01T06:29:19Z logger.go:66:           + disk_type                   = "PD_SSD"
TestUsingExistingNetworkMySqlPrivateModule 2023-08-01T06:29:19Z logger.go:66:           + pricing_plan                = "PER_USE"
TestUsingExistingNetworkMySqlPrivateModule 2023-08-01T06:29:19Z logger.go:66:           + replication_type            = (known after apply)
TestUsingExistingNetworkMySqlPrivateModule 2023-08-01T06:29:19Z logger.go:66:           + tier                        = "db-n1-standard-1"
TestUsingExistingNetworkMySqlPrivateModule 2023-08-01T06:29:19Z logger.go:66:           + user_labels                 = (known after apply)
TestUsingExistingNetworkMySqlPrivateModule 2023-08-01T06:29:19Z logger.go:66:           + version                     = (known after apply)
TestUsingExistingNetworkMySqlPrivateModule 2023-08-01T06:29:19Z logger.go:66: 
TestUsingExistingNetworkMySqlPrivateModule 2023-08-01T06:29:19Z logger.go:66:           + backup_configuration {
TestUsingExistingNetworkMySqlPrivateModule 2023-08-01T06:29:19Z logger.go:66:               + binary_log_enabled             = true
TestUsingExistingNetworkMySqlPrivateModule 2023-08-01T06:29:19Z logger.go:66:               + enabled                        = true
TestUsingExistingNetworkMySqlPrivateModule 2023-08-01T06:29:19Z logger.go:66:               + start_time                     = (known after apply)
TestUsingExistingNetworkMySqlPrivateModule 2023-08-01T06:29:19Z logger.go:66:               + transaction_log_retention_days = (known after apply)
TestUsingExistingNetworkMySqlPrivateModule 2023-08-01T06:29:19Z logger.go:66:             }
TestUsingExistingNetworkMySqlPrivateModule 2023-08-01T06:29:19Z logger.go:66: 
TestUsingExistingNetworkMySqlPrivateModule 2023-08-01T06:29:19Z logger.go:66:           + ip_configuration {
TestUsingExistingNetworkMySqlPrivateModule 2023-08-01T06:29:19Z logger.go:66:               + ipv4_enabled    = false
TestUsingExistingNetworkMySqlPrivateModule 2023-08-01T06:29:19Z logger.go:66:               + private_network = "projects/pm-host-networking/global/networks/host-cloudsql-easy"
TestUsingExistingNetworkMySqlPrivateModule 2023-08-01T06:29:19Z logger.go:66:             }
TestUsingExistingNetworkMySqlPrivateModule 2023-08-01T06:29:19Z logger.go:66: 
TestUsingExistingNetworkMySqlPrivateModule 2023-08-01T06:29:19Z logger.go:66:           + location_preference {
TestUsingExistingNetworkMySqlPrivateModule 2023-08-01T06:29:19Z logger.go:66:               + zone = "us-central1-a"
TestUsingExistingNetworkMySqlPrivateModule 2023-08-01T06:29:19Z logger.go:66:             }
TestUsingExistingNetworkMySqlPrivateModule 2023-08-01T06:29:19Z logger.go:66: 
TestUsingExistingNetworkMySqlPrivateModule 2023-08-01T06:29:19Z logger.go:66:           + maintenance_window {
TestUsingExistingNetworkMySqlPrivateModule 2023-08-01T06:29:19Z logger.go:66:               + day          = 1
TestUsingExistingNetworkMySqlPrivateModule 2023-08-01T06:29:19Z logger.go:66:               + hour         = 23
TestUsingExistingNetworkMySqlPrivateModule 2023-08-01T06:29:19Z logger.go:66:               + update_track = "canary"
TestUsingExistingNetworkMySqlPrivateModule 2023-08-01T06:29:19Z logger.go:66:             }
TestUsingExistingNetworkMySqlPrivateModule 2023-08-01T06:29:19Z logger.go:66:         }
TestUsingExistingNetworkMySqlPrivateModule 2023-08-01T06:29:19Z logger.go:66: 
TestUsingExistingNetworkMySqlPrivateModule 2023-08-01T06:29:19Z logger.go:66:       + timeouts {
TestUsingExistingNetworkMySqlPrivateModule 2023-08-01T06:29:19Z logger.go:66:           + create = "10m"
TestUsingExistingNetworkMySqlPrivateModule 2023-08-01T06:29:19Z logger.go:66:           + delete = "10m"
TestUsingExistingNetworkMySqlPrivateModule 2023-08-01T06:29:19Z logger.go:66:           + update = "10m"
TestUsingExistingNetworkMySqlPrivateModule 2023-08-01T06:29:19Z logger.go:66:         }
TestUsingExistingNetworkMySqlPrivateModule 2023-08-01T06:29:19Z logger.go:66:     }
TestUsingExistingNetworkMySqlPrivateModule 2023-08-01T06:29:19Z logger.go:66: 
TestUsingExistingNetworkMySqlPrivateModule 2023-08-01T06:29:19Z logger.go:66:   # module.sql-db.module.mysql[0].google_sql_user.default[0] will be created
TestUsingExistingNetworkMySqlPrivateModule 2023-08-01T06:29:19Z logger.go:66:   + resource "google_sql_user" "default" {
TestUsingExistingNetworkMySqlPrivateModule 2023-08-01T06:29:19Z logger.go:66:       + host     = "%"
TestUsingExistingNetworkMySqlPrivateModule 2023-08-01T06:29:19Z logger.go:66:       + id       = (known after apply)
TestUsingExistingNetworkMySqlPrivateModule 2023-08-01T06:29:19Z logger.go:66:       + instance = (known after apply)
TestUsingExistingNetworkMySqlPrivateModule 2023-08-01T06:29:19Z logger.go:66:       + name     = "default"
TestUsingExistingNetworkMySqlPrivateModule 2023-08-01T06:29:19Z logger.go:66:       + password = (sensitive value)
TestUsingExistingNetworkMySqlPrivateModule 2023-08-01T06:29:19Z logger.go:66:       + project  = "pm-service1-networking"
TestUsingExistingNetworkMySqlPrivateModule 2023-08-01T06:29:19Z logger.go:66:     }
TestUsingExistingNetworkMySqlPrivateModule 2023-08-01T06:29:19Z logger.go:66: 
TestUsingExistingNetworkMySqlPrivateModule 2023-08-01T06:29:19Z logger.go:66:   # module.sql-db.module.mysql[0].null_resource.module_depends_on will be created
TestUsingExistingNetworkMySqlPrivateModule 2023-08-01T06:29:19Z logger.go:66:   + resource "null_resource" "module_depends_on" {
TestUsingExistingNetworkMySqlPrivateModule 2023-08-01T06:29:19Z logger.go:66:       + id       = (known after apply)
TestUsingExistingNetworkMySqlPrivateModule 2023-08-01T06:29:19Z logger.go:66:       + triggers = {
TestUsingExistingNetworkMySqlPrivateModule 2023-08-01T06:29:19Z logger.go:66:           + "value" = "0"
TestUsingExistingNetworkMySqlPrivateModule 2023-08-01T06:29:19Z logger.go:66:         }
TestUsingExistingNetworkMySqlPrivateModule 2023-08-01T06:29:19Z logger.go:66:     }
TestUsingExistingNetworkMySqlPrivateModule 2023-08-01T06:29:19Z logger.go:66: 
TestUsingExistingNetworkMySqlPrivateModule 2023-08-01T06:29:19Z logger.go:66:   # module.sql-db.module.mysql[0].random_id.user-password will be created
TestUsingExistingNetworkMySqlPrivateModule 2023-08-01T06:29:19Z logger.go:66:   + resource "random_id" "user-password" {
TestUsingExistingNetworkMySqlPrivateModule 2023-08-01T06:29:19Z logger.go:66:       + b64_std     = (known after apply)
TestUsingExistingNetworkMySqlPrivateModule 2023-08-01T06:29:19Z logger.go:66:       + b64_url     = (known after apply)
TestUsingExistingNetworkMySqlPrivateModule 2023-08-01T06:29:19Z logger.go:66:       + byte_length = 8
TestUsingExistingNetworkMySqlPrivateModule 2023-08-01T06:29:19Z logger.go:66:       + dec         = (known after apply)
TestUsingExistingNetworkMySqlPrivateModule 2023-08-01T06:29:19Z logger.go:66:       + hex         = (known after apply)
TestUsingExistingNetworkMySqlPrivateModule 2023-08-01T06:29:19Z logger.go:66:       + id          = (known after apply)
TestUsingExistingNetworkMySqlPrivateModule 2023-08-01T06:29:19Z logger.go:66:       + keepers     = (known after apply)
TestUsingExistingNetworkMySqlPrivateModule 2023-08-01T06:29:19Z logger.go:66:     }
TestUsingExistingNetworkMySqlPrivateModule 2023-08-01T06:29:19Z logger.go:66: 
TestUsingExistingNetworkMySqlPrivateModule 2023-08-01T06:29:19Z logger.go:66: Plan: 46 to add, 0 to change, 0 to destroy.
TestUsingExistingNetworkMySqlPrivateModule 2023-08-01T06:29:19Z logger.go:66: 
TestUsingExistingNetworkMySqlPrivateModule 2023-08-01T06:29:19Z logger.go:66: Changes to Outputs:
TestUsingExistingNetworkMySqlPrivateModule 2023-08-01T06:29:19Z logger.go:66:   + cloudsql_instance_name = (known after apply)
TestUsingExistingNetworkMySqlPrivateModule 2023-08-01T06:29:19Z logger.go:66:   + host_network_id        = "projects/pm-host-networking/global/networks/host-cloudsql-easy"
TestUsingExistingNetworkMySqlPrivateModule 2023-08-01T06:29:19Z logger.go:66:   + host_subnetwork_id     = "projects/pm-host-networking/regions/us-central1/subnetworks/host-cloudsql-easy-subnet"
TestUsingExistingNetworkMySqlPrivateModule 2023-08-01T06:29:19Z logger.go:66:   + host_vpc_name          = "host-cloudsql-easy"
TestUsingExistingNetworkMySqlPrivateModule 2023-08-01T06:29:20Z logger.go:66: module.project_services.module.project_services.google_project_service.project_services["logging.googleapis.com"]: Creating...
TestUsingExistingNetworkMySqlPrivateModule 2023-08-01T06:29:20Z logger.go:66: module.host_project.module.project_services.google_project_service.project_services["sqladmin.googleapis.com"]: Creating...
TestUsingExistingNetworkMySqlPrivateModule 2023-08-01T06:29:20Z logger.go:66: module.project_services.module.project_services.google_project_service.project_services["compute.googleapis.com"]: Creating...
TestUsingExistingNetworkMySqlPrivateModule 2023-08-01T06:29:20Z logger.go:66: module.project_services.module.project_services.google_project_service.project_services["monitoring.googleapis.com"]: Creating...
TestUsingExistingNetworkMySqlPrivateModule 2023-08-01T06:29:20Z logger.go:66: module.project_services.module.project_services.google_project_service.project_services["sqladmin.googleapis.com"]: Creating...
TestUsingExistingNetworkMySqlPrivateModule 2023-08-01T06:29:20Z logger.go:66: module.project_services.module.project_services.google_project_service.project_services["servicenetworking.googleapis.com"]: Creating...
TestUsingExistingNetworkMySqlPrivateModule 2023-08-01T06:29:20Z logger.go:66: module.project_services.module.project_services.google_project_service.project_services["cloudresourcemanager.googleapis.com"]: Creating...
TestUsingExistingNetworkMySqlPrivateModule 2023-08-01T06:29:20Z logger.go:66: module.host_project.module.project_services.google_project_service.project_services["monitoring.googleapis.com"]: Creating...
TestUsingExistingNetworkMySqlPrivateModule 2023-08-01T06:29:20Z logger.go:66: module.project_services.module.project_services.google_project_service.project_services["iam.googleapis.com"]: Creating...
TestUsingExistingNetworkMySqlPrivateModule 2023-08-01T06:29:20Z logger.go:66: module.host_project.module.project_services.google_project_service.project_services["iam.googleapis.com"]: Creating...
TestUsingExistingNetworkMySqlPrivateModule 2023-08-01T06:29:25Z logger.go:66: module.project_services.module.project_services.google_project_service.project_services["sqladmin.googleapis.com"]: Creation complete after 4s [id=pm-service1-networking/sqladmin.googleapis.com]
TestUsingExistingNetworkMySqlPrivateModule 2023-08-01T06:29:25Z logger.go:66: module.project_services.module.project_services.google_project_service.project_services["servicenetworking.googleapis.com"]: Creation complete after 4s [id=pm-service1-networking/servicenetworking.googleapis.com]
TestUsingExistingNetworkMySqlPrivateModule 2023-08-01T06:29:25Z logger.go:66: module.project_services.module.project_services.google_project_service.project_services["cloudresourcemanager.googleapis.com"]: Creation complete after 4s [id=pm-service1-networking/cloudresourcemanager.googleapis.com]
TestUsingExistingNetworkMySqlPrivateModule 2023-08-01T06:29:25Z logger.go:66: module.project_services.module.project_services.google_project_service.project_services["compute.googleapis.com"]: Creation complete after 4s [id=pm-service1-networking/compute.googleapis.com]
TestUsingExistingNetworkMySqlPrivateModule 2023-08-01T06:29:25Z logger.go:66: module.host_project.module.project_services.google_project_service.project_services["compute.googleapis.com"]: Creating...
TestUsingExistingNetworkMySqlPrivateModule 2023-08-01T06:29:25Z logger.go:66: module.host_project.module.project_services.google_project_service.project_services["cloudresourcemanager.googleapis.com"]: Creating...
TestUsingExistingNetworkMySqlPrivateModule 2023-08-01T06:29:25Z logger.go:66: module.project_services.module.project_services.google_project_service.project_services["iam.googleapis.com"]: Creation complete after 4s [id=pm-service1-networking/iam.googleapis.com]
TestUsingExistingNetworkMySqlPrivateModule 2023-08-01T06:29:25Z logger.go:66: module.project_services.module.project_services.google_project_service.project_services["logging.googleapis.com"]: Creation complete after 4s [id=pm-service1-networking/logging.googleapis.com]
TestUsingExistingNetworkMySqlPrivateModule 2023-08-01T06:29:25Z logger.go:66: module.project_services.module.project_services.google_project_service.project_services["monitoring.googleapis.com"]: Creation complete after 4s [id=pm-service1-networking/monitoring.googleapis.com]
TestUsingExistingNetworkMySqlPrivateModule 2023-08-01T06:29:25Z logger.go:66: module.host_project.module.project_services.google_project_service.project_services["servicenetworking.googleapis.com"]: Creating...
TestUsingExistingNetworkMySqlPrivateModule 2023-08-01T06:29:25Z logger.go:66: module.host_project.module.project_services.google_project_service.project_services["logging.googleapis.com"]: Creating...
TestUsingExistingNetworkMySqlPrivateModule 2023-08-01T06:29:25Z logger.go:66: module.host_project.module.project_services.google_project_service.project_services["sqladmin.googleapis.com"]: Creation complete after 4s [id=pm-host-networking/sqladmin.googleapis.com]
TestUsingExistingNetworkMySqlPrivateModule 2023-08-01T06:29:25Z logger.go:66: module.host_project.module.project_services.google_project_service.project_services["monitoring.googleapis.com"]: Creation complete after 4s [id=pm-host-networking/monitoring.googleapis.com]
TestUsingExistingNetworkMySqlPrivateModule 2023-08-01T06:29:25Z logger.go:66: module.host_project.module.project_services.google_project_service.project_services["iam.googleapis.com"]: Creation complete after 4s [id=pm-host-networking/iam.googleapis.com]
TestUsingExistingNetworkMySqlPrivateModule 2023-08-01T06:29:28Z logger.go:66: module.host_project.module.project_services.google_project_service.project_services["servicenetworking.googleapis.com"]: Creation complete after 4s [id=pm-host-networking/servicenetworking.googleapis.com]
TestUsingExistingNetworkMySqlPrivateModule 2023-08-01T06:29:28Z logger.go:66: module.host_project.module.project_services.google_project_service.project_services["logging.googleapis.com"]: Creation complete after 4s [id=pm-host-networking/logging.googleapis.com]
TestUsingExistingNetworkMySqlPrivateModule 2023-08-01T06:29:28Z logger.go:66: module.host_project.module.project_services.google_project_service.project_services["cloudresourcemanager.googleapis.com"]: Creation complete after 4s [id=pm-host-networking/cloudresourcemanager.googleapis.com]
TestUsingExistingNetworkMySqlPrivateModule 2023-08-01T06:29:28Z logger.go:66: module.host_project.module.project_services.google_project_service.project_services["compute.googleapis.com"]: Creation complete after 4s [id=pm-host-networking/compute.googleapis.com]
TestUsingExistingNetworkMySqlPrivateModule 2023-08-01T06:29:28Z logger.go:66: module.host-vpc.data.google_compute_network.network[0]: Reading...
TestUsingExistingNetworkMySqlPrivateModule 2023-08-01T06:29:28Z logger.go:66: module.gce_sa.google_service_account.service_account[0]: Creating...
TestUsingExistingNetworkMySqlPrivateModule 2023-08-01T06:29:28Z logger.go:66: module.terraform_service_accounts.google_service_account.service_account[0]: Creating...
TestUsingExistingNetworkMySqlPrivateModule 2023-08-01T06:29:28Z logger.go:66: module.host-vpc.data.google_compute_network.network[0]: Read complete after 0s [id=projects/pm-host-networking/global/networks/host-cloudsql-easy]
TestUsingExistingNetworkMySqlPrivateModule 2023-08-01T06:29:28Z logger.go:66: module.host-vpc.google_compute_shared_vpc_host_project.shared_vpc_host[0]: Creating...
TestUsingExistingNetworkMySqlPrivateModule 2023-08-01T06:29:28Z logger.go:66: module.host-vpc.google_compute_global_address.psa_ranges["privateip-range"]: Creating...
TestUsingExistingNetworkMySqlPrivateModule 2023-08-01T06:29:30Z logger.go:66: module.gce_sa.google_service_account.service_account[0]: Creation complete after 2s [id=projects/pm-service1-networking/serviceAccounts/gce-sa@pm-service1-networking.iam.gserviceaccount.com]
TestUsingExistingNetworkMySqlPrivateModule 2023-08-01T06:29:30Z logger.go:66: module.gce_sa.google_project_iam_member.project-roles["pm-service1-networking-roles/iam.serviceAccountUser"]: Creating...
TestUsingExistingNetworkMySqlPrivateModule 2023-08-01T06:29:30Z logger.go:66: module.gce_sa.google_project_iam_member.project-roles["pm-service1-networking-roles/cloudsql.client"]: Creating...
TestUsingExistingNetworkMySqlPrivateModule 2023-08-01T06:29:30Z logger.go:66: module.gce_sa.google_project_iam_member.project-roles["pm-host-networking-roles/compute.networkUser"]: Creating...
TestUsingExistingNetworkMySqlPrivateModule 2023-08-01T06:29:30Z logger.go:66: module.terraform_service_accounts.google_service_account.service_account[0]: Creation complete after 2s [id=projects/pm-host-networking/serviceAccounts/terraform-sa@pm-host-networking.iam.gserviceaccount.com]
TestUsingExistingNetworkMySqlPrivateModule 2023-08-01T06:29:30Z logger.go:66: module.terraform_service_accounts.google_project_iam_member.project-roles["pm-service1-networking-roles/resourcemanager.projectIamAdmin"]: Creating...
TestUsingExistingNetworkMySqlPrivateModule 2023-08-01T06:29:30Z logger.go:66: module.terraform_service_accounts.google_project_iam_member.project-roles["pm-host-networking-roles/serviceusage.serviceUsageAdmin"]: Creating...
TestUsingExistingNetworkMySqlPrivateModule 2023-08-01T06:29:30Z logger.go:66: module.terraform_service_accounts.google_project_iam_member.project-roles["pm-service1-networking-roles/cloudsql.admin"]: Creating...
TestUsingExistingNetworkMySqlPrivateModule 2023-08-01T06:29:30Z logger.go:66: module.terraform_service_accounts.google_project_iam_member.project-roles["pm-service1-networking-roles/compute.instanceAdmin"]: Creating...
TestUsingExistingNetworkMySqlPrivateModule 2023-08-01T06:29:30Z logger.go:66: module.terraform_service_accounts.google_project_iam_member.project-roles["pm-service1-networking-roles/serviceusage.serviceUsageAdmin"]: Creating...
TestUsingExistingNetworkMySqlPrivateModule 2023-08-01T06:29:38Z logger.go:66: module.host-vpc.google_compute_shared_vpc_host_project.shared_vpc_host[0]: Still creating... [10s elapsed]
TestUsingExistingNetworkMySqlPrivateModule 2023-08-01T06:29:38Z logger.go:66: module.host-vpc.google_compute_global_address.psa_ranges["privateip-range"]: Still creating... [10s elapsed]
TestUsingExistingNetworkMySqlPrivateModule 2023-08-01T06:29:40Z logger.go:66: module.terraform_service_accounts.google_project_iam_member.project-roles["pm-host-networking-roles/serviceusage.serviceUsageAdmin"]: Creation complete after 10s [id=pm-host-networking/roles/serviceusage.serviceUsageAdmin/serviceAccount:terraform-sa@pm-host-networking.iam.gserviceaccount.com]
TestUsingExistingNetworkMySqlPrivateModule 2023-08-01T06:29:40Z logger.go:66: module.terraform_service_accounts.google_project_iam_member.project-roles["pm-host-networking-roles/resourcemanager.projectIamAdmin"]: Creating...
TestUsingExistingNetworkMySqlPrivateModule 2023-08-01T06:29:40Z logger.go:66: module.gce_sa.google_project_iam_member.project-roles["pm-service1-networking-roles/cloudsql.client"]: Still creating... [10s elapsed]
TestUsingExistingNetworkMySqlPrivateModule 2023-08-01T06:29:40Z logger.go:66: module.gce_sa.google_project_iam_member.project-roles["pm-service1-networking-roles/iam.serviceAccountUser"]: Still creating... [10s elapsed]
TestUsingExistingNetworkMySqlPrivateModule 2023-08-01T06:29:40Z logger.go:66: module.gce_sa.google_project_iam_member.project-roles["pm-host-networking-roles/compute.networkUser"]: Still creating... [10s elapsed]
TestUsingExistingNetworkMySqlPrivateModule 2023-08-01T06:29:40Z logger.go:66: module.terraform_service_accounts.google_project_iam_member.project-roles["pm-service1-networking-roles/compute.instanceAdmin"]: Still creating... [10s elapsed]
TestUsingExistingNetworkMySqlPrivateModule 2023-08-01T06:29:40Z logger.go:66: module.terraform_service_accounts.google_project_iam_member.project-roles["pm-service1-networking-roles/cloudsql.admin"]: Still creating... [10s elapsed]
TestUsingExistingNetworkMySqlPrivateModule 2023-08-01T06:29:40Z logger.go:66: module.terraform_service_accounts.google_project_iam_member.project-roles["pm-service1-networking-roles/resourcemanager.projectIamAdmin"]: Still creating... [10s elapsed]
TestUsingExistingNetworkMySqlPrivateModule 2023-08-01T06:29:40Z logger.go:66: module.terraform_service_accounts.google_project_iam_member.project-roles["pm-service1-networking-roles/serviceusage.serviceUsageAdmin"]: Still creating... [10s elapsed]
TestUsingExistingNetworkMySqlPrivateModule 2023-08-01T06:29:41Z logger.go:66: module.gce_sa.google_project_iam_member.project-roles["pm-host-networking-roles/compute.networkUser"]: Creation complete after 10s [id=pm-host-networking/roles/compute.networkUser/serviceAccount:gce-sa@pm-service1-networking.iam.gserviceaccount.com]
TestUsingExistingNetworkMySqlPrivateModule 2023-08-01T06:29:41Z logger.go:66: module.terraform_service_accounts.google_project_iam_member.project-roles["pm-host-networking-roles/compute.networkUser"]: Creating...
TestUsingExistingNetworkMySqlPrivateModule 2023-08-01T06:29:41Z logger.go:66: module.host-vpc.google_compute_shared_vpc_host_project.shared_vpc_host[0]: Creation complete after 13s [id=pm-host-networking]
TestUsingExistingNetworkMySqlPrivateModule 2023-08-01T06:29:41Z logger.go:66: module.terraform_service_accounts.google_project_iam_member.project-roles["pm-service1-networking-roles/iam.serviceAccountAdmin"]: Creating...
TestUsingExistingNetworkMySqlPrivateModule 2023-08-01T06:29:41Z logger.go:66: module.terraform_service_accounts.google_project_iam_member.project-roles["pm-service1-networking-roles/serviceusage.serviceUsageAdmin"]: Creation complete after 11s [id=pm-service1-networking/roles/serviceusage.serviceUsageAdmin/serviceAccount:terraform-sa@pm-host-networking.iam.gserviceaccount.com]
TestUsingExistingNetworkMySqlPrivateModule 2023-08-01T06:29:41Z logger.go:66: module.terraform_service_accounts.google_project_iam_member.project-roles["pm-host-networking-roles/compute.networkAdmin"]: Creating...
TestUsingExistingNetworkMySqlPrivateModule 2023-08-01T06:29:42Z logger.go:66: module.terraform_service_accounts.google_project_iam_member.project-roles["pm-service1-networking-roles/compute.instanceAdmin"]: Creation complete after 11s [id=pm-service1-networking/roles/compute.instanceAdmin/serviceAccount:terraform-sa@pm-host-networking.iam.gserviceaccount.com]
TestUsingExistingNetworkMySqlPrivateModule 2023-08-01T06:29:42Z logger.go:66: module.terraform_service_accounts.google_project_iam_member.project-roles["pm-host-networking-roles/compute.securityAdmin"]: Creating...
TestUsingExistingNetworkMySqlPrivateModule 2023-08-01T06:29:42Z logger.go:66: module.host-vpc.google_compute_global_address.psa_ranges["privateip-range"]: Creation complete after 13s [id=projects/pm-host-networking/global/addresses/privateip-range]
TestUsingExistingNetworkMySqlPrivateModule 2023-08-01T06:29:42Z logger.go:66: module.terraform_service_accounts.google_project_iam_member.project-roles["pm-host-networking-roles/iam.serviceAccountAdmin"]: Creating...
TestUsingExistingNetworkMySqlPrivateModule 2023-08-01T06:29:42Z logger.go:66: module.gce_sa.google_project_iam_member.project-roles["pm-service1-networking-roles/iam.serviceAccountUser"]: Creation complete after 12s [id=pm-service1-networking/roles/iam.serviceAccountUser/serviceAccount:gce-sa@pm-service1-networking.iam.gserviceaccount.com]
TestUsingExistingNetworkMySqlPrivateModule 2023-08-01T06:29:42Z logger.go:66: module.terraform_service_accounts.google_project_iam_member.project-roles["pm-service1-networking-roles/iam.serviceAccountUser"]: Creating...
TestUsingExistingNetworkMySqlPrivateModule 2023-08-01T06:29:43Z logger.go:66: module.terraform_service_accounts.google_project_iam_member.project-roles["pm-service1-networking-roles/resourcemanager.projectIamAdmin"]: Creation complete after 12s [id=pm-service1-networking/roles/resourcemanager.projectIamAdmin/serviceAccount:terraform-sa@pm-host-networking.iam.gserviceaccount.com]
TestUsingExistingNetworkMySqlPrivateModule 2023-08-01T06:29:43Z logger.go:66: module.host-vpc.google_compute_shared_vpc_service_project.service_projects["pm-service1-networking"]: Creating...
TestUsingExistingNetworkMySqlPrivateModule 2023-08-01T06:29:44Z logger.go:66: module.terraform_service_accounts.google_project_iam_member.project-roles["pm-service1-networking-roles/cloudsql.admin"]: Creation complete after 13s [id=pm-service1-networking/roles/cloudsql.admin/serviceAccount:terraform-sa@pm-host-networking.iam.gserviceaccount.com]
TestUsingExistingNetworkMySqlPrivateModule 2023-08-01T06:29:44Z logger.go:66: module.host-vpc.data.google_compute_global_address.my_address["privateip-range"]: Reading...
TestUsingExistingNetworkMySqlPrivateModule 2023-08-01T06:29:44Z logger.go:66: module.host-vpc.data.google_compute_global_address.my_address["privateip-range"]: Read complete after 0s [id=projects/pm-host-networking/global/addresses/privateip-range]
TestUsingExistingNetworkMySqlPrivateModule 2023-08-01T06:29:44Z logger.go:66: module.host-vpc.google_service_networking_connection.psa_connection["1"]: Creating...
TestUsingExistingNetworkMySqlPrivateModule 2023-08-01T06:29:44Z logger.go:66: module.gce_sa.google_project_iam_member.project-roles["pm-service1-networking-roles/cloudsql.client"]: Creation complete after 14s [id=pm-service1-networking/roles/cloudsql.client/serviceAccount:gce-sa@pm-service1-networking.iam.gserviceaccount.com]
TestUsingExistingNetworkMySqlPrivateModule 2023-08-01T06:29:50Z logger.go:66: module.terraform_service_accounts.google_project_iam_member.project-roles["pm-host-networking-roles/iam.serviceAccountAdmin"]: Creation complete after 9s [id=pm-host-networking/roles/iam.serviceAccountAdmin/serviceAccount:terraform-sa@pm-host-networking.iam.gserviceaccount.com]
TestUsingExistingNetworkMySqlPrivateModule 2023-08-01T06:29:50Z logger.go:66: module.terraform_service_accounts.google_project_iam_member.project-roles["pm-host-networking-roles/resourcemanager.projectIamAdmin"]: Still creating... [10s elapsed]
TestUsingExistingNetworkMySqlPrivateModule 2023-08-01T06:29:51Z logger.go:66: module.terraform_service_accounts.google_project_iam_member.project-roles["pm-host-networking-roles/compute.networkUser"]: Creation complete after 10s [id=pm-host-networking/roles/compute.networkUser/serviceAccount:terraform-sa@pm-host-networking.iam.gserviceaccount.com]
TestUsingExistingNetworkMySqlPrivateModule 2023-08-01T06:29:51Z logger.go:66: module.terraform_service_accounts.google_project_iam_member.project-roles["pm-service1-networking-roles/iam.serviceAccountUser"]: Creation complete after 9s [id=pm-service1-networking/roles/iam.serviceAccountUser/serviceAccount:terraform-sa@pm-host-networking.iam.gserviceaccount.com]
TestUsingExistingNetworkMySqlPrivateModule 2023-08-01T06:29:51Z logger.go:66: module.terraform_service_accounts.google_project_iam_member.project-roles["pm-service1-networking-roles/iam.serviceAccountAdmin"]: Still creating... [10s elapsed]
TestUsingExistingNetworkMySqlPrivateModule 2023-08-01T06:29:51Z logger.go:66: module.terraform_service_accounts.google_project_iam_member.project-roles["pm-host-networking-roles/compute.networkAdmin"]: Still creating... [10s elapsed]
TestUsingExistingNetworkMySqlPrivateModule 2023-08-01T06:29:51Z logger.go:66: module.terraform_service_accounts.google_project_iam_member.project-roles["pm-host-networking-roles/resourcemanager.projectIamAdmin"]: Creation complete after 11s [id=pm-host-networking/roles/resourcemanager.projectIamAdmin/serviceAccount:terraform-sa@pm-host-networking.iam.gserviceaccount.com]
TestUsingExistingNetworkMySqlPrivateModule 2023-08-01T06:29:52Z logger.go:66: module.terraform_service_accounts.google_project_iam_member.project-roles["pm-service1-networking-roles/iam.serviceAccountAdmin"]: Creation complete after 10s [id=pm-service1-networking/roles/iam.serviceAccountAdmin/serviceAccount:terraform-sa@pm-host-networking.iam.gserviceaccount.com]
TestUsingExistingNetworkMySqlPrivateModule 2023-08-01T06:29:52Z logger.go:66: module.terraform_service_accounts.google_project_iam_member.project-roles["pm-host-networking-roles/compute.securityAdmin"]: Still creating... [10s elapsed]
TestUsingExistingNetworkMySqlPrivateModule 2023-08-01T06:29:52Z logger.go:66: module.terraform_service_accounts.google_project_iam_member.project-roles["pm-host-networking-roles/compute.securityAdmin"]: Creation complete after 11s [id=pm-host-networking/roles/compute.securityAdmin/serviceAccount:terraform-sa@pm-host-networking.iam.gserviceaccount.com]
TestUsingExistingNetworkMySqlPrivateModule 2023-08-01T06:29:53Z logger.go:66: module.terraform_service_accounts.google_project_iam_member.project-roles["pm-host-networking-roles/compute.networkAdmin"]: Creation complete after 11s [id=pm-host-networking/roles/compute.networkAdmin/serviceAccount:terraform-sa@pm-host-networking.iam.gserviceaccount.com]
TestUsingExistingNetworkMySqlPrivateModule 2023-08-01T06:29:53Z logger.go:66: module.host-vpc.google_compute_shared_vpc_service_project.service_projects["pm-service1-networking"]: Still creating... [10s elapsed]
TestUsingExistingNetworkMySqlPrivateModule 2023-08-01T06:29:54Z logger.go:66: module.host-vpc.google_service_networking_connection.psa_connection["1"]: Still creating... [10s elapsed]
TestUsingExistingNetworkMySqlPrivateModule 2023-08-01T06:29:55Z logger.go:66: module.host-vpc.google_compute_shared_vpc_service_project.service_projects["pm-service1-networking"]: Creation complete after 13s [id=pm-host-networking/pm-service1-networking]
TestUsingExistingNetworkMySqlPrivateModule 2023-08-01T06:30:04Z logger.go:66: module.host-vpc.google_service_networking_connection.psa_connection["1"]: Still creating... [20s elapsed]
TestUsingExistingNetworkMySqlPrivateModule 2023-08-01T06:30:14Z logger.go:66: module.host-vpc.google_service_networking_connection.psa_connection["1"]: Still creating... [30s elapsed]
TestUsingExistingNetworkMySqlPrivateModule 2023-08-01T06:30:24Z logger.go:66: module.host-vpc.google_service_networking_connection.psa_connection["1"]: Still creating... [40s elapsed]
TestUsingExistingNetworkMySqlPrivateModule 2023-08-01T06:30:30Z logger.go:66: module.host-vpc.google_service_networking_connection.psa_connection["1"]: Creation complete after 47s [id=projects%2Fpm-host-networking%2Fglobal%2Fnetworks%2Fhost-cloudsql-easy:servicenetworking.googleapis.com]
TestUsingExistingNetworkMySqlPrivateModule 2023-08-01T06:30:30Z logger.go:66: module.host-vpc.google_compute_network_peering_routes_config.psa_routes["1"]: Creating...
TestUsingExistingNetworkMySqlPrivateModule 2023-08-01T06:30:30Z logger.go:66: module.firewall_rules.module.firewall_rules.google_compute_firewall.rules["cloudsql-ingress"]: Creating...
TestUsingExistingNetworkMySqlPrivateModule 2023-08-01T06:30:30Z logger.go:66: module.firewall_rules.module.firewall_rules.google_compute_firewall.rules["allow-ssh-ingress"]: Creating...
TestUsingExistingNetworkMySqlPrivateModule 2023-08-01T06:30:40Z logger.go:66: module.host-vpc.google_compute_network_peering_routes_config.psa_routes["1"]: Still creating... [10s elapsed]
TestUsingExistingNetworkMySqlPrivateModule 2023-08-01T06:30:40Z logger.go:66: module.firewall_rules.module.firewall_rules.google_compute_firewall.rules["allow-ssh-ingress"]: Still creating... [10s elapsed]
TestUsingExistingNetworkMySqlPrivateModule 2023-08-01T06:30:40Z logger.go:66: module.firewall_rules.module.firewall_rules.google_compute_firewall.rules["cloudsql-ingress"]: Still creating... [10s elapsed]
TestUsingExistingNetworkMySqlPrivateModule 2023-08-01T06:30:42Z logger.go:66: module.host-vpc.google_compute_network_peering_routes_config.psa_routes["1"]: Creation complete after 12s [id=projects/pm-host-networking/global/networks/host-cloudsql-easy/networkPeerings/servicenetworking-googleapis-com]
TestUsingExistingNetworkMySqlPrivateModule 2023-08-01T06:30:42Z logger.go:66: module.sql-db.module.mysql[0].null_resource.module_depends_on: Creating...
TestUsingExistingNetworkMySqlPrivateModule 2023-08-01T06:30:42Z logger.go:66: module.sql-db.random_string.mysql_random_suffix[0]: Creating...
TestUsingExistingNetworkMySqlPrivateModule 2023-08-01T06:30:42Z logger.go:66: module.sql-db.module.mysql[0].null_resource.module_depends_on: Creation complete after 0s [id=8837175149480725414]
TestUsingExistingNetworkMySqlPrivateModule 2023-08-01T06:30:42Z logger.go:66: module.sql-db.random_string.mysql_random_suffix[0]: Creation complete after 0s [id=zo2]
TestUsingExistingNetworkMySqlPrivateModule 2023-08-01T06:30:42Z logger.go:66: module.sql-db.module.mysql[0].google_sql_database_instance.default: Creating...
TestUsingExistingNetworkMySqlPrivateModule 2023-08-01T06:30:42Z logger.go:66: module.firewall_rules.module.firewall_rules.google_compute_firewall.rules["cloudsql-ingress"]: Creation complete after 12s [id=projects/pm-host-networking/global/firewalls/cloudsql-ingress]
TestUsingExistingNetworkMySqlPrivateModule 2023-08-01T06:30:43Z logger.go:66: module.firewall_rules.module.firewall_rules.google_compute_firewall.rules["allow-ssh-ingress"]: Creation complete after 12s [id=projects/pm-host-networking/global/firewalls/allow-ssh-ingress]
TestUsingExistingNetworkMySqlPrivateModule 2023-08-01T06:30:52Z logger.go:66: module.sql-db.module.mysql[0].google_sql_database_instance.default: Still creating... [10s elapsed]
TestUsingExistingNetworkMySqlPrivateModule 2023-08-01T06:31:02Z logger.go:66: module.sql-db.module.mysql[0].google_sql_database_instance.default: Still creating... [20s elapsed]
TestUsingExistingNetworkMySqlPrivateModule 2023-08-01T06:31:12Z logger.go:66: module.sql-db.module.mysql[0].google_sql_database_instance.default: Still creating... [30s elapsed]
TestUsingExistingNetworkMySqlPrivateModule 2023-08-01T06:31:22Z logger.go:66: module.sql-db.module.mysql[0].google_sql_database_instance.default: Still creating... [40s elapsed]
TestUsingExistingNetworkMySqlPrivateModule 2023-08-01T06:31:32Z logger.go:66: module.sql-db.module.mysql[0].google_sql_database_instance.default: Still creating... [50s elapsed]
TestUsingExistingNetworkMySqlPrivateModule 2023-08-01T06:31:42Z logger.go:66: module.sql-db.module.mysql[0].google_sql_database_instance.default: Still creating... [1m0s elapsed]
TestUsingExistingNetworkMySqlPrivateModule 2023-08-01T06:31:52Z logger.go:66: module.sql-db.module.mysql[0].google_sql_database_instance.default: Still creating... [1m10s elapsed]
TestUsingExistingNetworkMySqlPrivateModule 2023-08-01T06:32:02Z logger.go:66: module.sql-db.module.mysql[0].google_sql_database_instance.default: Still creating... [1m20s elapsed]
TestUsingExistingNetworkMySqlPrivateModule 2023-08-01T06:32:12Z logger.go:66: module.sql-db.module.mysql[0].google_sql_database_instance.default: Still creating... [1m30s elapsed]
TestUsingExistingNetworkMySqlPrivateModule 2023-08-01T06:32:22Z logger.go:66: module.sql-db.module.mysql[0].google_sql_database_instance.default: Still creating... [1m40s elapsed]
TestUsingExistingNetworkMySqlPrivateModule 2023-08-01T06:32:32Z logger.go:66: module.sql-db.module.mysql[0].google_sql_database_instance.default: Still creating... [1m50s elapsed]
TestUsingExistingNetworkMySqlPrivateModule 2023-08-01T06:32:42Z logger.go:66: module.sql-db.module.mysql[0].google_sql_database_instance.default: Still creating... [2m0s elapsed]
TestUsingExistingNetworkMySqlPrivateModule 2023-08-01T06:32:52Z logger.go:66: module.sql-db.module.mysql[0].google_sql_database_instance.default: Still creating... [2m10s elapsed]
TestUsingExistingNetworkMySqlPrivateModule 2023-08-01T06:33:02Z logger.go:66: module.sql-db.module.mysql[0].google_sql_database_instance.default: Still creating... [2m20s elapsed]
TestUsingExistingNetworkMySqlPrivateModule 2023-08-01T06:33:12Z logger.go:66: module.sql-db.module.mysql[0].google_sql_database_instance.default: Still creating... [2m30s elapsed]
TestUsingExistingNetworkMySqlPrivateModule 2023-08-01T06:33:22Z logger.go:66: module.sql-db.module.mysql[0].google_sql_database_instance.default: Still creating... [2m40s elapsed]
TestUsingExistingNetworkMySqlPrivateModule 2023-08-01T06:33:32Z logger.go:66: module.sql-db.module.mysql[0].google_sql_database_instance.default: Still creating... [2m50s elapsed]
TestUsingExistingNetworkMySqlPrivateModule 2023-08-01T06:33:42Z logger.go:66: module.sql-db.module.mysql[0].google_sql_database_instance.default: Still creating... [3m0s elapsed]
TestUsingExistingNetworkMySqlPrivateModule 2023-08-01T06:33:52Z logger.go:66: module.sql-db.module.mysql[0].google_sql_database_instance.default: Still creating... [3m10s elapsed]
TestUsingExistingNetworkMySqlPrivateModule 2023-08-01T06:34:02Z logger.go:66: module.sql-db.module.mysql[0].google_sql_database_instance.default: Still creating... [3m20s elapsed]
TestUsingExistingNetworkMySqlPrivateModule 2023-08-01T06:34:12Z logger.go:66: module.sql-db.module.mysql[0].google_sql_database_instance.default: Still creating... [3m30s elapsed]
TestUsingExistingNetworkMySqlPrivateModule 2023-08-01T06:34:22Z logger.go:66: module.sql-db.module.mysql[0].google_sql_database_instance.default: Still creating... [3m40s elapsed]
TestUsingExistingNetworkMySqlPrivateModule 2023-08-01T06:34:32Z logger.go:66: module.sql-db.module.mysql[0].google_sql_database_instance.default: Still creating... [3m50s elapsed]
TestUsingExistingNetworkMySqlPrivateModule 2023-08-01T06:34:42Z logger.go:66: module.sql-db.module.mysql[0].google_sql_database_instance.default: Still creating... [4m0s elapsed]
TestUsingExistingNetworkMySqlPrivateModule 2023-08-01T06:34:52Z logger.go:66: module.sql-db.module.mysql[0].google_sql_database_instance.default: Still creating... [4m10s elapsed]
TestUsingExistingNetworkMySqlPrivateModule 2023-08-01T06:35:02Z logger.go:66: module.sql-db.module.mysql[0].google_sql_database_instance.default: Still creating... [4m20s elapsed]
TestUsingExistingNetworkMySqlPrivateModule 2023-08-01T06:35:12Z logger.go:66: module.sql-db.module.mysql[0].google_sql_database_instance.default: Still creating... [4m30s elapsed]
TestUsingExistingNetworkMySqlPrivateModule 2023-08-01T06:35:22Z logger.go:66: module.sql-db.module.mysql[0].google_sql_database_instance.default: Still creating... [4m40s elapsed]
TestUsingExistingNetworkMySqlPrivateModule 2023-08-01T06:35:32Z logger.go:66: module.sql-db.module.mysql[0].google_sql_database_instance.default: Still creating... [4m50s elapsed]
TestUsingExistingNetworkMySqlPrivateModule 2023-08-01T06:35:42Z logger.go:66: module.sql-db.module.mysql[0].google_sql_database_instance.default: Still creating... [5m0s elapsed]
TestUsingExistingNetworkMySqlPrivateModule 2023-08-01T06:35:52Z logger.go:66: module.sql-db.module.mysql[0].google_sql_database_instance.default: Still creating... [5m10s elapsed]
TestUsingExistingNetworkMySqlPrivateModule 2023-08-01T06:36:02Z logger.go:66: module.sql-db.module.mysql[0].google_sql_database_instance.default: Still creating... [5m20s elapsed]
TestUsingExistingNetworkMySqlPrivateModule 2023-08-01T06:36:12Z logger.go:66: module.sql-db.module.mysql[0].google_sql_database_instance.default: Still creating... [5m30s elapsed]
TestUsingExistingNetworkMySqlPrivateModule 2023-08-01T06:36:22Z logger.go:66: module.sql-db.module.mysql[0].google_sql_database_instance.default: Still creating... [5m40s elapsed]
TestUsingExistingNetworkMySqlPrivateModule 2023-08-01T06:36:32Z logger.go:66: module.sql-db.module.mysql[0].google_sql_database_instance.default: Still creating... [5m50s elapsed]
TestUsingExistingNetworkMySqlPrivateModule 2023-08-01T06:36:42Z logger.go:66: module.sql-db.module.mysql[0].google_sql_database_instance.default: Still creating... [6m0s elapsed]
TestUsingExistingNetworkMySqlPrivateModule 2023-08-01T06:36:52Z logger.go:66: module.sql-db.module.mysql[0].google_sql_database_instance.default: Still creating... [6m10s elapsed]
TestUsingExistingNetworkMySqlPrivateModule 2023-08-01T06:37:02Z logger.go:66: module.sql-db.module.mysql[0].google_sql_database_instance.default: Still creating... [6m20s elapsed]
TestUsingExistingNetworkMySqlPrivateModule 2023-08-01T06:37:12Z logger.go:66: module.sql-db.module.mysql[0].google_sql_database_instance.default: Still creating... [6m30s elapsed]
TestUsingExistingNetworkMySqlPrivateModule 2023-08-01T06:37:22Z logger.go:66: module.sql-db.module.mysql[0].google_sql_database_instance.default: Still creating... [6m40s elapsed]
TestUsingExistingNetworkMySqlPrivateModule 2023-08-01T06:37:32Z logger.go:66: module.sql-db.module.mysql[0].google_sql_database_instance.default: Creation complete after 6m49s [id=cn-sqlinstance10-test-zo2]
TestUsingExistingNetworkMySqlPrivateModule 2023-08-01T06:37:32Z logger.go:66: module.sql-db.module.mysql[0].google_sql_database.default[0]: Creating...
TestUsingExistingNetworkMySqlPrivateModule 2023-08-01T06:37:32Z logger.go:66: module.sql-db.module.mysql[0].random_id.user-password: Creating...
TestUsingExistingNetworkMySqlPrivateModule 2023-08-01T06:37:32Z logger.go:66: module.sql-db.module.mysql[0].random_id.user-password: Creation complete after 0s [id=yV2L38a6sSI]
TestUsingExistingNetworkMySqlPrivateModule 2023-08-01T06:37:32Z logger.go:66: module.sql-db.module.mysql[0].google_sql_user.default[0]: Creating...
TestUsingExistingNetworkMySqlPrivateModule 2023-08-01T06:37:33Z logger.go:66: module.sql-db.module.mysql[0].google_sql_database.default[0]: Creation complete after 1s [id=projects/pm-service1-networking/instances/cn-sqlinstance10-test-zo2/databases/default]
TestUsingExistingNetworkMySqlPrivateModule 2023-08-01T06:37:34Z logger.go:66: module.sql-db.module.mysql[0].google_sql_user.default[0]: Creation complete after 2s [id=default/%/cn-sqlinstance10-test-zo2]
TestUsingExistingNetworkMySqlPrivateModule 2023-08-01T06:37:34Z logger.go:66: data.template_file.mysql_installer: Reading...
TestUsingExistingNetworkMySqlPrivateModule 2023-08-01T06:37:34Z logger.go:66: data.template_file.mysql_installer: Read complete after 0s [id=69bf3a6b5b157cc702c14679cdfb2a9ebb9baca85b9ca87a6456c2a374c4d008]
TestUsingExistingNetworkMySqlPrivateModule 2023-08-01T06:37:34Z logger.go:66: module.google_compute_instance.module.instance_template.google_compute_instance_template.tpl: Creating...
TestUsingExistingNetworkMySqlPrivateModule 2023-08-01T06:37:44Z logger.go:66: module.google_compute_instance.module.instance_template.google_compute_instance_template.tpl: Still creating... [10s elapsed]
TestUsingExistingNetworkMySqlPrivateModule 2023-08-01T06:37:47Z logger.go:66: module.google_compute_instance.module.instance_template.google_compute_instance_template.tpl: Creation complete after 14s [id=projects/pm-service1-networking/global/instanceTemplates/default-instance-template-20230801063735153700000001]
TestUsingExistingNetworkMySqlPrivateModule 2023-08-01T06:37:47Z logger.go:66: module.google_compute_instance.module.compute_instance.data.google_compute_zones.available: Reading...
TestUsingExistingNetworkMySqlPrivateModule 2023-08-01T06:37:48Z logger.go:66: module.google_compute_instance.module.compute_instance.data.google_compute_zones.available: Read complete after 0s [id=projects/pm-service1-networking/regions/us-central1]
TestUsingExistingNetworkMySqlPrivateModule 2023-08-01T06:37:48Z logger.go:66: module.google_compute_instance.module.compute_instance.google_compute_instance_from_template.compute_instance[0]: Creating...
TestUsingExistingNetworkMySqlPrivateModule 2023-08-01T06:37:58Z logger.go:66: module.google_compute_instance.module.compute_instance.google_compute_instance_from_template.compute_instance[0]: Still creating... [10s elapsed]
TestUsingExistingNetworkMySqlPrivateModule 2023-08-01T06:38:07Z logger.go:66: module.google_compute_instance.module.compute_instance.google_compute_instance_from_template.compute_instance[0]: Creation complete after 20s [id=projects/pm-service1-networking/zones/us-central1-a/instances/default-001]
TestUsingExistingNetworkMySqlPrivateModule 2023-08-01T06:38:07Z logger.go:66: 
TestUsingExistingNetworkMySqlPrivateModule 2023-08-01T06:38:07Z logger.go:66: Apply complete! Resources: 46 added, 0 changed, 0 destroyed.
TestUsingExistingNetworkMySqlPrivateModule 2023-08-01T06:38:07Z logger.go:66: 
TestUsingExistingNetworkMySqlPrivateModule 2023-08-01T06:38:07Z logger.go:66: Outputs:
TestUsingExistingNetworkMySqlPrivateModule 2023-08-01T06:38:07Z logger.go:66: 
TestUsingExistingNetworkMySqlPrivateModule 2023-08-01T06:38:07Z logger.go:66: cloudsql_instance_name = "cn-sqlinstance10-test-zo2"
TestUsingExistingNetworkMySqlPrivateModule 2023-08-01T06:38:07Z logger.go:66: host_network_id = "projects/pm-host-networking/global/networks/host-cloudsql-easy"
TestUsingExistingNetworkMySqlPrivateModule 2023-08-01T06:38:07Z logger.go:66: host_subnetwork_id = "projects/pm-host-networking/regions/us-central1/subnetworks/host-cloudsql-easy-subnet"
TestUsingExistingNetworkMySqlPrivateModule 2023-08-01T06:38:07Z logger.go:66: host_vpc_name = "host-cloudsql-easy"
TestUsingExistingNetworkMySqlPrivateModule 2023-08-01T06:39:07Z retry.go:91: terraform [output -no-color -json host_vpc_name]
TestUsingExistingNetworkMySqlPrivateModule 2023-08-01T06:39:07Z logger.go:66: Running command terraform with args [output -no-color -json host_vpc_name]
TestUsingExistingNetworkMySqlPrivateModule 2023-08-01T06:39:08Z logger.go:66: "host-cloudsql-easy"
 ========= Verify Subnet Name ========= 
    host_service_project_test.go:162: 
        	Error Trace:	/usr/local/google/home/parasmamgain/work/cloudnet/cloudsql-easy/cloudsql-easy-networking/test/integration/examples/1.Host-Service-Project/host_service_project_test.go:162
        	Error:      	Not equal: 
        	            	expected: "cloudsql-easy"
        	            	actual  : "host-cloudsql-easy"
        	            	
        	            	Diff:
        	            	--- Expected
        	            	+++ Actual
        	            	@@ -1 +1 @@
        	            	-cloudsql-easy
        	            	+host-cloudsql-easy
        	Test:       	TestUsingExistingNetworkMySqlPrivateModule
 ========= Verify Subnetwork Id ========= 
TestUsingExistingNetworkMySqlPrivateModule 2023-08-01T06:39:08Z retry.go:91: terraform [output -no-color -json host_subnetwork_id]
TestUsingExistingNetworkMySqlPrivateModule 2023-08-01T06:39:08Z logger.go:66: Running command terraform with args [output -no-color -json host_subnetwork_id]
TestUsingExistingNetworkMySqlPrivateModule 2023-08-01T06:39:09Z logger.go:66: "projects/pm-host-networking/regions/us-central1/subnetworks/host-cloudsql-easy-subnet"
TestUsingExistingNetworkMySqlPrivateModule 2023-08-01T06:39:09Z retry.go:91: terraform [output -no-color -json cloudsql_instance_name]
TestUsingExistingNetworkMySqlPrivateModule 2023-08-01T06:39:09Z logger.go:66: Running command terraform with args [output -no-color -json cloudsql_instance_name]
TestUsingExistingNetworkMySqlPrivateModule 2023-08-01T06:39:10Z logger.go:66: "cn-sqlinstance10-test-zo2"
TestUsingExistingNetworkMySqlPrivateModule 2023-08-01T06:39:10Z logger.go:66: Running command gcloud with args [sql instances describe cn-sqlinstance10-test-zo2 --project=pm-service1-networking --format=json]
TestUsingExistingNetworkMySqlPrivateModule 2023-08-01T06:39:11Z logger.go:66: {
TestUsingExistingNetworkMySqlPrivateModule 2023-08-01T06:39:11Z logger.go:66:   "backendType": "SECOND_GEN",
TestUsingExistingNetworkMySqlPrivateModule 2023-08-01T06:39:11Z logger.go:66:   "connectionName": "pm-service1-networking:us-central1:cn-sqlinstance10-test-zo2",
TestUsingExistingNetworkMySqlPrivateModule 2023-08-01T06:39:11Z logger.go:66:   "createTime": "2023-08-01T06:30:46.996Z",
TestUsingExistingNetworkMySqlPrivateModule 2023-08-01T06:39:11Z logger.go:66:   "databaseInstalledVersion": "MYSQL_8_0_31",
TestUsingExistingNetworkMySqlPrivateModule 2023-08-01T06:39:11Z logger.go:66:   "databaseVersion": "MYSQL_8_0",
TestUsingExistingNetworkMySqlPrivateModule 2023-08-01T06:39:11Z logger.go:66:   "etag": "5b897f55629e42b4ca4a8cf40ee2c0981735751896b2355879a92d893f0ac5d4",
TestUsingExistingNetworkMySqlPrivateModule 2023-08-01T06:39:11Z logger.go:66:   "failoverReplica": {
TestUsingExistingNetworkMySqlPrivateModule 2023-08-01T06:39:11Z logger.go:66:     "available": true
TestUsingExistingNetworkMySqlPrivateModule 2023-08-01T06:39:11Z logger.go:66:   },
TestUsingExistingNetworkMySqlPrivateModule 2023-08-01T06:39:11Z logger.go:66:   "gceZone": "us-central1-a",
TestUsingExistingNetworkMySqlPrivateModule 2023-08-01T06:39:11Z logger.go:66:   "instanceType": "CLOUD_SQL_INSTANCE",
TestUsingExistingNetworkMySqlPrivateModule 2023-08-01T06:39:11Z logger.go:66:   "ipAddresses": [
TestUsingExistingNetworkMySqlPrivateModule 2023-08-01T06:39:11Z logger.go:66:     {
TestUsingExistingNetworkMySqlPrivateModule 2023-08-01T06:39:11Z logger.go:66:       "ipAddress": "10.46.128.2",
TestUsingExistingNetworkMySqlPrivateModule 2023-08-01T06:39:11Z logger.go:66:       "type": "PRIVATE"
TestUsingExistingNetworkMySqlPrivateModule 2023-08-01T06:39:11Z logger.go:66:     }
TestUsingExistingNetworkMySqlPrivateModule 2023-08-01T06:39:11Z logger.go:66:   ],
TestUsingExistingNetworkMySqlPrivateModule 2023-08-01T06:39:11Z logger.go:66:   "kind": "sql#instance",
TestUsingExistingNetworkMySqlPrivateModule 2023-08-01T06:39:11Z logger.go:66:   "maintenanceVersion": "MYSQL_8_0_31.R20230624.00_05",
TestUsingExistingNetworkMySqlPrivateModule 2023-08-01T06:39:11Z logger.go:66:   "name": "cn-sqlinstance10-test-zo2",
TestUsingExistingNetworkMySqlPrivateModule 2023-08-01T06:39:11Z logger.go:66:   "project": "pm-service1-networking",
TestUsingExistingNetworkMySqlPrivateModule 2023-08-01T06:39:11Z logger.go:66:   "region": "us-central1",
TestUsingExistingNetworkMySqlPrivateModule 2023-08-01T06:39:11Z logger.go:66:   "secondaryGceZone": "us-central1-f",
TestUsingExistingNetworkMySqlPrivateModule 2023-08-01T06:39:11Z logger.go:66:   "selfLink": "https://sqladmin.googleapis.com/sql/v1beta4/projects/pm-service1-networking/instances/cn-sqlinstance10-test-zo2",
TestUsingExistingNetworkMySqlPrivateModule 2023-08-01T06:39:11Z logger.go:66:   "serverCaCert": {
TestUsingExistingNetworkMySqlPrivateModule 2023-08-01T06:39:11Z logger.go:66:     "cert": "-----BEGIN CERTIFICATE-----\nMIIDfzCCAmegAwIBAgIBADANBgkqhkiG9w0BAQsFADB3MS0wKwYDVQQuEyQ0OWE5\nZWYxYS00OGI5LTQ2ZmYtOTY1MC00NTBjODYwNzExZmUxIzAhBgNVBAMTGkdvb2ds\nZSBDbG91ZCBTUUwgU2VydmVyIENBMRQwEgYDVQQKEwtHb29nbGUsIEluYzELMAkG\nA1UEBhMCVVMwHhcNMjMwODAxMDYzMjQxWhcNMzMwNzI5MDYzMzQxWjB3MS0wKwYD\nVQQuEyQ0OWE5ZWYxYS00OGI5LTQ2ZmYtOTY1MC00NTBjODYwNzExZmUxIzAhBgNV\nBAMTGkdvb2dsZSBDbG91ZCBTUUwgU2VydmVyIENBMRQwEgYDVQQKEwtHb29nbGUs\nIEluYzELMAkGA1UEBhMCVVMwggEiMA0GCSqGSIb3DQEBAQUAA4IBDwAwggEKAoIB\nAQCxJqlBXXEHcOk0BHaUK0oJXyDIn6Hz7qUSiEXF1k8OdBEK5zqkfChj6mqkHC89\nqytrVRtNorP1iWKh0A49vtDr7/EDFgDFP6cpYmfPJ1t4ZLufIpYn0WlB8gX4VPIt\nci1/bTZXaeAwvUIUyMthfXCnqboON2s5jNyE2+pZxlueQhFOa6P57DNmy7ruvfnt\nDCRH44+6CvMdETVvF+jHSfQ0x+Q6Dq3Fi+n7/p8iFjb3dK56uEYtHled+/dOpXYW\nds6NQSsAyonBV5dol2RCjolczLnZHA68QWXD9G9aUCFkpv4qExsK2+Jp7473XF6y\ncrfyWt19aGOiSkF8Mp2VNLj5AgMBAAGjFjAUMBIGA1UdEwEB/wQIMAYBAf8CAQAw\nDQYJKoZIhvcNAQELBQADggEBAE0Ay2XKc1Y3XhpNwq+wsbrpujATYGVS3H0N+5O/\nWKTHFbiVRTk4lIIBG5lNBKJ4NlYwUD5w/Es1QPdQWXqI/t0v35mb8abgrmLoG0cs\nCVc1Fn8yIChGS1AcaDdwWlbwwxPWISDqmh+nmPpbPbmRw5ZAJVxTv2gLUR4TxYKl\nzV7Q2rQlo+/IeV2uoUWizQvJ0OAOq5f7kLUVGqAibHB4li7gSUN0oe7WuymzxFD6\nysLMGpvuJOkB49VZi4LJbOkLOkJbRGj0u4ZHcaHTBdvZu/uMEEGhrXmMs4IMreuu\nU5ziKiPvDvZphQz7N+jAF7akw0XM9GTX+Gpp64GAS2az+Gk=\n-----END CERTIFICATE-----",
TestUsingExistingNetworkMySqlPrivateModule 2023-08-01T06:39:11Z logger.go:66:     "certSerialNumber": "0",
TestUsingExistingNetworkMySqlPrivateModule 2023-08-01T06:39:11Z logger.go:66:     "commonName": "C=US,O=Google\\, Inc,CN=Google Cloud SQL Server CA,dnQualifier=49a9ef1a-48b9-46ff-9650-450c860711fe",
TestUsingExistingNetworkMySqlPrivateModule 2023-08-01T06:39:11Z logger.go:66:     "createTime": "2023-08-01T06:32:41.694Z",
TestUsingExistingNetworkMySqlPrivateModule 2023-08-01T06:39:11Z logger.go:66:     "expirationTime": "2033-07-29T06:33:41.694Z",
TestUsingExistingNetworkMySqlPrivateModule 2023-08-01T06:39:11Z logger.go:66:     "instance": "cn-sqlinstance10-test-zo2",
TestUsingExistingNetworkMySqlPrivateModule 2023-08-01T06:39:11Z logger.go:66:     "kind": "sql#sslCert",
TestUsingExistingNetworkMySqlPrivateModule 2023-08-01T06:39:11Z logger.go:66:     "sha1Fingerprint": "cc16e520c22d3904f0b33ec6a189a8cfc50d4fcc"
TestUsingExistingNetworkMySqlPrivateModule 2023-08-01T06:39:11Z logger.go:66:   },
TestUsingExistingNetworkMySqlPrivateModule 2023-08-01T06:39:11Z logger.go:66:   "serviceAccountEmailAddress": "p1081795941202-853bdr@gcp-sa-cloud-sql.iam.gserviceaccount.com",
TestUsingExistingNetworkMySqlPrivateModule 2023-08-01T06:39:11Z logger.go:66:   "settings": {
TestUsingExistingNetworkMySqlPrivateModule 2023-08-01T06:39:11Z logger.go:66:     "activationPolicy": "ALWAYS",
TestUsingExistingNetworkMySqlPrivateModule 2023-08-01T06:39:11Z logger.go:66:     "availabilityType": "REGIONAL",
TestUsingExistingNetworkMySqlPrivateModule 2023-08-01T06:39:11Z logger.go:66:     "backupConfiguration": {
TestUsingExistingNetworkMySqlPrivateModule 2023-08-01T06:39:11Z logger.go:66:       "backupRetentionSettings": {
TestUsingExistingNetworkMySqlPrivateModule 2023-08-01T06:39:11Z logger.go:66:         "retainedBackups": 7,
TestUsingExistingNetworkMySqlPrivateModule 2023-08-01T06:39:11Z logger.go:66:         "retentionUnit": "COUNT"
TestUsingExistingNetworkMySqlPrivateModule 2023-08-01T06:39:11Z logger.go:66:       },
TestUsingExistingNetworkMySqlPrivateModule 2023-08-01T06:39:11Z logger.go:66:       "binaryLogEnabled": true,
TestUsingExistingNetworkMySqlPrivateModule 2023-08-01T06:39:11Z logger.go:66:       "enabled": true,
TestUsingExistingNetworkMySqlPrivateModule 2023-08-01T06:39:11Z logger.go:66:       "kind": "sql#backupConfiguration",
TestUsingExistingNetworkMySqlPrivateModule 2023-08-01T06:39:11Z logger.go:66:       "startTime": "04:00",
TestUsingExistingNetworkMySqlPrivateModule 2023-08-01T06:39:11Z logger.go:66:       "transactionLogRetentionDays": 7
TestUsingExistingNetworkMySqlPrivateModule 2023-08-01T06:39:11Z logger.go:66:     },
TestUsingExistingNetworkMySqlPrivateModule 2023-08-01T06:39:11Z logger.go:66:     "connectorEnforcement": "NOT_REQUIRED",
TestUsingExistingNetworkMySqlPrivateModule 2023-08-01T06:39:11Z logger.go:66:     "dataDiskSizeGb": "10",
TestUsingExistingNetworkMySqlPrivateModule 2023-08-01T06:39:11Z logger.go:66:     "dataDiskType": "PD_SSD",
TestUsingExistingNetworkMySqlPrivateModule 2023-08-01T06:39:11Z logger.go:66:     "deletionProtectionEnabled": false,
TestUsingExistingNetworkMySqlPrivateModule 2023-08-01T06:39:11Z logger.go:66:     "ipConfiguration": {
TestUsingExistingNetworkMySqlPrivateModule 2023-08-01T06:39:11Z logger.go:66:       "ipv4Enabled": false,
TestUsingExistingNetworkMySqlPrivateModule 2023-08-01T06:39:11Z logger.go:66:       "privateNetwork": "projects/pm-host-networking/global/networks/host-cloudsql-easy",
TestUsingExistingNetworkMySqlPrivateModule 2023-08-01T06:39:11Z logger.go:66:       "requireSsl": false
TestUsingExistingNetworkMySqlPrivateModule 2023-08-01T06:39:11Z logger.go:66:     },
TestUsingExistingNetworkMySqlPrivateModule 2023-08-01T06:39:11Z logger.go:66:     "kind": "sql#settings",
TestUsingExistingNetworkMySqlPrivateModule 2023-08-01T06:39:11Z logger.go:66:     "locationPreference": {
TestUsingExistingNetworkMySqlPrivateModule 2023-08-01T06:39:11Z logger.go:66:       "kind": "sql#locationPreference",
TestUsingExistingNetworkMySqlPrivateModule 2023-08-01T06:39:11Z logger.go:66:       "zone": "us-central1-a"
TestUsingExistingNetworkMySqlPrivateModule 2023-08-01T06:39:11Z logger.go:66:     },
TestUsingExistingNetworkMySqlPrivateModule 2023-08-01T06:39:11Z logger.go:66:     "maintenanceWindow": {
TestUsingExistingNetworkMySqlPrivateModule 2023-08-01T06:39:11Z logger.go:66:       "day": 1,
TestUsingExistingNetworkMySqlPrivateModule 2023-08-01T06:39:11Z logger.go:66:       "hour": 23,
TestUsingExistingNetworkMySqlPrivateModule 2023-08-01T06:39:11Z logger.go:66:       "kind": "sql#maintenanceWindow",
TestUsingExistingNetworkMySqlPrivateModule 2023-08-01T06:39:11Z logger.go:66:       "updateTrack": "canary"
TestUsingExistingNetworkMySqlPrivateModule 2023-08-01T06:39:11Z logger.go:66:     },
TestUsingExistingNetworkMySqlPrivateModule 2023-08-01T06:39:11Z logger.go:66:     "pricingPlan": "PER_USE",
TestUsingExistingNetworkMySqlPrivateModule 2023-08-01T06:39:11Z logger.go:66:     "replicationType": "SYNCHRONOUS",
TestUsingExistingNetworkMySqlPrivateModule 2023-08-01T06:39:11Z logger.go:66:     "settingsVersion": "4",
TestUsingExistingNetworkMySqlPrivateModule 2023-08-01T06:39:11Z logger.go:66:     "storageAutoResize": true,
TestUsingExistingNetworkMySqlPrivateModule 2023-08-01T06:39:11Z logger.go:66:     "storageAutoResizeLimit": "0",
TestUsingExistingNetworkMySqlPrivateModule 2023-08-01T06:39:11Z logger.go:66:     "tier": "db-n1-standard-1"
TestUsingExistingNetworkMySqlPrivateModule 2023-08-01T06:39:11Z logger.go:66:   },
TestUsingExistingNetworkMySqlPrivateModule 2023-08-01T06:39:11Z logger.go:66:   "state": "RUNNABLE"
TestUsingExistingNetworkMySqlPrivateModule 2023-08-01T06:39:11Z logger.go:66: }
 ========= Verify if public IP is disabled ========= 
 ========= Verify SQL RUNNING Instance State ========= 
 ====================================================== 
 ========= Verify DB Creation ========= 
TestUsingExistingNetworkMySqlPrivateModule 2023-08-01T06:39:11Z logger.go:66: Running command gcloud with args [sql databases describe test_db --instance=cn-sqlinstance10-test-zo2 --project=pm-service1-networking --format=json]
TestUsingExistingNetworkMySqlPrivateModule 2023-08-01T06:39:13Z logger.go:66: {
TestUsingExistingNetworkMySqlPrivateModule 2023-08-01T06:39:13Z logger.go:66:   "charset": "utf8mb4",
TestUsingExistingNetworkMySqlPrivateModule 2023-08-01T06:39:13Z logger.go:66:   "collation": "utf8mb4_0900_ai_ci",
TestUsingExistingNetworkMySqlPrivateModule 2023-08-01T06:39:13Z logger.go:66:   "etag": "55c01066b2396f6f7ea818dce599e9f47e7ef6d10555dc6bebd3335c47dbcd10",
TestUsingExistingNetworkMySqlPrivateModule 2023-08-01T06:39:13Z logger.go:66:   "instance": "cn-sqlinstance10-test-zo2",
TestUsingExistingNetworkMySqlPrivateModule 2023-08-01T06:39:13Z logger.go:66:   "kind": "sql#database",
TestUsingExistingNetworkMySqlPrivateModule 2023-08-01T06:39:13Z logger.go:66:   "name": "test_db",
TestUsingExistingNetworkMySqlPrivateModule 2023-08-01T06:39:13Z logger.go:66:   "project": "pm-service1-networking",
TestUsingExistingNetworkMySqlPrivateModule 2023-08-01T06:39:13Z logger.go:66:   "selfLink": "https://sqladmin.googleapis.com/sql/v1beta4/projects/pm-service1-networking/instances/cn-sqlinstance10-test-zo2/databases/test_db"
TestUsingExistingNetworkMySqlPrivateModule 2023-08-01T06:39:13Z logger.go:66: }
TestUsingExistingNetworkMySqlPrivateModule 2023-08-01T06:39:13Z retry.go:91: terraform [destroy -auto-approve -input=false -var-file dev.tfvars -var test_dbname=test_db -var create_subnetwork=false -var subnetwork_name=host-cloudsql-easy-subnet -var database_version= -var host_project_id=pm-host-networking -var create_network=false -var service_project_id=pm-service1-networking -var region=us-central1 -var network_name=host-cloudsql-easy -var cloudsql_instance_name=cn-sqlinstance10-test -no-color -lock=false]
TestUsingExistingNetworkMySqlPrivateModule 2023-08-01T06:39:13Z logger.go:66: Running command terraform with args [destroy -auto-approve -input=false -var-file dev.tfvars -var test_dbname=test_db -var create_subnetwork=false -var subnetwork_name=host-cloudsql-easy-subnet -var database_version= -var host_project_id=pm-host-networking -var create_network=false -var service_project_id=pm-service1-networking -var region=us-central1 -var network_name=host-cloudsql-easy -var cloudsql_instance_name=cn-sqlinstance10-test -no-color -lock=false]
TestUsingExistingNetworkMySqlPrivateModule 2023-08-01T06:39:16Z logger.go:66: data.google_compute_subnetwork.host_vpc_subnetwork[0]: Reading...
TestUsingExistingNetworkMySqlPrivateModule 2023-08-01T06:39:16Z logger.go:66: module.host_project.module.project_services.google_project_service.project_services["logging.googleapis.com"]: Refreshing state... [id=pm-host-networking/logging.googleapis.com]
TestUsingExistingNetworkMySqlPrivateModule 2023-08-01T06:39:16Z logger.go:66: module.host_project.module.project_services.google_project_service.project_services["cloudresourcemanager.googleapis.com"]: Refreshing state... [id=pm-host-networking/cloudresourcemanager.googleapis.com]
TestUsingExistingNetworkMySqlPrivateModule 2023-08-01T06:39:16Z logger.go:66: module.host_project.module.project_services.google_project_service.project_services["sqladmin.googleapis.com"]: Refreshing state... [id=pm-host-networking/sqladmin.googleapis.com]
TestUsingExistingNetworkMySqlPrivateModule 2023-08-01T06:39:16Z logger.go:66: module.host_project.module.project_services.google_project_service.project_services["iam.googleapis.com"]: Refreshing state... [id=pm-host-networking/iam.googleapis.com]
TestUsingExistingNetworkMySqlPrivateModule 2023-08-01T06:39:16Z logger.go:66: module.project_services.module.project_services.google_project_service.project_services["compute.googleapis.com"]: Refreshing state... [id=pm-service1-networking/compute.googleapis.com]
TestUsingExistingNetworkMySqlPrivateModule 2023-08-01T06:39:16Z logger.go:66: module.host_project.module.project_services.google_project_service.project_services["compute.googleapis.com"]: Refreshing state... [id=pm-host-networking/compute.googleapis.com]
TestUsingExistingNetworkMySqlPrivateModule 2023-08-01T06:39:16Z logger.go:66: module.host_project.module.project_services.google_project_service.project_services["servicenetworking.googleapis.com"]: Refreshing state... [id=pm-host-networking/servicenetworking.googleapis.com]
TestUsingExistingNetworkMySqlPrivateModule 2023-08-01T06:39:16Z logger.go:66: module.host_project.module.project_services.google_project_service.project_services["monitoring.googleapis.com"]: Refreshing state... [id=pm-host-networking/monitoring.googleapis.com]
TestUsingExistingNetworkMySqlPrivateModule 2023-08-01T06:39:16Z logger.go:66: module.project_services.module.project_services.google_project_service.project_services["cloudresourcemanager.googleapis.com"]: Refreshing state... [id=pm-service1-networking/cloudresourcemanager.googleapis.com]
TestUsingExistingNetworkMySqlPrivateModule 2023-08-01T06:39:18Z logger.go:66: data.google_compute_subnetwork.host_vpc_subnetwork[0]: Read complete after 1s [id=projects/pm-host-networking/regions/us-central1/subnetworks/host-cloudsql-easy-subnet]
TestUsingExistingNetworkMySqlPrivateModule 2023-08-01T06:39:18Z logger.go:66: module.project_services.module.project_services.google_project_service.project_services["iam.googleapis.com"]: Refreshing state... [id=pm-service1-networking/iam.googleapis.com]
TestUsingExistingNetworkMySqlPrivateModule 2023-08-01T06:39:21Z logger.go:66: module.project_services.module.project_services.google_project_service.project_services["monitoring.googleapis.com"]: Refreshing state... [id=pm-service1-networking/monitoring.googleapis.com]
TestUsingExistingNetworkMySqlPrivateModule 2023-08-01T06:39:21Z logger.go:66: module.project_services.module.project_services.google_project_service.project_services["servicenetworking.googleapis.com"]: Refreshing state... [id=pm-service1-networking/servicenetworking.googleapis.com]
TestUsingExistingNetworkMySqlPrivateModule 2023-08-01T06:39:21Z logger.go:66: module.project_services.module.project_services.google_project_service.project_services["sqladmin.googleapis.com"]: Refreshing state... [id=pm-service1-networking/sqladmin.googleapis.com]
TestUsingExistingNetworkMySqlPrivateModule 2023-08-01T06:39:21Z logger.go:66: data.google_compute_network.host_vpc[0]: Reading...
TestUsingExistingNetworkMySqlPrivateModule 2023-08-01T06:39:21Z logger.go:66: module.project_services.module.project_services.google_project_service.project_services["logging.googleapis.com"]: Refreshing state... [id=pm-service1-networking/logging.googleapis.com]
TestUsingExistingNetworkMySqlPrivateModule 2023-08-01T06:39:22Z logger.go:66: data.google_compute_network.host_vpc[0]: Read complete after 0s [id=projects/pm-host-networking/global/networks/host-cloudsql-easy]
TestUsingExistingNetworkMySqlPrivateModule 2023-08-01T06:39:26Z logger.go:66: module.host-vpc.data.google_compute_network.network[0]: Reading...
TestUsingExistingNetworkMySqlPrivateModule 2023-08-01T06:39:26Z logger.go:66: module.terraform_service_accounts.google_service_account.service_account[0]: Refreshing state... [id=projects/pm-host-networking/serviceAccounts/terraform-sa@pm-host-networking.iam.gserviceaccount.com]
TestUsingExistingNetworkMySqlPrivateModule 2023-08-01T06:39:26Z logger.go:66: module.gce_sa.google_service_account.service_account[0]: Refreshing state... [id=projects/pm-service1-networking/serviceAccounts/gce-sa@pm-service1-networking.iam.gserviceaccount.com]
TestUsingExistingNetworkMySqlPrivateModule 2023-08-01T06:39:27Z logger.go:66: module.host-vpc.data.google_compute_network.network[0]: Read complete after 0s [id=projects/pm-host-networking/global/networks/host-cloudsql-easy]
TestUsingExistingNetworkMySqlPrivateModule 2023-08-01T06:39:27Z logger.go:66: module.host-vpc.google_compute_global_address.psa_ranges["privateip-range"]: Refreshing state... [id=projects/pm-host-networking/global/addresses/privateip-range]
TestUsingExistingNetworkMySqlPrivateModule 2023-08-01T06:39:27Z logger.go:66: module.host-vpc.google_compute_shared_vpc_host_project.shared_vpc_host[0]: Refreshing state... [id=pm-host-networking]
TestUsingExistingNetworkMySqlPrivateModule 2023-08-01T06:39:27Z logger.go:66: module.host-vpc.google_service_networking_connection.psa_connection["1"]: Refreshing state... [id=projects%2Fpm-host-networking%2Fglobal%2Fnetworks%2Fhost-cloudsql-easy:servicenetworking.googleapis.com]
TestUsingExistingNetworkMySqlPrivateModule 2023-08-01T06:39:27Z logger.go:66: module.host-vpc.data.google_compute_global_address.my_address["privateip-range"]: Reading...
TestUsingExistingNetworkMySqlPrivateModule 2023-08-01T06:39:27Z logger.go:66: module.host-vpc.google_compute_shared_vpc_service_project.service_projects["pm-service1-networking"]: Refreshing state... [id=pm-host-networking/pm-service1-networking]
TestUsingExistingNetworkMySqlPrivateModule 2023-08-01T06:39:27Z logger.go:66: module.gce_sa.google_project_iam_member.project-roles["pm-host-networking-roles/compute.networkUser"]: Refreshing state... [id=pm-host-networking/roles/compute.networkUser/serviceAccount:gce-sa@pm-service1-networking.iam.gserviceaccount.com]
TestUsingExistingNetworkMySqlPrivateModule 2023-08-01T06:39:27Z logger.go:66: module.gce_sa.google_project_iam_member.project-roles["pm-service1-networking-roles/cloudsql.client"]: Refreshing state... [id=pm-service1-networking/roles/cloudsql.client/serviceAccount:gce-sa@pm-service1-networking.iam.gserviceaccount.com]
TestUsingExistingNetworkMySqlPrivateModule 2023-08-01T06:39:27Z logger.go:66: module.gce_sa.google_project_iam_member.project-roles["pm-service1-networking-roles/iam.serviceAccountUser"]: Refreshing state... [id=pm-service1-networking/roles/iam.serviceAccountUser/serviceAccount:gce-sa@pm-service1-networking.iam.gserviceaccount.com]
TestUsingExistingNetworkMySqlPrivateModule 2023-08-01T06:39:27Z logger.go:66: module.terraform_service_accounts.google_project_iam_member.project-roles["pm-service1-networking-roles/iam.serviceAccountAdmin"]: Refreshing state... [id=pm-service1-networking/roles/iam.serviceAccountAdmin/serviceAccount:terraform-sa@pm-host-networking.iam.gserviceaccount.com]
TestUsingExistingNetworkMySqlPrivateModule 2023-08-01T06:39:27Z logger.go:66: module.terraform_service_accounts.google_project_iam_member.project-roles["pm-host-networking-roles/iam.serviceAccountAdmin"]: Refreshing state... [id=pm-host-networking/roles/iam.serviceAccountAdmin/serviceAccount:terraform-sa@pm-host-networking.iam.gserviceaccount.com]
TestUsingExistingNetworkMySqlPrivateModule 2023-08-01T06:39:27Z logger.go:66: module.terraform_service_accounts.google_project_iam_member.project-roles["pm-host-networking-roles/compute.networkAdmin"]: Refreshing state... [id=pm-host-networking/roles/compute.networkAdmin/serviceAccount:terraform-sa@pm-host-networking.iam.gserviceaccount.com]
TestUsingExistingNetworkMySqlPrivateModule 2023-08-01T06:39:27Z logger.go:66: module.terraform_service_accounts.google_project_iam_member.project-roles["pm-service1-networking-roles/serviceusage.serviceUsageAdmin"]: Refreshing state... [id=pm-service1-networking/roles/serviceusage.serviceUsageAdmin/serviceAccount:terraform-sa@pm-host-networking.iam.gserviceaccount.com]
TestUsingExistingNetworkMySqlPrivateModule 2023-08-01T06:39:27Z logger.go:66: module.host-vpc.data.google_compute_global_address.my_address["privateip-range"]: Read complete after 1s [id=projects/pm-host-networking/global/addresses/privateip-range]
TestUsingExistingNetworkMySqlPrivateModule 2023-08-01T06:39:27Z logger.go:66: module.terraform_service_accounts.google_project_iam_member.project-roles["pm-host-networking-roles/compute.securityAdmin"]: Refreshing state... [id=pm-host-networking/roles/compute.securityAdmin/serviceAccount:terraform-sa@pm-host-networking.iam.gserviceaccount.com]
TestUsingExistingNetworkMySqlPrivateModule 2023-08-01T06:39:27Z logger.go:66: module.terraform_service_accounts.google_project_iam_member.project-roles["pm-service1-networking-roles/compute.instanceAdmin"]: Refreshing state... [id=pm-service1-networking/roles/compute.instanceAdmin/serviceAccount:terraform-sa@pm-host-networking.iam.gserviceaccount.com]
TestUsingExistingNetworkMySqlPrivateModule 2023-08-01T06:39:28Z logger.go:66: module.terraform_service_accounts.google_project_iam_member.project-roles["pm-host-networking-roles/compute.networkUser"]: Refreshing state... [id=pm-host-networking/roles/compute.networkUser/serviceAccount:terraform-sa@pm-host-networking.iam.gserviceaccount.com]
TestUsingExistingNetworkMySqlPrivateModule 2023-08-01T06:39:28Z logger.go:66: module.terraform_service_accounts.google_project_iam_member.project-roles["pm-host-networking-roles/resourcemanager.projectIamAdmin"]: Refreshing state... [id=pm-host-networking/roles/resourcemanager.projectIamAdmin/serviceAccount:terraform-sa@pm-host-networking.iam.gserviceaccount.com]
TestUsingExistingNetworkMySqlPrivateModule 2023-08-01T06:39:28Z logger.go:66: module.terraform_service_accounts.google_project_iam_member.project-roles["pm-host-networking-roles/serviceusage.serviceUsageAdmin"]: Refreshing state... [id=pm-host-networking/roles/serviceusage.serviceUsageAdmin/serviceAccount:terraform-sa@pm-host-networking.iam.gserviceaccount.com]
TestUsingExistingNetworkMySqlPrivateModule 2023-08-01T06:39:29Z logger.go:66: module.terraform_service_accounts.google_project_iam_member.project-roles["pm-service1-networking-roles/iam.serviceAccountUser"]: Refreshing state... [id=pm-service1-networking/roles/iam.serviceAccountUser/serviceAccount:terraform-sa@pm-host-networking.iam.gserviceaccount.com]
TestUsingExistingNetworkMySqlPrivateModule 2023-08-01T06:39:29Z logger.go:66: module.terraform_service_accounts.google_project_iam_member.project-roles["pm-service1-networking-roles/cloudsql.admin"]: Refreshing state... [id=pm-service1-networking/roles/cloudsql.admin/serviceAccount:terraform-sa@pm-host-networking.iam.gserviceaccount.com]
TestUsingExistingNetworkMySqlPrivateModule 2023-08-01T06:39:29Z logger.go:66: module.terraform_service_accounts.google_project_iam_member.project-roles["pm-service1-networking-roles/resourcemanager.projectIamAdmin"]: Refreshing state... [id=pm-service1-networking/roles/resourcemanager.projectIamAdmin/serviceAccount:terraform-sa@pm-host-networking.iam.gserviceaccount.com]
TestUsingExistingNetworkMySqlPrivateModule 2023-08-01T06:39:30Z logger.go:66: module.host-vpc.google_compute_network_peering_routes_config.psa_routes["1"]: Refreshing state... [id=projects/pm-host-networking/global/networks/host-cloudsql-easy/networkPeerings/servicenetworking-googleapis-com]
TestUsingExistingNetworkMySqlPrivateModule 2023-08-01T06:39:30Z logger.go:66: module.sql-db.random_string.mysql_random_suffix[0]: Refreshing state... [id=zo2]
TestUsingExistingNetworkMySqlPrivateModule 2023-08-01T06:39:30Z logger.go:66: module.firewall_rules.module.firewall_rules.google_compute_firewall.rules["cloudsql-ingress"]: Refreshing state... [id=projects/pm-host-networking/global/firewalls/cloudsql-ingress]
TestUsingExistingNetworkMySqlPrivateModule 2023-08-01T06:39:30Z logger.go:66: module.firewall_rules.module.firewall_rules.google_compute_firewall.rules["allow-ssh-ingress"]: Refreshing state... [id=projects/pm-host-networking/global/firewalls/allow-ssh-ingress]
TestUsingExistingNetworkMySqlPrivateModule 2023-08-01T06:39:30Z logger.go:66: module.sql-db.module.mysql[0].null_resource.module_depends_on: Refreshing state... [id=8837175149480725414]
TestUsingExistingNetworkMySqlPrivateModule 2023-08-01T06:39:30Z logger.go:66: module.sql-db.module.mysql[0].google_sql_database_instance.default: Refreshing state... [id=cn-sqlinstance10-test-zo2]
TestUsingExistingNetworkMySqlPrivateModule 2023-08-01T06:39:31Z logger.go:66: module.sql-db.module.mysql[0].random_id.user-password: Refreshing state... [id=yV2L38a6sSI]
TestUsingExistingNetworkMySqlPrivateModule 2023-08-01T06:39:31Z logger.go:66: module.sql-db.module.mysql[0].google_sql_database.default[0]: Refreshing state... [id=projects/pm-service1-networking/instances/cn-sqlinstance10-test-zo2/databases/default]
TestUsingExistingNetworkMySqlPrivateModule 2023-08-01T06:39:31Z logger.go:66: module.sql-db.module.mysql[0].google_sql_user.default[0]: Refreshing state... [id=default/%/cn-sqlinstance10-test-zo2]
TestUsingExistingNetworkMySqlPrivateModule 2023-08-01T06:39:32Z logger.go:66: module.google_compute_instance.module.instance_template.google_compute_instance_template.tpl: Refreshing state... [id=projects/pm-service1-networking/global/instanceTemplates/default-instance-template-20230801063735153700000001]
TestUsingExistingNetworkMySqlPrivateModule 2023-08-01T06:39:33Z logger.go:66: module.google_compute_instance.module.compute_instance.google_compute_instance_from_template.compute_instance[0]: Refreshing state... [id=projects/pm-service1-networking/zones/us-central1-a/instances/default-001]
TestUsingExistingNetworkMySqlPrivateModule 2023-08-01T06:39:37Z logger.go:66: 
TestUsingExistingNetworkMySqlPrivateModule 2023-08-01T06:39:37Z logger.go:66: Terraform used the selected providers to generate the following execution
TestUsingExistingNetworkMySqlPrivateModule 2023-08-01T06:39:37Z logger.go:66: plan. Resource actions are indicated with the following symbols:
TestUsingExistingNetworkMySqlPrivateModule 2023-08-01T06:39:37Z logger.go:66:   - destroy
TestUsingExistingNetworkMySqlPrivateModule 2023-08-01T06:39:37Z logger.go:66: 
TestUsingExistingNetworkMySqlPrivateModule 2023-08-01T06:39:37Z logger.go:66: Terraform will perform the following actions:
TestUsingExistingNetworkMySqlPrivateModule 2023-08-01T06:39:37Z logger.go:66: 
TestUsingExistingNetworkMySqlPrivateModule 2023-08-01T06:39:37Z logger.go:66:   # module.gce_sa.google_project_iam_member.project-roles["pm-host-networking-roles/compute.networkUser"] will be destroyed
TestUsingExistingNetworkMySqlPrivateModule 2023-08-01T06:39:37Z logger.go:66:   - resource "google_project_iam_member" "project-roles" {
TestUsingExistingNetworkMySqlPrivateModule 2023-08-01T06:39:37Z logger.go:66:       - etag    = "BwYB1qxJ3o4=" -> null
TestUsingExistingNetworkMySqlPrivateModule 2023-08-01T06:39:37Z logger.go:66:       - id      = "pm-host-networking/roles/compute.networkUser/serviceAccount:gce-sa@pm-service1-networking.iam.gserviceaccount.com" -> null
TestUsingExistingNetworkMySqlPrivateModule 2023-08-01T06:39:37Z logger.go:66:       - member  = "serviceAccount:gce-sa@pm-service1-networking.iam.gserviceaccount.com" -> null
TestUsingExistingNetworkMySqlPrivateModule 2023-08-01T06:39:37Z logger.go:66:       - project = "pm-host-networking" -> null
TestUsingExistingNetworkMySqlPrivateModule 2023-08-01T06:39:37Z logger.go:66:       - role    = "roles/compute.networkUser" -> null
TestUsingExistingNetworkMySqlPrivateModule 2023-08-01T06:39:37Z logger.go:66:     }
TestUsingExistingNetworkMySqlPrivateModule 2023-08-01T06:39:37Z logger.go:66: 
TestUsingExistingNetworkMySqlPrivateModule 2023-08-01T06:39:37Z logger.go:66:   # module.gce_sa.google_project_iam_member.project-roles["pm-service1-networking-roles/cloudsql.client"] will be destroyed
TestUsingExistingNetworkMySqlPrivateModule 2023-08-01T06:39:37Z logger.go:66:   - resource "google_project_iam_member" "project-roles" {
TestUsingExistingNetworkMySqlPrivateModule 2023-08-01T06:39:37Z logger.go:66:       - etag    = "BwYB1qxWYjE=" -> null
TestUsingExistingNetworkMySqlPrivateModule 2023-08-01T06:39:37Z logger.go:66:       - id      = "pm-service1-networking/roles/cloudsql.client/serviceAccount:gce-sa@pm-service1-networking.iam.gserviceaccount.com" -> null
TestUsingExistingNetworkMySqlPrivateModule 2023-08-01T06:39:37Z logger.go:66:       - member  = "serviceAccount:gce-sa@pm-service1-networking.iam.gserviceaccount.com" -> null
TestUsingExistingNetworkMySqlPrivateModule 2023-08-01T06:39:37Z logger.go:66:       - project = "pm-service1-networking" -> null
TestUsingExistingNetworkMySqlPrivateModule 2023-08-01T06:39:37Z logger.go:66:       - role    = "roles/cloudsql.client" -> null
TestUsingExistingNetworkMySqlPrivateModule 2023-08-01T06:39:37Z logger.go:66:     }
TestUsingExistingNetworkMySqlPrivateModule 2023-08-01T06:39:37Z logger.go:66: 
TestUsingExistingNetworkMySqlPrivateModule 2023-08-01T06:39:37Z logger.go:66:   # module.gce_sa.google_project_iam_member.project-roles["pm-service1-networking-roles/iam.serviceAccountUser"] will be destroyed
TestUsingExistingNetworkMySqlPrivateModule 2023-08-01T06:39:37Z logger.go:66:   - resource "google_project_iam_member" "project-roles" {
TestUsingExistingNetworkMySqlPrivateModule 2023-08-01T06:39:37Z logger.go:66:       - etag    = "BwYB1qxWYjE=" -> null
TestUsingExistingNetworkMySqlPrivateModule 2023-08-01T06:39:37Z logger.go:66:       - id      = "pm-service1-networking/roles/iam.serviceAccountUser/serviceAccount:gce-sa@pm-service1-networking.iam.gserviceaccount.com" -> null
TestUsingExistingNetworkMySqlPrivateModule 2023-08-01T06:39:37Z logger.go:66:       - member  = "serviceAccount:gce-sa@pm-service1-networking.iam.gserviceaccount.com" -> null
TestUsingExistingNetworkMySqlPrivateModule 2023-08-01T06:39:37Z logger.go:66:       - project = "pm-service1-networking" -> null
TestUsingExistingNetworkMySqlPrivateModule 2023-08-01T06:39:37Z logger.go:66:       - role    = "roles/iam.serviceAccountUser" -> null
TestUsingExistingNetworkMySqlPrivateModule 2023-08-01T06:39:37Z logger.go:66:     }
TestUsingExistingNetworkMySqlPrivateModule 2023-08-01T06:39:37Z logger.go:66: 
TestUsingExistingNetworkMySqlPrivateModule 2023-08-01T06:39:37Z logger.go:66:   # module.gce_sa.google_service_account.service_account[0] will be destroyed
TestUsingExistingNetworkMySqlPrivateModule 2023-08-01T06:39:37Z logger.go:66:   - resource "google_service_account" "service_account" {
TestUsingExistingNetworkMySqlPrivateModule 2023-08-01T06:39:37Z logger.go:66:       - account_id   = "gce-sa" -> null
TestUsingExistingNetworkMySqlPrivateModule 2023-08-01T06:39:37Z logger.go:66:       - disabled     = false -> null
TestUsingExistingNetworkMySqlPrivateModule 2023-08-01T06:39:37Z logger.go:66:       - display_name = "Terraform-managed." -> null
TestUsingExistingNetworkMySqlPrivateModule 2023-08-01T06:39:37Z logger.go:66:       - email        = "gce-sa@pm-service1-networking.iam.gserviceaccount.com" -> null
TestUsingExistingNetworkMySqlPrivateModule 2023-08-01T06:39:37Z logger.go:66:       - id           = "projects/pm-service1-networking/serviceAccounts/gce-sa@pm-service1-networking.iam.gserviceaccount.com" -> null
TestUsingExistingNetworkMySqlPrivateModule 2023-08-01T06:39:37Z logger.go:66:       - name         = "projects/pm-service1-networking/serviceAccounts/gce-sa@pm-service1-networking.iam.gserviceaccount.com" -> null
TestUsingExistingNetworkMySqlPrivateModule 2023-08-01T06:39:37Z logger.go:66:       - project      = "pm-service1-networking" -> null
TestUsingExistingNetworkMySqlPrivateModule 2023-08-01T06:39:37Z logger.go:66:       - unique_id    = "109835191917245619447" -> null
TestUsingExistingNetworkMySqlPrivateModule 2023-08-01T06:39:37Z logger.go:66:     }
TestUsingExistingNetworkMySqlPrivateModule 2023-08-01T06:39:37Z logger.go:66: 
TestUsingExistingNetworkMySqlPrivateModule 2023-08-01T06:39:37Z logger.go:66:   # module.host-vpc.google_compute_global_address.psa_ranges["privateip-range"] will be destroyed
TestUsingExistingNetworkMySqlPrivateModule 2023-08-01T06:39:37Z logger.go:66:   - resource "google_compute_global_address" "psa_ranges" {
TestUsingExistingNetworkMySqlPrivateModule 2023-08-01T06:39:37Z logger.go:66:       - address            = "10.46.128.0" -> null
TestUsingExistingNetworkMySqlPrivateModule 2023-08-01T06:39:37Z logger.go:66:       - address_type       = "INTERNAL" -> null
TestUsingExistingNetworkMySqlPrivateModule 2023-08-01T06:39:37Z logger.go:66:       - creation_timestamp = "2023-07-31T23:29:30.750-07:00" -> null
TestUsingExistingNetworkMySqlPrivateModule 2023-08-01T06:39:37Z logger.go:66:       - id                 = "projects/pm-host-networking/global/addresses/privateip-range" -> null
TestUsingExistingNetworkMySqlPrivateModule 2023-08-01T06:39:37Z logger.go:66:       - name               = "privateip-range" -> null
TestUsingExistingNetworkMySqlPrivateModule 2023-08-01T06:39:37Z logger.go:66:       - network            = "https://www.googleapis.com/compute/v1/projects/pm-host-networking/global/networks/host-cloudsql-easy" -> null
TestUsingExistingNetworkMySqlPrivateModule 2023-08-01T06:39:37Z logger.go:66:       - prefix_length      = 20 -> null
TestUsingExistingNetworkMySqlPrivateModule 2023-08-01T06:39:37Z logger.go:66:       - project            = "pm-host-networking" -> null
TestUsingExistingNetworkMySqlPrivateModule 2023-08-01T06:39:37Z logger.go:66:       - purpose            = "VPC_PEERING" -> null
TestUsingExistingNetworkMySqlPrivateModule 2023-08-01T06:39:37Z logger.go:66:       - self_link          = "https://www.googleapis.com/compute/v1/projects/pm-host-networking/global/addresses/privateip-range" -> null
TestUsingExistingNetworkMySqlPrivateModule 2023-08-01T06:39:37Z logger.go:66:     }
TestUsingExistingNetworkMySqlPrivateModule 2023-08-01T06:39:37Z logger.go:66: 
TestUsingExistingNetworkMySqlPrivateModule 2023-08-01T06:39:37Z logger.go:66:   # module.host-vpc.google_compute_network_peering_routes_config.psa_routes["1"] will be destroyed
TestUsingExistingNetworkMySqlPrivateModule 2023-08-01T06:39:37Z logger.go:66:   - resource "google_compute_network_peering_routes_config" "psa_routes" {
TestUsingExistingNetworkMySqlPrivateModule 2023-08-01T06:39:37Z logger.go:66:       - export_custom_routes = true -> null
TestUsingExistingNetworkMySqlPrivateModule 2023-08-01T06:39:37Z logger.go:66:       - id                   = "projects/pm-host-networking/global/networks/host-cloudsql-easy/networkPeerings/servicenetworking-googleapis-com" -> null
TestUsingExistingNetworkMySqlPrivateModule 2023-08-01T06:39:37Z logger.go:66:       - import_custom_routes = true -> null
TestUsingExistingNetworkMySqlPrivateModule 2023-08-01T06:39:37Z logger.go:66:       - network              = "host-cloudsql-easy" -> null
TestUsingExistingNetworkMySqlPrivateModule 2023-08-01T06:39:37Z logger.go:66:       - peering              = "servicenetworking-googleapis-com" -> null
TestUsingExistingNetworkMySqlPrivateModule 2023-08-01T06:39:37Z logger.go:66:       - project              = "pm-host-networking" -> null
TestUsingExistingNetworkMySqlPrivateModule 2023-08-01T06:39:37Z logger.go:66:     }
TestUsingExistingNetworkMySqlPrivateModule 2023-08-01T06:39:37Z logger.go:66: 
TestUsingExistingNetworkMySqlPrivateModule 2023-08-01T06:39:37Z logger.go:66:   # module.host-vpc.google_compute_shared_vpc_host_project.shared_vpc_host[0] will be destroyed
TestUsingExistingNetworkMySqlPrivateModule 2023-08-01T06:39:37Z logger.go:66:   - resource "google_compute_shared_vpc_host_project" "shared_vpc_host" {
TestUsingExistingNetworkMySqlPrivateModule 2023-08-01T06:39:37Z logger.go:66:       - id      = "pm-host-networking" -> null
TestUsingExistingNetworkMySqlPrivateModule 2023-08-01T06:39:37Z logger.go:66:       - project = "pm-host-networking" -> null
TestUsingExistingNetworkMySqlPrivateModule 2023-08-01T06:39:37Z logger.go:66:     }
TestUsingExistingNetworkMySqlPrivateModule 2023-08-01T06:39:37Z logger.go:66: 
TestUsingExistingNetworkMySqlPrivateModule 2023-08-01T06:39:37Z logger.go:66:   # module.host-vpc.google_compute_shared_vpc_service_project.service_projects["pm-service1-networking"] will be destroyed
TestUsingExistingNetworkMySqlPrivateModule 2023-08-01T06:39:37Z logger.go:66:   - resource "google_compute_shared_vpc_service_project" "service_projects" {
TestUsingExistingNetworkMySqlPrivateModule 2023-08-01T06:39:37Z logger.go:66:       - host_project    = "pm-host-networking" -> null
TestUsingExistingNetworkMySqlPrivateModule 2023-08-01T06:39:37Z logger.go:66:       - id              = "pm-host-networking/pm-service1-networking" -> null
TestUsingExistingNetworkMySqlPrivateModule 2023-08-01T06:39:37Z logger.go:66:       - service_project = "pm-service1-networking" -> null
TestUsingExistingNetworkMySqlPrivateModule 2023-08-01T06:39:37Z logger.go:66:     }
TestUsingExistingNetworkMySqlPrivateModule 2023-08-01T06:39:37Z logger.go:66: 
TestUsingExistingNetworkMySqlPrivateModule 2023-08-01T06:39:37Z logger.go:66:   # module.host-vpc.google_service_networking_connection.psa_connection["1"] will be destroyed
TestUsingExistingNetworkMySqlPrivateModule 2023-08-01T06:39:37Z logger.go:66:   - resource "google_service_networking_connection" "psa_connection" {
TestUsingExistingNetworkMySqlPrivateModule 2023-08-01T06:39:37Z logger.go:66:       - id                      = "projects%2Fpm-host-networking%2Fglobal%2Fnetworks%2Fhost-cloudsql-easy:servicenetworking.googleapis.com" -> null
TestUsingExistingNetworkMySqlPrivateModule 2023-08-01T06:39:37Z logger.go:66:       - network                 = "projects/pm-host-networking/global/networks/host-cloudsql-easy" -> null
TestUsingExistingNetworkMySqlPrivateModule 2023-08-01T06:39:37Z logger.go:66:       - peering                 = "servicenetworking-googleapis-com" -> null
TestUsingExistingNetworkMySqlPrivateModule 2023-08-01T06:39:37Z logger.go:66:       - reserved_peering_ranges = [
TestUsingExistingNetworkMySqlPrivateModule 2023-08-01T06:39:37Z logger.go:66:           - "privateip-range",
TestUsingExistingNetworkMySqlPrivateModule 2023-08-01T06:39:37Z logger.go:66:         ] -> null
TestUsingExistingNetworkMySqlPrivateModule 2023-08-01T06:39:37Z logger.go:66:       - service                 = "servicenetworking.googleapis.com" -> null
TestUsingExistingNetworkMySqlPrivateModule 2023-08-01T06:39:37Z logger.go:66:     }
TestUsingExistingNetworkMySqlPrivateModule 2023-08-01T06:39:37Z logger.go:66: 
TestUsingExistingNetworkMySqlPrivateModule 2023-08-01T06:39:37Z logger.go:66:   # module.sql-db.random_string.mysql_random_suffix[0] will be destroyed
TestUsingExistingNetworkMySqlPrivateModule 2023-08-01T06:39:37Z logger.go:66:   - resource "random_string" "mysql_random_suffix" {
TestUsingExistingNetworkMySqlPrivateModule 2023-08-01T06:39:37Z logger.go:66:       - id          = "zo2" -> null
TestUsingExistingNetworkMySqlPrivateModule 2023-08-01T06:39:37Z logger.go:66:       - length      = 3 -> null
TestUsingExistingNetworkMySqlPrivateModule 2023-08-01T06:39:37Z logger.go:66:       - lower       = true -> null
TestUsingExistingNetworkMySqlPrivateModule 2023-08-01T06:39:37Z logger.go:66:       - min_lower   = 0 -> null
TestUsingExistingNetworkMySqlPrivateModule 2023-08-01T06:39:37Z logger.go:66:       - min_numeric = 0 -> null
TestUsingExistingNetworkMySqlPrivateModule 2023-08-01T06:39:37Z logger.go:66:       - min_special = 0 -> null
TestUsingExistingNetworkMySqlPrivateModule 2023-08-01T06:39:37Z logger.go:66:       - min_upper   = 0 -> null
TestUsingExistingNetworkMySqlPrivateModule 2023-08-01T06:39:37Z logger.go:66:       - number      = true -> null
TestUsingExistingNetworkMySqlPrivateModule 2023-08-01T06:39:37Z logger.go:66:       - result      = "zo2" -> null
TestUsingExistingNetworkMySqlPrivateModule 2023-08-01T06:39:37Z logger.go:66:       - special     = false -> null
TestUsingExistingNetworkMySqlPrivateModule 2023-08-01T06:39:37Z logger.go:66:       - upper       = false -> null
TestUsingExistingNetworkMySqlPrivateModule 2023-08-01T06:39:37Z logger.go:66:     }
TestUsingExistingNetworkMySqlPrivateModule 2023-08-01T06:39:37Z logger.go:66: 
TestUsingExistingNetworkMySqlPrivateModule 2023-08-01T06:39:37Z logger.go:66:   # module.terraform_service_accounts.google_project_iam_member.project-roles["pm-host-networking-roles/compute.networkAdmin"] will be destroyed
TestUsingExistingNetworkMySqlPrivateModule 2023-08-01T06:39:37Z logger.go:66:   - resource "google_project_iam_member" "project-roles" {
TestUsingExistingNetworkMySqlPrivateModule 2023-08-01T06:39:37Z logger.go:66:       - etag    = "BwYB1qxJ3o4=" -> null
TestUsingExistingNetworkMySqlPrivateModule 2023-08-01T06:39:37Z logger.go:66:       - id      = "pm-host-networking/roles/compute.networkAdmin/serviceAccount:terraform-sa@pm-host-networking.iam.gserviceaccount.com" -> null
TestUsingExistingNetworkMySqlPrivateModule 2023-08-01T06:39:37Z logger.go:66:       - member  = "serviceAccount:terraform-sa@pm-host-networking.iam.gserviceaccount.com" -> null
TestUsingExistingNetworkMySqlPrivateModule 2023-08-01T06:39:37Z logger.go:66:       - project = "pm-host-networking" -> null
TestUsingExistingNetworkMySqlPrivateModule 2023-08-01T06:39:37Z logger.go:66:       - role    = "roles/compute.networkAdmin" -> null
TestUsingExistingNetworkMySqlPrivateModule 2023-08-01T06:39:37Z logger.go:66:     }
TestUsingExistingNetworkMySqlPrivateModule 2023-08-01T06:39:37Z logger.go:66: 
TestUsingExistingNetworkMySqlPrivateModule 2023-08-01T06:39:37Z logger.go:66:   # module.terraform_service_accounts.google_project_iam_member.project-roles["pm-host-networking-roles/compute.networkUser"] will be destroyed
TestUsingExistingNetworkMySqlPrivateModule 2023-08-01T06:39:37Z logger.go:66:   - resource "google_project_iam_member" "project-roles" {
TestUsingExistingNetworkMySqlPrivateModule 2023-08-01T06:39:37Z logger.go:66:       - etag    = "BwYB1qxJ3o4=" -> null
TestUsingExistingNetworkMySqlPrivateModule 2023-08-01T06:39:37Z logger.go:66:       - id      = "pm-host-networking/roles/compute.networkUser/serviceAccount:terraform-sa@pm-host-networking.iam.gserviceaccount.com" -> null
TestUsingExistingNetworkMySqlPrivateModule 2023-08-01T06:39:37Z logger.go:66:       - member  = "serviceAccount:terraform-sa@pm-host-networking.iam.gserviceaccount.com" -> null
TestUsingExistingNetworkMySqlPrivateModule 2023-08-01T06:39:37Z logger.go:66:       - project = "pm-host-networking" -> null
TestUsingExistingNetworkMySqlPrivateModule 2023-08-01T06:39:37Z logger.go:66:       - role    = "roles/compute.networkUser" -> null
TestUsingExistingNetworkMySqlPrivateModule 2023-08-01T06:39:37Z logger.go:66:     }
TestUsingExistingNetworkMySqlPrivateModule 2023-08-01T06:39:37Z logger.go:66: 
TestUsingExistingNetworkMySqlPrivateModule 2023-08-01T06:39:37Z logger.go:66:   # module.terraform_service_accounts.google_project_iam_member.project-roles["pm-host-networking-roles/compute.securityAdmin"] will be destroyed
TestUsingExistingNetworkMySqlPrivateModule 2023-08-01T06:39:37Z logger.go:66:   - resource "google_project_iam_member" "project-roles" {
TestUsingExistingNetworkMySqlPrivateModule 2023-08-01T06:39:37Z logger.go:66:       - etag    = "BwYB1qxJ3o4=" -> null
TestUsingExistingNetworkMySqlPrivateModule 2023-08-01T06:39:37Z logger.go:66:       - id      = "pm-host-networking/roles/compute.securityAdmin/serviceAccount:terraform-sa@pm-host-networking.iam.gserviceaccount.com" -> null
TestUsingExistingNetworkMySqlPrivateModule 2023-08-01T06:39:37Z logger.go:66:       - member  = "serviceAccount:terraform-sa@pm-host-networking.iam.gserviceaccount.com" -> null
TestUsingExistingNetworkMySqlPrivateModule 2023-08-01T06:39:37Z logger.go:66:       - project = "pm-host-networking" -> null
TestUsingExistingNetworkMySqlPrivateModule 2023-08-01T06:39:37Z logger.go:66:       - role    = "roles/compute.securityAdmin" -> null
TestUsingExistingNetworkMySqlPrivateModule 2023-08-01T06:39:37Z logger.go:66:     }
TestUsingExistingNetworkMySqlPrivateModule 2023-08-01T06:39:37Z logger.go:66: 
TestUsingExistingNetworkMySqlPrivateModule 2023-08-01T06:39:37Z logger.go:66:   # module.terraform_service_accounts.google_project_iam_member.project-roles["pm-host-networking-roles/iam.serviceAccountAdmin"] will be destroyed
TestUsingExistingNetworkMySqlPrivateModule 2023-08-01T06:39:37Z logger.go:66:   - resource "google_project_iam_member" "project-roles" {
TestUsingExistingNetworkMySqlPrivateModule 2023-08-01T06:39:37Z logger.go:66:       - etag    = "BwYB1qxJ3o4=" -> null
TestUsingExistingNetworkMySqlPrivateModule 2023-08-01T06:39:37Z logger.go:66:       - id      = "pm-host-networking/roles/iam.serviceAccountAdmin/serviceAccount:terraform-sa@pm-host-networking.iam.gserviceaccount.com" -> null
TestUsingExistingNetworkMySqlPrivateModule 2023-08-01T06:39:37Z logger.go:66:       - member  = "serviceAccount:terraform-sa@pm-host-networking.iam.gserviceaccount.com" -> null
TestUsingExistingNetworkMySqlPrivateModule 2023-08-01T06:39:37Z logger.go:66:       - project = "pm-host-networking" -> null
TestUsingExistingNetworkMySqlPrivateModule 2023-08-01T06:39:37Z logger.go:66:       - role    = "roles/iam.serviceAccountAdmin" -> null
TestUsingExistingNetworkMySqlPrivateModule 2023-08-01T06:39:37Z logger.go:66:     }
TestUsingExistingNetworkMySqlPrivateModule 2023-08-01T06:39:37Z logger.go:66: 
TestUsingExistingNetworkMySqlPrivateModule 2023-08-01T06:39:37Z logger.go:66:   # module.terraform_service_accounts.google_project_iam_member.project-roles["pm-host-networking-roles/resourcemanager.projectIamAdmin"] will be destroyed
TestUsingExistingNetworkMySqlPrivateModule 2023-08-01T06:39:37Z logger.go:66:   - resource "google_project_iam_member" "project-roles" {
TestUsingExistingNetworkMySqlPrivateModule 2023-08-01T06:39:37Z logger.go:66:       - etag    = "BwYB1qxJ3o4=" -> null
TestUsingExistingNetworkMySqlPrivateModule 2023-08-01T06:39:37Z logger.go:66:       - id      = "pm-host-networking/roles/resourcemanager.projectIamAdmin/serviceAccount:terraform-sa@pm-host-networking.iam.gserviceaccount.com" -> null
TestUsingExistingNetworkMySqlPrivateModule 2023-08-01T06:39:37Z logger.go:66:       - member  = "serviceAccount:terraform-sa@pm-host-networking.iam.gserviceaccount.com" -> null
TestUsingExistingNetworkMySqlPrivateModule 2023-08-01T06:39:37Z logger.go:66:       - project = "pm-host-networking" -> null
TestUsingExistingNetworkMySqlPrivateModule 2023-08-01T06:39:37Z logger.go:66:       - role    = "roles/resourcemanager.projectIamAdmin" -> null
TestUsingExistingNetworkMySqlPrivateModule 2023-08-01T06:39:37Z logger.go:66:     }
TestUsingExistingNetworkMySqlPrivateModule 2023-08-01T06:39:37Z logger.go:66: 
TestUsingExistingNetworkMySqlPrivateModule 2023-08-01T06:39:37Z logger.go:66:   # module.terraform_service_accounts.google_project_iam_member.project-roles["pm-host-networking-roles/serviceusage.serviceUsageAdmin"] will be destroyed
TestUsingExistingNetworkMySqlPrivateModule 2023-08-01T06:39:37Z logger.go:66:   - resource "google_project_iam_member" "project-roles" {
TestUsingExistingNetworkMySqlPrivateModule 2023-08-01T06:39:37Z logger.go:66:       - etag    = "BwYB1qxJ3o4=" -> null
TestUsingExistingNetworkMySqlPrivateModule 2023-08-01T06:39:37Z logger.go:66:       - id      = "pm-host-networking/roles/serviceusage.serviceUsageAdmin/serviceAccount:terraform-sa@pm-host-networking.iam.gserviceaccount.com" -> null
TestUsingExistingNetworkMySqlPrivateModule 2023-08-01T06:39:37Z logger.go:66:       - member  = "serviceAccount:terraform-sa@pm-host-networking.iam.gserviceaccount.com" -> null
TestUsingExistingNetworkMySqlPrivateModule 2023-08-01T06:39:37Z logger.go:66:       - project = "pm-host-networking" -> null
TestUsingExistingNetworkMySqlPrivateModule 2023-08-01T06:39:37Z logger.go:66:       - role    = "roles/serviceusage.serviceUsageAdmin" -> null
TestUsingExistingNetworkMySqlPrivateModule 2023-08-01T06:39:37Z logger.go:66:     }
TestUsingExistingNetworkMySqlPrivateModule 2023-08-01T06:39:37Z logger.go:66: 
TestUsingExistingNetworkMySqlPrivateModule 2023-08-01T06:39:37Z logger.go:66:   # module.terraform_service_accounts.google_project_iam_member.project-roles["pm-service1-networking-roles/cloudsql.admin"] will be destroyed
TestUsingExistingNetworkMySqlPrivateModule 2023-08-01T06:39:37Z logger.go:66:   - resource "google_project_iam_member" "project-roles" {
TestUsingExistingNetworkMySqlPrivateModule 2023-08-01T06:39:37Z logger.go:66:       - etag    = "BwYB1qxWYjE=" -> null
TestUsingExistingNetworkMySqlPrivateModule 2023-08-01T06:39:37Z logger.go:66:       - id      = "pm-service1-networking/roles/cloudsql.admin/serviceAccount:terraform-sa@pm-host-networking.iam.gserviceaccount.com" -> null
TestUsingExistingNetworkMySqlPrivateModule 2023-08-01T06:39:37Z logger.go:66:       - member  = "serviceAccount:terraform-sa@pm-host-networking.iam.gserviceaccount.com" -> null
TestUsingExistingNetworkMySqlPrivateModule 2023-08-01T06:39:37Z logger.go:66:       - project = "pm-service1-networking" -> null
TestUsingExistingNetworkMySqlPrivateModule 2023-08-01T06:39:37Z logger.go:66:       - role    = "roles/cloudsql.admin" -> null
TestUsingExistingNetworkMySqlPrivateModule 2023-08-01T06:39:37Z logger.go:66:     }
TestUsingExistingNetworkMySqlPrivateModule 2023-08-01T06:39:37Z logger.go:66: 
TestUsingExistingNetworkMySqlPrivateModule 2023-08-01T06:39:37Z logger.go:66:   # module.terraform_service_accounts.google_project_iam_member.project-roles["pm-service1-networking-roles/compute.instanceAdmin"] will be destroyed
TestUsingExistingNetworkMySqlPrivateModule 2023-08-01T06:39:37Z logger.go:66:   - resource "google_project_iam_member" "project-roles" {
TestUsingExistingNetworkMySqlPrivateModule 2023-08-01T06:39:37Z logger.go:66:       - etag    = "BwYB1qxWYjE=" -> null
TestUsingExistingNetworkMySqlPrivateModule 2023-08-01T06:39:37Z logger.go:66:       - id      = "pm-service1-networking/roles/compute.instanceAdmin/serviceAccount:terraform-sa@pm-host-networking.iam.gserviceaccount.com" -> null
TestUsingExistingNetworkMySqlPrivateModule 2023-08-01T06:39:37Z logger.go:66:       - member  = "serviceAccount:terraform-sa@pm-host-networking.iam.gserviceaccount.com" -> null
TestUsingExistingNetworkMySqlPrivateModule 2023-08-01T06:39:37Z logger.go:66:       - project = "pm-service1-networking" -> null
TestUsingExistingNetworkMySqlPrivateModule 2023-08-01T06:39:37Z logger.go:66:       - role    = "roles/compute.instanceAdmin" -> null
TestUsingExistingNetworkMySqlPrivateModule 2023-08-01T06:39:37Z logger.go:66:     }
TestUsingExistingNetworkMySqlPrivateModule 2023-08-01T06:39:37Z logger.go:66: 
TestUsingExistingNetworkMySqlPrivateModule 2023-08-01T06:39:37Z logger.go:66:   # module.terraform_service_accounts.google_project_iam_member.project-roles["pm-service1-networking-roles/iam.serviceAccountAdmin"] will be destroyed
TestUsingExistingNetworkMySqlPrivateModule 2023-08-01T06:39:37Z logger.go:66:   - resource "google_project_iam_member" "project-roles" {
TestUsingExistingNetworkMySqlPrivateModule 2023-08-01T06:39:37Z logger.go:66:       - etag    = "BwYB1qxWYjE=" -> null
TestUsingExistingNetworkMySqlPrivateModule 2023-08-01T06:39:37Z logger.go:66:       - id      = "pm-service1-networking/roles/iam.serviceAccountAdmin/serviceAccount:terraform-sa@pm-host-networking.iam.gserviceaccount.com" -> null
TestUsingExistingNetworkMySqlPrivateModule 2023-08-01T06:39:37Z logger.go:66:       - member  = "serviceAccount:terraform-sa@pm-host-networking.iam.gserviceaccount.com" -> null
TestUsingExistingNetworkMySqlPrivateModule 2023-08-01T06:39:37Z logger.go:66:       - project = "pm-service1-networking" -> null
TestUsingExistingNetworkMySqlPrivateModule 2023-08-01T06:39:37Z logger.go:66:       - role    = "roles/iam.serviceAccountAdmin" -> null
TestUsingExistingNetworkMySqlPrivateModule 2023-08-01T06:39:37Z logger.go:66:     }
TestUsingExistingNetworkMySqlPrivateModule 2023-08-01T06:39:37Z logger.go:66: 
TestUsingExistingNetworkMySqlPrivateModule 2023-08-01T06:39:37Z logger.go:66:   # module.terraform_service_accounts.google_project_iam_member.project-roles["pm-service1-networking-roles/iam.serviceAccountUser"] will be destroyed
TestUsingExistingNetworkMySqlPrivateModule 2023-08-01T06:39:37Z logger.go:66:   - resource "google_project_iam_member" "project-roles" {
TestUsingExistingNetworkMySqlPrivateModule 2023-08-01T06:39:37Z logger.go:66:       - etag    = "BwYB1qxWYjE=" -> null
TestUsingExistingNetworkMySqlPrivateModule 2023-08-01T06:39:37Z logger.go:66:       - id      = "pm-service1-networking/roles/iam.serviceAccountUser/serviceAccount:terraform-sa@pm-host-networking.iam.gserviceaccount.com" -> null
TestUsingExistingNetworkMySqlPrivateModule 2023-08-01T06:39:37Z logger.go:66:       - member  = "serviceAccount:terraform-sa@pm-host-networking.iam.gserviceaccount.com" -> null
TestUsingExistingNetworkMySqlPrivateModule 2023-08-01T06:39:37Z logger.go:66:       - project = "pm-service1-networking" -> null
TestUsingExistingNetworkMySqlPrivateModule 2023-08-01T06:39:37Z logger.go:66:       - role    = "roles/iam.serviceAccountUser" -> null
TestUsingExistingNetworkMySqlPrivateModule 2023-08-01T06:39:37Z logger.go:66:     }
TestUsingExistingNetworkMySqlPrivateModule 2023-08-01T06:39:37Z logger.go:66: 
TestUsingExistingNetworkMySqlPrivateModule 2023-08-01T06:39:37Z logger.go:66:   # module.terraform_service_accounts.google_project_iam_member.project-roles["pm-service1-networking-roles/resourcemanager.projectIamAdmin"] will be destroyed
TestUsingExistingNetworkMySqlPrivateModule 2023-08-01T06:39:37Z logger.go:66:   - resource "google_project_iam_member" "project-roles" {
TestUsingExistingNetworkMySqlPrivateModule 2023-08-01T06:39:37Z logger.go:66:       - etag    = "BwYB1qxWYjE=" -> null
TestUsingExistingNetworkMySqlPrivateModule 2023-08-01T06:39:37Z logger.go:66:       - id      = "pm-service1-networking/roles/resourcemanager.projectIamAdmin/serviceAccount:terraform-sa@pm-host-networking.iam.gserviceaccount.com" -> null
TestUsingExistingNetworkMySqlPrivateModule 2023-08-01T06:39:37Z logger.go:66:       - member  = "serviceAccount:terraform-sa@pm-host-networking.iam.gserviceaccount.com" -> null
TestUsingExistingNetworkMySqlPrivateModule 2023-08-01T06:39:37Z logger.go:66:       - project = "pm-service1-networking" -> null
TestUsingExistingNetworkMySqlPrivateModule 2023-08-01T06:39:37Z logger.go:66:       - role    = "roles/resourcemanager.projectIamAdmin" -> null
TestUsingExistingNetworkMySqlPrivateModule 2023-08-01T06:39:37Z logger.go:66:     }
TestUsingExistingNetworkMySqlPrivateModule 2023-08-01T06:39:37Z logger.go:66: 
TestUsingExistingNetworkMySqlPrivateModule 2023-08-01T06:39:37Z logger.go:66:   # module.terraform_service_accounts.google_project_iam_member.project-roles["pm-service1-networking-roles/serviceusage.serviceUsageAdmin"] will be destroyed
TestUsingExistingNetworkMySqlPrivateModule 2023-08-01T06:39:37Z logger.go:66:   - resource "google_project_iam_member" "project-roles" {
TestUsingExistingNetworkMySqlPrivateModule 2023-08-01T06:39:37Z logger.go:66:       - etag    = "BwYB1qxWYjE=" -> null
TestUsingExistingNetworkMySqlPrivateModule 2023-08-01T06:39:37Z logger.go:66:       - id      = "pm-service1-networking/roles/serviceusage.serviceUsageAdmin/serviceAccount:terraform-sa@pm-host-networking.iam.gserviceaccount.com" -> null
TestUsingExistingNetworkMySqlPrivateModule 2023-08-01T06:39:37Z logger.go:66:       - member  = "serviceAccount:terraform-sa@pm-host-networking.iam.gserviceaccount.com" -> null
TestUsingExistingNetworkMySqlPrivateModule 2023-08-01T06:39:37Z logger.go:66:       - project = "pm-service1-networking" -> null
TestUsingExistingNetworkMySqlPrivateModule 2023-08-01T06:39:37Z logger.go:66:       - role    = "roles/serviceusage.serviceUsageAdmin" -> null
TestUsingExistingNetworkMySqlPrivateModule 2023-08-01T06:39:37Z logger.go:66:     }
TestUsingExistingNetworkMySqlPrivateModule 2023-08-01T06:39:37Z logger.go:66: 
TestUsingExistingNetworkMySqlPrivateModule 2023-08-01T06:39:37Z logger.go:66:   # module.terraform_service_accounts.google_service_account.service_account[0] will be destroyed
TestUsingExistingNetworkMySqlPrivateModule 2023-08-01T06:39:37Z logger.go:66:   - resource "google_service_account" "service_account" {
TestUsingExistingNetworkMySqlPrivateModule 2023-08-01T06:39:37Z logger.go:66:       - account_id   = "terraform-sa" -> null
TestUsingExistingNetworkMySqlPrivateModule 2023-08-01T06:39:37Z logger.go:66:       - disabled     = false -> null
TestUsingExistingNetworkMySqlPrivateModule 2023-08-01T06:39:37Z logger.go:66:       - display_name = "Terraform-managed." -> null
TestUsingExistingNetworkMySqlPrivateModule 2023-08-01T06:39:37Z logger.go:66:       - email        = "terraform-sa@pm-host-networking.iam.gserviceaccount.com" -> null
TestUsingExistingNetworkMySqlPrivateModule 2023-08-01T06:39:37Z logger.go:66:       - id           = "projects/pm-host-networking/serviceAccounts/terraform-sa@pm-host-networking.iam.gserviceaccount.com" -> null
TestUsingExistingNetworkMySqlPrivateModule 2023-08-01T06:39:37Z logger.go:66:       - name         = "projects/pm-host-networking/serviceAccounts/terraform-sa@pm-host-networking.iam.gserviceaccount.com" -> null
TestUsingExistingNetworkMySqlPrivateModule 2023-08-01T06:39:37Z logger.go:66:       - project      = "pm-host-networking" -> null
TestUsingExistingNetworkMySqlPrivateModule 2023-08-01T06:39:37Z logger.go:66:       - unique_id    = "114441124286174555783" -> null
TestUsingExistingNetworkMySqlPrivateModule 2023-08-01T06:39:37Z logger.go:66:     }
TestUsingExistingNetworkMySqlPrivateModule 2023-08-01T06:39:37Z logger.go:66: 
TestUsingExistingNetworkMySqlPrivateModule 2023-08-01T06:39:37Z logger.go:66:   # module.google_compute_instance.module.compute_instance.google_compute_instance_from_template.compute_instance[0] will be destroyed
TestUsingExistingNetworkMySqlPrivateModule 2023-08-01T06:39:37Z logger.go:66:   - resource "google_compute_instance_from_template" "compute_instance" {
TestUsingExistingNetworkMySqlPrivateModule 2023-08-01T06:39:37Z logger.go:66:       - attached_disk            = [] -> null
TestUsingExistingNetworkMySqlPrivateModule 2023-08-01T06:39:37Z logger.go:66:       - can_ip_forward           = false -> null
TestUsingExistingNetworkMySqlPrivateModule 2023-08-01T06:39:37Z logger.go:66:       - cpu_platform             = "Intel Haswell" -> null
TestUsingExistingNetworkMySqlPrivateModule 2023-08-01T06:39:37Z logger.go:66:       - current_status           = "RUNNING" -> null
TestUsingExistingNetworkMySqlPrivateModule 2023-08-01T06:39:37Z logger.go:66:       - deletion_protection      = false -> null
TestUsingExistingNetworkMySqlPrivateModule 2023-08-01T06:39:37Z logger.go:66:       - enable_display           = false -> null
TestUsingExistingNetworkMySqlPrivateModule 2023-08-01T06:39:37Z logger.go:66:       - guest_accelerator        = [] -> null
TestUsingExistingNetworkMySqlPrivateModule 2023-08-01T06:39:37Z logger.go:66:       - id                       = "projects/pm-service1-networking/zones/us-central1-a/instances/default-001" -> null
TestUsingExistingNetworkMySqlPrivateModule 2023-08-01T06:39:37Z logger.go:66:       - instance_id              = "7896341868389406417" -> null
TestUsingExistingNetworkMySqlPrivateModule 2023-08-01T06:39:37Z logger.go:66:       - label_fingerprint        = "42WmSpB8rSM=" -> null
TestUsingExistingNetworkMySqlPrivateModule 2023-08-01T06:39:37Z logger.go:66:       - labels                   = {} -> null
TestUsingExistingNetworkMySqlPrivateModule 2023-08-01T06:39:37Z logger.go:66:       - machine_type             = "n1-standard-1" -> null
TestUsingExistingNetworkMySqlPrivateModule 2023-08-01T06:39:37Z logger.go:66:       - metadata                 = {
TestUsingExistingNetworkMySqlPrivateModule 2023-08-01T06:39:37Z logger.go:66:           - "enable-oslogin" = "true"
TestUsingExistingNetworkMySqlPrivateModule 2023-08-01T06:39:37Z logger.go:66:         } -> null
TestUsingExistingNetworkMySqlPrivateModule 2023-08-01T06:39:37Z logger.go:66:       - metadata_fingerprint     = "4hjoJonbJCg=" -> null
TestUsingExistingNetworkMySqlPrivateModule 2023-08-01T06:39:37Z logger.go:66:       - metadata_startup_script  = <<-EOT
TestUsingExistingNetworkMySqlPrivateModule 2023-08-01T06:39:37Z logger.go:66:             #!/bin/sh
TestUsingExistingNetworkMySqlPrivateModule 2023-08-01T06:39:37Z logger.go:66:             echo " ====== setting up the my sql cient ===== "
TestUsingExistingNetworkMySqlPrivateModule 2023-08-01T06:39:37Z logger.go:66:             sudo apt-get -y update
TestUsingExistingNetworkMySqlPrivateModule 2023-08-01T06:39:37Z logger.go:66:             sudo apt-get -y install mariadb-client-10.6
TestUsingExistingNetworkMySqlPrivateModule 2023-08-01T06:39:37Z logger.go:66:             
TestUsingExistingNetworkMySqlPrivateModule 2023-08-01T06:39:37Z logger.go:66:             mysql --version
TestUsingExistingNetworkMySqlPrivateModule 2023-08-01T06:39:37Z logger.go:66:             
TestUsingExistingNetworkMySqlPrivateModule 2023-08-01T06:39:37Z logger.go:66:             echo " ====== setting up the cloud sql proxy ===== "
TestUsingExistingNetworkMySqlPrivateModule 2023-08-01T06:39:37Z logger.go:66:             curl -o cloud-sql-proxy https://storage.googleapis.com/cloud-sql-connectors/cloud-sql-proxy/v2.4.0/cloud-sql-proxy.linux.amd64
TestUsingExistingNetworkMySqlPrivateModule 2023-08-01T06:39:37Z logger.go:66:             chmod +x cloud-sql-proxy
TestUsingExistingNetworkMySqlPrivateModule 2023-08-01T06:39:37Z logger.go:66:             
TestUsingExistingNetworkMySqlPrivateModule 2023-08-01T06:39:37Z logger.go:66:             ./cloud-sql-proxy --version
TestUsingExistingNetworkMySqlPrivateModule 2023-08-01T06:39:37Z logger.go:66:             
TestUsingExistingNetworkMySqlPrivateModule 2023-08-01T06:39:37Z logger.go:66:             echo " ====== Startup Script Execution Complete ===== "
TestUsingExistingNetworkMySqlPrivateModule 2023-08-01T06:39:37Z logger.go:66:             
TestUsingExistingNetworkMySqlPrivateModule 2023-08-01T06:39:37Z logger.go:66:             #Creating database inside mysql instance using the private IP
TestUsingExistingNetworkMySqlPrivateModule 2023-08-01T06:39:37Z logger.go:66:             mysql --host=10.46.128.2 --user=default --password=c95d8bdfc6bab122 -e "create database test_db;"
TestUsingExistingNetworkMySqlPrivateModule 2023-08-01T06:39:37Z logger.go:66:         EOT -> null
TestUsingExistingNetworkMySqlPrivateModule 2023-08-01T06:39:37Z logger.go:66:       - name                     = "default-001" -> null
TestUsingExistingNetworkMySqlPrivateModule 2023-08-01T06:39:37Z logger.go:66:       - project                  = "pm-service1-networking" -> null
TestUsingExistingNetworkMySqlPrivateModule 2023-08-01T06:39:37Z logger.go:66:       - resource_policies        = [] -> null
TestUsingExistingNetworkMySqlPrivateModule 2023-08-01T06:39:37Z logger.go:66:       - scratch_disk             = [] -> null
TestUsingExistingNetworkMySqlPrivateModule 2023-08-01T06:39:37Z logger.go:66:       - self_link                = "https://www.googleapis.com/compute/v1/projects/pm-service1-networking/zones/us-central1-a/instances/default-001" -> null
TestUsingExistingNetworkMySqlPrivateModule 2023-08-01T06:39:37Z logger.go:66:       - service_account          = [
TestUsingExistingNetworkMySqlPrivateModule 2023-08-01T06:39:37Z logger.go:66:           - {
TestUsingExistingNetworkMySqlPrivateModule 2023-08-01T06:39:37Z logger.go:66:               - email  = "gce-sa@pm-service1-networking.iam.gserviceaccount.com"
TestUsingExistingNetworkMySqlPrivateModule 2023-08-01T06:39:37Z logger.go:66:               - scopes = [
TestUsingExistingNetworkMySqlPrivateModule 2023-08-01T06:39:37Z logger.go:66:                   - "https://www.googleapis.com/auth/cloud-platform",
TestUsingExistingNetworkMySqlPrivateModule 2023-08-01T06:39:37Z logger.go:66:                 ]
TestUsingExistingNetworkMySqlPrivateModule 2023-08-01T06:39:37Z logger.go:66:             },
TestUsingExistingNetworkMySqlPrivateModule 2023-08-01T06:39:37Z logger.go:66:         ] -> null
TestUsingExistingNetworkMySqlPrivateModule 2023-08-01T06:39:37Z logger.go:66:       - source_instance_template = "https://www.googleapis.com/compute/beta/projects/pm-service1-networking/global/instanceTemplates/default-instance-template-20230801063735153700000001" -> null
TestUsingExistingNetworkMySqlPrivateModule 2023-08-01T06:39:37Z logger.go:66:       - tags                     = [
TestUsingExistingNetworkMySqlPrivateModule 2023-08-01T06:39:37Z logger.go:66:           - "cloudsql",
TestUsingExistingNetworkMySqlPrivateModule 2023-08-01T06:39:37Z logger.go:66:         ] -> null
TestUsingExistingNetworkMySqlPrivateModule 2023-08-01T06:39:37Z logger.go:66:       - tags_fingerprint         = "zID9mAa2C3s=" -> null
TestUsingExistingNetworkMySqlPrivateModule 2023-08-01T06:39:37Z logger.go:66:       - zone                     = "us-central1-a" -> null
TestUsingExistingNetworkMySqlPrivateModule 2023-08-01T06:39:37Z logger.go:66: 
TestUsingExistingNetworkMySqlPrivateModule 2023-08-01T06:39:37Z logger.go:66:       - advanced_machine_features {
TestUsingExistingNetworkMySqlPrivateModule 2023-08-01T06:39:37Z logger.go:66:           - enable_nested_virtualization = false -> null
TestUsingExistingNetworkMySqlPrivateModule 2023-08-01T06:39:37Z logger.go:66:           - threads_per_core             = 0 -> null
TestUsingExistingNetworkMySqlPrivateModule 2023-08-01T06:39:37Z logger.go:66:         }
TestUsingExistingNetworkMySqlPrivateModule 2023-08-01T06:39:37Z logger.go:66: 
TestUsingExistingNetworkMySqlPrivateModule 2023-08-01T06:39:37Z logger.go:66:       - boot_disk {
TestUsingExistingNetworkMySqlPrivateModule 2023-08-01T06:39:37Z logger.go:66:           - auto_delete = true -> null
TestUsingExistingNetworkMySqlPrivateModule 2023-08-01T06:39:37Z logger.go:66:           - device_name = "persistent-disk-0" -> null
TestUsingExistingNetworkMySqlPrivateModule 2023-08-01T06:39:37Z logger.go:66:           - mode        = "READ_WRITE" -> null
TestUsingExistingNetworkMySqlPrivateModule 2023-08-01T06:39:37Z logger.go:66:           - source      = "https://www.googleapis.com/compute/v1/projects/pm-service1-networking/zones/us-central1-a/disks/default-001" -> null
TestUsingExistingNetworkMySqlPrivateModule 2023-08-01T06:39:37Z logger.go:66: 
TestUsingExistingNetworkMySqlPrivateModule 2023-08-01T06:39:37Z logger.go:66:           - initialize_params {
TestUsingExistingNetworkMySqlPrivateModule 2023-08-01T06:39:37Z logger.go:66:               - image  = "https://www.googleapis.com/compute/v1/projects/ubuntu-os-cloud/global/images/ubuntu-2204-jammy-v20230727" -> null
TestUsingExistingNetworkMySqlPrivateModule 2023-08-01T06:39:37Z logger.go:66:               - labels = {} -> null
TestUsingExistingNetworkMySqlPrivateModule 2023-08-01T06:39:37Z logger.go:66:               - size   = 100 -> null
TestUsingExistingNetworkMySqlPrivateModule 2023-08-01T06:39:37Z logger.go:66:               - type   = "pd-standard" -> null
TestUsingExistingNetworkMySqlPrivateModule 2023-08-01T06:39:37Z logger.go:66:             }
TestUsingExistingNetworkMySqlPrivateModule 2023-08-01T06:39:37Z logger.go:66:         }
TestUsingExistingNetworkMySqlPrivateModule 2023-08-01T06:39:37Z logger.go:66: 
TestUsingExistingNetworkMySqlPrivateModule 2023-08-01T06:39:37Z logger.go:66:       - confidential_instance_config {
TestUsingExistingNetworkMySqlPrivateModule 2023-08-01T06:39:37Z logger.go:66:           - enable_confidential_compute = false -> null
TestUsingExistingNetworkMySqlPrivateModule 2023-08-01T06:39:37Z logger.go:66:         }
TestUsingExistingNetworkMySqlPrivateModule 2023-08-01T06:39:37Z logger.go:66: 
TestUsingExistingNetworkMySqlPrivateModule 2023-08-01T06:39:37Z logger.go:66:       - network_interface {
TestUsingExistingNetworkMySqlPrivateModule 2023-08-01T06:39:37Z logger.go:66:           - access_config      = [
TestUsingExistingNetworkMySqlPrivateModule 2023-08-01T06:39:37Z logger.go:66:               - {
TestUsingExistingNetworkMySqlPrivateModule 2023-08-01T06:39:37Z logger.go:66:                   - nat_ip                 = "34.68.73.153"
TestUsingExistingNetworkMySqlPrivateModule 2023-08-01T06:39:37Z logger.go:66:                   - network_tier           = "PREMIUM"
TestUsingExistingNetworkMySqlPrivateModule 2023-08-01T06:39:37Z logger.go:66:                   - public_ptr_domain_name = ""
TestUsingExistingNetworkMySqlPrivateModule 2023-08-01T06:39:37Z logger.go:66:                 },
TestUsingExistingNetworkMySqlPrivateModule 2023-08-01T06:39:37Z logger.go:66:             ] -> null
TestUsingExistingNetworkMySqlPrivateModule 2023-08-01T06:39:37Z logger.go:66:           - alias_ip_range     = [] -> null
TestUsingExistingNetworkMySqlPrivateModule 2023-08-01T06:39:37Z logger.go:66:           - name               = "nic0" -> null
TestUsingExistingNetworkMySqlPrivateModule 2023-08-01T06:39:37Z logger.go:66:           - network            = "https://www.googleapis.com/compute/v1/projects/pm-host-networking/global/networks/host-cloudsql-easy" -> null
TestUsingExistingNetworkMySqlPrivateModule 2023-08-01T06:39:37Z logger.go:66:           - network_ip         = "10.10.40.3" -> null
TestUsingExistingNetworkMySqlPrivateModule 2023-08-01T06:39:37Z logger.go:66:           - stack_type         = "IPV4_ONLY" -> null
TestUsingExistingNetworkMySqlPrivateModule 2023-08-01T06:39:37Z logger.go:66:           - subnetwork         = "https://www.googleapis.com/compute/v1/projects/pm-host-networking/regions/us-central1/subnetworks/host-cloudsql-easy-subnet" -> null
TestUsingExistingNetworkMySqlPrivateModule 2023-08-01T06:39:37Z logger.go:66:           - subnetwork_project = "pm-host-networking" -> null
TestUsingExistingNetworkMySqlPrivateModule 2023-08-01T06:39:37Z logger.go:66:         }
TestUsingExistingNetworkMySqlPrivateModule 2023-08-01T06:39:37Z logger.go:66: 
TestUsingExistingNetworkMySqlPrivateModule 2023-08-01T06:39:37Z logger.go:66:       - scheduling {
TestUsingExistingNetworkMySqlPrivateModule 2023-08-01T06:39:37Z logger.go:66:           - automatic_restart   = true -> null
TestUsingExistingNetworkMySqlPrivateModule 2023-08-01T06:39:37Z logger.go:66:           - min_node_cpus       = 0 -> null
TestUsingExistingNetworkMySqlPrivateModule 2023-08-01T06:39:37Z logger.go:66:           - on_host_maintenance = "MIGRATE" -> null
TestUsingExistingNetworkMySqlPrivateModule 2023-08-01T06:39:37Z logger.go:66:           - preemptible         = false -> null
TestUsingExistingNetworkMySqlPrivateModule 2023-08-01T06:39:37Z logger.go:66:         }
TestUsingExistingNetworkMySqlPrivateModule 2023-08-01T06:39:37Z logger.go:66: 
TestUsingExistingNetworkMySqlPrivateModule 2023-08-01T06:39:37Z logger.go:66:       - shielded_instance_config {
TestUsingExistingNetworkMySqlPrivateModule 2023-08-01T06:39:37Z logger.go:66:           - enable_integrity_monitoring = true -> null
TestUsingExistingNetworkMySqlPrivateModule 2023-08-01T06:39:37Z logger.go:66:           - enable_secure_boot          = false -> null
TestUsingExistingNetworkMySqlPrivateModule 2023-08-01T06:39:37Z logger.go:66:           - enable_vtpm                 = true -> null
TestUsingExistingNetworkMySqlPrivateModule 2023-08-01T06:39:37Z logger.go:66:         }
TestUsingExistingNetworkMySqlPrivateModule 2023-08-01T06:39:37Z logger.go:66:     }
TestUsingExistingNetworkMySqlPrivateModule 2023-08-01T06:39:37Z logger.go:66: 
TestUsingExistingNetworkMySqlPrivateModule 2023-08-01T06:39:37Z logger.go:66:   # module.google_compute_instance.module.instance_template.google_compute_instance_template.tpl will be destroyed
TestUsingExistingNetworkMySqlPrivateModule 2023-08-01T06:39:37Z logger.go:66:   - resource "google_compute_instance_template" "tpl" {
TestUsingExistingNetworkMySqlPrivateModule 2023-08-01T06:39:37Z logger.go:66:       - can_ip_forward          = false -> null
TestUsingExistingNetworkMySqlPrivateModule 2023-08-01T06:39:37Z logger.go:66:       - id                      = "projects/pm-service1-networking/global/instanceTemplates/default-instance-template-20230801063735153700000001" -> null
TestUsingExistingNetworkMySqlPrivateModule 2023-08-01T06:39:37Z logger.go:66:       - machine_type            = "n1-standard-1" -> null
TestUsingExistingNetworkMySqlPrivateModule 2023-08-01T06:39:37Z logger.go:66:       - metadata                = {
TestUsingExistingNetworkMySqlPrivateModule 2023-08-01T06:39:37Z logger.go:66:           - "enable-oslogin" = "true"
TestUsingExistingNetworkMySqlPrivateModule 2023-08-01T06:39:37Z logger.go:66:         } -> null
TestUsingExistingNetworkMySqlPrivateModule 2023-08-01T06:39:37Z logger.go:66:       - metadata_fingerprint    = "4hjoJonbJCg=" -> null
TestUsingExistingNetworkMySqlPrivateModule 2023-08-01T06:39:37Z logger.go:66:       - metadata_startup_script = <<-EOT
TestUsingExistingNetworkMySqlPrivateModule 2023-08-01T06:39:37Z logger.go:66:             #!/bin/sh
TestUsingExistingNetworkMySqlPrivateModule 2023-08-01T06:39:37Z logger.go:66:             echo " ====== setting up the my sql cient ===== "
TestUsingExistingNetworkMySqlPrivateModule 2023-08-01T06:39:37Z logger.go:66:             sudo apt-get -y update
TestUsingExistingNetworkMySqlPrivateModule 2023-08-01T06:39:37Z logger.go:66:             sudo apt-get -y install mariadb-client-10.6
TestUsingExistingNetworkMySqlPrivateModule 2023-08-01T06:39:37Z logger.go:66:             
TestUsingExistingNetworkMySqlPrivateModule 2023-08-01T06:39:37Z logger.go:66:             mysql --version
TestUsingExistingNetworkMySqlPrivateModule 2023-08-01T06:39:37Z logger.go:66:             
TestUsingExistingNetworkMySqlPrivateModule 2023-08-01T06:39:37Z logger.go:66:             echo " ====== setting up the cloud sql proxy ===== "
TestUsingExistingNetworkMySqlPrivateModule 2023-08-01T06:39:37Z logger.go:66:             curl -o cloud-sql-proxy https://storage.googleapis.com/cloud-sql-connectors/cloud-sql-proxy/v2.4.0/cloud-sql-proxy.linux.amd64
TestUsingExistingNetworkMySqlPrivateModule 2023-08-01T06:39:37Z logger.go:66:             chmod +x cloud-sql-proxy
TestUsingExistingNetworkMySqlPrivateModule 2023-08-01T06:39:37Z logger.go:66:             
TestUsingExistingNetworkMySqlPrivateModule 2023-08-01T06:39:37Z logger.go:66:             ./cloud-sql-proxy --version
TestUsingExistingNetworkMySqlPrivateModule 2023-08-01T06:39:37Z logger.go:66:             
TestUsingExistingNetworkMySqlPrivateModule 2023-08-01T06:39:37Z logger.go:66:             echo " ====== Startup Script Execution Complete ===== "
TestUsingExistingNetworkMySqlPrivateModule 2023-08-01T06:39:37Z logger.go:66:             
TestUsingExistingNetworkMySqlPrivateModule 2023-08-01T06:39:37Z logger.go:66:             #Creating database inside mysql instance using the private IP
TestUsingExistingNetworkMySqlPrivateModule 2023-08-01T06:39:37Z logger.go:66:             mysql --host=10.46.128.2 --user=default --password=c95d8bdfc6bab122 -e "create database test_db;"
TestUsingExistingNetworkMySqlPrivateModule 2023-08-01T06:39:37Z logger.go:66:         EOT -> null
TestUsingExistingNetworkMySqlPrivateModule 2023-08-01T06:39:37Z logger.go:66:       - name                    = "default-instance-template-20230801063735153700000001" -> null
TestUsingExistingNetworkMySqlPrivateModule 2023-08-01T06:39:37Z logger.go:66:       - name_prefix             = "default-instance-template-" -> null
TestUsingExistingNetworkMySqlPrivateModule 2023-08-01T06:39:37Z logger.go:66:       - project                 = "pm-service1-networking" -> null
TestUsingExistingNetworkMySqlPrivateModule 2023-08-01T06:39:37Z logger.go:66:       - region                  = "us-central1" -> null
TestUsingExistingNetworkMySqlPrivateModule 2023-08-01T06:39:37Z logger.go:66:       - self_link               = "https://www.googleapis.com/compute/beta/projects/pm-service1-networking/global/instanceTemplates/default-instance-template-20230801063735153700000001" -> null
TestUsingExistingNetworkMySqlPrivateModule 2023-08-01T06:39:37Z logger.go:66:       - tags                    = [
TestUsingExistingNetworkMySqlPrivateModule 2023-08-01T06:39:37Z logger.go:66:           - "cloudsql",
TestUsingExistingNetworkMySqlPrivateModule 2023-08-01T06:39:37Z logger.go:66:         ] -> null
TestUsingExistingNetworkMySqlPrivateModule 2023-08-01T06:39:37Z logger.go:66: 
TestUsingExistingNetworkMySqlPrivateModule 2023-08-01T06:39:37Z logger.go:66:       - advanced_machine_features {
TestUsingExistingNetworkMySqlPrivateModule 2023-08-01T06:39:37Z logger.go:66:           - enable_nested_virtualization = false -> null
TestUsingExistingNetworkMySqlPrivateModule 2023-08-01T06:39:37Z logger.go:66:           - threads_per_core             = 0 -> null
TestUsingExistingNetworkMySqlPrivateModule 2023-08-01T06:39:37Z logger.go:66:         }
TestUsingExistingNetworkMySqlPrivateModule 2023-08-01T06:39:37Z logger.go:66: 
TestUsingExistingNetworkMySqlPrivateModule 2023-08-01T06:39:37Z logger.go:66:       - confidential_instance_config {
TestUsingExistingNetworkMySqlPrivateModule 2023-08-01T06:39:37Z logger.go:66:           - enable_confidential_compute = false -> null
TestUsingExistingNetworkMySqlPrivateModule 2023-08-01T06:39:37Z logger.go:66:         }
TestUsingExistingNetworkMySqlPrivateModule 2023-08-01T06:39:37Z logger.go:66: 
TestUsingExistingNetworkMySqlPrivateModule 2023-08-01T06:39:37Z logger.go:66:       - disk {
TestUsingExistingNetworkMySqlPrivateModule 2023-08-01T06:39:37Z logger.go:66:           - auto_delete       = true -> null
TestUsingExistingNetworkMySqlPrivateModule 2023-08-01T06:39:37Z logger.go:66:           - boot              = true -> null
TestUsingExistingNetworkMySqlPrivateModule 2023-08-01T06:39:37Z logger.go:66:           - device_name       = "persistent-disk-0" -> null
TestUsingExistingNetworkMySqlPrivateModule 2023-08-01T06:39:37Z logger.go:66:           - disk_size_gb      = 100 -> null
TestUsingExistingNetworkMySqlPrivateModule 2023-08-01T06:39:37Z logger.go:66:           - disk_type         = "pd-standard" -> null
TestUsingExistingNetworkMySqlPrivateModule 2023-08-01T06:39:37Z logger.go:66:           - interface         = "SCSI" -> null
TestUsingExistingNetworkMySqlPrivateModule 2023-08-01T06:39:37Z logger.go:66:           - labels            = {} -> null
TestUsingExistingNetworkMySqlPrivateModule 2023-08-01T06:39:37Z logger.go:66:           - mode              = "READ_WRITE" -> null
TestUsingExistingNetworkMySqlPrivateModule 2023-08-01T06:39:37Z logger.go:66:           - resource_policies = [] -> null
TestUsingExistingNetworkMySqlPrivateModule 2023-08-01T06:39:37Z logger.go:66:           - source_image      = "projects/ubuntu-os-cloud/global/images/family/ubuntu-2204-lts" -> null
TestUsingExistingNetworkMySqlPrivateModule 2023-08-01T06:39:37Z logger.go:66:           - type              = "PERSISTENT" -> null
TestUsingExistingNetworkMySqlPrivateModule 2023-08-01T06:39:37Z logger.go:66:         }
TestUsingExistingNetworkMySqlPrivateModule 2023-08-01T06:39:37Z logger.go:66: 
TestUsingExistingNetworkMySqlPrivateModule 2023-08-01T06:39:37Z logger.go:66:       - network_interface {
TestUsingExistingNetworkMySqlPrivateModule 2023-08-01T06:39:37Z logger.go:66:           - name               = "nic0" -> null
TestUsingExistingNetworkMySqlPrivateModule 2023-08-01T06:39:37Z logger.go:66:           - network            = "https://www.googleapis.com/compute/v1/projects/pm-host-networking/global/networks/host-cloudsql-easy" -> null
TestUsingExistingNetworkMySqlPrivateModule 2023-08-01T06:39:37Z logger.go:66:           - subnetwork         = "https://www.googleapis.com/compute/v1/projects/pm-host-networking/regions/us-central1/subnetworks/host-cloudsql-easy-subnet" -> null
TestUsingExistingNetworkMySqlPrivateModule 2023-08-01T06:39:37Z logger.go:66:           - subnetwork_project = "pm-host-networking" -> null
TestUsingExistingNetworkMySqlPrivateModule 2023-08-01T06:39:37Z logger.go:66: 
TestUsingExistingNetworkMySqlPrivateModule 2023-08-01T06:39:37Z logger.go:66:           - access_config {
TestUsingExistingNetworkMySqlPrivateModule 2023-08-01T06:39:37Z logger.go:66:               - network_tier = "PREMIUM" -> null
TestUsingExistingNetworkMySqlPrivateModule 2023-08-01T06:39:37Z logger.go:66:             }
TestUsingExistingNetworkMySqlPrivateModule 2023-08-01T06:39:37Z logger.go:66:         }
TestUsingExistingNetworkMySqlPrivateModule 2023-08-01T06:39:37Z logger.go:66: 
TestUsingExistingNetworkMySqlPrivateModule 2023-08-01T06:39:37Z logger.go:66:       - scheduling {
TestUsingExistingNetworkMySqlPrivateModule 2023-08-01T06:39:37Z logger.go:66:           - automatic_restart   = true -> null
TestUsingExistingNetworkMySqlPrivateModule 2023-08-01T06:39:37Z logger.go:66:           - min_node_cpus       = 0 -> null
TestUsingExistingNetworkMySqlPrivateModule 2023-08-01T06:39:37Z logger.go:66:           - on_host_maintenance = "MIGRATE" -> null
TestUsingExistingNetworkMySqlPrivateModule 2023-08-01T06:39:37Z logger.go:66:           - preemptible         = false -> null
TestUsingExistingNetworkMySqlPrivateModule 2023-08-01T06:39:37Z logger.go:66:         }
TestUsingExistingNetworkMySqlPrivateModule 2023-08-01T06:39:37Z logger.go:66: 
TestUsingExistingNetworkMySqlPrivateModule 2023-08-01T06:39:37Z logger.go:66:       - service_account {
TestUsingExistingNetworkMySqlPrivateModule 2023-08-01T06:39:37Z logger.go:66:           - email  = "gce-sa@pm-service1-networking.iam.gserviceaccount.com" -> null
TestUsingExistingNetworkMySqlPrivateModule 2023-08-01T06:39:37Z logger.go:66:           - scopes = [
TestUsingExistingNetworkMySqlPrivateModule 2023-08-01T06:39:37Z logger.go:66:               - "https://www.googleapis.com/auth/cloud-platform",
TestUsingExistingNetworkMySqlPrivateModule 2023-08-01T06:39:37Z logger.go:66:             ] -> null
TestUsingExistingNetworkMySqlPrivateModule 2023-08-01T06:39:37Z logger.go:66:         }
TestUsingExistingNetworkMySqlPrivateModule 2023-08-01T06:39:37Z logger.go:66:     }
TestUsingExistingNetworkMySqlPrivateModule 2023-08-01T06:39:37Z logger.go:66: 
TestUsingExistingNetworkMySqlPrivateModule 2023-08-01T06:39:37Z logger.go:66:   # module.host_project.module.project_services.google_project_service.project_services["cloudresourcemanager.googleapis.com"] will be destroyed
TestUsingExistingNetworkMySqlPrivateModule 2023-08-01T06:39:37Z logger.go:66:   - resource "google_project_service" "project_services" {
TestUsingExistingNetworkMySqlPrivateModule 2023-08-01T06:39:37Z logger.go:66:       - disable_dependent_services = true -> null
TestUsingExistingNetworkMySqlPrivateModule 2023-08-01T06:39:37Z logger.go:66:       - disable_on_destroy         = false -> null
TestUsingExistingNetworkMySqlPrivateModule 2023-08-01T06:39:37Z logger.go:66:       - id                         = "pm-host-networking/cloudresourcemanager.googleapis.com" -> null
TestUsingExistingNetworkMySqlPrivateModule 2023-08-01T06:39:37Z logger.go:66:       - project                    = "pm-host-networking" -> null
TestUsingExistingNetworkMySqlPrivateModule 2023-08-01T06:39:37Z logger.go:66:       - service                    = "cloudresourcemanager.googleapis.com" -> null
TestUsingExistingNetworkMySqlPrivateModule 2023-08-01T06:39:37Z logger.go:66:     }
TestUsingExistingNetworkMySqlPrivateModule 2023-08-01T06:39:37Z logger.go:66: 
TestUsingExistingNetworkMySqlPrivateModule 2023-08-01T06:39:37Z logger.go:66:   # module.host_project.module.project_services.google_project_service.project_services["compute.googleapis.com"] will be destroyed
TestUsingExistingNetworkMySqlPrivateModule 2023-08-01T06:39:37Z logger.go:66:   - resource "google_project_service" "project_services" {
TestUsingExistingNetworkMySqlPrivateModule 2023-08-01T06:39:37Z logger.go:66:       - disable_dependent_services = true -> null
TestUsingExistingNetworkMySqlPrivateModule 2023-08-01T06:39:37Z logger.go:66:       - disable_on_destroy         = false -> null
TestUsingExistingNetworkMySqlPrivateModule 2023-08-01T06:39:37Z logger.go:66:       - id                         = "pm-host-networking/compute.googleapis.com" -> null
TestUsingExistingNetworkMySqlPrivateModule 2023-08-01T06:39:37Z logger.go:66:       - project                    = "pm-host-networking" -> null
TestUsingExistingNetworkMySqlPrivateModule 2023-08-01T06:39:37Z logger.go:66:       - service                    = "compute.googleapis.com" -> null
TestUsingExistingNetworkMySqlPrivateModule 2023-08-01T06:39:37Z logger.go:66:     }
TestUsingExistingNetworkMySqlPrivateModule 2023-08-01T06:39:37Z logger.go:66: 
TestUsingExistingNetworkMySqlPrivateModule 2023-08-01T06:39:37Z logger.go:66:   # module.host_project.module.project_services.google_project_service.project_services["iam.googleapis.com"] will be destroyed
TestUsingExistingNetworkMySqlPrivateModule 2023-08-01T06:39:37Z logger.go:66:   - resource "google_project_service" "project_services" {
TestUsingExistingNetworkMySqlPrivateModule 2023-08-01T06:39:37Z logger.go:66:       - disable_dependent_services = true -> null
TestUsingExistingNetworkMySqlPrivateModule 2023-08-01T06:39:37Z logger.go:66:       - disable_on_destroy         = false -> null
TestUsingExistingNetworkMySqlPrivateModule 2023-08-01T06:39:37Z logger.go:66:       - id                         = "pm-host-networking/iam.googleapis.com" -> null
TestUsingExistingNetworkMySqlPrivateModule 2023-08-01T06:39:37Z logger.go:66:       - project                    = "pm-host-networking" -> null
TestUsingExistingNetworkMySqlPrivateModule 2023-08-01T06:39:37Z logger.go:66:       - service                    = "iam.googleapis.com" -> null
TestUsingExistingNetworkMySqlPrivateModule 2023-08-01T06:39:37Z logger.go:66:     }
TestUsingExistingNetworkMySqlPrivateModule 2023-08-01T06:39:37Z logger.go:66: 
TestUsingExistingNetworkMySqlPrivateModule 2023-08-01T06:39:37Z logger.go:66:   # module.host_project.module.project_services.google_project_service.project_services["logging.googleapis.com"] will be destroyed
TestUsingExistingNetworkMySqlPrivateModule 2023-08-01T06:39:37Z logger.go:66:   - resource "google_project_service" "project_services" {
TestUsingExistingNetworkMySqlPrivateModule 2023-08-01T06:39:37Z logger.go:66:       - disable_dependent_services = true -> null
TestUsingExistingNetworkMySqlPrivateModule 2023-08-01T06:39:37Z logger.go:66:       - disable_on_destroy         = false -> null
TestUsingExistingNetworkMySqlPrivateModule 2023-08-01T06:39:37Z logger.go:66:       - id                         = "pm-host-networking/logging.googleapis.com" -> null
TestUsingExistingNetworkMySqlPrivateModule 2023-08-01T06:39:37Z logger.go:66:       - project                    = "pm-host-networking" -> null
TestUsingExistingNetworkMySqlPrivateModule 2023-08-01T06:39:37Z logger.go:66:       - service                    = "logging.googleapis.com" -> null
TestUsingExistingNetworkMySqlPrivateModule 2023-08-01T06:39:37Z logger.go:66:     }
TestUsingExistingNetworkMySqlPrivateModule 2023-08-01T06:39:37Z logger.go:66: 
TestUsingExistingNetworkMySqlPrivateModule 2023-08-01T06:39:37Z logger.go:66:   # module.host_project.module.project_services.google_project_service.project_services["monitoring.googleapis.com"] will be destroyed
TestUsingExistingNetworkMySqlPrivateModule 2023-08-01T06:39:37Z logger.go:66:   - resource "google_project_service" "project_services" {
TestUsingExistingNetworkMySqlPrivateModule 2023-08-01T06:39:37Z logger.go:66:       - disable_dependent_services = true -> null
TestUsingExistingNetworkMySqlPrivateModule 2023-08-01T06:39:37Z logger.go:66:       - disable_on_destroy         = false -> null
TestUsingExistingNetworkMySqlPrivateModule 2023-08-01T06:39:37Z logger.go:66:       - id                         = "pm-host-networking/monitoring.googleapis.com" -> null
TestUsingExistingNetworkMySqlPrivateModule 2023-08-01T06:39:37Z logger.go:66:       - project                    = "pm-host-networking" -> null
TestUsingExistingNetworkMySqlPrivateModule 2023-08-01T06:39:37Z logger.go:66:       - service                    = "monitoring.googleapis.com" -> null
TestUsingExistingNetworkMySqlPrivateModule 2023-08-01T06:39:37Z logger.go:66:     }
TestUsingExistingNetworkMySqlPrivateModule 2023-08-01T06:39:37Z logger.go:66: 
TestUsingExistingNetworkMySqlPrivateModule 2023-08-01T06:39:37Z logger.go:66:   # module.host_project.module.project_services.google_project_service.project_services["servicenetworking.googleapis.com"] will be destroyed
TestUsingExistingNetworkMySqlPrivateModule 2023-08-01T06:39:37Z logger.go:66:   - resource "google_project_service" "project_services" {
TestUsingExistingNetworkMySqlPrivateModule 2023-08-01T06:39:37Z logger.go:66:       - disable_dependent_services = true -> null
TestUsingExistingNetworkMySqlPrivateModule 2023-08-01T06:39:37Z logger.go:66:       - disable_on_destroy         = false -> null
TestUsingExistingNetworkMySqlPrivateModule 2023-08-01T06:39:37Z logger.go:66:       - id                         = "pm-host-networking/servicenetworking.googleapis.com" -> null
TestUsingExistingNetworkMySqlPrivateModule 2023-08-01T06:39:37Z logger.go:66:       - project                    = "pm-host-networking" -> null
TestUsingExistingNetworkMySqlPrivateModule 2023-08-01T06:39:37Z logger.go:66:       - service                    = "servicenetworking.googleapis.com" -> null
TestUsingExistingNetworkMySqlPrivateModule 2023-08-01T06:39:37Z logger.go:66:     }
TestUsingExistingNetworkMySqlPrivateModule 2023-08-01T06:39:37Z logger.go:66: 
TestUsingExistingNetworkMySqlPrivateModule 2023-08-01T06:39:37Z logger.go:66:   # module.host_project.module.project_services.google_project_service.project_services["sqladmin.googleapis.com"] will be destroyed
TestUsingExistingNetworkMySqlPrivateModule 2023-08-01T06:39:37Z logger.go:66:   - resource "google_project_service" "project_services" {
TestUsingExistingNetworkMySqlPrivateModule 2023-08-01T06:39:37Z logger.go:66:       - disable_dependent_services = true -> null
TestUsingExistingNetworkMySqlPrivateModule 2023-08-01T06:39:37Z logger.go:66:       - disable_on_destroy         = false -> null
TestUsingExistingNetworkMySqlPrivateModule 2023-08-01T06:39:37Z logger.go:66:       - id                         = "pm-host-networking/sqladmin.googleapis.com" -> null
TestUsingExistingNetworkMySqlPrivateModule 2023-08-01T06:39:37Z logger.go:66:       - project                    = "pm-host-networking" -> null
TestUsingExistingNetworkMySqlPrivateModule 2023-08-01T06:39:37Z logger.go:66:       - service                    = "sqladmin.googleapis.com" -> null
TestUsingExistingNetworkMySqlPrivateModule 2023-08-01T06:39:37Z logger.go:66:     }
TestUsingExistingNetworkMySqlPrivateModule 2023-08-01T06:39:37Z logger.go:66: 
TestUsingExistingNetworkMySqlPrivateModule 2023-08-01T06:39:37Z logger.go:66:   # module.project_services.module.project_services.google_project_service.project_services["cloudresourcemanager.googleapis.com"] will be destroyed
TestUsingExistingNetworkMySqlPrivateModule 2023-08-01T06:39:37Z logger.go:66:   - resource "google_project_service" "project_services" {
TestUsingExistingNetworkMySqlPrivateModule 2023-08-01T06:39:37Z logger.go:66:       - disable_dependent_services = true -> null
TestUsingExistingNetworkMySqlPrivateModule 2023-08-01T06:39:37Z logger.go:66:       - disable_on_destroy         = false -> null
TestUsingExistingNetworkMySqlPrivateModule 2023-08-01T06:39:37Z logger.go:66:       - id                         = "pm-service1-networking/cloudresourcemanager.googleapis.com" -> null
TestUsingExistingNetworkMySqlPrivateModule 2023-08-01T06:39:37Z logger.go:66:       - project                    = "pm-service1-networking" -> null
TestUsingExistingNetworkMySqlPrivateModule 2023-08-01T06:39:37Z logger.go:66:       - service                    = "cloudresourcemanager.googleapis.com" -> null
TestUsingExistingNetworkMySqlPrivateModule 2023-08-01T06:39:37Z logger.go:66:     }
TestUsingExistingNetworkMySqlPrivateModule 2023-08-01T06:39:37Z logger.go:66: 
TestUsingExistingNetworkMySqlPrivateModule 2023-08-01T06:39:37Z logger.go:66:   # module.project_services.module.project_services.google_project_service.project_services["compute.googleapis.com"] will be destroyed
TestUsingExistingNetworkMySqlPrivateModule 2023-08-01T06:39:37Z logger.go:66:   - resource "google_project_service" "project_services" {
TestUsingExistingNetworkMySqlPrivateModule 2023-08-01T06:39:37Z logger.go:66:       - disable_dependent_services = true -> null
TestUsingExistingNetworkMySqlPrivateModule 2023-08-01T06:39:37Z logger.go:66:       - disable_on_destroy         = false -> null
TestUsingExistingNetworkMySqlPrivateModule 2023-08-01T06:39:37Z logger.go:66:       - id                         = "pm-service1-networking/compute.googleapis.com" -> null
TestUsingExistingNetworkMySqlPrivateModule 2023-08-01T06:39:37Z logger.go:66:       - project                    = "pm-service1-networking" -> null
TestUsingExistingNetworkMySqlPrivateModule 2023-08-01T06:39:37Z logger.go:66:       - service                    = "compute.googleapis.com" -> null
TestUsingExistingNetworkMySqlPrivateModule 2023-08-01T06:39:37Z logger.go:66:     }
TestUsingExistingNetworkMySqlPrivateModule 2023-08-01T06:39:37Z logger.go:66: 
TestUsingExistingNetworkMySqlPrivateModule 2023-08-01T06:39:37Z logger.go:66:   # module.project_services.module.project_services.google_project_service.project_services["iam.googleapis.com"] will be destroyed
TestUsingExistingNetworkMySqlPrivateModule 2023-08-01T06:39:37Z logger.go:66:   - resource "google_project_service" "project_services" {
TestUsingExistingNetworkMySqlPrivateModule 2023-08-01T06:39:37Z logger.go:66:       - disable_dependent_services = true -> null
TestUsingExistingNetworkMySqlPrivateModule 2023-08-01T06:39:37Z logger.go:66:       - disable_on_destroy         = false -> null
TestUsingExistingNetworkMySqlPrivateModule 2023-08-01T06:39:37Z logger.go:66:       - id                         = "pm-service1-networking/iam.googleapis.com" -> null
TestUsingExistingNetworkMySqlPrivateModule 2023-08-01T06:39:37Z logger.go:66:       - project                    = "pm-service1-networking" -> null
TestUsingExistingNetworkMySqlPrivateModule 2023-08-01T06:39:37Z logger.go:66:       - service                    = "iam.googleapis.com" -> null
TestUsingExistingNetworkMySqlPrivateModule 2023-08-01T06:39:37Z logger.go:66:     }
TestUsingExistingNetworkMySqlPrivateModule 2023-08-01T06:39:37Z logger.go:66: 
TestUsingExistingNetworkMySqlPrivateModule 2023-08-01T06:39:37Z logger.go:66:   # module.project_services.module.project_services.google_project_service.project_services["logging.googleapis.com"] will be destroyed
TestUsingExistingNetworkMySqlPrivateModule 2023-08-01T06:39:37Z logger.go:66:   - resource "google_project_service" "project_services" {
TestUsingExistingNetworkMySqlPrivateModule 2023-08-01T06:39:37Z logger.go:66:       - disable_dependent_services = true -> null
TestUsingExistingNetworkMySqlPrivateModule 2023-08-01T06:39:37Z logger.go:66:       - disable_on_destroy         = false -> null
TestUsingExistingNetworkMySqlPrivateModule 2023-08-01T06:39:37Z logger.go:66:       - id                         = "pm-service1-networking/logging.googleapis.com" -> null
TestUsingExistingNetworkMySqlPrivateModule 2023-08-01T06:39:37Z logger.go:66:       - project                    = "pm-service1-networking" -> null
TestUsingExistingNetworkMySqlPrivateModule 2023-08-01T06:39:37Z logger.go:66:       - service                    = "logging.googleapis.com" -> null
TestUsingExistingNetworkMySqlPrivateModule 2023-08-01T06:39:37Z logger.go:66:     }
TestUsingExistingNetworkMySqlPrivateModule 2023-08-01T06:39:37Z logger.go:66: 
TestUsingExistingNetworkMySqlPrivateModule 2023-08-01T06:39:37Z logger.go:66:   # module.project_services.module.project_services.google_project_service.project_services["monitoring.googleapis.com"] will be destroyed
TestUsingExistingNetworkMySqlPrivateModule 2023-08-01T06:39:37Z logger.go:66:   - resource "google_project_service" "project_services" {
TestUsingExistingNetworkMySqlPrivateModule 2023-08-01T06:39:37Z logger.go:66:       - disable_dependent_services = true -> null
TestUsingExistingNetworkMySqlPrivateModule 2023-08-01T06:39:37Z logger.go:66:       - disable_on_destroy         = false -> null
TestUsingExistingNetworkMySqlPrivateModule 2023-08-01T06:39:37Z logger.go:66:       - id                         = "pm-service1-networking/monitoring.googleapis.com" -> null
TestUsingExistingNetworkMySqlPrivateModule 2023-08-01T06:39:37Z logger.go:66:       - project                    = "pm-service1-networking" -> null
TestUsingExistingNetworkMySqlPrivateModule 2023-08-01T06:39:37Z logger.go:66:       - service                    = "monitoring.googleapis.com" -> null
TestUsingExistingNetworkMySqlPrivateModule 2023-08-01T06:39:37Z logger.go:66:     }
TestUsingExistingNetworkMySqlPrivateModule 2023-08-01T06:39:37Z logger.go:66: 
TestUsingExistingNetworkMySqlPrivateModule 2023-08-01T06:39:37Z logger.go:66:   # module.project_services.module.project_services.google_project_service.project_services["servicenetworking.googleapis.com"] will be destroyed
TestUsingExistingNetworkMySqlPrivateModule 2023-08-01T06:39:37Z logger.go:66:   - resource "google_project_service" "project_services" {
TestUsingExistingNetworkMySqlPrivateModule 2023-08-01T06:39:37Z logger.go:66:       - disable_dependent_services = true -> null
TestUsingExistingNetworkMySqlPrivateModule 2023-08-01T06:39:37Z logger.go:66:       - disable_on_destroy         = false -> null
TestUsingExistingNetworkMySqlPrivateModule 2023-08-01T06:39:37Z logger.go:66:       - id                         = "pm-service1-networking/servicenetworking.googleapis.com" -> null
TestUsingExistingNetworkMySqlPrivateModule 2023-08-01T06:39:37Z logger.go:66:       - project                    = "pm-service1-networking" -> null
TestUsingExistingNetworkMySqlPrivateModule 2023-08-01T06:39:37Z logger.go:66:       - service                    = "servicenetworking.googleapis.com" -> null
TestUsingExistingNetworkMySqlPrivateModule 2023-08-01T06:39:37Z logger.go:66:     }
TestUsingExistingNetworkMySqlPrivateModule 2023-08-01T06:39:37Z logger.go:66: 
TestUsingExistingNetworkMySqlPrivateModule 2023-08-01T06:39:37Z logger.go:66:   # module.project_services.module.project_services.google_project_service.project_services["sqladmin.googleapis.com"] will be destroyed
TestUsingExistingNetworkMySqlPrivateModule 2023-08-01T06:39:37Z logger.go:66:   - resource "google_project_service" "project_services" {
TestUsingExistingNetworkMySqlPrivateModule 2023-08-01T06:39:37Z logger.go:66:       - disable_dependent_services = true -> null
TestUsingExistingNetworkMySqlPrivateModule 2023-08-01T06:39:37Z logger.go:66:       - disable_on_destroy         = false -> null
TestUsingExistingNetworkMySqlPrivateModule 2023-08-01T06:39:37Z logger.go:66:       - id                         = "pm-service1-networking/sqladmin.googleapis.com" -> null
TestUsingExistingNetworkMySqlPrivateModule 2023-08-01T06:39:37Z logger.go:66:       - project                    = "pm-service1-networking" -> null
TestUsingExistingNetworkMySqlPrivateModule 2023-08-01T06:39:37Z logger.go:66:       - service                    = "sqladmin.googleapis.com" -> null
TestUsingExistingNetworkMySqlPrivateModule 2023-08-01T06:39:37Z logger.go:66:     }
TestUsingExistingNetworkMySqlPrivateModule 2023-08-01T06:39:37Z logger.go:66: 
TestUsingExistingNetworkMySqlPrivateModule 2023-08-01T06:39:37Z logger.go:66:   # module.sql-db.module.mysql[0].google_sql_database.default[0] will be destroyed
TestUsingExistingNetworkMySqlPrivateModule 2023-08-01T06:39:37Z logger.go:66:   - resource "google_sql_database" "default" {
TestUsingExistingNetworkMySqlPrivateModule 2023-08-01T06:39:37Z logger.go:66:       - charset   = "utf8mb4" -> null
TestUsingExistingNetworkMySqlPrivateModule 2023-08-01T06:39:37Z logger.go:66:       - collation = "utf8mb4_0900_ai_ci" -> null
TestUsingExistingNetworkMySqlPrivateModule 2023-08-01T06:39:37Z logger.go:66:       - id        = "projects/pm-service1-networking/instances/cn-sqlinstance10-test-zo2/databases/default" -> null
TestUsingExistingNetworkMySqlPrivateModule 2023-08-01T06:39:37Z logger.go:66:       - instance  = "cn-sqlinstance10-test-zo2" -> null
TestUsingExistingNetworkMySqlPrivateModule 2023-08-01T06:39:37Z logger.go:66:       - name      = "default" -> null
TestUsingExistingNetworkMySqlPrivateModule 2023-08-01T06:39:37Z logger.go:66:       - project   = "pm-service1-networking" -> null
TestUsingExistingNetworkMySqlPrivateModule 2023-08-01T06:39:37Z logger.go:66:       - self_link = "https://sqladmin.googleapis.com/sql/v1beta4/projects/pm-service1-networking/instances/cn-sqlinstance10-test-zo2/databases/default" -> null
TestUsingExistingNetworkMySqlPrivateModule 2023-08-01T06:39:37Z logger.go:66:     }
TestUsingExistingNetworkMySqlPrivateModule 2023-08-01T06:39:37Z logger.go:66: 
TestUsingExistingNetworkMySqlPrivateModule 2023-08-01T06:39:37Z logger.go:66:   # module.sql-db.module.mysql[0].google_sql_database_instance.default will be destroyed
TestUsingExistingNetworkMySqlPrivateModule 2023-08-01T06:39:37Z logger.go:66:   - resource "google_sql_database_instance" "default" {
TestUsingExistingNetworkMySqlPrivateModule 2023-08-01T06:39:37Z logger.go:66:       - connection_name               = "pm-service1-networking:us-central1:cn-sqlinstance10-test-zo2" -> null
TestUsingExistingNetworkMySqlPrivateModule 2023-08-01T06:39:37Z logger.go:66:       - database_version              = "MYSQL_8_0" -> null
TestUsingExistingNetworkMySqlPrivateModule 2023-08-01T06:39:37Z logger.go:66:       - deletion_protection           = false -> null
TestUsingExistingNetworkMySqlPrivateModule 2023-08-01T06:39:37Z logger.go:66:       - first_ip_address              = "10.46.128.2" -> null
TestUsingExistingNetworkMySqlPrivateModule 2023-08-01T06:39:37Z logger.go:66:       - id                            = "cn-sqlinstance10-test-zo2" -> null
TestUsingExistingNetworkMySqlPrivateModule 2023-08-01T06:39:37Z logger.go:66:       - ip_address                    = [
TestUsingExistingNetworkMySqlPrivateModule 2023-08-01T06:39:37Z logger.go:66:           - {
TestUsingExistingNetworkMySqlPrivateModule 2023-08-01T06:39:37Z logger.go:66:               - ip_address     = "10.46.128.2"
TestUsingExistingNetworkMySqlPrivateModule 2023-08-01T06:39:37Z logger.go:66:               - time_to_retire = ""
TestUsingExistingNetworkMySqlPrivateModule 2023-08-01T06:39:37Z logger.go:66:               - type           = "PRIVATE"
TestUsingExistingNetworkMySqlPrivateModule 2023-08-01T06:39:37Z logger.go:66:             },
TestUsingExistingNetworkMySqlPrivateModule 2023-08-01T06:39:37Z logger.go:66:         ] -> null
TestUsingExistingNetworkMySqlPrivateModule 2023-08-01T06:39:37Z logger.go:66:       - name                          = "cn-sqlinstance10-test-zo2" -> null
TestUsingExistingNetworkMySqlPrivateModule 2023-08-01T06:39:37Z logger.go:66:       - private_ip_address            = "10.46.128.2" -> null
TestUsingExistingNetworkMySqlPrivateModule 2023-08-01T06:39:37Z logger.go:66:       - project                       = "pm-service1-networking" -> null
TestUsingExistingNetworkMySqlPrivateModule 2023-08-01T06:39:37Z logger.go:66:       - region                        = "us-central1" -> null
TestUsingExistingNetworkMySqlPrivateModule 2023-08-01T06:39:37Z logger.go:66:       - self_link                     = "https://sqladmin.googleapis.com/sql/v1beta4/projects/pm-service1-networking/instances/cn-sqlinstance10-test-zo2" -> null
TestUsingExistingNetworkMySqlPrivateModule 2023-08-01T06:39:37Z logger.go:66:       - server_ca_cert                = [
TestUsingExistingNetworkMySqlPrivateModule 2023-08-01T06:39:37Z logger.go:66:           - {
TestUsingExistingNetworkMySqlPrivateModule 2023-08-01T06:39:37Z logger.go:66:               - cert             = <<-EOT
TestUsingExistingNetworkMySqlPrivateModule 2023-08-01T06:39:37Z logger.go:66:                     -----BEGIN CERTIFICATE-----
TestUsingExistingNetworkMySqlPrivateModule 2023-08-01T06:39:37Z logger.go:66:                     MIIDfzCCAmegAwIBAgIBADANBgkqhkiG9w0BAQsFADB3MS0wKwYDVQQuEyQ0OWE5
TestUsingExistingNetworkMySqlPrivateModule 2023-08-01T06:39:37Z logger.go:66:                     ZWYxYS00OGI5LTQ2ZmYtOTY1MC00NTBjODYwNzExZmUxIzAhBgNVBAMTGkdvb2ds
TestUsingExistingNetworkMySqlPrivateModule 2023-08-01T06:39:37Z logger.go:66:                     ZSBDbG91ZCBTUUwgU2VydmVyIENBMRQwEgYDVQQKEwtHb29nbGUsIEluYzELMAkG
TestUsingExistingNetworkMySqlPrivateModule 2023-08-01T06:39:37Z logger.go:66:                     A1UEBhMCVVMwHhcNMjMwODAxMDYzMjQxWhcNMzMwNzI5MDYzMzQxWjB3MS0wKwYD
TestUsingExistingNetworkMySqlPrivateModule 2023-08-01T06:39:37Z logger.go:66:                     VQQuEyQ0OWE5ZWYxYS00OGI5LTQ2ZmYtOTY1MC00NTBjODYwNzExZmUxIzAhBgNV
TestUsingExistingNetworkMySqlPrivateModule 2023-08-01T06:39:37Z logger.go:66:                     BAMTGkdvb2dsZSBDbG91ZCBTUUwgU2VydmVyIENBMRQwEgYDVQQKEwtHb29nbGUs
TestUsingExistingNetworkMySqlPrivateModule 2023-08-01T06:39:37Z logger.go:66:                     IEluYzELMAkGA1UEBhMCVVMwggEiMA0GCSqGSIb3DQEBAQUAA4IBDwAwggEKAoIB
TestUsingExistingNetworkMySqlPrivateModule 2023-08-01T06:39:37Z logger.go:66:                     AQCxJqlBXXEHcOk0BHaUK0oJXyDIn6Hz7qUSiEXF1k8OdBEK5zqkfChj6mqkHC89
TestUsingExistingNetworkMySqlPrivateModule 2023-08-01T06:39:37Z logger.go:66:                     qytrVRtNorP1iWKh0A49vtDr7/EDFgDFP6cpYmfPJ1t4ZLufIpYn0WlB8gX4VPIt
TestUsingExistingNetworkMySqlPrivateModule 2023-08-01T06:39:37Z logger.go:66:                     ci1/bTZXaeAwvUIUyMthfXCnqboON2s5jNyE2+pZxlueQhFOa6P57DNmy7ruvfnt
TestUsingExistingNetworkMySqlPrivateModule 2023-08-01T06:39:37Z logger.go:66:                     DCRH44+6CvMdETVvF+jHSfQ0x+Q6Dq3Fi+n7/p8iFjb3dK56uEYtHled+/dOpXYW
TestUsingExistingNetworkMySqlPrivateModule 2023-08-01T06:39:37Z logger.go:66:                     ds6NQSsAyonBV5dol2RCjolczLnZHA68QWXD9G9aUCFkpv4qExsK2+Jp7473XF6y
TestUsingExistingNetworkMySqlPrivateModule 2023-08-01T06:39:37Z logger.go:66:                     crfyWt19aGOiSkF8Mp2VNLj5AgMBAAGjFjAUMBIGA1UdEwEB/wQIMAYBAf8CAQAw
TestUsingExistingNetworkMySqlPrivateModule 2023-08-01T06:39:37Z logger.go:66:                     DQYJKoZIhvcNAQELBQADggEBAE0Ay2XKc1Y3XhpNwq+wsbrpujATYGVS3H0N+5O/
TestUsingExistingNetworkMySqlPrivateModule 2023-08-01T06:39:37Z logger.go:66:                     WKTHFbiVRTk4lIIBG5lNBKJ4NlYwUD5w/Es1QPdQWXqI/t0v35mb8abgrmLoG0cs
TestUsingExistingNetworkMySqlPrivateModule 2023-08-01T06:39:37Z logger.go:66:                     CVc1Fn8yIChGS1AcaDdwWlbwwxPWISDqmh+nmPpbPbmRw5ZAJVxTv2gLUR4TxYKl
TestUsingExistingNetworkMySqlPrivateModule 2023-08-01T06:39:37Z logger.go:66:                     zV7Q2rQlo+/IeV2uoUWizQvJ0OAOq5f7kLUVGqAibHB4li7gSUN0oe7WuymzxFD6
TestUsingExistingNetworkMySqlPrivateModule 2023-08-01T06:39:37Z logger.go:66:                     ysLMGpvuJOkB49VZi4LJbOkLOkJbRGj0u4ZHcaHTBdvZu/uMEEGhrXmMs4IMreuu
TestUsingExistingNetworkMySqlPrivateModule 2023-08-01T06:39:37Z logger.go:66:                     U5ziKiPvDvZphQz7N+jAF7akw0XM9GTX+Gpp64GAS2az+Gk=
TestUsingExistingNetworkMySqlPrivateModule 2023-08-01T06:39:37Z logger.go:66:                     -----END CERTIFICATE-----
TestUsingExistingNetworkMySqlPrivateModule 2023-08-01T06:39:37Z logger.go:66:                 EOT
TestUsingExistingNetworkMySqlPrivateModule 2023-08-01T06:39:37Z logger.go:66:               - common_name      = "C=US,O=Google\\, Inc,CN=Google Cloud SQL Server CA,dnQualifier=49a9ef1a-48b9-46ff-9650-450c860711fe"
TestUsingExistingNetworkMySqlPrivateModule 2023-08-01T06:39:37Z logger.go:66:               - create_time      = "2023-08-01T06:32:41.694Z"
TestUsingExistingNetworkMySqlPrivateModule 2023-08-01T06:39:37Z logger.go:66:               - expiration_time  = "2033-07-29T06:33:41.694Z"
TestUsingExistingNetworkMySqlPrivateModule 2023-08-01T06:39:37Z logger.go:66:               - sha1_fingerprint = "cc16e520c22d3904f0b33ec6a189a8cfc50d4fcc"
TestUsingExistingNetworkMySqlPrivateModule 2023-08-01T06:39:37Z logger.go:66:             },
TestUsingExistingNetworkMySqlPrivateModule 2023-08-01T06:39:37Z logger.go:66:         ] -> null
TestUsingExistingNetworkMySqlPrivateModule 2023-08-01T06:39:37Z logger.go:66:       - service_account_email_address = "p1081795941202-853bdr@gcp-sa-cloud-sql.iam.gserviceaccount.com" -> null
TestUsingExistingNetworkMySqlPrivateModule 2023-08-01T06:39:37Z logger.go:66: 
TestUsingExistingNetworkMySqlPrivateModule 2023-08-01T06:39:37Z logger.go:66:       - settings {
TestUsingExistingNetworkMySqlPrivateModule 2023-08-01T06:39:37Z logger.go:66:           - activation_policy           = "ALWAYS" -> null
TestUsingExistingNetworkMySqlPrivateModule 2023-08-01T06:39:37Z logger.go:66:           - authorized_gae_applications = [] -> null
TestUsingExistingNetworkMySqlPrivateModule 2023-08-01T06:39:37Z logger.go:66:           - availability_type           = "REGIONAL" -> null
TestUsingExistingNetworkMySqlPrivateModule 2023-08-01T06:39:37Z logger.go:66:           - crash_safe_replication      = false -> null
TestUsingExistingNetworkMySqlPrivateModule 2023-08-01T06:39:37Z logger.go:66:           - disk_autoresize             = true -> null
TestUsingExistingNetworkMySqlPrivateModule 2023-08-01T06:39:37Z logger.go:66:           - disk_autoresize_limit       = 0 -> null
TestUsingExistingNetworkMySqlPrivateModule 2023-08-01T06:39:37Z logger.go:66:           - disk_size                   = 10 -> null
TestUsingExistingNetworkMySqlPrivateModule 2023-08-01T06:39:37Z logger.go:66:           - disk_type                   = "PD_SSD" -> null
TestUsingExistingNetworkMySqlPrivateModule 2023-08-01T06:39:37Z logger.go:66:           - pricing_plan                = "PER_USE" -> null
TestUsingExistingNetworkMySqlPrivateModule 2023-08-01T06:39:37Z logger.go:66:           - replication_type            = "SYNCHRONOUS" -> null
TestUsingExistingNetworkMySqlPrivateModule 2023-08-01T06:39:37Z logger.go:66:           - tier                        = "db-n1-standard-1" -> null
TestUsingExistingNetworkMySqlPrivateModule 2023-08-01T06:39:37Z logger.go:66:           - user_labels                 = {} -> null
TestUsingExistingNetworkMySqlPrivateModule 2023-08-01T06:39:37Z logger.go:66:           - version                     = 4 -> null
TestUsingExistingNetworkMySqlPrivateModule 2023-08-01T06:39:37Z logger.go:66: 
TestUsingExistingNetworkMySqlPrivateModule 2023-08-01T06:39:37Z logger.go:66:           - backup_configuration {
TestUsingExistingNetworkMySqlPrivateModule 2023-08-01T06:39:37Z logger.go:66:               - binary_log_enabled             = true -> null
TestUsingExistingNetworkMySqlPrivateModule 2023-08-01T06:39:37Z logger.go:66:               - enabled                        = true -> null
TestUsingExistingNetworkMySqlPrivateModule 2023-08-01T06:39:37Z logger.go:66:               - point_in_time_recovery_enabled = false -> null
TestUsingExistingNetworkMySqlPrivateModule 2023-08-01T06:39:37Z logger.go:66:               - start_time                     = "04:00" -> null
TestUsingExistingNetworkMySqlPrivateModule 2023-08-01T06:39:37Z logger.go:66:               - transaction_log_retention_days = 7 -> null
TestUsingExistingNetworkMySqlPrivateModule 2023-08-01T06:39:37Z logger.go:66: 
TestUsingExistingNetworkMySqlPrivateModule 2023-08-01T06:39:37Z logger.go:66:               - backup_retention_settings {
TestUsingExistingNetworkMySqlPrivateModule 2023-08-01T06:39:37Z logger.go:66:                   - retained_backups = 7 -> null
TestUsingExistingNetworkMySqlPrivateModule 2023-08-01T06:39:37Z logger.go:66:                   - retention_unit   = "COUNT" -> null
TestUsingExistingNetworkMySqlPrivateModule 2023-08-01T06:39:37Z logger.go:66:                 }
TestUsingExistingNetworkMySqlPrivateModule 2023-08-01T06:39:37Z logger.go:66:             }
TestUsingExistingNetworkMySqlPrivateModule 2023-08-01T06:39:37Z logger.go:66: 
TestUsingExistingNetworkMySqlPrivateModule 2023-08-01T06:39:37Z logger.go:66:           - ip_configuration {
TestUsingExistingNetworkMySqlPrivateModule 2023-08-01T06:39:37Z logger.go:66:               - ipv4_enabled    = false -> null
TestUsingExistingNetworkMySqlPrivateModule 2023-08-01T06:39:37Z logger.go:66:               - private_network = "projects/pm-host-networking/global/networks/host-cloudsql-easy" -> null
TestUsingExistingNetworkMySqlPrivateModule 2023-08-01T06:39:37Z logger.go:66:               - require_ssl     = false -> null
TestUsingExistingNetworkMySqlPrivateModule 2023-08-01T06:39:37Z logger.go:66:             }
TestUsingExistingNetworkMySqlPrivateModule 2023-08-01T06:39:37Z logger.go:66: 
TestUsingExistingNetworkMySqlPrivateModule 2023-08-01T06:39:37Z logger.go:66:           - location_preference {
TestUsingExistingNetworkMySqlPrivateModule 2023-08-01T06:39:37Z logger.go:66:               - zone = "us-central1-a" -> null
TestUsingExistingNetworkMySqlPrivateModule 2023-08-01T06:39:37Z logger.go:66:             }
TestUsingExistingNetworkMySqlPrivateModule 2023-08-01T06:39:37Z logger.go:66: 
TestUsingExistingNetworkMySqlPrivateModule 2023-08-01T06:39:37Z logger.go:66:           - maintenance_window {
TestUsingExistingNetworkMySqlPrivateModule 2023-08-01T06:39:37Z logger.go:66:               - day          = 1 -> null
TestUsingExistingNetworkMySqlPrivateModule 2023-08-01T06:39:37Z logger.go:66:               - hour         = 23 -> null
TestUsingExistingNetworkMySqlPrivateModule 2023-08-01T06:39:37Z logger.go:66:               - update_track = "canary" -> null
TestUsingExistingNetworkMySqlPrivateModule 2023-08-01T06:39:37Z logger.go:66:             }
TestUsingExistingNetworkMySqlPrivateModule 2023-08-01T06:39:37Z logger.go:66:         }
TestUsingExistingNetworkMySqlPrivateModule 2023-08-01T06:39:37Z logger.go:66: 
TestUsingExistingNetworkMySqlPrivateModule 2023-08-01T06:39:37Z logger.go:66:       - timeouts {
TestUsingExistingNetworkMySqlPrivateModule 2023-08-01T06:39:37Z logger.go:66:           - create = "10m" -> null
TestUsingExistingNetworkMySqlPrivateModule 2023-08-01T06:39:37Z logger.go:66:           - delete = "10m" -> null
TestUsingExistingNetworkMySqlPrivateModule 2023-08-01T06:39:37Z logger.go:66:           - update = "10m" -> null
TestUsingExistingNetworkMySqlPrivateModule 2023-08-01T06:39:37Z logger.go:66:         }
TestUsingExistingNetworkMySqlPrivateModule 2023-08-01T06:39:37Z logger.go:66:     }
TestUsingExistingNetworkMySqlPrivateModule 2023-08-01T06:39:37Z logger.go:66: 
TestUsingExistingNetworkMySqlPrivateModule 2023-08-01T06:39:37Z logger.go:66:   # module.sql-db.module.mysql[0].google_sql_user.default[0] will be destroyed
TestUsingExistingNetworkMySqlPrivateModule 2023-08-01T06:39:37Z logger.go:66:   - resource "google_sql_user" "default" {
TestUsingExistingNetworkMySqlPrivateModule 2023-08-01T06:39:37Z logger.go:66:       - host     = "%" -> null
TestUsingExistingNetworkMySqlPrivateModule 2023-08-01T06:39:37Z logger.go:66:       - id       = "default/%/cn-sqlinstance10-test-zo2" -> null
TestUsingExistingNetworkMySqlPrivateModule 2023-08-01T06:39:37Z logger.go:66:       - instance = "cn-sqlinstance10-test-zo2" -> null
TestUsingExistingNetworkMySqlPrivateModule 2023-08-01T06:39:37Z logger.go:66:       - name     = "default" -> null
TestUsingExistingNetworkMySqlPrivateModule 2023-08-01T06:39:37Z logger.go:66:       - password = (sensitive value) -> null
TestUsingExistingNetworkMySqlPrivateModule 2023-08-01T06:39:37Z logger.go:66:       - project  = "pm-service1-networking" -> null
TestUsingExistingNetworkMySqlPrivateModule 2023-08-01T06:39:37Z logger.go:66:     }
TestUsingExistingNetworkMySqlPrivateModule 2023-08-01T06:39:37Z logger.go:66: 
TestUsingExistingNetworkMySqlPrivateModule 2023-08-01T06:39:37Z logger.go:66:   # module.sql-db.module.mysql[0].null_resource.module_depends_on will be destroyed
TestUsingExistingNetworkMySqlPrivateModule 2023-08-01T06:39:37Z logger.go:66:   - resource "null_resource" "module_depends_on" {
TestUsingExistingNetworkMySqlPrivateModule 2023-08-01T06:39:37Z logger.go:66:       - id       = "8837175149480725414" -> null
TestUsingExistingNetworkMySqlPrivateModule 2023-08-01T06:39:37Z logger.go:66:       - triggers = {
TestUsingExistingNetworkMySqlPrivateModule 2023-08-01T06:39:37Z logger.go:66:           - "value" = "0"
TestUsingExistingNetworkMySqlPrivateModule 2023-08-01T06:39:37Z logger.go:66:         } -> null
TestUsingExistingNetworkMySqlPrivateModule 2023-08-01T06:39:37Z logger.go:66:     }
TestUsingExistingNetworkMySqlPrivateModule 2023-08-01T06:39:37Z logger.go:66: 
TestUsingExistingNetworkMySqlPrivateModule 2023-08-01T06:39:37Z logger.go:66:   # module.sql-db.module.mysql[0].random_id.user-password will be destroyed
TestUsingExistingNetworkMySqlPrivateModule 2023-08-01T06:39:37Z logger.go:66:   - resource "random_id" "user-password" {
TestUsingExistingNetworkMySqlPrivateModule 2023-08-01T06:39:37Z logger.go:66:       - b64_std     = "yV2L38a6sSI=" -> null
TestUsingExistingNetworkMySqlPrivateModule 2023-08-01T06:39:37Z logger.go:66:       - b64_url     = "yV2L38a6sSI" -> null
TestUsingExistingNetworkMySqlPrivateModule 2023-08-01T06:39:37Z logger.go:66:       - byte_length = 8 -> null
TestUsingExistingNetworkMySqlPrivateModule 2023-08-01T06:39:37Z logger.go:66:       - dec         = "14509907367685697826" -> null
TestUsingExistingNetworkMySqlPrivateModule 2023-08-01T06:39:37Z logger.go:66:       - hex         = "c95d8bdfc6bab122" -> null
TestUsingExistingNetworkMySqlPrivateModule 2023-08-01T06:39:37Z logger.go:66:       - id          = "yV2L38a6sSI" -> null
TestUsingExistingNetworkMySqlPrivateModule 2023-08-01T06:39:37Z logger.go:66:       - keepers     = {
TestUsingExistingNetworkMySqlPrivateModule 2023-08-01T06:39:37Z logger.go:66:           - "name" = "cn-sqlinstance10-test-zo2"
TestUsingExistingNetworkMySqlPrivateModule 2023-08-01T06:39:37Z logger.go:66:         } -> null
TestUsingExistingNetworkMySqlPrivateModule 2023-08-01T06:39:37Z logger.go:66:     }
TestUsingExistingNetworkMySqlPrivateModule 2023-08-01T06:39:37Z logger.go:66: 
TestUsingExistingNetworkMySqlPrivateModule 2023-08-01T06:39:37Z logger.go:66: Plan: 0 to add, 0 to change, 44 to destroy.
TestUsingExistingNetworkMySqlPrivateModule 2023-08-01T06:39:37Z logger.go:66: 
TestUsingExistingNetworkMySqlPrivateModule 2023-08-01T06:39:37Z logger.go:66: Changes to Outputs:
TestUsingExistingNetworkMySqlPrivateModule 2023-08-01T06:39:37Z logger.go:66:   - cloudsql_instance_name = "cn-sqlinstance10-test-zo2" -> null
TestUsingExistingNetworkMySqlPrivateModule 2023-08-01T06:39:37Z logger.go:66:   - host_network_id        = "projects/pm-host-networking/global/networks/host-cloudsql-easy" -> null
TestUsingExistingNetworkMySqlPrivateModule 2023-08-01T06:39:37Z logger.go:66:   - host_subnetwork_id     = "projects/pm-host-networking/regions/us-central1/subnetworks/host-cloudsql-easy-subnet" -> null
TestUsingExistingNetworkMySqlPrivateModule 2023-08-01T06:39:37Z logger.go:66:   - host_vpc_name          = "host-cloudsql-easy" -> null
TestUsingExistingNetworkMySqlPrivateModule 2023-08-01T06:39:38Z logger.go:66: module.gce_sa.google_project_iam_member.project-roles["pm-host-networking-roles/compute.networkUser"]: Destroying... [id=pm-host-networking/roles/compute.networkUser/serviceAccount:gce-sa@pm-service1-networking.iam.gserviceaccount.com]
TestUsingExistingNetworkMySqlPrivateModule 2023-08-01T06:39:38Z logger.go:66: module.terraform_service_accounts.google_project_iam_member.project-roles["pm-host-networking-roles/compute.securityAdmin"]: Destroying... [id=pm-host-networking/roles/compute.securityAdmin/serviceAccount:terraform-sa@pm-host-networking.iam.gserviceaccount.com]
TestUsingExistingNetworkMySqlPrivateModule 2023-08-01T06:39:38Z logger.go:66: module.terraform_service_accounts.google_project_iam_member.project-roles["pm-service1-networking-roles/iam.serviceAccountUser"]: Destroying... [id=pm-service1-networking/roles/iam.serviceAccountUser/serviceAccount:terraform-sa@pm-host-networking.iam.gserviceaccount.com]
TestUsingExistingNetworkMySqlPrivateModule 2023-08-01T06:39:38Z logger.go:66: module.gce_sa.google_project_iam_member.project-roles["pm-service1-networking-roles/cloudsql.client"]: Destroying... [id=pm-service1-networking/roles/cloudsql.client/serviceAccount:gce-sa@pm-service1-networking.iam.gserviceaccount.com]
TestUsingExistingNetworkMySqlPrivateModule 2023-08-01T06:39:38Z logger.go:66: module.terraform_service_accounts.google_project_iam_member.project-roles["pm-host-networking-roles/iam.serviceAccountAdmin"]: Destroying... [id=pm-host-networking/roles/iam.serviceAccountAdmin/serviceAccount:terraform-sa@pm-host-networking.iam.gserviceaccount.com]
TestUsingExistingNetworkMySqlPrivateModule 2023-08-01T06:39:38Z logger.go:66: module.terraform_service_accounts.google_project_iam_member.project-roles["pm-service1-networking-roles/resourcemanager.projectIamAdmin"]: Destroying... [id=pm-service1-networking/roles/resourcemanager.projectIamAdmin/serviceAccount:terraform-sa@pm-host-networking.iam.gserviceaccount.com]
TestUsingExistingNetworkMySqlPrivateModule 2023-08-01T06:39:38Z logger.go:66: module.terraform_service_accounts.google_project_iam_member.project-roles["pm-service1-networking-roles/compute.instanceAdmin"]: Destroying... [id=pm-service1-networking/roles/compute.instanceAdmin/serviceAccount:terraform-sa@pm-host-networking.iam.gserviceaccount.com]
TestUsingExistingNetworkMySqlPrivateModule 2023-08-01T06:39:38Z logger.go:66: module.terraform_service_accounts.google_project_iam_member.project-roles["pm-service1-networking-roles/iam.serviceAccountAdmin"]: Destroying... [id=pm-service1-networking/roles/iam.serviceAccountAdmin/serviceAccount:terraform-sa@pm-host-networking.iam.gserviceaccount.com]
TestUsingExistingNetworkMySqlPrivateModule 2023-08-01T06:39:38Z logger.go:66: module.google_compute_instance.module.compute_instance.google_compute_instance_from_template.compute_instance[0]: Destroying... [id=projects/pm-service1-networking/zones/us-central1-a/instances/default-001]
TestUsingExistingNetworkMySqlPrivateModule 2023-08-01T06:39:38Z logger.go:66: module.terraform_service_accounts.google_project_iam_member.project-roles["pm-host-networking-roles/compute.networkAdmin"]: Destroying... [id=pm-host-networking/roles/compute.networkAdmin/serviceAccount:terraform-sa@pm-host-networking.iam.gserviceaccount.com]
TestUsingExistingNetworkMySqlPrivateModule 2023-08-01T06:39:48Z logger.go:66: module.terraform_service_accounts.google_project_iam_member.project-roles["pm-service1-networking-roles/iam.serviceAccountAdmin"]: Destruction complete after 10s
TestUsingExistingNetworkMySqlPrivateModule 2023-08-01T06:39:48Z logger.go:66: module.terraform_service_accounts.google_project_iam_member.project-roles["pm-service1-networking-roles/serviceusage.serviceUsageAdmin"]: Destroying... [id=pm-service1-networking/roles/serviceusage.serviceUsageAdmin/serviceAccount:terraform-sa@pm-host-networking.iam.gserviceaccount.com]
TestUsingExistingNetworkMySqlPrivateModule 2023-08-01T06:39:48Z logger.go:66: module.terraform_service_accounts.google_project_iam_member.project-roles["pm-service1-networking-roles/iam.serviceAccountUser"]: Still destroying... [id=pm-service1-networking/roles/iam.servic...ost-networking.iam.gserviceaccount.com, 10s elapsed]
TestUsingExistingNetworkMySqlPrivateModule 2023-08-01T06:39:48Z logger.go:66: module.gce_sa.google_project_iam_member.project-roles["pm-host-networking-roles/compute.networkUser"]: Still destroying... [id=pm-host-networking/roles/compute.networ...ce1-networking.iam.gserviceaccount.com, 10s elapsed]
TestUsingExistingNetworkMySqlPrivateModule 2023-08-01T06:39:48Z logger.go:66: module.terraform_service_accounts.google_project_iam_member.project-roles["pm-host-networking-roles/compute.securityAdmin"]: Still destroying... [id=pm-host-networking/roles/compute.securi...ost-networking.iam.gserviceaccount.com, 10s elapsed]
TestUsingExistingNetworkMySqlPrivateModule 2023-08-01T06:39:48Z logger.go:66: module.terraform_service_accounts.google_project_iam_member.project-roles["pm-service1-networking-roles/compute.instanceAdmin"]: Still destroying... [id=pm-service1-networking/roles/compute.in...ost-networking.iam.gserviceaccount.com, 10s elapsed]
TestUsingExistingNetworkMySqlPrivateModule 2023-08-01T06:39:48Z logger.go:66: module.terraform_service_accounts.google_project_iam_member.project-roles["pm-service1-networking-roles/resourcemanager.projectIamAdmin"]: Still destroying... [id=pm-service1-networking/roles/resourcema...ost-networking.iam.gserviceaccount.com, 10s elapsed]
TestUsingExistingNetworkMySqlPrivateModule 2023-08-01T06:39:48Z logger.go:66: module.gce_sa.google_project_iam_member.project-roles["pm-service1-networking-roles/cloudsql.client"]: Still destroying... [id=pm-service1-networking/roles/cloudsql.c...ce1-networking.iam.gserviceaccount.com, 10s elapsed]
TestUsingExistingNetworkMySqlPrivateModule 2023-08-01T06:39:48Z logger.go:66: module.terraform_service_accounts.google_project_iam_member.project-roles["pm-host-networking-roles/iam.serviceAccountAdmin"]: Still destroying... [id=pm-host-networking/roles/iam.serviceAcc...ost-networking.iam.gserviceaccount.com, 10s elapsed]
TestUsingExistingNetworkMySqlPrivateModule 2023-08-01T06:39:48Z logger.go:66: module.google_compute_instance.module.compute_instance.google_compute_instance_from_template.compute_instance[0]: Still destroying... [id=projects/pm-service1-networking/zones/us-central1-a/instances/default-001, 10s elapsed]
TestUsingExistingNetworkMySqlPrivateModule 2023-08-01T06:39:48Z logger.go:66: module.terraform_service_accounts.google_project_iam_member.project-roles["pm-host-networking-roles/compute.networkAdmin"]: Still destroying... [id=pm-host-networking/roles/compute.networ...ost-networking.iam.gserviceaccount.com, 10s elapsed]
TestUsingExistingNetworkMySqlPrivateModule 2023-08-01T06:39:48Z logger.go:66: module.terraform_service_accounts.google_project_iam_member.project-roles["pm-service1-networking-roles/iam.serviceAccountUser"]: Destruction complete after 11s
TestUsingExistingNetworkMySqlPrivateModule 2023-08-01T06:39:48Z logger.go:66: module.gce_sa.google_project_iam_member.project-roles["pm-service1-networking-roles/iam.serviceAccountUser"]: Destroying... [id=pm-service1-networking/roles/iam.serviceAccountUser/serviceAccount:gce-sa@pm-service1-networking.iam.gserviceaccount.com]
TestUsingExistingNetworkMySqlPrivateModule 2023-08-01T06:39:49Z logger.go:66: module.terraform_service_accounts.google_project_iam_member.project-roles["pm-host-networking-roles/compute.networkAdmin"]: Destruction complete after 11s
TestUsingExistingNetworkMySqlPrivateModule 2023-08-01T06:39:49Z logger.go:66: module.terraform_service_accounts.google_project_iam_member.project-roles["pm-host-networking-roles/serviceusage.serviceUsageAdmin"]: Destroying... [id=pm-host-networking/roles/serviceusage.serviceUsageAdmin/serviceAccount:terraform-sa@pm-host-networking.iam.gserviceaccount.com]
TestUsingExistingNetworkMySqlPrivateModule 2023-08-01T06:39:49Z logger.go:66: module.gce_sa.google_project_iam_member.project-roles["pm-service1-networking-roles/cloudsql.client"]: Destruction complete after 11s
TestUsingExistingNetworkMySqlPrivateModule 2023-08-01T06:39:49Z logger.go:66: module.terraform_service_accounts.google_project_iam_member.project-roles["pm-host-networking-roles/compute.networkUser"]: Destroying... [id=pm-host-networking/roles/compute.networkUser/serviceAccount:terraform-sa@pm-host-networking.iam.gserviceaccount.com]
TestUsingExistingNetworkMySqlPrivateModule 2023-08-01T06:39:49Z logger.go:66: module.terraform_service_accounts.google_project_iam_member.project-roles["pm-host-networking-roles/iam.serviceAccountAdmin"]: Destruction complete after 12s
TestUsingExistingNetworkMySqlPrivateModule 2023-08-01T06:39:49Z logger.go:66: module.terraform_service_accounts.google_project_iam_member.project-roles["pm-host-networking-roles/resourcemanager.projectIamAdmin"]: Destroying... [id=pm-host-networking/roles/resourcemanager.projectIamAdmin/serviceAccount:terraform-sa@pm-host-networking.iam.gserviceaccount.com]
TestUsingExistingNetworkMySqlPrivateModule 2023-08-01T06:39:50Z logger.go:66: module.terraform_service_accounts.google_project_iam_member.project-roles["pm-service1-networking-roles/compute.instanceAdmin"]: Destruction complete after 12s
TestUsingExistingNetworkMySqlPrivateModule 2023-08-01T06:39:50Z logger.go:66: module.terraform_service_accounts.google_project_iam_member.project-roles["pm-service1-networking-roles/cloudsql.admin"]: Destroying... [id=pm-service1-networking/roles/cloudsql.admin/serviceAccount:terraform-sa@pm-host-networking.iam.gserviceaccount.com]
TestUsingExistingNetworkMySqlPrivateModule 2023-08-01T06:39:50Z logger.go:66: module.terraform_service_accounts.google_project_iam_member.project-roles["pm-host-networking-roles/compute.securityAdmin"]: Destruction complete after 13s
TestUsingExistingNetworkMySqlPrivateModule 2023-08-01T06:39:50Z logger.go:66: module.terraform_service_accounts.google_project_iam_member.project-roles["pm-service1-networking-roles/resourcemanager.projectIamAdmin"]: Destruction complete after 13s
TestUsingExistingNetworkMySqlPrivateModule 2023-08-01T06:39:51Z logger.go:66: module.gce_sa.google_project_iam_member.project-roles["pm-host-networking-roles/compute.networkUser"]: Destruction complete after 13s
TestUsingExistingNetworkMySqlPrivateModule 2023-08-01T06:39:57Z logger.go:66: module.terraform_service_accounts.google_project_iam_member.project-roles["pm-service1-networking-roles/cloudsql.admin"]: Destruction complete after 8s
TestUsingExistingNetworkMySqlPrivateModule 2023-08-01T06:39:58Z logger.go:66: module.terraform_service_accounts.google_project_iam_member.project-roles["pm-service1-networking-roles/serviceusage.serviceUsageAdmin"]: Still destroying... [id=pm-service1-networking/roles/serviceusa...ost-networking.iam.gserviceaccount.com, 10s elapsed]
TestUsingExistingNetworkMySqlPrivateModule 2023-08-01T06:39:58Z logger.go:66: module.google_compute_instance.module.compute_instance.google_compute_instance_from_template.compute_instance[0]: Still destroying... [id=projects/pm-service1-networking/zones/us-central1-a/instances/default-001, 20s elapsed]
TestUsingExistingNetworkMySqlPrivateModule 2023-08-01T06:39:58Z logger.go:66: module.terraform_service_accounts.google_project_iam_member.project-roles["pm-service1-networking-roles/serviceusage.serviceUsageAdmin"]: Destruction complete after 10s
TestUsingExistingNetworkMySqlPrivateModule 2023-08-01T06:39:58Z logger.go:66: module.terraform_service_accounts.google_project_iam_member.project-roles["pm-host-networking-roles/resourcemanager.projectIamAdmin"]: Destruction complete after 9s
TestUsingExistingNetworkMySqlPrivateModule 2023-08-01T06:39:58Z logger.go:66: module.gce_sa.google_project_iam_member.project-roles["pm-service1-networking-roles/iam.serviceAccountUser"]: Still destroying... [id=pm-service1-networking/roles/iam.servic...ce1-networking.iam.gserviceaccount.com, 10s elapsed]
TestUsingExistingNetworkMySqlPrivateModule 2023-08-01T06:39:58Z logger.go:66: module.gce_sa.google_project_iam_member.project-roles["pm-service1-networking-roles/iam.serviceAccountUser"]: Destruction complete after 10s
TestUsingExistingNetworkMySqlPrivateModule 2023-08-01T06:39:59Z logger.go:66: module.terraform_service_accounts.google_project_iam_member.project-roles["pm-host-networking-roles/serviceusage.serviceUsageAdmin"]: Still destroying... [id=pm-host-networking/roles/serviceusage.s...ost-networking.iam.gserviceaccount.com, 10s elapsed]
TestUsingExistingNetworkMySqlPrivateModule 2023-08-01T06:39:59Z logger.go:66: module.terraform_service_accounts.google_project_iam_member.project-roles["pm-host-networking-roles/compute.networkUser"]: Destruction complete after 10s
TestUsingExistingNetworkMySqlPrivateModule 2023-08-01T06:39:59Z logger.go:66: module.terraform_service_accounts.google_project_iam_member.project-roles["pm-host-networking-roles/serviceusage.serviceUsageAdmin"]: Destruction complete after 10s
TestUsingExistingNetworkMySqlPrivateModule 2023-08-01T06:39:59Z logger.go:66: module.terraform_service_accounts.google_service_account.service_account[0]: Destroying... [id=projects/pm-host-networking/serviceAccounts/terraform-sa@pm-host-networking.iam.gserviceaccount.com]
TestUsingExistingNetworkMySqlPrivateModule 2023-08-01T06:39:59Z logger.go:66: module.terraform_service_accounts.google_service_account.service_account[0]: Destruction complete after 1s
TestUsingExistingNetworkMySqlPrivateModule 2023-08-01T06:40:08Z logger.go:66: module.google_compute_instance.module.compute_instance.google_compute_instance_from_template.compute_instance[0]: Still destroying... [id=projects/pm-service1-networking/zones/us-central1-a/instances/default-001, 30s elapsed]
TestUsingExistingNetworkMySqlPrivateModule 2023-08-01T06:40:18Z logger.go:66: module.google_compute_instance.module.compute_instance.google_compute_instance_from_template.compute_instance[0]: Still destroying... [id=projects/pm-service1-networking/zones/us-central1-a/instances/default-001, 40s elapsed]
TestUsingExistingNetworkMySqlPrivateModule 2023-08-01T06:40:26Z logger.go:66: module.google_compute_instance.module.compute_instance.google_compute_instance_from_template.compute_instance[0]: Destruction complete after 49s
TestUsingExistingNetworkMySqlPrivateModule 2023-08-01T06:40:26Z logger.go:66: module.google_compute_instance.module.instance_template.google_compute_instance_template.tpl: Destroying... [id=projects/pm-service1-networking/global/instanceTemplates/default-instance-template-20230801063735153700000001]
TestUsingExistingNetworkMySqlPrivateModule 2023-08-01T06:40:36Z logger.go:66: module.google_compute_instance.module.instance_template.google_compute_instance_template.tpl: Still destroying... [id=projects/pm-service1-networking/global/...ce-template-20230801063735153700000001, 10s elapsed]
TestUsingExistingNetworkMySqlPrivateModule 2023-08-01T06:40:38Z logger.go:66: module.google_compute_instance.module.instance_template.google_compute_instance_template.tpl: Destruction complete after 11s
TestUsingExistingNetworkMySqlPrivateModule 2023-08-01T06:40:38Z logger.go:66: module.sql-db.module.mysql[0].google_sql_user.default[0]: Destroying... [id=default/%/cn-sqlinstance10-test-zo2]
TestUsingExistingNetworkMySqlPrivateModule 2023-08-01T06:40:38Z logger.go:66: module.gce_sa.google_service_account.service_account[0]: Destroying... [id=projects/pm-service1-networking/serviceAccounts/gce-sa@pm-service1-networking.iam.gserviceaccount.com]
TestUsingExistingNetworkMySqlPrivateModule 2023-08-01T06:40:38Z logger.go:66: module.sql-db.module.mysql[0].google_sql_database.default[0]: Destroying... [id=projects/pm-service1-networking/instances/cn-sqlinstance10-test-zo2/databases/default]
TestUsingExistingNetworkMySqlPrivateModule 2023-08-01T06:40:38Z logger.go:66: module.gce_sa.google_service_account.service_account[0]: Destruction complete after 1s
TestUsingExistingNetworkMySqlPrivateModule 2023-08-01T06:40:38Z logger.go:66: module.sql-db.module.mysql[0].google_sql_user.default[0]: Destruction complete after 1s
TestUsingExistingNetworkMySqlPrivateModule 2023-08-01T06:40:38Z logger.go:66: module.sql-db.module.mysql[0].random_id.user-password: Destroying... [id=yV2L38a6sSI]
TestUsingExistingNetworkMySqlPrivateModule 2023-08-01T06:40:38Z logger.go:66: module.sql-db.module.mysql[0].random_id.user-password: Destruction complete after 0s
TestUsingExistingNetworkMySqlPrivateModule 2023-08-01T06:40:39Z logger.go:66: module.sql-db.module.mysql[0].google_sql_database.default[0]: Destruction complete after 1s
TestUsingExistingNetworkMySqlPrivateModule 2023-08-01T06:40:39Z logger.go:66: module.sql-db.module.mysql[0].google_sql_database_instance.default: Destroying... [id=cn-sqlinstance10-test-zo2]
TestUsingExistingNetworkMySqlPrivateModule 2023-08-01T06:40:49Z logger.go:66: module.sql-db.module.mysql[0].google_sql_database_instance.default: Still destroying... [id=cn-sqlinstance10-test-zo2, 10s elapsed]
TestUsingExistingNetworkMySqlPrivateModule 2023-08-01T06:40:59Z logger.go:66: module.sql-db.module.mysql[0].google_sql_database_instance.default: Still destroying... [id=cn-sqlinstance10-test-zo2, 20s elapsed]
TestUsingExistingNetworkMySqlPrivateModule 2023-08-01T06:41:09Z logger.go:66: module.sql-db.module.mysql[0].google_sql_database_instance.default: Still destroying... [id=cn-sqlinstance10-test-zo2, 30s elapsed]
TestUsingExistingNetworkMySqlPrivateModule 2023-08-01T06:41:19Z logger.go:66: module.sql-db.module.mysql[0].google_sql_database_instance.default: Still destroying... [id=cn-sqlinstance10-test-zo2, 40s elapsed]
TestUsingExistingNetworkMySqlPrivateModule 2023-08-01T06:41:29Z logger.go:66: module.sql-db.module.mysql[0].google_sql_database_instance.default: Still destroying... [id=cn-sqlinstance10-test-zo2, 50s elapsed]
TestUsingExistingNetworkMySqlPrivateModule 2023-08-01T06:41:39Z logger.go:66: module.sql-db.module.mysql[0].google_sql_database_instance.default: Still destroying... [id=cn-sqlinstance10-test-zo2, 1m0s elapsed]
TestUsingExistingNetworkMySqlPrivateModule 2023-08-01T06:41:49Z logger.go:66: module.sql-db.module.mysql[0].google_sql_database_instance.default: Still destroying... [id=cn-sqlinstance10-test-zo2, 1m10s elapsed]
TestUsingExistingNetworkMySqlPrivateModule 2023-08-01T06:41:53Z logger.go:66: module.sql-db.module.mysql[0].google_sql_database_instance.default: Destruction complete after 1m14s
TestUsingExistingNetworkMySqlPrivateModule 2023-08-01T06:41:53Z logger.go:66: module.sql-db.module.mysql[0].null_resource.module_depends_on: Destroying... [id=8837175149480725414]
TestUsingExistingNetworkMySqlPrivateModule 2023-08-01T06:41:53Z logger.go:66: module.sql-db.random_string.mysql_random_suffix[0]: Destroying... [id=zo2]
TestUsingExistingNetworkMySqlPrivateModule 2023-08-01T06:41:53Z logger.go:66: module.sql-db.module.mysql[0].null_resource.module_depends_on: Destruction complete after 0s
TestUsingExistingNetworkMySqlPrivateModule 2023-08-01T06:41:53Z logger.go:66: module.sql-db.random_string.mysql_random_suffix[0]: Destruction complete after 0s
TestUsingExistingNetworkMySqlPrivateModule 2023-08-01T06:41:53Z logger.go:66: module.host-vpc.google_compute_shared_vpc_service_project.service_projects["pm-service1-networking"]: Destroying... [id=pm-host-networking/pm-service1-networking]
TestUsingExistingNetworkMySqlPrivateModule 2023-08-01T06:41:53Z logger.go:66: module.host-vpc.google_compute_network_peering_routes_config.psa_routes["1"]: Destroying... [id=projects/pm-host-networking/global/networks/host-cloudsql-easy/networkPeerings/servicenetworking-googleapis-com]
TestUsingExistingNetworkMySqlPrivateModule 2023-08-01T06:41:53Z logger.go:66: module.host-vpc.google_compute_network_peering_routes_config.psa_routes["1"]: Destruction complete after 0s
TestUsingExistingNetworkMySqlPrivateModule 2023-08-01T06:41:53Z logger.go:66: module.host-vpc.google_service_networking_connection.psa_connection["1"]: Destroying... [id=projects%2Fpm-host-networking%2Fglobal%2Fnetworks%2Fhost-cloudsql-easy:servicenetworking.googleapis.com]
TestUsingExistingNetworkMySqlPrivateModule 2023-08-01T06:42:03Z logger.go:66: module.host-vpc.google_compute_shared_vpc_service_project.service_projects["pm-service1-networking"]: Still destroying... [id=pm-host-networking/pm-service1-networking, 10s elapsed]
TestUsingExistingNetworkMySqlPrivateModule 2023-08-01T06:42:03Z logger.go:66: module.host-vpc.google_service_networking_connection.psa_connection["1"]: Still destroying... [id=projects%2Fpm-host-networking%2Fglobal%...-easy:servicenetworking.googleapis.com, 10s elapsed]
TestUsingExistingNetworkMySqlPrivateModule 2023-08-01T06:42:13Z logger.go:66: module.host-vpc.google_compute_shared_vpc_service_project.service_projects["pm-service1-networking"]: Still destroying... [id=pm-host-networking/pm-service1-networking, 20s elapsed]
TestUsingExistingNetworkMySqlPrivateModule 2023-08-01T06:42:13Z logger.go:66: module.host-vpc.google_service_networking_connection.psa_connection["1"]: Still destroying... [id=projects%2Fpm-host-networking%2Fglobal%...-easy:servicenetworking.googleapis.com, 20s elapsed]
TestUsingExistingNetworkMySqlPrivateModule 2023-08-01T06:42:15Z logger.go:66: module.host-vpc.google_service_networking_connection.psa_connection["1"]: Destruction complete after 23s
TestUsingExistingNetworkMySqlPrivateModule 2023-08-01T06:42:15Z logger.go:66: module.host-vpc.google_compute_global_address.psa_ranges["privateip-range"]: Destroying... [id=projects/pm-host-networking/global/addresses/privateip-range]
TestUsingExistingNetworkMySqlPrivateModule 2023-08-01T06:42:23Z logger.go:66: module.host-vpc.google_compute_shared_vpc_service_project.service_projects["pm-service1-networking"]: Still destroying... [id=pm-host-networking/pm-service1-networking, 30s elapsed]
TestUsingExistingNetworkMySqlPrivateModule 2023-08-01T06:42:25Z logger.go:66: module.host-vpc.google_compute_global_address.psa_ranges["privateip-range"]: Still destroying... [id=projects/pm-host-networking/global/addresses/privateip-range, 10s elapsed]
TestUsingExistingNetworkMySqlPrivateModule 2023-08-01T06:42:27Z logger.go:66: module.host-vpc.google_compute_global_address.psa_ranges["privateip-range"]: Destruction complete after 12s
TestUsingExistingNetworkMySqlPrivateModule 2023-08-01T06:42:33Z logger.go:66: module.host-vpc.google_compute_shared_vpc_service_project.service_projects["pm-service1-networking"]: Still destroying... [id=pm-host-networking/pm-service1-networking, 40s elapsed]
TestUsingExistingNetworkMySqlPrivateModule 2023-08-01T06:42:43Z logger.go:66: module.host-vpc.google_compute_shared_vpc_service_project.service_projects["pm-service1-networking"]: Still destroying... [id=pm-host-networking/pm-service1-networking, 50s elapsed]
TestUsingExistingNetworkMySqlPrivateModule 2023-08-01T06:42:53Z logger.go:66: module.host-vpc.google_compute_shared_vpc_service_project.service_projects["pm-service1-networking"]: Still destroying... [id=pm-host-networking/pm-service1-networking, 1m0s elapsed]
TestUsingExistingNetworkMySqlPrivateModule 2023-08-01T06:43:03Z logger.go:66: module.host-vpc.google_compute_shared_vpc_service_project.service_projects["pm-service1-networking"]: Still destroying... [id=pm-host-networking/pm-service1-networking, 1m10s elapsed]
TestUsingExistingNetworkMySqlPrivateModule 2023-08-01T06:43:08Z logger.go:66: module.host-vpc.google_compute_shared_vpc_service_project.service_projects["pm-service1-networking"]: Destruction complete after 1m15s
TestUsingExistingNetworkMySqlPrivateModule 2023-08-01T06:43:08Z logger.go:66: module.host-vpc.google_compute_shared_vpc_host_project.shared_vpc_host[0]: Destroying... [id=pm-host-networking]
TestUsingExistingNetworkMySqlPrivateModule 2023-08-01T06:43:18Z logger.go:66: module.host-vpc.google_compute_shared_vpc_host_project.shared_vpc_host[0]: Still destroying... [id=pm-host-networking, 10s elapsed]
TestUsingExistingNetworkMySqlPrivateModule 2023-08-01T06:43:20Z logger.go:66: module.host-vpc.google_compute_shared_vpc_host_project.shared_vpc_host[0]: Destruction complete after 12s
TestUsingExistingNetworkMySqlPrivateModule 2023-08-01T06:43:20Z logger.go:66: module.host_project.module.project_services.google_project_service.project_services["sqladmin.googleapis.com"]: Destroying... [id=pm-host-networking/sqladmin.googleapis.com]
TestUsingExistingNetworkMySqlPrivateModule 2023-08-01T06:43:20Z logger.go:66: module.host_project.module.project_services.google_project_service.project_services["iam.googleapis.com"]: Destroying... [id=pm-host-networking/iam.googleapis.com]
TestUsingExistingNetworkMySqlPrivateModule 2023-08-01T06:43:20Z logger.go:66: module.project_services.module.project_services.google_project_service.project_services["monitoring.googleapis.com"]: Destroying... [id=pm-service1-networking/monitoring.googleapis.com]
TestUsingExistingNetworkMySqlPrivateModule 2023-08-01T06:43:20Z logger.go:66: module.project_services.module.project_services.google_project_service.project_services["cloudresourcemanager.googleapis.com"]: Destroying... [id=pm-service1-networking/cloudresourcemanager.googleapis.com]
TestUsingExistingNetworkMySqlPrivateModule 2023-08-01T06:43:20Z logger.go:66: module.host_project.module.project_services.google_project_service.project_services["monitoring.googleapis.com"]: Destroying... [id=pm-host-networking/monitoring.googleapis.com]
TestUsingExistingNetworkMySqlPrivateModule 2023-08-01T06:43:20Z logger.go:66: module.project_services.module.project_services.google_project_service.project_services["servicenetworking.googleapis.com"]: Destroying... [id=pm-service1-networking/servicenetworking.googleapis.com]
TestUsingExistingNetworkMySqlPrivateModule 2023-08-01T06:43:20Z logger.go:66: module.project_services.module.project_services.google_project_service.project_services["logging.googleapis.com"]: Destroying... [id=pm-service1-networking/logging.googleapis.com]
TestUsingExistingNetworkMySqlPrivateModule 2023-08-01T06:43:20Z logger.go:66: module.host_project.module.project_services.google_project_service.project_services["logging.googleapis.com"]: Destroying... [id=pm-host-networking/logging.googleapis.com]
TestUsingExistingNetworkMySqlPrivateModule 2023-08-01T06:43:20Z logger.go:66: module.project_services.module.project_services.google_project_service.project_services["sqladmin.googleapis.com"]: Destroying... [id=pm-service1-networking/sqladmin.googleapis.com]
TestUsingExistingNetworkMySqlPrivateModule 2023-08-01T06:43:20Z logger.go:66: module.host_project.module.project_services.google_project_service.project_services["compute.googleapis.com"]: Destroying... [id=pm-host-networking/compute.googleapis.com]
TestUsingExistingNetworkMySqlPrivateModule 2023-08-01T06:43:20Z logger.go:66: module.project_services.module.project_services.google_project_service.project_services["cloudresourcemanager.googleapis.com"]: Destruction complete after 0s
TestUsingExistingNetworkMySqlPrivateModule 2023-08-01T06:43:20Z logger.go:66: module.project_services.module.project_services.google_project_service.project_services["logging.googleapis.com"]: Destruction complete after 0s
TestUsingExistingNetworkMySqlPrivateModule 2023-08-01T06:43:20Z logger.go:66: module.project_services.module.project_services.google_project_service.project_services["monitoring.googleapis.com"]: Destruction complete after 0s
TestUsingExistingNetworkMySqlPrivateModule 2023-08-01T06:43:20Z logger.go:66: module.host_project.module.project_services.google_project_service.project_services["logging.googleapis.com"]: Destruction complete after 0s
TestUsingExistingNetworkMySqlPrivateModule 2023-08-01T06:43:20Z logger.go:66: module.host_project.module.project_services.google_project_service.project_services["servicenetworking.googleapis.com"]: Destroying... [id=pm-host-networking/servicenetworking.googleapis.com]
TestUsingExistingNetworkMySqlPrivateModule 2023-08-01T06:43:20Z logger.go:66: module.host_project.module.project_services.google_project_service.project_services["cloudresourcemanager.googleapis.com"]: Destroying... [id=pm-host-networking/cloudresourcemanager.googleapis.com]
TestUsingExistingNetworkMySqlPrivateModule 2023-08-01T06:43:20Z logger.go:66: module.project_services.module.project_services.google_project_service.project_services["sqladmin.googleapis.com"]: Destruction complete after 0s
TestUsingExistingNetworkMySqlPrivateModule 2023-08-01T06:43:20Z logger.go:66: module.project_services.module.project_services.google_project_service.project_services["compute.googleapis.com"]: Destroying... [id=pm-service1-networking/compute.googleapis.com]
TestUsingExistingNetworkMySqlPrivateModule 2023-08-01T06:43:20Z logger.go:66: module.project_services.module.project_services.google_project_service.project_services["iam.googleapis.com"]: Destroying... [id=pm-service1-networking/iam.googleapis.com]
TestUsingExistingNetworkMySqlPrivateModule 2023-08-01T06:43:20Z logger.go:66: module.project_services.module.project_services.google_project_service.project_services["iam.googleapis.com"]: Destruction complete after 0s
TestUsingExistingNetworkMySqlPrivateModule 2023-08-01T06:43:20Z logger.go:66: module.host_project.module.project_services.google_project_service.project_services["cloudresourcemanager.googleapis.com"]: Destruction complete after 0s
TestUsingExistingNetworkMySqlPrivateModule 2023-08-01T06:43:20Z logger.go:66: module.host_project.module.project_services.google_project_service.project_services["compute.googleapis.com"]: Destruction complete after 0s
TestUsingExistingNetworkMySqlPrivateModule 2023-08-01T06:43:20Z logger.go:66: module.host_project.module.project_services.google_project_service.project_services["iam.googleapis.com"]: Destruction complete after 0s
TestUsingExistingNetworkMySqlPrivateModule 2023-08-01T06:43:20Z logger.go:66: module.host_project.module.project_services.google_project_service.project_services["sqladmin.googleapis.com"]: Destruction complete after 0s
TestUsingExistingNetworkMySqlPrivateModule 2023-08-01T06:43:20Z logger.go:66: module.host_project.module.project_services.google_project_service.project_services["servicenetworking.googleapis.com"]: Destruction complete after 0s
TestUsingExistingNetworkMySqlPrivateModule 2023-08-01T06:43:20Z logger.go:66: module.host_project.module.project_services.google_project_service.project_services["monitoring.googleapis.com"]: Destruction complete after 0s
TestUsingExistingNetworkMySqlPrivateModule 2023-08-01T06:43:20Z logger.go:66: module.project_services.module.project_services.google_project_service.project_services["compute.googleapis.com"]: Destruction complete after 0s
TestUsingExistingNetworkMySqlPrivateModule 2023-08-01T06:43:20Z logger.go:66: module.project_services.module.project_services.google_project_service.project_services["servicenetworking.googleapis.com"]: Destruction complete after 0s
TestUsingExistingNetworkMySqlPrivateModule 2023-08-01T06:43:20Z logger.go:66: 
TestUsingExistingNetworkMySqlPrivateModule 2023-08-01T06:43:20Z logger.go:66: Destroy complete! Resources: 44 destroyed.
--- FAIL: TestUsingExistingNetworkMySqlPrivateModule (847.46s)
FAIL
FAIL	int_test	1745.955s
FAIL
