=== RUN   TestMySqlPrivateModule
TestMySqlPrivateModule 2023-07-27T04:25:25Z retry.go:91: terraform [init -upgrade=false -no-color]
TestMySqlPrivateModule 2023-07-27T04:25:25Z logger.go:66: Running command terraform with args [init -upgrade=false -no-color]
TestMySqlPrivateModule 2023-07-27T04:25:25Z logger.go:66: 
TestMySqlPrivateModule 2023-07-27T04:25:25Z logger.go:66: Initializing the backend...
TestMySqlPrivateModule 2023-07-27T04:25:25Z logger.go:66: Initializing modules...
TestMySqlPrivateModule 2023-07-27T04:25:26Z logger.go:66: 
TestMySqlPrivateModule 2023-07-27T04:25:26Z logger.go:66: Initializing provider plugins...
TestMySqlPrivateModule 2023-07-27T04:25:26Z logger.go:66: - Reusing previous version of hashicorp/random from the dependency lock file
TestMySqlPrivateModule 2023-07-27T04:25:26Z logger.go:66: - Reusing previous version of hashicorp/null from the dependency lock file
TestMySqlPrivateModule 2023-07-27T04:25:26Z logger.go:66: - Reusing previous version of hashicorp/google from the dependency lock file
TestMySqlPrivateModule 2023-07-27T04:25:26Z logger.go:66: - Reusing previous version of hashicorp/google-beta from the dependency lock file
TestMySqlPrivateModule 2023-07-27T04:25:26Z logger.go:66: - Using previously-installed hashicorp/random v3.1.3
TestMySqlPrivateModule 2023-07-27T04:25:26Z logger.go:66: - Using previously-installed hashicorp/null v3.1.1
TestMySqlPrivateModule 2023-07-27T04:25:26Z logger.go:66: - Using previously-installed hashicorp/google v3.90.1
TestMySqlPrivateModule 2023-07-27T04:25:26Z logger.go:66: - Using previously-installed hashicorp/google-beta v3.90.1
TestMySqlPrivateModule 2023-07-27T04:25:26Z logger.go:66: 
TestMySqlPrivateModule 2023-07-27T04:25:26Z logger.go:66: Terraform has been successfully initialized!
TestMySqlPrivateModule 2023-07-27T04:25:26Z logger.go:66: 
TestMySqlPrivateModule 2023-07-27T04:25:26Z logger.go:66: You may now begin working with Terraform. Try running "terraform plan" to see
TestMySqlPrivateModule 2023-07-27T04:25:26Z logger.go:66: any changes that are required for your infrastructure. All Terraform commands
TestMySqlPrivateModule 2023-07-27T04:25:26Z logger.go:66: should now work.
TestMySqlPrivateModule 2023-07-27T04:25:26Z logger.go:66: 
TestMySqlPrivateModule 2023-07-27T04:25:26Z logger.go:66: If you ever set or change modules or backend configuration for Terraform,
TestMySqlPrivateModule 2023-07-27T04:25:26Z logger.go:66: rerun this command to reinitialize your working directory. If you forget, other
TestMySqlPrivateModule 2023-07-27T04:25:26Z logger.go:66: commands will detect it and remind you to do so if necessary.
TestMySqlPrivateModule 2023-07-27T04:25:26Z retry.go:91: terraform [apply -input=false -auto-approve -var-file dev.tfvars -no-color -lock=false]
TestMySqlPrivateModule 2023-07-27T04:25:26Z logger.go:66: Running command terraform with args [apply -input=false -auto-approve -var-file dev.tfvars -no-color -lock=false]
TestMySqlPrivateModule 2023-07-27T04:25:30Z logger.go:66: 
TestMySqlPrivateModule 2023-07-27T04:25:30Z logger.go:66: Terraform used the selected providers to generate the following execution
TestMySqlPrivateModule 2023-07-27T04:25:30Z logger.go:66: plan. Resource actions are indicated with the following symbols:
TestMySqlPrivateModule 2023-07-27T04:25:30Z logger.go:66:   + create
TestMySqlPrivateModule 2023-07-27T04:25:30Z logger.go:66:  <= read (data resources)
TestMySqlPrivateModule 2023-07-27T04:25:30Z logger.go:66: 
TestMySqlPrivateModule 2023-07-27T04:25:30Z logger.go:66: Terraform will perform the following actions:
TestMySqlPrivateModule 2023-07-27T04:25:30Z logger.go:66: 
TestMySqlPrivateModule 2023-07-27T04:25:30Z logger.go:66:   # module.gce_sa.google_project_iam_member.project-roles["pm-singleproject-20-roles/compute.networkUser"] will be created
TestMySqlPrivateModule 2023-07-27T04:25:30Z logger.go:66:   + resource "google_project_iam_member" "project-roles" {
TestMySqlPrivateModule 2023-07-27T04:25:30Z logger.go:66:       + etag    = (known after apply)
TestMySqlPrivateModule 2023-07-27T04:25:30Z logger.go:66:       + id      = (known after apply)
TestMySqlPrivateModule 2023-07-27T04:25:30Z logger.go:66:       + member  = (known after apply)
TestMySqlPrivateModule 2023-07-27T04:25:30Z logger.go:66:       + project = "pm-singleproject-20"
TestMySqlPrivateModule 2023-07-27T04:25:30Z logger.go:66:       + role    = "roles/compute.networkUser"
TestMySqlPrivateModule 2023-07-27T04:25:30Z logger.go:66:     }
TestMySqlPrivateModule 2023-07-27T04:25:30Z logger.go:66: 
TestMySqlPrivateModule 2023-07-27T04:25:30Z logger.go:66:   # module.gce_sa.google_project_iam_member.project-roles["pm-test-10-e90f-roles/cloudsql.client"] will be created
TestMySqlPrivateModule 2023-07-27T04:25:30Z logger.go:66:   + resource "google_project_iam_member" "project-roles" {
TestMySqlPrivateModule 2023-07-27T04:25:30Z logger.go:66:       + etag    = (known after apply)
TestMySqlPrivateModule 2023-07-27T04:25:30Z logger.go:66:       + id      = (known after apply)
TestMySqlPrivateModule 2023-07-27T04:25:30Z logger.go:66:       + member  = (known after apply)
TestMySqlPrivateModule 2023-07-27T04:25:30Z logger.go:66:       + project = "pm-test-10-e90f"
TestMySqlPrivateModule 2023-07-27T04:25:30Z logger.go:66:       + role    = "roles/cloudsql.client"
TestMySqlPrivateModule 2023-07-27T04:25:30Z logger.go:66:     }
TestMySqlPrivateModule 2023-07-27T04:25:30Z logger.go:66: 
TestMySqlPrivateModule 2023-07-27T04:25:30Z logger.go:66:   # module.gce_sa.google_project_iam_member.project-roles["pm-test-10-e90f-roles/iam.serviceAccountUser"] will be created
TestMySqlPrivateModule 2023-07-27T04:25:30Z logger.go:66:   + resource "google_project_iam_member" "project-roles" {
TestMySqlPrivateModule 2023-07-27T04:25:30Z logger.go:66:       + etag    = (known after apply)
TestMySqlPrivateModule 2023-07-27T04:25:30Z logger.go:66:       + id      = (known after apply)
TestMySqlPrivateModule 2023-07-27T04:25:30Z logger.go:66:       + member  = (known after apply)
TestMySqlPrivateModule 2023-07-27T04:25:30Z logger.go:66:       + project = "pm-test-10-e90f"
TestMySqlPrivateModule 2023-07-27T04:25:30Z logger.go:66:       + role    = "roles/iam.serviceAccountUser"
TestMySqlPrivateModule 2023-07-27T04:25:30Z logger.go:66:     }
TestMySqlPrivateModule 2023-07-27T04:25:30Z logger.go:66: 
TestMySqlPrivateModule 2023-07-27T04:25:30Z logger.go:66:   # module.gce_sa.google_service_account.service_account[0] will be created
TestMySqlPrivateModule 2023-07-27T04:25:30Z logger.go:66:   + resource "google_service_account" "service_account" {
TestMySqlPrivateModule 2023-07-27T04:25:30Z logger.go:66:       + account_id   = "gce-sa"
TestMySqlPrivateModule 2023-07-27T04:25:30Z logger.go:66:       + disabled     = false
TestMySqlPrivateModule 2023-07-27T04:25:30Z logger.go:66:       + display_name = "Terraform-managed."
TestMySqlPrivateModule 2023-07-27T04:25:30Z logger.go:66:       + email        = (known after apply)
TestMySqlPrivateModule 2023-07-27T04:25:30Z logger.go:66:       + id           = (known after apply)
TestMySqlPrivateModule 2023-07-27T04:25:30Z logger.go:66:       + name         = (known after apply)
TestMySqlPrivateModule 2023-07-27T04:25:30Z logger.go:66:       + project      = "pm-test-10-e90f"
TestMySqlPrivateModule 2023-07-27T04:25:30Z logger.go:66:       + unique_id    = (known after apply)
TestMySqlPrivateModule 2023-07-27T04:25:30Z logger.go:66:     }
TestMySqlPrivateModule 2023-07-27T04:25:30Z logger.go:66: 
TestMySqlPrivateModule 2023-07-27T04:25:30Z logger.go:66:   # module.host-vpc.data.google_compute_global_address.my_address["privateip-range"] will be read during apply
TestMySqlPrivateModule 2023-07-27T04:25:30Z logger.go:66:   # (depends on a resource or a module with changes pending)
TestMySqlPrivateModule 2023-07-27T04:25:30Z logger.go:66:  <= data "google_compute_global_address" "my_address" {
TestMySqlPrivateModule 2023-07-27T04:25:30Z logger.go:66:       + address   = (known after apply)
TestMySqlPrivateModule 2023-07-27T04:25:30Z logger.go:66:       + id        = (known after apply)
TestMySqlPrivateModule 2023-07-27T04:25:30Z logger.go:66:       + name      = "privateip-range"
TestMySqlPrivateModule 2023-07-27T04:25:30Z logger.go:66:       + project   = "pm-singleproject-20"
TestMySqlPrivateModule 2023-07-27T04:25:30Z logger.go:66:       + self_link = (known after apply)
TestMySqlPrivateModule 2023-07-27T04:25:30Z logger.go:66:       + status    = (known after apply)
TestMySqlPrivateModule 2023-07-27T04:25:30Z logger.go:66:     }
TestMySqlPrivateModule 2023-07-27T04:25:30Z logger.go:66: 
TestMySqlPrivateModule 2023-07-27T04:25:30Z logger.go:66:   # module.host-vpc.google_compute_global_address.psa_ranges["privateip-range"] will be created
TestMySqlPrivateModule 2023-07-27T04:25:30Z logger.go:66:   + resource "google_compute_global_address" "psa_ranges" {
TestMySqlPrivateModule 2023-07-27T04:25:30Z logger.go:66:       + address            = (known after apply)
TestMySqlPrivateModule 2023-07-27T04:25:30Z logger.go:66:       + address_type       = "INTERNAL"
TestMySqlPrivateModule 2023-07-27T04:25:30Z logger.go:66:       + creation_timestamp = (known after apply)
TestMySqlPrivateModule 2023-07-27T04:25:30Z logger.go:66:       + id                 = (known after apply)
TestMySqlPrivateModule 2023-07-27T04:25:30Z logger.go:66:       + name               = "privateip-range"
TestMySqlPrivateModule 2023-07-27T04:25:30Z logger.go:66:       + network            = (known after apply)
TestMySqlPrivateModule 2023-07-27T04:25:30Z logger.go:66:       + prefix_length      = 20
TestMySqlPrivateModule 2023-07-27T04:25:30Z logger.go:66:       + project            = "pm-singleproject-20"
TestMySqlPrivateModule 2023-07-27T04:25:30Z logger.go:66:       + purpose            = "VPC_PEERING"
TestMySqlPrivateModule 2023-07-27T04:25:30Z logger.go:66:       + self_link          = (known after apply)
TestMySqlPrivateModule 2023-07-27T04:25:30Z logger.go:66:     }
TestMySqlPrivateModule 2023-07-27T04:25:30Z logger.go:66: 
TestMySqlPrivateModule 2023-07-27T04:25:30Z logger.go:66:   # module.host-vpc.google_compute_network.network[0] will be created
TestMySqlPrivateModule 2023-07-27T04:25:30Z logger.go:66:   + resource "google_compute_network" "network" {
TestMySqlPrivateModule 2023-07-27T04:25:30Z logger.go:66:       + auto_create_subnetworks         = false
TestMySqlPrivateModule 2023-07-27T04:25:30Z logger.go:66:       + delete_default_routes_on_create = false
TestMySqlPrivateModule 2023-07-27T04:25:30Z logger.go:66:       + description                     = "Terraform-managed."
TestMySqlPrivateModule 2023-07-27T04:25:30Z logger.go:66:       + gateway_ipv4                    = (known after apply)
TestMySqlPrivateModule 2023-07-27T04:25:30Z logger.go:66:       + id                              = (known after apply)
TestMySqlPrivateModule 2023-07-27T04:25:30Z logger.go:66:       + mtu                             = (known after apply)
TestMySqlPrivateModule 2023-07-27T04:25:30Z logger.go:66:       + name                            = "cloudsql-easy"
TestMySqlPrivateModule 2023-07-27T04:25:30Z logger.go:66:       + project                         = "pm-singleproject-20"
TestMySqlPrivateModule 2023-07-27T04:25:30Z logger.go:66:       + routing_mode                    = "GLOBAL"
TestMySqlPrivateModule 2023-07-27T04:25:30Z logger.go:66:       + self_link                       = (known after apply)
TestMySqlPrivateModule 2023-07-27T04:25:30Z logger.go:66:     }
TestMySqlPrivateModule 2023-07-27T04:25:30Z logger.go:66: 
TestMySqlPrivateModule 2023-07-27T04:25:30Z logger.go:66:   # module.host-vpc.google_compute_network_peering_routes_config.psa_routes["1"] will be created
TestMySqlPrivateModule 2023-07-27T04:25:30Z logger.go:66:   + resource "google_compute_network_peering_routes_config" "psa_routes" {
TestMySqlPrivateModule 2023-07-27T04:25:30Z logger.go:66:       + export_custom_routes = true
TestMySqlPrivateModule 2023-07-27T04:25:30Z logger.go:66:       + id                   = (known after apply)
TestMySqlPrivateModule 2023-07-27T04:25:30Z logger.go:66:       + import_custom_routes = true
TestMySqlPrivateModule 2023-07-27T04:25:30Z logger.go:66:       + network              = (known after apply)
TestMySqlPrivateModule 2023-07-27T04:25:30Z logger.go:66:       + peering              = (known after apply)
TestMySqlPrivateModule 2023-07-27T04:25:30Z logger.go:66:       + project              = "pm-singleproject-20"
TestMySqlPrivateModule 2023-07-27T04:25:30Z logger.go:66:     }
TestMySqlPrivateModule 2023-07-27T04:25:30Z logger.go:66: 
TestMySqlPrivateModule 2023-07-27T04:25:30Z logger.go:66:   # module.host-vpc.google_compute_route.gateway["private-googleapis"] will be created
TestMySqlPrivateModule 2023-07-27T04:25:30Z logger.go:66:   + resource "google_compute_route" "gateway" {
TestMySqlPrivateModule 2023-07-27T04:25:30Z logger.go:66:       + description            = "Terraform-managed."
TestMySqlPrivateModule 2023-07-27T04:25:30Z logger.go:66:       + dest_range             = "199.36.153.8/30"
TestMySqlPrivateModule 2023-07-27T04:25:30Z logger.go:66:       + id                     = (known after apply)
TestMySqlPrivateModule 2023-07-27T04:25:30Z logger.go:66:       + name                   = "cloudsql-easy-private-googleapis"
TestMySqlPrivateModule 2023-07-27T04:25:30Z logger.go:66:       + network                = (known after apply)
TestMySqlPrivateModule 2023-07-27T04:25:30Z logger.go:66:       + next_hop_gateway       = "default-internet-gateway"
TestMySqlPrivateModule 2023-07-27T04:25:30Z logger.go:66:       + next_hop_instance_zone = (known after apply)
TestMySqlPrivateModule 2023-07-27T04:25:30Z logger.go:66:       + next_hop_ip            = (known after apply)
TestMySqlPrivateModule 2023-07-27T04:25:30Z logger.go:66:       + next_hop_network       = (known after apply)
TestMySqlPrivateModule 2023-07-27T04:25:30Z logger.go:66:       + priority               = 1000
TestMySqlPrivateModule 2023-07-27T04:25:30Z logger.go:66:       + project                = "pm-singleproject-20"
TestMySqlPrivateModule 2023-07-27T04:25:30Z logger.go:66:       + self_link              = (known after apply)
TestMySqlPrivateModule 2023-07-27T04:25:30Z logger.go:66:     }
TestMySqlPrivateModule 2023-07-27T04:25:30Z logger.go:66: 
TestMySqlPrivateModule 2023-07-27T04:25:30Z logger.go:66:   # module.host-vpc.google_compute_route.gateway["restricted-googleapis"] will be created
TestMySqlPrivateModule 2023-07-27T04:25:30Z logger.go:66:   + resource "google_compute_route" "gateway" {
TestMySqlPrivateModule 2023-07-27T04:25:30Z logger.go:66:       + description            = "Terraform-managed."
TestMySqlPrivateModule 2023-07-27T04:25:30Z logger.go:66:       + dest_range             = "199.36.153.4/30"
TestMySqlPrivateModule 2023-07-27T04:25:30Z logger.go:66:       + id                     = (known after apply)
TestMySqlPrivateModule 2023-07-27T04:25:30Z logger.go:66:       + name                   = "cloudsql-easy-restricted-googleapis"
TestMySqlPrivateModule 2023-07-27T04:25:30Z logger.go:66:       + network                = (known after apply)
TestMySqlPrivateModule 2023-07-27T04:25:30Z logger.go:66:       + next_hop_gateway       = "default-internet-gateway"
TestMySqlPrivateModule 2023-07-27T04:25:30Z logger.go:66:       + next_hop_instance_zone = (known after apply)
TestMySqlPrivateModule 2023-07-27T04:25:30Z logger.go:66:       + next_hop_ip            = (known after apply)
TestMySqlPrivateModule 2023-07-27T04:25:30Z logger.go:66:       + next_hop_network       = (known after apply)
TestMySqlPrivateModule 2023-07-27T04:25:30Z logger.go:66:       + priority               = 1000
TestMySqlPrivateModule 2023-07-27T04:25:30Z logger.go:66:       + project                = "pm-singleproject-20"
TestMySqlPrivateModule 2023-07-27T04:25:30Z logger.go:66:       + self_link              = (known after apply)
TestMySqlPrivateModule 2023-07-27T04:25:30Z logger.go:66:     }
TestMySqlPrivateModule 2023-07-27T04:25:30Z logger.go:66: 
TestMySqlPrivateModule 2023-07-27T04:25:30Z logger.go:66:   # module.host-vpc.google_compute_shared_vpc_host_project.shared_vpc_host[0] will be created
TestMySqlPrivateModule 2023-07-27T04:25:30Z logger.go:66:   + resource "google_compute_shared_vpc_host_project" "shared_vpc_host" {
TestMySqlPrivateModule 2023-07-27T04:25:30Z logger.go:66:       + id      = (known after apply)
TestMySqlPrivateModule 2023-07-27T04:25:30Z logger.go:66:       + project = "pm-singleproject-20"
TestMySqlPrivateModule 2023-07-27T04:25:30Z logger.go:66:     }
TestMySqlPrivateModule 2023-07-27T04:25:30Z logger.go:66: 
TestMySqlPrivateModule 2023-07-27T04:25:30Z logger.go:66:   # module.host-vpc.google_compute_shared_vpc_service_project.service_projects["pm-test-10-e90f"] will be created
TestMySqlPrivateModule 2023-07-27T04:25:30Z logger.go:66:   + resource "google_compute_shared_vpc_service_project" "service_projects" {
TestMySqlPrivateModule 2023-07-27T04:25:30Z logger.go:66:       + host_project    = "pm-singleproject-20"
TestMySqlPrivateModule 2023-07-27T04:25:30Z logger.go:66:       + id              = (known after apply)
TestMySqlPrivateModule 2023-07-27T04:25:30Z logger.go:66:       + service_project = "pm-test-10-e90f"
TestMySqlPrivateModule 2023-07-27T04:25:30Z logger.go:66:     }
TestMySqlPrivateModule 2023-07-27T04:25:30Z logger.go:66: 
TestMySqlPrivateModule 2023-07-27T04:25:30Z logger.go:66:   # module.host-vpc.google_compute_subnetwork.subnetwork["us-central1/cloudsql-easy-subnet"] will be created
TestMySqlPrivateModule 2023-07-27T04:25:30Z logger.go:66:   + resource "google_compute_subnetwork" "subnetwork" {
TestMySqlPrivateModule 2023-07-27T04:25:30Z logger.go:66:       + creation_timestamp         = (known after apply)
TestMySqlPrivateModule 2023-07-27T04:25:30Z logger.go:66:       + description                = "Terraform-managed."
TestMySqlPrivateModule 2023-07-27T04:25:30Z logger.go:66:       + external_ipv6_prefix       = (known after apply)
TestMySqlPrivateModule 2023-07-27T04:25:30Z logger.go:66:       + fingerprint                = (known after apply)
TestMySqlPrivateModule 2023-07-27T04:25:30Z logger.go:66:       + gateway_address            = (known after apply)
TestMySqlPrivateModule 2023-07-27T04:25:30Z logger.go:66:       + id                         = (known after apply)
TestMySqlPrivateModule 2023-07-27T04:25:30Z logger.go:66:       + ip_cidr_range              = "10.2.0.0/16"
TestMySqlPrivateModule 2023-07-27T04:25:30Z logger.go:66:       + ipv6_cidr_range            = (known after apply)
TestMySqlPrivateModule 2023-07-27T04:25:30Z logger.go:66:       + name                       = "cloudsql-easy-subnet"
TestMySqlPrivateModule 2023-07-27T04:25:30Z logger.go:66:       + network                    = (known after apply)
TestMySqlPrivateModule 2023-07-27T04:25:30Z logger.go:66:       + private_ip_google_access   = true
TestMySqlPrivateModule 2023-07-27T04:25:30Z logger.go:66:       + private_ipv6_google_access = (known after apply)
TestMySqlPrivateModule 2023-07-27T04:25:30Z logger.go:66:       + project                    = "pm-singleproject-20"
TestMySqlPrivateModule 2023-07-27T04:25:30Z logger.go:66:       + purpose                    = (known after apply)
TestMySqlPrivateModule 2023-07-27T04:25:30Z logger.go:66:       + region                     = "us-central1"
TestMySqlPrivateModule 2023-07-27T04:25:30Z logger.go:66:       + secondary_ip_range         = []
TestMySqlPrivateModule 2023-07-27T04:25:30Z logger.go:66:       + self_link                  = (known after apply)
TestMySqlPrivateModule 2023-07-27T04:25:30Z logger.go:66:       + stack_type                 = (known after apply)
TestMySqlPrivateModule 2023-07-27T04:25:30Z logger.go:66: 
TestMySqlPrivateModule 2023-07-27T04:25:30Z logger.go:66:       + log_config {
TestMySqlPrivateModule 2023-07-27T04:25:30Z logger.go:66:           + aggregation_interval = "INTERVAL_10_MIN"
TestMySqlPrivateModule 2023-07-27T04:25:30Z logger.go:66:           + filter_expr          = "true"
TestMySqlPrivateModule 2023-07-27T04:25:30Z logger.go:66:           + flow_sampling        = 0.5
TestMySqlPrivateModule 2023-07-27T04:25:30Z logger.go:66:           + metadata             = "INCLUDE_ALL_METADATA"
TestMySqlPrivateModule 2023-07-27T04:25:30Z logger.go:66:         }
TestMySqlPrivateModule 2023-07-27T04:25:30Z logger.go:66:     }
TestMySqlPrivateModule 2023-07-27T04:25:30Z logger.go:66: 
TestMySqlPrivateModule 2023-07-27T04:25:30Z logger.go:66:   # module.host-vpc.google_service_networking_connection.psa_connection["1"] will be created
TestMySqlPrivateModule 2023-07-27T04:25:30Z logger.go:66:   + resource "google_service_networking_connection" "psa_connection" {
TestMySqlPrivateModule 2023-07-27T04:25:30Z logger.go:66:       + id                      = (known after apply)
TestMySqlPrivateModule 2023-07-27T04:25:30Z logger.go:66:       + network                 = (known after apply)
TestMySqlPrivateModule 2023-07-27T04:25:30Z logger.go:66:       + peering                 = (known after apply)
TestMySqlPrivateModule 2023-07-27T04:25:30Z logger.go:66:       + reserved_peering_ranges = [
TestMySqlPrivateModule 2023-07-27T04:25:30Z logger.go:66:           + "privateip-range",
TestMySqlPrivateModule 2023-07-27T04:25:30Z logger.go:66:         ]
TestMySqlPrivateModule 2023-07-27T04:25:30Z logger.go:66:       + service                 = "servicenetworking.googleapis.com"
TestMySqlPrivateModule 2023-07-27T04:25:30Z logger.go:66:     }
TestMySqlPrivateModule 2023-07-27T04:25:30Z logger.go:66: 
TestMySqlPrivateModule 2023-07-27T04:25:30Z logger.go:66:   # module.sql-db.random_string.mysql_random_suffix[0] will be created
TestMySqlPrivateModule 2023-07-27T04:25:30Z logger.go:66:   + resource "random_string" "mysql_random_suffix" {
TestMySqlPrivateModule 2023-07-27T04:25:30Z logger.go:66:       + id          = (known after apply)
TestMySqlPrivateModule 2023-07-27T04:25:30Z logger.go:66:       + length      = 3
TestMySqlPrivateModule 2023-07-27T04:25:30Z logger.go:66:       + lower       = true
TestMySqlPrivateModule 2023-07-27T04:25:30Z logger.go:66:       + min_lower   = 0
TestMySqlPrivateModule 2023-07-27T04:25:30Z logger.go:66:       + min_numeric = 0
TestMySqlPrivateModule 2023-07-27T04:25:30Z logger.go:66:       + min_special = 0
TestMySqlPrivateModule 2023-07-27T04:25:30Z logger.go:66:       + min_upper   = 0
TestMySqlPrivateModule 2023-07-27T04:25:30Z logger.go:66:       + number      = true
TestMySqlPrivateModule 2023-07-27T04:25:30Z logger.go:66:       + result      = (known after apply)
TestMySqlPrivateModule 2023-07-27T04:25:30Z logger.go:66:       + special     = false
TestMySqlPrivateModule 2023-07-27T04:25:30Z logger.go:66:       + upper       = false
TestMySqlPrivateModule 2023-07-27T04:25:30Z logger.go:66:     }
TestMySqlPrivateModule 2023-07-27T04:25:30Z logger.go:66: 
TestMySqlPrivateModule 2023-07-27T04:25:30Z logger.go:66:   # module.terraform_service_accounts.google_project_iam_member.project-roles["pm-singleproject-20-roles/compute.networkAdmin"] will be created
TestMySqlPrivateModule 2023-07-27T04:25:30Z logger.go:66:   + resource "google_project_iam_member" "project-roles" {
TestMySqlPrivateModule 2023-07-27T04:25:30Z logger.go:66:       + etag    = (known after apply)
TestMySqlPrivateModule 2023-07-27T04:25:30Z logger.go:66:       + id      = (known after apply)
TestMySqlPrivateModule 2023-07-27T04:25:30Z logger.go:66:       + member  = (known after apply)
TestMySqlPrivateModule 2023-07-27T04:25:30Z logger.go:66:       + project = "pm-singleproject-20"
TestMySqlPrivateModule 2023-07-27T04:25:30Z logger.go:66:       + role    = "roles/compute.networkAdmin"
TestMySqlPrivateModule 2023-07-27T04:25:30Z logger.go:66:     }
TestMySqlPrivateModule 2023-07-27T04:25:30Z logger.go:66: 
TestMySqlPrivateModule 2023-07-27T04:25:30Z logger.go:66:   # module.terraform_service_accounts.google_project_iam_member.project-roles["pm-singleproject-20-roles/compute.networkUser"] will be created
TestMySqlPrivateModule 2023-07-27T04:25:30Z logger.go:66:   + resource "google_project_iam_member" "project-roles" {
TestMySqlPrivateModule 2023-07-27T04:25:30Z logger.go:66:       + etag    = (known after apply)
TestMySqlPrivateModule 2023-07-27T04:25:30Z logger.go:66:       + id      = (known after apply)
TestMySqlPrivateModule 2023-07-27T04:25:30Z logger.go:66:       + member  = (known after apply)
TestMySqlPrivateModule 2023-07-27T04:25:30Z logger.go:66:       + project = "pm-singleproject-20"
TestMySqlPrivateModule 2023-07-27T04:25:30Z logger.go:66:       + role    = "roles/compute.networkUser"
TestMySqlPrivateModule 2023-07-27T04:25:30Z logger.go:66:     }
TestMySqlPrivateModule 2023-07-27T04:25:30Z logger.go:66: 
TestMySqlPrivateModule 2023-07-27T04:25:30Z logger.go:66:   # module.terraform_service_accounts.google_project_iam_member.project-roles["pm-singleproject-20-roles/compute.securityAdmin"] will be created
TestMySqlPrivateModule 2023-07-27T04:25:30Z logger.go:66:   + resource "google_project_iam_member" "project-roles" {
TestMySqlPrivateModule 2023-07-27T04:25:30Z logger.go:66:       + etag    = (known after apply)
TestMySqlPrivateModule 2023-07-27T04:25:30Z logger.go:66:       + id      = (known after apply)
TestMySqlPrivateModule 2023-07-27T04:25:30Z logger.go:66:       + member  = (known after apply)
TestMySqlPrivateModule 2023-07-27T04:25:30Z logger.go:66:       + project = "pm-singleproject-20"
TestMySqlPrivateModule 2023-07-27T04:25:30Z logger.go:66:       + role    = "roles/compute.securityAdmin"
TestMySqlPrivateModule 2023-07-27T04:25:30Z logger.go:66:     }
TestMySqlPrivateModule 2023-07-27T04:25:30Z logger.go:66: 
TestMySqlPrivateModule 2023-07-27T04:25:30Z logger.go:66:   # module.terraform_service_accounts.google_project_iam_member.project-roles["pm-singleproject-20-roles/iam.serviceAccountAdmin"] will be created
TestMySqlPrivateModule 2023-07-27T04:25:30Z logger.go:66:   + resource "google_project_iam_member" "project-roles" {
TestMySqlPrivateModule 2023-07-27T04:25:30Z logger.go:66:       + etag    = (known after apply)
TestMySqlPrivateModule 2023-07-27T04:25:30Z logger.go:66:       + id      = (known after apply)
TestMySqlPrivateModule 2023-07-27T04:25:30Z logger.go:66:       + member  = (known after apply)
TestMySqlPrivateModule 2023-07-27T04:25:30Z logger.go:66:       + project = "pm-singleproject-20"
TestMySqlPrivateModule 2023-07-27T04:25:30Z logger.go:66:       + role    = "roles/iam.serviceAccountAdmin"
TestMySqlPrivateModule 2023-07-27T04:25:30Z logger.go:66:     }
TestMySqlPrivateModule 2023-07-27T04:25:30Z logger.go:66: 
TestMySqlPrivateModule 2023-07-27T04:25:30Z logger.go:66:   # module.terraform_service_accounts.google_project_iam_member.project-roles["pm-singleproject-20-roles/resourcemanager.projectIamAdmin"] will be created
TestMySqlPrivateModule 2023-07-27T04:25:30Z logger.go:66:   + resource "google_project_iam_member" "project-roles" {
TestMySqlPrivateModule 2023-07-27T04:25:30Z logger.go:66:       + etag    = (known after apply)
TestMySqlPrivateModule 2023-07-27T04:25:30Z logger.go:66:       + id      = (known after apply)
TestMySqlPrivateModule 2023-07-27T04:25:30Z logger.go:66:       + member  = (known after apply)
TestMySqlPrivateModule 2023-07-27T04:25:30Z logger.go:66:       + project = "pm-singleproject-20"
TestMySqlPrivateModule 2023-07-27T04:25:30Z logger.go:66:       + role    = "roles/resourcemanager.projectIamAdmin"
TestMySqlPrivateModule 2023-07-27T04:25:30Z logger.go:66:     }
TestMySqlPrivateModule 2023-07-27T04:25:30Z logger.go:66: 
TestMySqlPrivateModule 2023-07-27T04:25:30Z logger.go:66:   # module.terraform_service_accounts.google_project_iam_member.project-roles["pm-singleproject-20-roles/serviceusage.serviceUsageAdmin"] will be created
TestMySqlPrivateModule 2023-07-27T04:25:30Z logger.go:66:   + resource "google_project_iam_member" "project-roles" {
TestMySqlPrivateModule 2023-07-27T04:25:30Z logger.go:66:       + etag    = (known after apply)
TestMySqlPrivateModule 2023-07-27T04:25:30Z logger.go:66:       + id      = (known after apply)
TestMySqlPrivateModule 2023-07-27T04:25:30Z logger.go:66:       + member  = (known after apply)
TestMySqlPrivateModule 2023-07-27T04:25:30Z logger.go:66:       + project = "pm-singleproject-20"
TestMySqlPrivateModule 2023-07-27T04:25:30Z logger.go:66:       + role    = "roles/serviceusage.serviceUsageAdmin"
TestMySqlPrivateModule 2023-07-27T04:25:30Z logger.go:66:     }
TestMySqlPrivateModule 2023-07-27T04:25:30Z logger.go:66: 
TestMySqlPrivateModule 2023-07-27T04:25:30Z logger.go:66:   # module.terraform_service_accounts.google_project_iam_member.project-roles["pm-test-10-e90f-roles/cloudsql.admin"] will be created
TestMySqlPrivateModule 2023-07-27T04:25:30Z logger.go:66:   + resource "google_project_iam_member" "project-roles" {
TestMySqlPrivateModule 2023-07-27T04:25:30Z logger.go:66:       + etag    = (known after apply)
TestMySqlPrivateModule 2023-07-27T04:25:30Z logger.go:66:       + id      = (known after apply)
TestMySqlPrivateModule 2023-07-27T04:25:30Z logger.go:66:       + member  = (known after apply)
TestMySqlPrivateModule 2023-07-27T04:25:30Z logger.go:66:       + project = "pm-test-10-e90f"
TestMySqlPrivateModule 2023-07-27T04:25:30Z logger.go:66:       + role    = "roles/cloudsql.admin"
TestMySqlPrivateModule 2023-07-27T04:25:30Z logger.go:66:     }
TestMySqlPrivateModule 2023-07-27T04:25:30Z logger.go:66: 
TestMySqlPrivateModule 2023-07-27T04:25:30Z logger.go:66:   # module.terraform_service_accounts.google_project_iam_member.project-roles["pm-test-10-e90f-roles/compute.instanceAdmin"] will be created
TestMySqlPrivateModule 2023-07-27T04:25:30Z logger.go:66:   + resource "google_project_iam_member" "project-roles" {
TestMySqlPrivateModule 2023-07-27T04:25:30Z logger.go:66:       + etag    = (known after apply)
TestMySqlPrivateModule 2023-07-27T04:25:30Z logger.go:66:       + id      = (known after apply)
TestMySqlPrivateModule 2023-07-27T04:25:30Z logger.go:66:       + member  = (known after apply)
TestMySqlPrivateModule 2023-07-27T04:25:30Z logger.go:66:       + project = "pm-test-10-e90f"
TestMySqlPrivateModule 2023-07-27T04:25:30Z logger.go:66:       + role    = "roles/compute.instanceAdmin"
TestMySqlPrivateModule 2023-07-27T04:25:30Z logger.go:66:     }
TestMySqlPrivateModule 2023-07-27T04:25:30Z logger.go:66: 
TestMySqlPrivateModule 2023-07-27T04:25:30Z logger.go:66:   # module.terraform_service_accounts.google_project_iam_member.project-roles["pm-test-10-e90f-roles/iam.serviceAccountAdmin"] will be created
TestMySqlPrivateModule 2023-07-27T04:25:30Z logger.go:66:   + resource "google_project_iam_member" "project-roles" {
TestMySqlPrivateModule 2023-07-27T04:25:30Z logger.go:66:       + etag    = (known after apply)
TestMySqlPrivateModule 2023-07-27T04:25:30Z logger.go:66:       + id      = (known after apply)
TestMySqlPrivateModule 2023-07-27T04:25:30Z logger.go:66:       + member  = (known after apply)
TestMySqlPrivateModule 2023-07-27T04:25:30Z logger.go:66:       + project = "pm-test-10-e90f"
TestMySqlPrivateModule 2023-07-27T04:25:30Z logger.go:66:       + role    = "roles/iam.serviceAccountAdmin"
TestMySqlPrivateModule 2023-07-27T04:25:30Z logger.go:66:     }
TestMySqlPrivateModule 2023-07-27T04:25:30Z logger.go:66: 
TestMySqlPrivateModule 2023-07-27T04:25:30Z logger.go:66:   # module.terraform_service_accounts.google_project_iam_member.project-roles["pm-test-10-e90f-roles/iam.serviceAccountUser"] will be created
TestMySqlPrivateModule 2023-07-27T04:25:30Z logger.go:66:   + resource "google_project_iam_member" "project-roles" {
TestMySqlPrivateModule 2023-07-27T04:25:30Z logger.go:66:       + etag    = (known after apply)
TestMySqlPrivateModule 2023-07-27T04:25:30Z logger.go:66:       + id      = (known after apply)
TestMySqlPrivateModule 2023-07-27T04:25:30Z logger.go:66:       + member  = (known after apply)
TestMySqlPrivateModule 2023-07-27T04:25:30Z logger.go:66:       + project = "pm-test-10-e90f"
TestMySqlPrivateModule 2023-07-27T04:25:30Z logger.go:66:       + role    = "roles/iam.serviceAccountUser"
TestMySqlPrivateModule 2023-07-27T04:25:30Z logger.go:66:     }
TestMySqlPrivateModule 2023-07-27T04:25:30Z logger.go:66: 
TestMySqlPrivateModule 2023-07-27T04:25:30Z logger.go:66:   # module.terraform_service_accounts.google_project_iam_member.project-roles["pm-test-10-e90f-roles/resourcemanager.projectIamAdmin"] will be created
TestMySqlPrivateModule 2023-07-27T04:25:30Z logger.go:66:   + resource "google_project_iam_member" "project-roles" {
TestMySqlPrivateModule 2023-07-27T04:25:30Z logger.go:66:       + etag    = (known after apply)
TestMySqlPrivateModule 2023-07-27T04:25:30Z logger.go:66:       + id      = (known after apply)
TestMySqlPrivateModule 2023-07-27T04:25:30Z logger.go:66:       + member  = (known after apply)
TestMySqlPrivateModule 2023-07-27T04:25:30Z logger.go:66:       + project = "pm-test-10-e90f"
TestMySqlPrivateModule 2023-07-27T04:25:30Z logger.go:66:       + role    = "roles/resourcemanager.projectIamAdmin"
TestMySqlPrivateModule 2023-07-27T04:25:30Z logger.go:66:     }
TestMySqlPrivateModule 2023-07-27T04:25:30Z logger.go:66: 
TestMySqlPrivateModule 2023-07-27T04:25:30Z logger.go:66:   # module.terraform_service_accounts.google_project_iam_member.project-roles["pm-test-10-e90f-roles/serviceusage.serviceUsageAdmin"] will be created
TestMySqlPrivateModule 2023-07-27T04:25:30Z logger.go:66:   + resource "google_project_iam_member" "project-roles" {
TestMySqlPrivateModule 2023-07-27T04:25:30Z logger.go:66:       + etag    = (known after apply)
TestMySqlPrivateModule 2023-07-27T04:25:30Z logger.go:66:       + id      = (known after apply)
TestMySqlPrivateModule 2023-07-27T04:25:30Z logger.go:66:       + member  = (known after apply)
TestMySqlPrivateModule 2023-07-27T04:25:30Z logger.go:66:       + project = "pm-test-10-e90f"
TestMySqlPrivateModule 2023-07-27T04:25:30Z logger.go:66:       + role    = "roles/serviceusage.serviceUsageAdmin"
TestMySqlPrivateModule 2023-07-27T04:25:30Z logger.go:66:     }
TestMySqlPrivateModule 2023-07-27T04:25:30Z logger.go:66: 
TestMySqlPrivateModule 2023-07-27T04:25:30Z logger.go:66:   # module.terraform_service_accounts.google_service_account.service_account[0] will be created
TestMySqlPrivateModule 2023-07-27T04:25:30Z logger.go:66:   + resource "google_service_account" "service_account" {
TestMySqlPrivateModule 2023-07-27T04:25:30Z logger.go:66:       + account_id   = "terraform-sa"
TestMySqlPrivateModule 2023-07-27T04:25:30Z logger.go:66:       + disabled     = false
TestMySqlPrivateModule 2023-07-27T04:25:30Z logger.go:66:       + display_name = "Terraform-managed."
TestMySqlPrivateModule 2023-07-27T04:25:30Z logger.go:66:       + email        = (known after apply)
TestMySqlPrivateModule 2023-07-27T04:25:30Z logger.go:66:       + id           = (known after apply)
TestMySqlPrivateModule 2023-07-27T04:25:30Z logger.go:66:       + name         = (known after apply)
TestMySqlPrivateModule 2023-07-27T04:25:30Z logger.go:66:       + project      = "pm-singleproject-20"
TestMySqlPrivateModule 2023-07-27T04:25:30Z logger.go:66:       + unique_id    = (known after apply)
TestMySqlPrivateModule 2023-07-27T04:25:30Z logger.go:66:     }
TestMySqlPrivateModule 2023-07-27T04:25:30Z logger.go:66: 
TestMySqlPrivateModule 2023-07-27T04:25:30Z logger.go:66:   # module.firewall_rules.module.firewall_rules.google_compute_firewall.rules["allow-ssh-ingress"] will be created
TestMySqlPrivateModule 2023-07-27T04:25:30Z logger.go:66:   + resource "google_compute_firewall" "rules" {
TestMySqlPrivateModule 2023-07-27T04:25:30Z logger.go:66:       + creation_timestamp = (known after apply)
TestMySqlPrivateModule 2023-07-27T04:25:30Z logger.go:66:       + description        = "Creates firewall rule targeting tagged instances"
TestMySqlPrivateModule 2023-07-27T04:25:30Z logger.go:66:       + destination_ranges = (known after apply)
TestMySqlPrivateModule 2023-07-27T04:25:30Z logger.go:66:       + direction          = "INGRESS"
TestMySqlPrivateModule 2023-07-27T04:25:30Z logger.go:66:       + enable_logging     = (known after apply)
TestMySqlPrivateModule 2023-07-27T04:25:30Z logger.go:66:       + id                 = (known after apply)
TestMySqlPrivateModule 2023-07-27T04:25:30Z logger.go:66:       + name               = "allow-ssh-ingress"
TestMySqlPrivateModule 2023-07-27T04:25:30Z logger.go:66:       + network            = (known after apply)
TestMySqlPrivateModule 2023-07-27T04:25:30Z logger.go:66:       + priority           = 1000
TestMySqlPrivateModule 2023-07-27T04:25:30Z logger.go:66:       + project            = "pm-singleproject-20"
TestMySqlPrivateModule 2023-07-27T04:25:30Z logger.go:66:       + self_link          = (known after apply)
TestMySqlPrivateModule 2023-07-27T04:25:30Z logger.go:66:       + source_ranges      = (known after apply)
TestMySqlPrivateModule 2023-07-27T04:25:30Z logger.go:66:       + target_tags        = [
TestMySqlPrivateModule 2023-07-27T04:25:30Z logger.go:66:           + "cloudsql",
TestMySqlPrivateModule 2023-07-27T04:25:30Z logger.go:66:         ]
TestMySqlPrivateModule 2023-07-27T04:25:30Z logger.go:66: 
TestMySqlPrivateModule 2023-07-27T04:25:30Z logger.go:66:       + allow {
TestMySqlPrivateModule 2023-07-27T04:25:30Z logger.go:66:           + ports    = [
TestMySqlPrivateModule 2023-07-27T04:25:30Z logger.go:66:               + "22",
TestMySqlPrivateModule 2023-07-27T04:25:30Z logger.go:66:             ]
TestMySqlPrivateModule 2023-07-27T04:25:30Z logger.go:66:           + protocol = "tcp"
TestMySqlPrivateModule 2023-07-27T04:25:30Z logger.go:66:         }
TestMySqlPrivateModule 2023-07-27T04:25:30Z logger.go:66: 
TestMySqlPrivateModule 2023-07-27T04:25:30Z logger.go:66:       + log_config {
TestMySqlPrivateModule 2023-07-27T04:25:30Z logger.go:66:           + metadata = "INCLUDE_ALL_METADATA"
TestMySqlPrivateModule 2023-07-27T04:25:30Z logger.go:66:         }
TestMySqlPrivateModule 2023-07-27T04:25:30Z logger.go:66:     }
TestMySqlPrivateModule 2023-07-27T04:25:30Z logger.go:66: 
TestMySqlPrivateModule 2023-07-27T04:25:30Z logger.go:66:   # module.firewall_rules.module.firewall_rules.google_compute_firewall.rules["cloudsql-ingress"] will be created
TestMySqlPrivateModule 2023-07-27T04:25:30Z logger.go:66:   + resource "google_compute_firewall" "rules" {
TestMySqlPrivateModule 2023-07-27T04:25:30Z logger.go:66:       + creation_timestamp      = (known after apply)
TestMySqlPrivateModule 2023-07-27T04:25:30Z logger.go:66:       + description             = "Creates firewall rule targeting tagged instances for cloudsql"
TestMySqlPrivateModule 2023-07-27T04:25:30Z logger.go:66:       + destination_ranges      = (known after apply)
TestMySqlPrivateModule 2023-07-27T04:25:30Z logger.go:66:       + direction               = "INGRESS"
TestMySqlPrivateModule 2023-07-27T04:25:30Z logger.go:66:       + enable_logging          = (known after apply)
TestMySqlPrivateModule 2023-07-27T04:25:30Z logger.go:66:       + id                      = (known after apply)
TestMySqlPrivateModule 2023-07-27T04:25:30Z logger.go:66:       + name                    = "cloudsql-ingress"
TestMySqlPrivateModule 2023-07-27T04:25:30Z logger.go:66:       + network                 = (known after apply)
TestMySqlPrivateModule 2023-07-27T04:25:30Z logger.go:66:       + priority                = 1000
TestMySqlPrivateModule 2023-07-27T04:25:30Z logger.go:66:       + project                 = "pm-singleproject-20"
TestMySqlPrivateModule 2023-07-27T04:25:30Z logger.go:66:       + self_link               = (known after apply)
TestMySqlPrivateModule 2023-07-27T04:25:30Z logger.go:66:       + source_ranges           = (known after apply)
TestMySqlPrivateModule 2023-07-27T04:25:30Z logger.go:66:       + source_service_accounts = [
TestMySqlPrivateModule 2023-07-27T04:25:30Z logger.go:66:           + "gce-sa@pm-test-10-e90f.iam.gserviceaccount.com",
TestMySqlPrivateModule 2023-07-27T04:25:30Z logger.go:66:         ]
TestMySqlPrivateModule 2023-07-27T04:25:30Z logger.go:66: 
TestMySqlPrivateModule 2023-07-27T04:25:30Z logger.go:66:       + allow {
TestMySqlPrivateModule 2023-07-27T04:25:30Z logger.go:66:           + ports    = [
TestMySqlPrivateModule 2023-07-27T04:25:30Z logger.go:66:               + "3306",
TestMySqlPrivateModule 2023-07-27T04:25:30Z logger.go:66:             ]
TestMySqlPrivateModule 2023-07-27T04:25:30Z logger.go:66:           + protocol = "tcp"
TestMySqlPrivateModule 2023-07-27T04:25:30Z logger.go:66:         }
TestMySqlPrivateModule 2023-07-27T04:25:30Z logger.go:66: 
TestMySqlPrivateModule 2023-07-27T04:25:30Z logger.go:66:       + log_config {
TestMySqlPrivateModule 2023-07-27T04:25:30Z logger.go:66:           + metadata = "INCLUDE_ALL_METADATA"
TestMySqlPrivateModule 2023-07-27T04:25:30Z logger.go:66:         }
TestMySqlPrivateModule 2023-07-27T04:25:30Z logger.go:66:     }
TestMySqlPrivateModule 2023-07-27T04:25:30Z logger.go:66: 
TestMySqlPrivateModule 2023-07-27T04:25:30Z logger.go:66:   # module.google_compute_instance.module.compute_instance.data.google_compute_zones.available will be read during apply
TestMySqlPrivateModule 2023-07-27T04:25:30Z logger.go:66:   # (config refers to values not yet known)
TestMySqlPrivateModule 2023-07-27T04:25:30Z logger.go:66:  <= data "google_compute_zones" "available" {
TestMySqlPrivateModule 2023-07-27T04:25:30Z logger.go:66:       + id      = (known after apply)
TestMySqlPrivateModule 2023-07-27T04:25:30Z logger.go:66:       + names   = (known after apply)
TestMySqlPrivateModule 2023-07-27T04:25:30Z logger.go:66:       + project = (known after apply)
TestMySqlPrivateModule 2023-07-27T04:25:30Z logger.go:66:       + region  = "us-central1"
TestMySqlPrivateModule 2023-07-27T04:25:30Z logger.go:66:     }
TestMySqlPrivateModule 2023-07-27T04:25:30Z logger.go:66: 
TestMySqlPrivateModule 2023-07-27T04:25:30Z logger.go:66:   # module.google_compute_instance.module.compute_instance.google_compute_instance_from_template.compute_instance[0] will be created
TestMySqlPrivateModule 2023-07-27T04:25:30Z logger.go:66:   + resource "google_compute_instance_from_template" "compute_instance" {
TestMySqlPrivateModule 2023-07-27T04:25:30Z logger.go:66:       + allow_stopping_for_update = (known after apply)
TestMySqlPrivateModule 2023-07-27T04:25:30Z logger.go:66:       + attached_disk             = (known after apply)
TestMySqlPrivateModule 2023-07-27T04:25:30Z logger.go:66:       + can_ip_forward            = (known after apply)
TestMySqlPrivateModule 2023-07-27T04:25:30Z logger.go:66:       + cpu_platform              = (known after apply)
TestMySqlPrivateModule 2023-07-27T04:25:30Z logger.go:66:       + current_status            = (known after apply)
TestMySqlPrivateModule 2023-07-27T04:25:30Z logger.go:66:       + deletion_protection       = false
TestMySqlPrivateModule 2023-07-27T04:25:30Z logger.go:66:       + description               = (known after apply)
TestMySqlPrivateModule 2023-07-27T04:25:30Z logger.go:66:       + desired_status            = (known after apply)
TestMySqlPrivateModule 2023-07-27T04:25:30Z logger.go:66:       + enable_display            = (known after apply)
TestMySqlPrivateModule 2023-07-27T04:25:30Z logger.go:66:       + guest_accelerator         = (known after apply)
TestMySqlPrivateModule 2023-07-27T04:25:30Z logger.go:66:       + hostname                  = (known after apply)
TestMySqlPrivateModule 2023-07-27T04:25:30Z logger.go:66:       + id                        = (known after apply)
TestMySqlPrivateModule 2023-07-27T04:25:30Z logger.go:66:       + instance_id               = (known after apply)
TestMySqlPrivateModule 2023-07-27T04:25:30Z logger.go:66:       + label_fingerprint         = (known after apply)
TestMySqlPrivateModule 2023-07-27T04:25:30Z logger.go:66:       + labels                    = (known after apply)
TestMySqlPrivateModule 2023-07-27T04:25:30Z logger.go:66:       + machine_type              = (known after apply)
TestMySqlPrivateModule 2023-07-27T04:25:30Z logger.go:66:       + metadata                  = (known after apply)
TestMySqlPrivateModule 2023-07-27T04:25:30Z logger.go:66:       + metadata_fingerprint      = (known after apply)
TestMySqlPrivateModule 2023-07-27T04:25:30Z logger.go:66:       + metadata_startup_script   = (known after apply)
TestMySqlPrivateModule 2023-07-27T04:25:30Z logger.go:66:       + min_cpu_platform          = (known after apply)
TestMySqlPrivateModule 2023-07-27T04:25:30Z logger.go:66:       + name                      = "default-001"
TestMySqlPrivateModule 2023-07-27T04:25:30Z logger.go:66:       + project                   = (known after apply)
TestMySqlPrivateModule 2023-07-27T04:25:30Z logger.go:66:       + resource_policies         = []
TestMySqlPrivateModule 2023-07-27T04:25:30Z logger.go:66:       + scratch_disk              = (known after apply)
TestMySqlPrivateModule 2023-07-27T04:25:30Z logger.go:66:       + self_link                 = (known after apply)
TestMySqlPrivateModule 2023-07-27T04:25:30Z logger.go:66:       + service_account           = (known after apply)
TestMySqlPrivateModule 2023-07-27T04:25:30Z logger.go:66:       + source_instance_template  = (known after apply)
TestMySqlPrivateModule 2023-07-27T04:25:30Z logger.go:66:       + tags                      = (known after apply)
TestMySqlPrivateModule 2023-07-27T04:25:30Z logger.go:66:       + tags_fingerprint          = (known after apply)
TestMySqlPrivateModule 2023-07-27T04:25:30Z logger.go:66:       + zone                      = "us-central1-a"
TestMySqlPrivateModule 2023-07-27T04:25:30Z logger.go:66:     }
TestMySqlPrivateModule 2023-07-27T04:25:30Z logger.go:66: 
TestMySqlPrivateModule 2023-07-27T04:25:30Z logger.go:66:   # module.google_compute_instance.module.instance_template.google_compute_instance_template.tpl will be created
TestMySqlPrivateModule 2023-07-27T04:25:30Z logger.go:66:   + resource "google_compute_instance_template" "tpl" {
TestMySqlPrivateModule 2023-07-27T04:25:30Z logger.go:66:       + can_ip_forward          = false
TestMySqlPrivateModule 2023-07-27T04:25:30Z logger.go:66:       + id                      = (known after apply)
TestMySqlPrivateModule 2023-07-27T04:25:30Z logger.go:66:       + machine_type            = "n1-standard-1"
TestMySqlPrivateModule 2023-07-27T04:25:30Z logger.go:66:       + metadata                = {
TestMySqlPrivateModule 2023-07-27T04:25:30Z logger.go:66:           + "enable-oslogin" = "true"
TestMySqlPrivateModule 2023-07-27T04:25:30Z logger.go:66:         }
TestMySqlPrivateModule 2023-07-27T04:25:30Z logger.go:66:       + metadata_fingerprint    = (known after apply)
TestMySqlPrivateModule 2023-07-27T04:25:30Z logger.go:66:       + metadata_startup_script = <<-EOT
TestMySqlPrivateModule 2023-07-27T04:25:30Z logger.go:66:             #!/bin/sh
TestMySqlPrivateModule 2023-07-27T04:25:30Z logger.go:66:             echo " ====== setting up the my sql cient ===== "
TestMySqlPrivateModule 2023-07-27T04:25:30Z logger.go:66:             sudo apt-get -y update
TestMySqlPrivateModule 2023-07-27T04:25:30Z logger.go:66:             sudo apt-get -y install mariadb-client-10.6
TestMySqlPrivateModule 2023-07-27T04:25:30Z logger.go:66:             
TestMySqlPrivateModule 2023-07-27T04:25:30Z logger.go:66:             mysql --version
TestMySqlPrivateModule 2023-07-27T04:25:30Z logger.go:66:             
TestMySqlPrivateModule 2023-07-27T04:25:30Z logger.go:66:             echo " ====== setting up the cloud sql proxy ===== "
TestMySqlPrivateModule 2023-07-27T04:25:30Z logger.go:66:             curl -o cloud-sql-proxy https://storage.googleapis.com/cloud-sql-connectors/cloud-sql-proxy/v2.4.0/cloud-sql-proxy.linux.amd64
TestMySqlPrivateModule 2023-07-27T04:25:30Z logger.go:66:             chmod +x cloud-sql-proxy
TestMySqlPrivateModule 2023-07-27T04:25:30Z logger.go:66:             
TestMySqlPrivateModule 2023-07-27T04:25:30Z logger.go:66:             ./cloud-sql-proxy --version
TestMySqlPrivateModule 2023-07-27T04:25:30Z logger.go:66:             
TestMySqlPrivateModule 2023-07-27T04:25:30Z logger.go:66:             echo " ====== Startup Script Execution Complete ===== "
TestMySqlPrivateModule 2023-07-27T04:25:30Z logger.go:66:         EOT
TestMySqlPrivateModule 2023-07-27T04:25:30Z logger.go:66:       + name                    = (known after apply)
TestMySqlPrivateModule 2023-07-27T04:25:30Z logger.go:66:       + name_prefix             = "default-instance-template-"
TestMySqlPrivateModule 2023-07-27T04:25:30Z logger.go:66:       + project                 = "pm-test-10-e90f"
TestMySqlPrivateModule 2023-07-27T04:25:30Z logger.go:66:       + region                  = (known after apply)
TestMySqlPrivateModule 2023-07-27T04:25:30Z logger.go:66:       + self_link               = (known after apply)
TestMySqlPrivateModule 2023-07-27T04:25:30Z logger.go:66:       + tags                    = [
TestMySqlPrivateModule 2023-07-27T04:25:30Z logger.go:66:           + "cloudsql",
TestMySqlPrivateModule 2023-07-27T04:25:30Z logger.go:66:         ]
TestMySqlPrivateModule 2023-07-27T04:25:30Z logger.go:66:       + tags_fingerprint        = (known after apply)
TestMySqlPrivateModule 2023-07-27T04:25:30Z logger.go:66: 
TestMySqlPrivateModule 2023-07-27T04:25:30Z logger.go:66:       + advanced_machine_features {
TestMySqlPrivateModule 2023-07-27T04:25:30Z logger.go:66:           + enable_nested_virtualization = false
TestMySqlPrivateModule 2023-07-27T04:25:30Z logger.go:66:         }
TestMySqlPrivateModule 2023-07-27T04:25:30Z logger.go:66: 
TestMySqlPrivateModule 2023-07-27T04:25:30Z logger.go:66:       + confidential_instance_config {
TestMySqlPrivateModule 2023-07-27T04:25:30Z logger.go:66:           + enable_confidential_compute = false
TestMySqlPrivateModule 2023-07-27T04:25:30Z logger.go:66:         }
TestMySqlPrivateModule 2023-07-27T04:25:30Z logger.go:66: 
TestMySqlPrivateModule 2023-07-27T04:25:30Z logger.go:66:       + disk {
TestMySqlPrivateModule 2023-07-27T04:25:30Z logger.go:66:           + auto_delete  = true
TestMySqlPrivateModule 2023-07-27T04:25:30Z logger.go:66:           + boot         = true
TestMySqlPrivateModule 2023-07-27T04:25:30Z logger.go:66:           + device_name  = (known after apply)
TestMySqlPrivateModule 2023-07-27T04:25:30Z logger.go:66:           + disk_size_gb = 100
TestMySqlPrivateModule 2023-07-27T04:25:30Z logger.go:66:           + disk_type    = "pd-standard"
TestMySqlPrivateModule 2023-07-27T04:25:30Z logger.go:66:           + interface    = (known after apply)
TestMySqlPrivateModule 2023-07-27T04:25:30Z logger.go:66:           + mode         = (known after apply)
TestMySqlPrivateModule 2023-07-27T04:25:30Z logger.go:66:           + source_image = "ubuntu-os-cloud/ubuntu-2204-lts"
TestMySqlPrivateModule 2023-07-27T04:25:30Z logger.go:66:           + type         = "PERSISTENT"
TestMySqlPrivateModule 2023-07-27T04:25:30Z logger.go:66:         }
TestMySqlPrivateModule 2023-07-27T04:25:30Z logger.go:66: 
TestMySqlPrivateModule 2023-07-27T04:25:30Z logger.go:66:       + network_interface {
TestMySqlPrivateModule 2023-07-27T04:25:30Z logger.go:66:           + ipv6_access_type   = (known after apply)
TestMySqlPrivateModule 2023-07-27T04:25:30Z logger.go:66:           + name               = (known after apply)
TestMySqlPrivateModule 2023-07-27T04:25:30Z logger.go:66:           + stack_type         = (known after apply)
TestMySqlPrivateModule 2023-07-27T04:25:30Z logger.go:66:           + subnetwork         = (known after apply)
TestMySqlPrivateModule 2023-07-27T04:25:30Z logger.go:66:           + subnetwork_project = "pm-test-10-e90f"
TestMySqlPrivateModule 2023-07-27T04:25:30Z logger.go:66: 
TestMySqlPrivateModule 2023-07-27T04:25:30Z logger.go:66:           + access_config {
TestMySqlPrivateModule 2023-07-27T04:25:30Z logger.go:66:               + nat_ip                 = (known after apply)
TestMySqlPrivateModule 2023-07-27T04:25:30Z logger.go:66:               + network_tier           = "PREMIUM"
TestMySqlPrivateModule 2023-07-27T04:25:30Z logger.go:66:               + public_ptr_domain_name = (known after apply)
TestMySqlPrivateModule 2023-07-27T04:25:30Z logger.go:66:             }
TestMySqlPrivateModule 2023-07-27T04:25:30Z logger.go:66:         }
TestMySqlPrivateModule 2023-07-27T04:25:30Z logger.go:66: 
TestMySqlPrivateModule 2023-07-27T04:25:30Z logger.go:66:       + scheduling {
TestMySqlPrivateModule 2023-07-27T04:25:30Z logger.go:66:           + automatic_restart   = true
TestMySqlPrivateModule 2023-07-27T04:25:30Z logger.go:66:           + on_host_maintenance = "MIGRATE"
TestMySqlPrivateModule 2023-07-27T04:25:30Z logger.go:66:           + preemptible         = false
TestMySqlPrivateModule 2023-07-27T04:25:30Z logger.go:66:         }
TestMySqlPrivateModule 2023-07-27T04:25:30Z logger.go:66: 
TestMySqlPrivateModule 2023-07-27T04:25:30Z logger.go:66:       + service_account {
TestMySqlPrivateModule 2023-07-27T04:25:30Z logger.go:66:           + email  = "gce-sa@pm-test-10-e90f.iam.gserviceaccount.com"
TestMySqlPrivateModule 2023-07-27T04:25:30Z logger.go:66:           + scopes = [
TestMySqlPrivateModule 2023-07-27T04:25:30Z logger.go:66:               + "https://www.googleapis.com/auth/cloud-platform",
TestMySqlPrivateModule 2023-07-27T04:25:30Z logger.go:66:             ]
TestMySqlPrivateModule 2023-07-27T04:25:30Z logger.go:66:         }
TestMySqlPrivateModule 2023-07-27T04:25:30Z logger.go:66:     }
TestMySqlPrivateModule 2023-07-27T04:25:30Z logger.go:66: 
TestMySqlPrivateModule 2023-07-27T04:25:30Z logger.go:66:   # module.host_project.module.project_services.google_project_service.project_services["cloudresourcemanager.googleapis.com"] will be created
TestMySqlPrivateModule 2023-07-27T04:25:30Z logger.go:66:   + resource "google_project_service" "project_services" {
TestMySqlPrivateModule 2023-07-27T04:25:30Z logger.go:66:       + disable_dependent_services = true
TestMySqlPrivateModule 2023-07-27T04:25:30Z logger.go:66:       + disable_on_destroy         = false
TestMySqlPrivateModule 2023-07-27T04:25:30Z logger.go:66:       + id                         = (known after apply)
TestMySqlPrivateModule 2023-07-27T04:25:30Z logger.go:66:       + project                    = "pm-singleproject-20"
TestMySqlPrivateModule 2023-07-27T04:25:30Z logger.go:66:       + service                    = "cloudresourcemanager.googleapis.com"
TestMySqlPrivateModule 2023-07-27T04:25:30Z logger.go:66:     }
TestMySqlPrivateModule 2023-07-27T04:25:30Z logger.go:66: 
TestMySqlPrivateModule 2023-07-27T04:25:30Z logger.go:66:   # module.host_project.module.project_services.google_project_service.project_services["compute.googleapis.com"] will be created
TestMySqlPrivateModule 2023-07-27T04:25:30Z logger.go:66:   + resource "google_project_service" "project_services" {
TestMySqlPrivateModule 2023-07-27T04:25:30Z logger.go:66:       + disable_dependent_services = true
TestMySqlPrivateModule 2023-07-27T04:25:30Z logger.go:66:       + disable_on_destroy         = false
TestMySqlPrivateModule 2023-07-27T04:25:30Z logger.go:66:       + id                         = (known after apply)
TestMySqlPrivateModule 2023-07-27T04:25:30Z logger.go:66:       + project                    = "pm-singleproject-20"
TestMySqlPrivateModule 2023-07-27T04:25:30Z logger.go:66:       + service                    = "compute.googleapis.com"
TestMySqlPrivateModule 2023-07-27T04:25:30Z logger.go:66:     }
TestMySqlPrivateModule 2023-07-27T04:25:30Z logger.go:66: 
TestMySqlPrivateModule 2023-07-27T04:25:30Z logger.go:66:   # module.host_project.module.project_services.google_project_service.project_services["iam.googleapis.com"] will be created
TestMySqlPrivateModule 2023-07-27T04:25:30Z logger.go:66:   + resource "google_project_service" "project_services" {
TestMySqlPrivateModule 2023-07-27T04:25:30Z logger.go:66:       + disable_dependent_services = true
TestMySqlPrivateModule 2023-07-27T04:25:30Z logger.go:66:       + disable_on_destroy         = false
TestMySqlPrivateModule 2023-07-27T04:25:30Z logger.go:66:       + id                         = (known after apply)
TestMySqlPrivateModule 2023-07-27T04:25:30Z logger.go:66:       + project                    = "pm-singleproject-20"
TestMySqlPrivateModule 2023-07-27T04:25:30Z logger.go:66:       + service                    = "iam.googleapis.com"
TestMySqlPrivateModule 2023-07-27T04:25:30Z logger.go:66:     }
TestMySqlPrivateModule 2023-07-27T04:25:30Z logger.go:66: 
TestMySqlPrivateModule 2023-07-27T04:25:30Z logger.go:66:   # module.host_project.module.project_services.google_project_service.project_services["logging.googleapis.com"] will be created
TestMySqlPrivateModule 2023-07-27T04:25:30Z logger.go:66:   + resource "google_project_service" "project_services" {
TestMySqlPrivateModule 2023-07-27T04:25:30Z logger.go:66:       + disable_dependent_services = true
TestMySqlPrivateModule 2023-07-27T04:25:30Z logger.go:66:       + disable_on_destroy         = false
TestMySqlPrivateModule 2023-07-27T04:25:30Z logger.go:66:       + id                         = (known after apply)
TestMySqlPrivateModule 2023-07-27T04:25:30Z logger.go:66:       + project                    = "pm-singleproject-20"
TestMySqlPrivateModule 2023-07-27T04:25:30Z logger.go:66:       + service                    = "logging.googleapis.com"
TestMySqlPrivateModule 2023-07-27T04:25:30Z logger.go:66:     }
TestMySqlPrivateModule 2023-07-27T04:25:30Z logger.go:66: 
TestMySqlPrivateModule 2023-07-27T04:25:30Z logger.go:66:   # module.host_project.module.project_services.google_project_service.project_services["monitoring.googleapis.com"] will be created
TestMySqlPrivateModule 2023-07-27T04:25:30Z logger.go:66:   + resource "google_project_service" "project_services" {
TestMySqlPrivateModule 2023-07-27T04:25:30Z logger.go:66:       + disable_dependent_services = true
TestMySqlPrivateModule 2023-07-27T04:25:30Z logger.go:66:       + disable_on_destroy         = false
TestMySqlPrivateModule 2023-07-27T04:25:30Z logger.go:66:       + id                         = (known after apply)
TestMySqlPrivateModule 2023-07-27T04:25:30Z logger.go:66:       + project                    = "pm-singleproject-20"
TestMySqlPrivateModule 2023-07-27T04:25:30Z logger.go:66:       + service                    = "monitoring.googleapis.com"
TestMySqlPrivateModule 2023-07-27T04:25:30Z logger.go:66:     }
TestMySqlPrivateModule 2023-07-27T04:25:30Z logger.go:66: 
TestMySqlPrivateModule 2023-07-27T04:25:30Z logger.go:66:   # module.host_project.module.project_services.google_project_service.project_services["servicenetworking.googleapis.com"] will be created
TestMySqlPrivateModule 2023-07-27T04:25:30Z logger.go:66:   + resource "google_project_service" "project_services" {
TestMySqlPrivateModule 2023-07-27T04:25:30Z logger.go:66:       + disable_dependent_services = true
TestMySqlPrivateModule 2023-07-27T04:25:30Z logger.go:66:       + disable_on_destroy         = false
TestMySqlPrivateModule 2023-07-27T04:25:30Z logger.go:66:       + id                         = (known after apply)
TestMySqlPrivateModule 2023-07-27T04:25:30Z logger.go:66:       + project                    = "pm-singleproject-20"
TestMySqlPrivateModule 2023-07-27T04:25:30Z logger.go:66:       + service                    = "servicenetworking.googleapis.com"
TestMySqlPrivateModule 2023-07-27T04:25:30Z logger.go:66:     }
TestMySqlPrivateModule 2023-07-27T04:25:30Z logger.go:66: 
TestMySqlPrivateModule 2023-07-27T04:25:30Z logger.go:66:   # module.host_project.module.project_services.google_project_service.project_services["sqladmin.googleapis.com"] will be created
TestMySqlPrivateModule 2023-07-27T04:25:30Z logger.go:66:   + resource "google_project_service" "project_services" {
TestMySqlPrivateModule 2023-07-27T04:25:30Z logger.go:66:       + disable_dependent_services = true
TestMySqlPrivateModule 2023-07-27T04:25:30Z logger.go:66:       + disable_on_destroy         = false
TestMySqlPrivateModule 2023-07-27T04:25:30Z logger.go:66:       + id                         = (known after apply)
TestMySqlPrivateModule 2023-07-27T04:25:30Z logger.go:66:       + project                    = "pm-singleproject-20"
TestMySqlPrivateModule 2023-07-27T04:25:30Z logger.go:66:       + service                    = "sqladmin.googleapis.com"
TestMySqlPrivateModule 2023-07-27T04:25:30Z logger.go:66:     }
TestMySqlPrivateModule 2023-07-27T04:25:30Z logger.go:66: 
TestMySqlPrivateModule 2023-07-27T04:25:30Z logger.go:66:   # module.project_services.module.project_services.google_project_service.project_services["cloudresourcemanager.googleapis.com"] will be created
TestMySqlPrivateModule 2023-07-27T04:25:30Z logger.go:66:   + resource "google_project_service" "project_services" {
TestMySqlPrivateModule 2023-07-27T04:25:30Z logger.go:66:       + disable_dependent_services = true
TestMySqlPrivateModule 2023-07-27T04:25:30Z logger.go:66:       + disable_on_destroy         = false
TestMySqlPrivateModule 2023-07-27T04:25:30Z logger.go:66:       + id                         = (known after apply)
TestMySqlPrivateModule 2023-07-27T04:25:30Z logger.go:66:       + project                    = "pm-test-10-e90f"
TestMySqlPrivateModule 2023-07-27T04:25:30Z logger.go:66:       + service                    = "cloudresourcemanager.googleapis.com"
TestMySqlPrivateModule 2023-07-27T04:25:30Z logger.go:66:     }
TestMySqlPrivateModule 2023-07-27T04:25:30Z logger.go:66: 
TestMySqlPrivateModule 2023-07-27T04:25:30Z logger.go:66:   # module.project_services.module.project_services.google_project_service.project_services["compute.googleapis.com"] will be created
TestMySqlPrivateModule 2023-07-27T04:25:30Z logger.go:66:   + resource "google_project_service" "project_services" {
TestMySqlPrivateModule 2023-07-27T04:25:30Z logger.go:66:       + disable_dependent_services = true
TestMySqlPrivateModule 2023-07-27T04:25:30Z logger.go:66:       + disable_on_destroy         = false
TestMySqlPrivateModule 2023-07-27T04:25:30Z logger.go:66:       + id                         = (known after apply)
TestMySqlPrivateModule 2023-07-27T04:25:30Z logger.go:66:       + project                    = "pm-test-10-e90f"
TestMySqlPrivateModule 2023-07-27T04:25:30Z logger.go:66:       + service                    = "compute.googleapis.com"
TestMySqlPrivateModule 2023-07-27T04:25:30Z logger.go:66:     }
TestMySqlPrivateModule 2023-07-27T04:25:30Z logger.go:66: 
TestMySqlPrivateModule 2023-07-27T04:25:30Z logger.go:66:   # module.project_services.module.project_services.google_project_service.project_services["iam.googleapis.com"] will be created
TestMySqlPrivateModule 2023-07-27T04:25:30Z logger.go:66:   + resource "google_project_service" "project_services" {
TestMySqlPrivateModule 2023-07-27T04:25:30Z logger.go:66:       + disable_dependent_services = true
TestMySqlPrivateModule 2023-07-27T04:25:30Z logger.go:66:       + disable_on_destroy         = false
TestMySqlPrivateModule 2023-07-27T04:25:30Z logger.go:66:       + id                         = (known after apply)
TestMySqlPrivateModule 2023-07-27T04:25:30Z logger.go:66:       + project                    = "pm-test-10-e90f"
TestMySqlPrivateModule 2023-07-27T04:25:30Z logger.go:66:       + service                    = "iam.googleapis.com"
TestMySqlPrivateModule 2023-07-27T04:25:30Z logger.go:66:     }
TestMySqlPrivateModule 2023-07-27T04:25:30Z logger.go:66: 
TestMySqlPrivateModule 2023-07-27T04:25:30Z logger.go:66:   # module.project_services.module.project_services.google_project_service.project_services["logging.googleapis.com"] will be created
TestMySqlPrivateModule 2023-07-27T04:25:30Z logger.go:66:   + resource "google_project_service" "project_services" {
TestMySqlPrivateModule 2023-07-27T04:25:30Z logger.go:66:       + disable_dependent_services = true
TestMySqlPrivateModule 2023-07-27T04:25:30Z logger.go:66:       + disable_on_destroy         = false
TestMySqlPrivateModule 2023-07-27T04:25:30Z logger.go:66:       + id                         = (known after apply)
TestMySqlPrivateModule 2023-07-27T04:25:30Z logger.go:66:       + project                    = "pm-test-10-e90f"
TestMySqlPrivateModule 2023-07-27T04:25:30Z logger.go:66:       + service                    = "logging.googleapis.com"
TestMySqlPrivateModule 2023-07-27T04:25:30Z logger.go:66:     }
TestMySqlPrivateModule 2023-07-27T04:25:30Z logger.go:66: 
TestMySqlPrivateModule 2023-07-27T04:25:30Z logger.go:66:   # module.project_services.module.project_services.google_project_service.project_services["monitoring.googleapis.com"] will be created
TestMySqlPrivateModule 2023-07-27T04:25:30Z logger.go:66:   + resource "google_project_service" "project_services" {
TestMySqlPrivateModule 2023-07-27T04:25:30Z logger.go:66:       + disable_dependent_services = true
TestMySqlPrivateModule 2023-07-27T04:25:30Z logger.go:66:       + disable_on_destroy         = false
TestMySqlPrivateModule 2023-07-27T04:25:30Z logger.go:66:       + id                         = (known after apply)
TestMySqlPrivateModule 2023-07-27T04:25:30Z logger.go:66:       + project                    = "pm-test-10-e90f"
TestMySqlPrivateModule 2023-07-27T04:25:30Z logger.go:66:       + service                    = "monitoring.googleapis.com"
TestMySqlPrivateModule 2023-07-27T04:25:30Z logger.go:66:     }
TestMySqlPrivateModule 2023-07-27T04:25:30Z logger.go:66: 
TestMySqlPrivateModule 2023-07-27T04:25:30Z logger.go:66:   # module.project_services.module.project_services.google_project_service.project_services["servicenetworking.googleapis.com"] will be created
TestMySqlPrivateModule 2023-07-27T04:25:30Z logger.go:66:   + resource "google_project_service" "project_services" {
TestMySqlPrivateModule 2023-07-27T04:25:30Z logger.go:66:       + disable_dependent_services = true
TestMySqlPrivateModule 2023-07-27T04:25:30Z logger.go:66:       + disable_on_destroy         = false
TestMySqlPrivateModule 2023-07-27T04:25:30Z logger.go:66:       + id                         = (known after apply)
TestMySqlPrivateModule 2023-07-27T04:25:30Z logger.go:66:       + project                    = "pm-test-10-e90f"
TestMySqlPrivateModule 2023-07-27T04:25:30Z logger.go:66:       + service                    = "servicenetworking.googleapis.com"
TestMySqlPrivateModule 2023-07-27T04:25:30Z logger.go:66:     }
TestMySqlPrivateModule 2023-07-27T04:25:30Z logger.go:66: 
TestMySqlPrivateModule 2023-07-27T04:25:30Z logger.go:66:   # module.project_services.module.project_services.google_project_service.project_services["sqladmin.googleapis.com"] will be created
TestMySqlPrivateModule 2023-07-27T04:25:30Z logger.go:66:   + resource "google_project_service" "project_services" {
TestMySqlPrivateModule 2023-07-27T04:25:30Z logger.go:66:       + disable_dependent_services = true
TestMySqlPrivateModule 2023-07-27T04:25:30Z logger.go:66:       + disable_on_destroy         = false
TestMySqlPrivateModule 2023-07-27T04:25:30Z logger.go:66:       + id                         = (known after apply)
TestMySqlPrivateModule 2023-07-27T04:25:30Z logger.go:66:       + project                    = "pm-test-10-e90f"
TestMySqlPrivateModule 2023-07-27T04:25:30Z logger.go:66:       + service                    = "sqladmin.googleapis.com"
TestMySqlPrivateModule 2023-07-27T04:25:30Z logger.go:66:     }
TestMySqlPrivateModule 2023-07-27T04:25:30Z logger.go:66: 
TestMySqlPrivateModule 2023-07-27T04:25:30Z logger.go:66:   # module.sql-db.module.mysql[0].google_sql_database.default[0] will be created
TestMySqlPrivateModule 2023-07-27T04:25:30Z logger.go:66:   + resource "google_sql_database" "default" {
TestMySqlPrivateModule 2023-07-27T04:25:30Z logger.go:66:       + collation = (known after apply)
TestMySqlPrivateModule 2023-07-27T04:25:30Z logger.go:66:       + id        = (known after apply)
TestMySqlPrivateModule 2023-07-27T04:25:30Z logger.go:66:       + instance  = (known after apply)
TestMySqlPrivateModule 2023-07-27T04:25:30Z logger.go:66:       + name      = "default"
TestMySqlPrivateModule 2023-07-27T04:25:30Z logger.go:66:       + project   = "pm-test-10-e90f"
TestMySqlPrivateModule 2023-07-27T04:25:30Z logger.go:66:       + self_link = (known after apply)
TestMySqlPrivateModule 2023-07-27T04:25:30Z logger.go:66:     }
TestMySqlPrivateModule 2023-07-27T04:25:30Z logger.go:66: 
TestMySqlPrivateModule 2023-07-27T04:25:30Z logger.go:66:   # module.sql-db.module.mysql[0].google_sql_database_instance.default will be created
TestMySqlPrivateModule 2023-07-27T04:25:30Z logger.go:66:   + resource "google_sql_database_instance" "default" {
TestMySqlPrivateModule 2023-07-27T04:25:30Z logger.go:66:       + connection_name               = (known after apply)
TestMySqlPrivateModule 2023-07-27T04:25:30Z logger.go:66:       + database_version              = "MYSQL_8_0"
TestMySqlPrivateModule 2023-07-27T04:25:30Z logger.go:66:       + deletion_protection           = false
TestMySqlPrivateModule 2023-07-27T04:25:30Z logger.go:66:       + encryption_key_name           = (known after apply)
TestMySqlPrivateModule 2023-07-27T04:25:30Z logger.go:66:       + first_ip_address              = (known after apply)
TestMySqlPrivateModule 2023-07-27T04:25:30Z logger.go:66:       + id                            = (known after apply)
TestMySqlPrivateModule 2023-07-27T04:25:30Z logger.go:66:       + ip_address                    = (known after apply)
TestMySqlPrivateModule 2023-07-27T04:25:30Z logger.go:66:       + master_instance_name          = (known after apply)
TestMySqlPrivateModule 2023-07-27T04:25:30Z logger.go:66:       + name                          = (known after apply)
TestMySqlPrivateModule 2023-07-27T04:25:30Z logger.go:66:       + private_ip_address            = (known after apply)
TestMySqlPrivateModule 2023-07-27T04:25:30Z logger.go:66:       + project                       = "pm-test-10-e90f"
TestMySqlPrivateModule 2023-07-27T04:25:30Z logger.go:66:       + public_ip_address             = (known after apply)
TestMySqlPrivateModule 2023-07-27T04:25:30Z logger.go:66:       + region                        = "us-central1"
TestMySqlPrivateModule 2023-07-27T04:25:30Z logger.go:66:       + self_link                     = (known after apply)
TestMySqlPrivateModule 2023-07-27T04:25:30Z logger.go:66:       + server_ca_cert                = (known after apply)
TestMySqlPrivateModule 2023-07-27T04:25:30Z logger.go:66:       + service_account_email_address = (known after apply)
TestMySqlPrivateModule 2023-07-27T04:25:30Z logger.go:66: 
TestMySqlPrivateModule 2023-07-27T04:25:30Z logger.go:66:       + settings {
TestMySqlPrivateModule 2023-07-27T04:25:30Z logger.go:66:           + activation_policy           = "ALWAYS"
TestMySqlPrivateModule 2023-07-27T04:25:30Z logger.go:66:           + authorized_gae_applications = (known after apply)
TestMySqlPrivateModule 2023-07-27T04:25:30Z logger.go:66:           + availability_type           = "REGIONAL"
TestMySqlPrivateModule 2023-07-27T04:25:30Z logger.go:66:           + crash_safe_replication      = (known after apply)
TestMySqlPrivateModule 2023-07-27T04:25:30Z logger.go:66:           + disk_autoresize             = true
TestMySqlPrivateModule 2023-07-27T04:25:30Z logger.go:66:           + disk_autoresize_limit       = 0
TestMySqlPrivateModule 2023-07-27T04:25:30Z logger.go:66:           + disk_size                   = 10
TestMySqlPrivateModule 2023-07-27T04:25:30Z logger.go:66:           + disk_type                   = "PD_SSD"
TestMySqlPrivateModule 2023-07-27T04:25:30Z logger.go:66:           + pricing_plan                = "PER_USE"
TestMySqlPrivateModule 2023-07-27T04:25:30Z logger.go:66:           + replication_type            = (known after apply)
TestMySqlPrivateModule 2023-07-27T04:25:30Z logger.go:66:           + tier                        = "db-n1-standard-1"
TestMySqlPrivateModule 2023-07-27T04:25:30Z logger.go:66:           + user_labels                 = (known after apply)
TestMySqlPrivateModule 2023-07-27T04:25:30Z logger.go:66:           + version                     = (known after apply)
TestMySqlPrivateModule 2023-07-27T04:25:30Z logger.go:66: 
TestMySqlPrivateModule 2023-07-27T04:25:30Z logger.go:66:           + backup_configuration {
TestMySqlPrivateModule 2023-07-27T04:25:30Z logger.go:66:               + binary_log_enabled             = true
TestMySqlPrivateModule 2023-07-27T04:25:30Z logger.go:66:               + enabled                        = true
TestMySqlPrivateModule 2023-07-27T04:25:30Z logger.go:66:               + start_time                     = (known after apply)
TestMySqlPrivateModule 2023-07-27T04:25:30Z logger.go:66:               + transaction_log_retention_days = (known after apply)
TestMySqlPrivateModule 2023-07-27T04:25:30Z logger.go:66:             }
TestMySqlPrivateModule 2023-07-27T04:25:30Z logger.go:66: 
TestMySqlPrivateModule 2023-07-27T04:25:30Z logger.go:66:           + ip_configuration {
TestMySqlPrivateModule 2023-07-27T04:25:30Z logger.go:66:               + ipv4_enabled    = false
TestMySqlPrivateModule 2023-07-27T04:25:30Z logger.go:66:               + private_network = (known after apply)
TestMySqlPrivateModule 2023-07-27T04:25:30Z logger.go:66:             }
TestMySqlPrivateModule 2023-07-27T04:25:30Z logger.go:66: 
TestMySqlPrivateModule 2023-07-27T04:25:30Z logger.go:66:           + location_preference {
TestMySqlPrivateModule 2023-07-27T04:25:30Z logger.go:66:               + zone = "us-central1-a"
TestMySqlPrivateModule 2023-07-27T04:25:30Z logger.go:66:             }
TestMySqlPrivateModule 2023-07-27T04:25:30Z logger.go:66: 
TestMySqlPrivateModule 2023-07-27T04:25:30Z logger.go:66:           + maintenance_window {
TestMySqlPrivateModule 2023-07-27T04:25:30Z logger.go:66:               + day          = 1
TestMySqlPrivateModule 2023-07-27T04:25:30Z logger.go:66:               + hour         = 23
TestMySqlPrivateModule 2023-07-27T04:25:30Z logger.go:66:               + update_track = "canary"
TestMySqlPrivateModule 2023-07-27T04:25:30Z logger.go:66:             }
TestMySqlPrivateModule 2023-07-27T04:25:30Z logger.go:66:         }
TestMySqlPrivateModule 2023-07-27T04:25:30Z logger.go:66: 
TestMySqlPrivateModule 2023-07-27T04:25:30Z logger.go:66:       + timeouts {
TestMySqlPrivateModule 2023-07-27T04:25:30Z logger.go:66:           + create = "10m"
TestMySqlPrivateModule 2023-07-27T04:25:30Z logger.go:66:           + delete = "10m"
TestMySqlPrivateModule 2023-07-27T04:25:30Z logger.go:66:           + update = "10m"
TestMySqlPrivateModule 2023-07-27T04:25:30Z logger.go:66:         }
TestMySqlPrivateModule 2023-07-27T04:25:30Z logger.go:66:     }
TestMySqlPrivateModule 2023-07-27T04:25:30Z logger.go:66: 
TestMySqlPrivateModule 2023-07-27T04:25:30Z logger.go:66:   # module.sql-db.module.mysql[0].google_sql_user.default[0] will be created
TestMySqlPrivateModule 2023-07-27T04:25:30Z logger.go:66:   + resource "google_sql_user" "default" {
TestMySqlPrivateModule 2023-07-27T04:25:30Z logger.go:66:       + host     = "%"
TestMySqlPrivateModule 2023-07-27T04:25:30Z logger.go:66:       + id       = (known after apply)
TestMySqlPrivateModule 2023-07-27T04:25:30Z logger.go:66:       + instance = (known after apply)
TestMySqlPrivateModule 2023-07-27T04:25:30Z logger.go:66:       + name     = "default"
TestMySqlPrivateModule 2023-07-27T04:25:30Z logger.go:66:       + password = (sensitive value)
TestMySqlPrivateModule 2023-07-27T04:25:30Z logger.go:66:       + project  = "pm-test-10-e90f"
TestMySqlPrivateModule 2023-07-27T04:25:30Z logger.go:66:     }
TestMySqlPrivateModule 2023-07-27T04:25:30Z logger.go:66: 
TestMySqlPrivateModule 2023-07-27T04:25:30Z logger.go:66:   # module.sql-db.module.mysql[0].null_resource.module_depends_on will be created
TestMySqlPrivateModule 2023-07-27T04:25:30Z logger.go:66:   + resource "null_resource" "module_depends_on" {
TestMySqlPrivateModule 2023-07-27T04:25:30Z logger.go:66:       + id       = (known after apply)
TestMySqlPrivateModule 2023-07-27T04:25:30Z logger.go:66:       + triggers = {
TestMySqlPrivateModule 2023-07-27T04:25:30Z logger.go:66:           + "value" = "0"
TestMySqlPrivateModule 2023-07-27T04:25:30Z logger.go:66:         }
TestMySqlPrivateModule 2023-07-27T04:25:30Z logger.go:66:     }
TestMySqlPrivateModule 2023-07-27T04:25:30Z logger.go:66: 
TestMySqlPrivateModule 2023-07-27T04:25:30Z logger.go:66:   # module.sql-db.module.mysql[0].random_id.user-password will be created
TestMySqlPrivateModule 2023-07-27T04:25:30Z logger.go:66:   + resource "random_id" "user-password" {
TestMySqlPrivateModule 2023-07-27T04:25:30Z logger.go:66:       + b64_std     = (known after apply)
TestMySqlPrivateModule 2023-07-27T04:25:30Z logger.go:66:       + b64_url     = (known after apply)
TestMySqlPrivateModule 2023-07-27T04:25:30Z logger.go:66:       + byte_length = 8
TestMySqlPrivateModule 2023-07-27T04:25:30Z logger.go:66:       + dec         = (known after apply)
TestMySqlPrivateModule 2023-07-27T04:25:30Z logger.go:66:       + hex         = (known after apply)
TestMySqlPrivateModule 2023-07-27T04:25:30Z logger.go:66:       + id          = (known after apply)
TestMySqlPrivateModule 2023-07-27T04:25:30Z logger.go:66:       + keepers     = (known after apply)
TestMySqlPrivateModule 2023-07-27T04:25:30Z logger.go:66:     }
TestMySqlPrivateModule 2023-07-27T04:25:30Z logger.go:66: 
TestMySqlPrivateModule 2023-07-27T04:25:30Z logger.go:66: Plan: 50 to add, 0 to change, 0 to destroy.
TestMySqlPrivateModule 2023-07-27T04:25:30Z logger.go:66: 
TestMySqlPrivateModule 2023-07-27T04:25:30Z logger.go:66: Changes to Outputs:
TestMySqlPrivateModule 2023-07-27T04:25:30Z logger.go:66:   + host_network_id    = (known after apply)
TestMySqlPrivateModule 2023-07-27T04:25:30Z logger.go:66:   + host_subnetwork_id = (known after apply)
TestMySqlPrivateModule 2023-07-27T04:25:30Z logger.go:66:   + host_vpc_name      = (known after apply)
TestMySqlPrivateModule 2023-07-27T04:25:31Z logger.go:66: module.project_services.module.project_services.google_project_service.project_services["monitoring.googleapis.com"]: Creating...
TestMySqlPrivateModule 2023-07-27T04:25:31Z logger.go:66: module.project_services.module.project_services.google_project_service.project_services["cloudresourcemanager.googleapis.com"]: Creating...
TestMySqlPrivateModule 2023-07-27T04:25:31Z logger.go:66: module.project_services.module.project_services.google_project_service.project_services["sqladmin.googleapis.com"]: Creating...
TestMySqlPrivateModule 2023-07-27T04:25:31Z logger.go:66: module.project_services.module.project_services.google_project_service.project_services["compute.googleapis.com"]: Creating...
TestMySqlPrivateModule 2023-07-27T04:25:31Z logger.go:66: module.host_project.module.project_services.google_project_service.project_services["cloudresourcemanager.googleapis.com"]: Creating...
TestMySqlPrivateModule 2023-07-27T04:25:31Z logger.go:66: module.project_services.module.project_services.google_project_service.project_services["servicenetworking.googleapis.com"]: Creating...
TestMySqlPrivateModule 2023-07-27T04:25:31Z logger.go:66: module.project_services.module.project_services.google_project_service.project_services["logging.googleapis.com"]: Creating...
TestMySqlPrivateModule 2023-07-27T04:25:31Z logger.go:66: module.project_services.module.project_services.google_project_service.project_services["iam.googleapis.com"]: Creating...
TestMySqlPrivateModule 2023-07-27T04:25:31Z logger.go:66: module.host_project.module.project_services.google_project_service.project_services["compute.googleapis.com"]: Creating...
TestMySqlPrivateModule 2023-07-27T04:25:31Z logger.go:66: module.host_project.module.project_services.google_project_service.project_services["sqladmin.googleapis.com"]: Creating...
TestMySqlPrivateModule 2023-07-27T04:25:35Z logger.go:66: module.project_services.module.project_services.google_project_service.project_services["logging.googleapis.com"]: Creation complete after 5s [id=pm-test-10-e90f/logging.googleapis.com]
TestMySqlPrivateModule 2023-07-27T04:25:35Z logger.go:66: module.project_services.module.project_services.google_project_service.project_services["monitoring.googleapis.com"]: Creation complete after 5s [id=pm-test-10-e90f/monitoring.googleapis.com]
TestMySqlPrivateModule 2023-07-27T04:25:35Z logger.go:66: module.project_services.module.project_services.google_project_service.project_services["iam.googleapis.com"]: Creation complete after 5s [id=pm-test-10-e90f/iam.googleapis.com]
TestMySqlPrivateModule 2023-07-27T04:25:35Z logger.go:66: module.host_project.module.project_services.google_project_service.project_services["monitoring.googleapis.com"]: Creating...
TestMySqlPrivateModule 2023-07-27T04:25:35Z logger.go:66: module.project_services.module.project_services.google_project_service.project_services["compute.googleapis.com"]: Creation complete after 5s [id=pm-test-10-e90f/compute.googleapis.com]
TestMySqlPrivateModule 2023-07-27T04:25:35Z logger.go:66: module.project_services.module.project_services.google_project_service.project_services["sqladmin.googleapis.com"]: Creation complete after 5s [id=pm-test-10-e90f/sqladmin.googleapis.com]
TestMySqlPrivateModule 2023-07-27T04:25:35Z logger.go:66: module.project_services.module.project_services.google_project_service.project_services["cloudresourcemanager.googleapis.com"]: Creation complete after 5s [id=pm-test-10-e90f/cloudresourcemanager.googleapis.com]
TestMySqlPrivateModule 2023-07-27T04:25:35Z logger.go:66: module.host_project.module.project_services.google_project_service.project_services["logging.googleapis.com"]: Creating...
TestMySqlPrivateModule 2023-07-27T04:25:35Z logger.go:66: module.project_services.module.project_services.google_project_service.project_services["servicenetworking.googleapis.com"]: Creation complete after 5s [id=pm-test-10-e90f/servicenetworking.googleapis.com]
TestMySqlPrivateModule 2023-07-27T04:25:35Z logger.go:66: module.host_project.module.project_services.google_project_service.project_services["servicenetworking.googleapis.com"]: Creating...
TestMySqlPrivateModule 2023-07-27T04:25:35Z logger.go:66: module.host_project.module.project_services.google_project_service.project_services["iam.googleapis.com"]: Creating...
TestMySqlPrivateModule 2023-07-27T04:25:37Z logger.go:66: module.host_project.module.project_services.google_project_service.project_services["compute.googleapis.com"]: Creation complete after 6s [id=pm-singleproject-20/compute.googleapis.com]
TestMySqlPrivateModule 2023-07-27T04:25:37Z logger.go:66: module.host_project.module.project_services.google_project_service.project_services["sqladmin.googleapis.com"]: Creation complete after 6s [id=pm-singleproject-20/sqladmin.googleapis.com]
TestMySqlPrivateModule 2023-07-27T04:25:37Z logger.go:66: module.host_project.module.project_services.google_project_service.project_services["cloudresourcemanager.googleapis.com"]: Creation complete after 6s [id=pm-singleproject-20/cloudresourcemanager.googleapis.com]
TestMySqlPrivateModule 2023-07-27T04:25:40Z logger.go:66: module.host_project.module.project_services.google_project_service.project_services["iam.googleapis.com"]: Creation complete after 5s [id=pm-singleproject-20/iam.googleapis.com]
TestMySqlPrivateModule 2023-07-27T04:25:40Z logger.go:66: module.host_project.module.project_services.google_project_service.project_services["servicenetworking.googleapis.com"]: Creation complete after 5s [id=pm-singleproject-20/servicenetworking.googleapis.com]
TestMySqlPrivateModule 2023-07-27T04:25:40Z logger.go:66: module.host_project.module.project_services.google_project_service.project_services["logging.googleapis.com"]: Creation complete after 5s [id=pm-singleproject-20/logging.googleapis.com]
TestMySqlPrivateModule 2023-07-27T04:25:40Z logger.go:66: module.host_project.module.project_services.google_project_service.project_services["monitoring.googleapis.com"]: Creation complete after 5s [id=pm-singleproject-20/monitoring.googleapis.com]
TestMySqlPrivateModule 2023-07-27T04:25:40Z logger.go:66: module.gce_sa.google_service_account.service_account[0]: Creating...
TestMySqlPrivateModule 2023-07-27T04:25:40Z logger.go:66: module.terraform_service_accounts.google_service_account.service_account[0]: Creating...
TestMySqlPrivateModule 2023-07-27T04:25:40Z logger.go:66: module.host-vpc.google_compute_network.network[0]: Creating...
TestMySqlPrivateModule 2023-07-27T04:25:43Z logger.go:66: module.gce_sa.google_service_account.service_account[0]: Creation complete after 2s [id=projects/pm-test-10-e90f/serviceAccounts/gce-sa@pm-test-10-e90f.iam.gserviceaccount.com]
TestMySqlPrivateModule 2023-07-27T04:25:43Z logger.go:66: module.gce_sa.google_project_iam_member.project-roles["pm-singleproject-20-roles/compute.networkUser"]: Creating...
TestMySqlPrivateModule 2023-07-27T04:25:43Z logger.go:66: module.gce_sa.google_project_iam_member.project-roles["pm-test-10-e90f-roles/cloudsql.client"]: Creating...
TestMySqlPrivateModule 2023-07-27T04:25:43Z logger.go:66: module.gce_sa.google_project_iam_member.project-roles["pm-test-10-e90f-roles/iam.serviceAccountUser"]: Creating...
TestMySqlPrivateModule 2023-07-27T04:25:43Z logger.go:66: module.terraform_service_accounts.google_service_account.service_account[0]: Creation complete after 2s [id=projects/pm-singleproject-20/serviceAccounts/terraform-sa@pm-singleproject-20.iam.gserviceaccount.com]
TestMySqlPrivateModule 2023-07-27T04:25:43Z logger.go:66: module.terraform_service_accounts.google_project_iam_member.project-roles["pm-singleproject-20-roles/compute.securityAdmin"]: Creating...
TestMySqlPrivateModule 2023-07-27T04:25:43Z logger.go:66: module.terraform_service_accounts.google_project_iam_member.project-roles["pm-test-10-e90f-roles/iam.serviceAccountAdmin"]: Creating...
TestMySqlPrivateModule 2023-07-27T04:25:43Z logger.go:66: module.terraform_service_accounts.google_project_iam_member.project-roles["pm-singleproject-20-roles/iam.serviceAccountAdmin"]: Creating...
TestMySqlPrivateModule 2023-07-27T04:25:43Z logger.go:66: module.terraform_service_accounts.google_project_iam_member.project-roles["pm-test-10-e90f-roles/iam.serviceAccountUser"]: Creating...
TestMySqlPrivateModule 2023-07-27T04:25:43Z logger.go:66: module.terraform_service_accounts.google_project_iam_member.project-roles["pm-test-10-e90f-roles/compute.instanceAdmin"]: Creating...
TestMySqlPrivateModule 2023-07-27T04:25:43Z logger.go:66: module.terraform_service_accounts.google_project_iam_member.project-roles["pm-singleproject-20-roles/serviceusage.serviceUsageAdmin"]: Creating...
TestMySqlPrivateModule 2023-07-27T04:25:50Z logger.go:66: module.host-vpc.google_compute_network.network[0]: Still creating... [10s elapsed]
TestMySqlPrivateModule 2023-07-27T04:25:53Z logger.go:66: module.gce_sa.google_project_iam_member.project-roles["pm-test-10-e90f-roles/iam.serviceAccountUser"]: Still creating... [10s elapsed]
TestMySqlPrivateModule 2023-07-27T04:25:53Z logger.go:66: module.gce_sa.google_project_iam_member.project-roles["pm-test-10-e90f-roles/cloudsql.client"]: Still creating... [10s elapsed]
TestMySqlPrivateModule 2023-07-27T04:25:53Z logger.go:66: module.gce_sa.google_project_iam_member.project-roles["pm-singleproject-20-roles/compute.networkUser"]: Still creating... [10s elapsed]
TestMySqlPrivateModule 2023-07-27T04:25:53Z logger.go:66: module.terraform_service_accounts.google_project_iam_member.project-roles["pm-test-10-e90f-roles/iam.serviceAccountUser"]: Creation complete after 10s [id=pm-test-10-e90f/roles/iam.serviceAccountUser/serviceAccount:terraform-sa@pm-singleproject-20.iam.gserviceaccount.com]
TestMySqlPrivateModule 2023-07-27T04:25:53Z logger.go:66: module.terraform_service_accounts.google_project_iam_member.project-roles["pm-singleproject-20-roles/compute.networkUser"]: Creating...
TestMySqlPrivateModule 2023-07-27T04:25:53Z logger.go:66: module.terraform_service_accounts.google_project_iam_member.project-roles["pm-singleproject-20-roles/compute.securityAdmin"]: Still creating... [10s elapsed]
TestMySqlPrivateModule 2023-07-27T04:25:53Z logger.go:66: module.terraform_service_accounts.google_project_iam_member.project-roles["pm-singleproject-20-roles/iam.serviceAccountAdmin"]: Still creating... [10s elapsed]
TestMySqlPrivateModule 2023-07-27T04:25:53Z logger.go:66: module.terraform_service_accounts.google_project_iam_member.project-roles["pm-test-10-e90f-roles/iam.serviceAccountAdmin"]: Still creating... [10s elapsed]
TestMySqlPrivateModule 2023-07-27T04:25:53Z logger.go:66: module.terraform_service_accounts.google_project_iam_member.project-roles["pm-test-10-e90f-roles/compute.instanceAdmin"]: Still creating... [10s elapsed]
TestMySqlPrivateModule 2023-07-27T04:25:53Z logger.go:66: module.terraform_service_accounts.google_project_iam_member.project-roles["pm-singleproject-20-roles/serviceusage.serviceUsageAdmin"]: Still creating... [10s elapsed]
TestMySqlPrivateModule 2023-07-27T04:25:53Z logger.go:66: module.terraform_service_accounts.google_project_iam_member.project-roles["pm-test-10-e90f-roles/iam.serviceAccountAdmin"]: Creation complete after 11s [id=pm-test-10-e90f/roles/iam.serviceAccountAdmin/serviceAccount:terraform-sa@pm-singleproject-20.iam.gserviceaccount.com]
TestMySqlPrivateModule 2023-07-27T04:25:53Z logger.go:66: module.terraform_service_accounts.google_project_iam_member.project-roles["pm-test-10-e90f-roles/resourcemanager.projectIamAdmin"]: Creating...
TestMySqlPrivateModule 2023-07-27T04:25:54Z logger.go:66: module.terraform_service_accounts.google_project_iam_member.project-roles["pm-singleproject-20-roles/compute.securityAdmin"]: Creation complete after 11s [id=pm-singleproject-20/roles/compute.securityAdmin/serviceAccount:terraform-sa@pm-singleproject-20.iam.gserviceaccount.com]
TestMySqlPrivateModule 2023-07-27T04:25:54Z logger.go:66: module.terraform_service_accounts.google_project_iam_member.project-roles["pm-singleproject-20-roles/resourcemanager.projectIamAdmin"]: Creating...
TestMySqlPrivateModule 2023-07-27T04:25:54Z logger.go:66: module.gce_sa.google_project_iam_member.project-roles["pm-test-10-e90f-roles/iam.serviceAccountUser"]: Creation complete after 12s [id=pm-test-10-e90f/roles/iam.serviceAccountUser/serviceAccount:gce-sa@pm-test-10-e90f.iam.gserviceaccount.com]
TestMySqlPrivateModule 2023-07-27T04:25:54Z logger.go:66: module.terraform_service_accounts.google_project_iam_member.project-roles["pm-test-10-e90f-roles/serviceusage.serviceUsageAdmin"]: Creating...
TestMySqlPrivateModule 2023-07-27T04:25:54Z logger.go:66: module.terraform_service_accounts.google_project_iam_member.project-roles["pm-singleproject-20-roles/iam.serviceAccountAdmin"]: Creation complete after 12s [id=pm-singleproject-20/roles/iam.serviceAccountAdmin/serviceAccount:terraform-sa@pm-singleproject-20.iam.gserviceaccount.com]
TestMySqlPrivateModule 2023-07-27T04:25:54Z logger.go:66: module.terraform_service_accounts.google_project_iam_member.project-roles["pm-singleproject-20-roles/compute.networkAdmin"]: Creating...
TestMySqlPrivateModule 2023-07-27T04:25:55Z logger.go:66: module.terraform_service_accounts.google_project_iam_member.project-roles["pm-test-10-e90f-roles/compute.instanceAdmin"]: Creation complete after 12s [id=pm-test-10-e90f/roles/compute.instanceAdmin/serviceAccount:terraform-sa@pm-singleproject-20.iam.gserviceaccount.com]
TestMySqlPrivateModule 2023-07-27T04:25:55Z logger.go:66: module.terraform_service_accounts.google_project_iam_member.project-roles["pm-test-10-e90f-roles/cloudsql.admin"]: Creating...
TestMySqlPrivateModule 2023-07-27T04:25:55Z logger.go:66: module.gce_sa.google_project_iam_member.project-roles["pm-singleproject-20-roles/compute.networkUser"]: Creation complete after 13s [id=pm-singleproject-20/roles/compute.networkUser/serviceAccount:gce-sa@pm-test-10-e90f.iam.gserviceaccount.com]
TestMySqlPrivateModule 2023-07-27T04:25:55Z logger.go:66: module.gce_sa.google_project_iam_member.project-roles["pm-test-10-e90f-roles/cloudsql.client"]: Creation complete after 13s [id=pm-test-10-e90f/roles/cloudsql.client/serviceAccount:gce-sa@pm-test-10-e90f.iam.gserviceaccount.com]
TestMySqlPrivateModule 2023-07-27T04:25:56Z logger.go:66: module.terraform_service_accounts.google_project_iam_member.project-roles["pm-singleproject-20-roles/serviceusage.serviceUsageAdmin"]: Creation complete after 13s [id=pm-singleproject-20/roles/serviceusage.serviceUsageAdmin/serviceAccount:terraform-sa@pm-singleproject-20.iam.gserviceaccount.com]
TestMySqlPrivateModule 2023-07-27T04:26:00Z logger.go:66: module.host-vpc.google_compute_network.network[0]: Still creating... [20s elapsed]
TestMySqlPrivateModule 2023-07-27T04:26:03Z logger.go:66: module.terraform_service_accounts.google_project_iam_member.project-roles["pm-singleproject-20-roles/compute.networkUser"]: Still creating... [10s elapsed]
TestMySqlPrivateModule 2023-07-27T04:26:03Z logger.go:66: module.terraform_service_accounts.google_project_iam_member.project-roles["pm-singleproject-20-roles/compute.networkAdmin"]: Creation complete after 8s [id=pm-singleproject-20/roles/compute.networkAdmin/serviceAccount:terraform-sa@pm-singleproject-20.iam.gserviceaccount.com]
TestMySqlPrivateModule 2023-07-27T04:26:03Z logger.go:66: module.host-vpc.google_compute_network.network[0]: Creation complete after 22s [id=projects/pm-singleproject-20/global/networks/cloudsql-easy]
TestMySqlPrivateModule 2023-07-27T04:26:03Z logger.go:66: module.host-vpc.google_compute_shared_vpc_host_project.shared_vpc_host[0]: Creating...
TestMySqlPrivateModule 2023-07-27T04:26:03Z logger.go:66: module.host-vpc.google_compute_global_address.psa_ranges["privateip-range"]: Creating...
TestMySqlPrivateModule 2023-07-27T04:26:03Z logger.go:66: module.host-vpc.google_compute_route.gateway["restricted-googleapis"]: Creating...
TestMySqlPrivateModule 2023-07-27T04:26:03Z logger.go:66: module.host-vpc.google_compute_route.gateway["private-googleapis"]: Creating...
TestMySqlPrivateModule 2023-07-27T04:26:03Z logger.go:66: module.host-vpc.google_compute_subnetwork.subnetwork["us-central1/cloudsql-easy-subnet"]: Creating...
TestMySqlPrivateModule 2023-07-27T04:26:03Z logger.go:66: module.terraform_service_accounts.google_project_iam_member.project-roles["pm-test-10-e90f-roles/resourcemanager.projectIamAdmin"]: Still creating... [10s elapsed]
TestMySqlPrivateModule 2023-07-27T04:26:03Z logger.go:66: module.terraform_service_accounts.google_project_iam_member.project-roles["pm-singleproject-20-roles/compute.networkUser"]: Creation complete after 11s [id=pm-singleproject-20/roles/compute.networkUser/serviceAccount:terraform-sa@pm-singleproject-20.iam.gserviceaccount.com]
TestMySqlPrivateModule 2023-07-27T04:26:04Z logger.go:66: module.terraform_service_accounts.google_project_iam_member.project-roles["pm-singleproject-20-roles/resourcemanager.projectIamAdmin"]: Still creating... [10s elapsed]
TestMySqlPrivateModule 2023-07-27T04:26:04Z logger.go:66: module.terraform_service_accounts.google_project_iam_member.project-roles["pm-test-10-e90f-roles/cloudsql.admin"]: Creation complete after 9s [id=pm-test-10-e90f/roles/cloudsql.admin/serviceAccount:terraform-sa@pm-singleproject-20.iam.gserviceaccount.com]
TestMySqlPrivateModule 2023-07-27T04:26:04Z logger.go:66: module.terraform_service_accounts.google_project_iam_member.project-roles["pm-test-10-e90f-roles/serviceusage.serviceUsageAdmin"]: Still creating... [10s elapsed]
TestMySqlPrivateModule 2023-07-27T04:26:04Z logger.go:66: module.terraform_service_accounts.google_project_iam_member.project-roles["pm-singleproject-20-roles/resourcemanager.projectIamAdmin"]: Creation complete after 11s [id=pm-singleproject-20/roles/resourcemanager.projectIamAdmin/serviceAccount:terraform-sa@pm-singleproject-20.iam.gserviceaccount.com]
TestMySqlPrivateModule 2023-07-27T04:26:05Z logger.go:66: module.terraform_service_accounts.google_project_iam_member.project-roles["pm-test-10-e90f-roles/resourcemanager.projectIamAdmin"]: Creation complete after 11s [id=pm-test-10-e90f/roles/resourcemanager.projectIamAdmin/serviceAccount:terraform-sa@pm-singleproject-20.iam.gserviceaccount.com]
TestMySqlPrivateModule 2023-07-27T04:26:05Z logger.go:66: module.terraform_service_accounts.google_project_iam_member.project-roles["pm-test-10-e90f-roles/serviceusage.serviceUsageAdmin"]: Creation complete after 10s [id=pm-test-10-e90f/roles/serviceusage.serviceUsageAdmin/serviceAccount:terraform-sa@pm-singleproject-20.iam.gserviceaccount.com]
TestMySqlPrivateModule 2023-07-27T04:26:13Z logger.go:66: module.host-vpc.google_compute_shared_vpc_host_project.shared_vpc_host[0]: Still creating... [10s elapsed]
TestMySqlPrivateModule 2023-07-27T04:26:13Z logger.go:66: module.host-vpc.google_compute_global_address.psa_ranges["privateip-range"]: Still creating... [10s elapsed]
TestMySqlPrivateModule 2023-07-27T04:26:13Z logger.go:66: module.host-vpc.google_compute_route.gateway["private-googleapis"]: Still creating... [10s elapsed]
TestMySqlPrivateModule 2023-07-27T04:26:13Z logger.go:66: module.host-vpc.google_compute_route.gateway["restricted-googleapis"]: Still creating... [10s elapsed]
TestMySqlPrivateModule 2023-07-27T04:26:13Z logger.go:66: module.host-vpc.google_compute_subnetwork.subnetwork["us-central1/cloudsql-easy-subnet"]: Still creating... [10s elapsed]
TestMySqlPrivateModule 2023-07-27T04:26:15Z logger.go:66: module.host-vpc.google_compute_shared_vpc_host_project.shared_vpc_host[0]: Creation complete after 12s [id=pm-singleproject-20]
TestMySqlPrivateModule 2023-07-27T04:26:15Z logger.go:66: module.host-vpc.google_compute_shared_vpc_service_project.service_projects["pm-test-10-e90f"]: Creating...
TestMySqlPrivateModule 2023-07-27T04:26:15Z logger.go:66: module.host-vpc.google_compute_route.gateway["private-googleapis"]: Creation complete after 12s [id=projects/pm-singleproject-20/global/routes/cloudsql-easy-private-googleapis]
TestMySqlPrivateModule 2023-07-27T04:26:15Z logger.go:66: module.host-vpc.google_compute_global_address.psa_ranges["privateip-range"]: Creation complete after 13s [id=projects/pm-singleproject-20/global/addresses/privateip-range]
TestMySqlPrivateModule 2023-07-27T04:26:15Z logger.go:66: module.host-vpc.data.google_compute_global_address.my_address["privateip-range"]: Reading...
TestMySqlPrivateModule 2023-07-27T04:26:15Z logger.go:66: module.host-vpc.google_service_networking_connection.psa_connection["1"]: Creating...
TestMySqlPrivateModule 2023-07-27T04:26:15Z logger.go:66: module.host-vpc.data.google_compute_global_address.my_address["privateip-range"]: Read complete after 0s [id=projects/pm-singleproject-20/global/addresses/privateip-range]
TestMySqlPrivateModule 2023-07-27T04:26:18Z logger.go:66: module.host-vpc.google_compute_subnetwork.subnetwork["us-central1/cloudsql-easy-subnet"]: Creation complete after 15s [id=projects/pm-singleproject-20/regions/us-central1/subnetworks/cloudsql-easy-subnet]
TestMySqlPrivateModule 2023-07-27T04:26:23Z logger.go:66: module.host-vpc.google_compute_route.gateway["restricted-googleapis"]: Still creating... [20s elapsed]
TestMySqlPrivateModule 2023-07-27T04:26:25Z logger.go:66: module.host-vpc.google_compute_shared_vpc_service_project.service_projects["pm-test-10-e90f"]: Still creating... [10s elapsed]
TestMySqlPrivateModule 2023-07-27T04:26:25Z logger.go:66: module.host-vpc.google_service_networking_connection.psa_connection["1"]: Still creating... [10s elapsed]
TestMySqlPrivateModule 2023-07-27T04:26:27Z logger.go:66: module.host-vpc.google_compute_shared_vpc_service_project.service_projects["pm-test-10-e90f"]: Creation complete after 12s [id=pm-singleproject-20/pm-test-10-e90f]
TestMySqlPrivateModule 2023-07-27T04:26:27Z logger.go:66: module.host-vpc.google_compute_route.gateway["restricted-googleapis"]: Creation complete after 25s [id=projects/pm-singleproject-20/global/routes/cloudsql-easy-restricted-googleapis]
TestMySqlPrivateModule 2023-07-27T04:26:35Z logger.go:66: module.host-vpc.google_service_networking_connection.psa_connection["1"]: Still creating... [20s elapsed]
TestMySqlPrivateModule 2023-07-27T04:26:45Z logger.go:66: module.host-vpc.google_service_networking_connection.psa_connection["1"]: Still creating... [30s elapsed]
TestMySqlPrivateModule 2023-07-27T04:26:55Z logger.go:66: module.host-vpc.google_service_networking_connection.psa_connection["1"]: Still creating... [40s elapsed]
TestMySqlPrivateModule 2023-07-27T04:27:00Z logger.go:66: module.host-vpc.google_service_networking_connection.psa_connection["1"]: Creation complete after 45s [id=projects%2Fpm-singleproject-20%2Fglobal%2Fnetworks%2Fcloudsql-easy:servicenetworking.googleapis.com]
TestMySqlPrivateModule 2023-07-27T04:27:00Z logger.go:66: module.host-vpc.google_compute_network_peering_routes_config.psa_routes["1"]: Creating...
TestMySqlPrivateModule 2023-07-27T04:27:00Z logger.go:66: module.firewall_rules.module.firewall_rules.google_compute_firewall.rules["cloudsql-ingress"]: Creating...
TestMySqlPrivateModule 2023-07-27T04:27:00Z logger.go:66: module.firewall_rules.module.firewall_rules.google_compute_firewall.rules["allow-ssh-ingress"]: Creating...
TestMySqlPrivateModule 2023-07-27T04:27:10Z logger.go:66: module.host-vpc.google_compute_network_peering_routes_config.psa_routes["1"]: Still creating... [10s elapsed]
TestMySqlPrivateModule 2023-07-27T04:27:10Z logger.go:66: module.firewall_rules.module.firewall_rules.google_compute_firewall.rules["cloudsql-ingress"]: Still creating... [10s elapsed]
TestMySqlPrivateModule 2023-07-27T04:27:10Z logger.go:66: module.firewall_rules.module.firewall_rules.google_compute_firewall.rules["allow-ssh-ingress"]: Still creating... [10s elapsed]
TestMySqlPrivateModule 2023-07-27T04:27:13Z logger.go:66: module.firewall_rules.module.firewall_rules.google_compute_firewall.rules["cloudsql-ingress"]: Creation complete after 12s [id=projects/pm-singleproject-20/global/firewalls/cloudsql-ingress]
TestMySqlPrivateModule 2023-07-27T04:27:13Z logger.go:66: module.host-vpc.google_compute_network_peering_routes_config.psa_routes["1"]: Creation complete after 12s [id=projects/pm-singleproject-20/global/networks/cloudsql-easy/networkPeerings/servicenetworking-googleapis-com]
TestMySqlPrivateModule 2023-07-27T04:27:13Z logger.go:66: module.sql-db.module.mysql[0].null_resource.module_depends_on: Creating...
TestMySqlPrivateModule 2023-07-27T04:27:13Z logger.go:66: module.sql-db.random_string.mysql_random_suffix[0]: Creating...
TestMySqlPrivateModule 2023-07-27T04:27:13Z logger.go:66: module.sql-db.module.mysql[0].null_resource.module_depends_on: Creation complete after 0s [id=5224729058139154450]
TestMySqlPrivateModule 2023-07-27T04:27:13Z logger.go:66: module.sql-db.random_string.mysql_random_suffix[0]: Creation complete after 0s [id=u9s]
TestMySqlPrivateModule 2023-07-27T04:27:13Z logger.go:66: module.google_compute_instance.module.instance_template.google_compute_instance_template.tpl: Creating...
TestMySqlPrivateModule 2023-07-27T04:27:13Z logger.go:66: module.sql-db.module.mysql[0].google_sql_database_instance.default: Creating...
TestMySqlPrivateModule 2023-07-27T04:27:13Z logger.go:66: module.firewall_rules.module.firewall_rules.google_compute_firewall.rules["allow-ssh-ingress"]: Creation complete after 13s [id=projects/pm-singleproject-20/global/firewalls/allow-ssh-ingress]
TestMySqlPrivateModule 2023-07-27T04:27:23Z logger.go:66: module.google_compute_instance.module.instance_template.google_compute_instance_template.tpl: Still creating... [10s elapsed]
TestMySqlPrivateModule 2023-07-27T04:27:23Z logger.go:66: module.sql-db.module.mysql[0].google_sql_database_instance.default: Still creating... [10s elapsed]
TestMySqlPrivateModule 2023-07-27T04:27:26Z logger.go:66: module.google_compute_instance.module.instance_template.google_compute_instance_template.tpl: Creation complete after 14s [id=projects/pm-test-10-e90f/global/instanceTemplates/default-instance-template-20230727042714084000000001]
TestMySqlPrivateModule 2023-07-27T04:27:26Z logger.go:66: module.google_compute_instance.module.compute_instance.data.google_compute_zones.available: Reading...
TestMySqlPrivateModule 2023-07-27T04:27:27Z logger.go:66: module.google_compute_instance.module.compute_instance.data.google_compute_zones.available: Read complete after 0s [id=projects/pm-test-10-e90f/regions/us-central1]
TestMySqlPrivateModule 2023-07-27T04:27:27Z logger.go:66: module.google_compute_instance.module.compute_instance.google_compute_instance_from_template.compute_instance[0]: Creating...
TestMySqlPrivateModule 2023-07-27T04:27:33Z logger.go:66: module.sql-db.module.mysql[0].google_sql_database_instance.default: Still creating... [20s elapsed]
TestMySqlPrivateModule 2023-07-27T04:27:37Z logger.go:66: module.google_compute_instance.module.compute_instance.google_compute_instance_from_template.compute_instance[0]: Still creating... [10s elapsed]
TestMySqlPrivateModule 2023-07-27T04:27:43Z logger.go:66: module.sql-db.module.mysql[0].google_sql_database_instance.default: Still creating... [30s elapsed]
TestMySqlPrivateModule 2023-07-27T04:27:45Z logger.go:66: module.google_compute_instance.module.compute_instance.google_compute_instance_from_template.compute_instance[0]: Creation complete after 19s [id=projects/pm-test-10-e90f/zones/us-central1-a/instances/default-001]
TestMySqlPrivateModule 2023-07-27T04:27:53Z logger.go:66: module.sql-db.module.mysql[0].google_sql_database_instance.default: Still creating... [40s elapsed]
TestMySqlPrivateModule 2023-07-27T04:28:03Z logger.go:66: module.sql-db.module.mysql[0].google_sql_database_instance.default: Still creating... [50s elapsed]
TestMySqlPrivateModule 2023-07-27T04:28:13Z logger.go:66: module.sql-db.module.mysql[0].google_sql_database_instance.default: Still creating... [1m0s elapsed]
TestMySqlPrivateModule 2023-07-27T04:28:23Z logger.go:66: module.sql-db.module.mysql[0].google_sql_database_instance.default: Still creating... [1m10s elapsed]
TestMySqlPrivateModule 2023-07-27T04:28:33Z logger.go:66: module.sql-db.module.mysql[0].google_sql_database_instance.default: Still creating... [1m20s elapsed]
TestMySqlPrivateModule 2023-07-27T04:28:43Z logger.go:66: module.sql-db.module.mysql[0].google_sql_database_instance.default: Still creating... [1m30s elapsed]
TestMySqlPrivateModule 2023-07-27T04:28:53Z logger.go:66: module.sql-db.module.mysql[0].google_sql_database_instance.default: Still creating... [1m40s elapsed]
TestMySqlPrivateModule 2023-07-27T04:29:03Z logger.go:66: module.sql-db.module.mysql[0].google_sql_database_instance.default: Still creating... [1m50s elapsed]
TestMySqlPrivateModule 2023-07-27T04:29:13Z logger.go:66: module.sql-db.module.mysql[0].google_sql_database_instance.default: Still creating... [2m0s elapsed]
TestMySqlPrivateModule 2023-07-27T04:29:23Z logger.go:66: module.sql-db.module.mysql[0].google_sql_database_instance.default: Still creating... [2m10s elapsed]
TestMySqlPrivateModule 2023-07-27T04:29:33Z logger.go:66: module.sql-db.module.mysql[0].google_sql_database_instance.default: Still creating... [2m20s elapsed]
TestMySqlPrivateModule 2023-07-27T04:29:43Z logger.go:66: module.sql-db.module.mysql[0].google_sql_database_instance.default: Still creating... [2m30s elapsed]
TestMySqlPrivateModule 2023-07-27T04:29:53Z logger.go:66: module.sql-db.module.mysql[0].google_sql_database_instance.default: Still creating... [2m40s elapsed]
TestMySqlPrivateModule 2023-07-27T04:30:03Z logger.go:66: module.sql-db.module.mysql[0].google_sql_database_instance.default: Still creating... [2m50s elapsed]
TestMySqlPrivateModule 2023-07-27T04:30:13Z logger.go:66: module.sql-db.module.mysql[0].google_sql_database_instance.default: Still creating... [3m0s elapsed]
TestMySqlPrivateModule 2023-07-27T04:30:23Z logger.go:66: module.sql-db.module.mysql[0].google_sql_database_instance.default: Still creating... [3m10s elapsed]
TestMySqlPrivateModule 2023-07-27T04:30:33Z logger.go:66: module.sql-db.module.mysql[0].google_sql_database_instance.default: Still creating... [3m20s elapsed]
TestMySqlPrivateModule 2023-07-27T04:30:43Z logger.go:66: module.sql-db.module.mysql[0].google_sql_database_instance.default: Still creating... [3m30s elapsed]
TestMySqlPrivateModule 2023-07-27T04:30:53Z logger.go:66: module.sql-db.module.mysql[0].google_sql_database_instance.default: Still creating... [3m40s elapsed]
TestMySqlPrivateModule 2023-07-27T04:31:03Z logger.go:66: module.sql-db.module.mysql[0].google_sql_database_instance.default: Still creating... [3m50s elapsed]
TestMySqlPrivateModule 2023-07-27T04:31:13Z logger.go:66: module.sql-db.module.mysql[0].google_sql_database_instance.default: Still creating... [4m0s elapsed]
TestMySqlPrivateModule 2023-07-27T04:31:23Z logger.go:66: module.sql-db.module.mysql[0].google_sql_database_instance.default: Still creating... [4m10s elapsed]
TestMySqlPrivateModule 2023-07-27T04:31:33Z logger.go:66: module.sql-db.module.mysql[0].google_sql_database_instance.default: Still creating... [4m20s elapsed]
TestMySqlPrivateModule 2023-07-27T04:31:43Z logger.go:66: module.sql-db.module.mysql[0].google_sql_database_instance.default: Still creating... [4m30s elapsed]
TestMySqlPrivateModule 2023-07-27T04:31:53Z logger.go:66: module.sql-db.module.mysql[0].google_sql_database_instance.default: Still creating... [4m40s elapsed]
TestMySqlPrivateModule 2023-07-27T04:32:03Z logger.go:66: module.sql-db.module.mysql[0].google_sql_database_instance.default: Still creating... [4m50s elapsed]
TestMySqlPrivateModule 2023-07-27T04:32:13Z logger.go:66: module.sql-db.module.mysql[0].google_sql_database_instance.default: Still creating... [5m0s elapsed]
TestMySqlPrivateModule 2023-07-27T04:32:23Z logger.go:66: module.sql-db.module.mysql[0].google_sql_database_instance.default: Still creating... [5m10s elapsed]
TestMySqlPrivateModule 2023-07-27T04:32:33Z logger.go:66: module.sql-db.module.mysql[0].google_sql_database_instance.default: Still creating... [5m20s elapsed]
TestMySqlPrivateModule 2023-07-27T04:32:43Z logger.go:66: module.sql-db.module.mysql[0].google_sql_database_instance.default: Still creating... [5m30s elapsed]
